{"format_version":"1.0","provider_schemas":{"registry.terraform.io/bpg/proxmox":{"provider":{"version":0,"block":{"attributes":{"api_headers":{"type":["map","string"],"description":"Additional HTTP headers to send with every Proxmox VE API request. Useful when the API is behind an authenticating reverse proxy, e.g. Cloudflare Access. Headers managed by the provider or by the HTTP client, such as `Authorization`, are rejected. Can also be sourced from `PROXMOX_VE_API_HEADERS` as a comma-separated list of `Name=Value` pairs.","description_kind":"plain","optional":true,"sensitive":true},"api_token":{"type":"string","description":"The API token for the Proxmox VE API.","description_kind":"plain","optional":true,"sensitive":true},"auth_ticket":{"type":"string","description":"The pre-authenticated Ticket for the Proxmox VE API.","description_kind":"plain","optional":true,"sensitive":true},"csrf_prevention_token":{"type":"string","description":"The pre-authenticated CSRF Prevention Token for the Proxmox VE API.","description_kind":"plain","optional":true,"sensitive":true},"endpoint":{"type":"string","description":"The endpoint for the Proxmox VE API.","description_kind":"plain","optional":true},"insecure":{"type":"bool","description":"Whether to skip the TLS verification step.","description_kind":"plain","optional":true},"min_tls":{"type":"string","description":"The minimum required TLS version for API calls.Supported values: `1.0|1.1|1.2|1.3`. Defaults to `1.3`.","description_kind":"plain","optional":true},"otp":{"type":"string","description":"The one-time password for the Proxmox VE API.","description_kind":"plain","deprecated":true,"deprecation_message":"The `otp` attribute is deprecated and will be removed in a future release. Please use the `api_token` attribute instead.","optional":true},"password":{"type":"string","description":"The password for the Proxmox VE API.","description_kind":"plain","optional":true,"sensitive":true},"random_vm_id_end":{"type":"number","description":"The ending number for random VM / Container IDs.","description_kind":"plain","optional":true},"random_vm_id_start":{"type":"number","description":"The starting number for random VM / Container IDs.","description_kind":"plain","optional":true},"random_vm_ids":{"type":"bool","description":"Whether to generate random VM / Container IDs.","description_kind":"plain","optional":true},"tmp_dir":{"type":"string","description":"The alternative temporary directory.","description_kind":"plain","optional":true},"username":{"type":"string","description":"The username for the Proxmox VE API.","description_kind":"plain","optional":true}},"block_types":{"ssh":{"nesting_mode":"list","block":{"attributes":{"agent":{"type":"bool","description":"Whether to use the SSH agent for authentication. Takes precedence over the `private_key` and `password` fields. Defaults to the value of the `PROXMOX_VE_SSH_AGENT` environment variable, or `false` if not set.","description_kind":"plain","optional":true},"agent_forwarding":{"type":"bool","description":"Whether to enable SSH agent forwarding. Defaults to the value of the `PROXMOX_VE_SSH_AGENT_FORWARDING` environment variable, or `false` if not set.","description_kind":"plain","optional":true},"agent_socket":{"type":"string","description":"The path to the SSH agent socket. Defaults to the value of the `SSH_AUTH_SOCK` environment variable.","description_kind":"plain","optional":true},"node_address_source":{"type":"string","description":"The method used to resolve node IP addresses for SSH connections. Set to `dns` to skip the Proxmox API-based resolution and use local DNS instead. DNS resolution prefers IPv4 but falls back to IPv6 if no IPv4 addresses are available. Useful in multi-subnet environments where the API may return an inaccessible IP. Defaults to `api`.","description_kind":"plain","optional":true},"password":{"type":"string","description":"The password used for the SSH connection. Defaults to the value of the `password` field of the `provider` block when using username/password authentication. Default has no effect when using API token authentication, as there is no password to inherit. Can also be sourced from `PROXMOX_VE_SSH_PASSWORD`.","description_kind":"plain","optional":true,"sensitive":true},"private_key":{"type":"string","description":"The unencrypted private key (in PEM format) used for the SSH connection. Defaults to the value of the `PROXMOX_VE_SSH_PRIVATE_KEY` environment variable.","description_kind":"plain","optional":true,"sensitive":true},"socks5_password":{"type":"string","description":"The password for the SOCKS5 proxy server. Defaults to the value of the `PROXMOX_VE_SSH_SOCKS5_PASSWORD` environment variable.","description_kind":"plain","optional":true,"sensitive":true},"socks5_server":{"type":"string","description":"The address:port of the SOCKS5 proxy server. Defaults to the value of the `PROXMOX_VE_SSH_SOCKS5_SERVER` environment variable.","description_kind":"plain","optional":true},"socks5_username":{"type":"string","description":"The username for the SOCKS5 proxy server. Defaults to the value of the `PROXMOX_VE_SSH_SOCKS5_USERNAME` environment variable.","description_kind":"plain","optional":true},"username":{"type":"string","description":"The username used for the SSH connection. Defaults to the value of the `username` field of the `provider` block.","description_kind":"plain","optional":true}},"block_types":{"node":{"nesting_mode":"list","block":{"attributes":{"address":{"type":"string","description":"The address of the Proxmox VE node.","description_kind":"plain","required":true},"name":{"type":"string","description":"The name of the Proxmox VE node.","description_kind":"plain","required":true},"port":{"type":"number","description":"The port of the Proxmox VE node.","description_kind":"plain","optional":true}},"description":"Overrides for SSH connection configuration for a Proxmox VE node.","description_kind":"plain"}}},"description":"The SSH configuration for the Proxmox nodes.","description_kind":"plain"},"max_items":1}},"description_kind":"plain"}},"resource_schemas":{"proxmox_acl":{"version":0,"block":{"attributes":{"group_id":{"type":"string","description":"The group the ACL should apply to (mutually exclusive with `token_id` and `user_id`)","description_kind":"plain","optional":true},"id":{"type":"string","description":"The unique identifier of this resource.","description_kind":"plain","computed":true},"path":{"type":"string","description":"Access control path","description_kind":"plain","required":true},"propagate":{"type":"bool","description":"Allow to propagate (inherit) permissions.","description_kind":"plain","optional":true,"computed":true},"role_id":{"type":"string","description":"The role to apply","description_kind":"plain","required":true},"token_id":{"type":"string","description":"The token the ACL should apply to (mutually exclusive with `group_id` and `user_id`)","description_kind":"plain","optional":true},"user_id":{"type":"string","description":"The user the ACL should apply to (mutually exclusive with `group_id` and `token_id`)","description_kind":"plain","optional":true}},"description":"Manages ACLs on the Proxmox cluster.\n\nACLs are used to control access to resources in the Proxmox cluster.\nEach ACL consists of a path, a user, group or token, a role, and a flag to allow propagation of permissions.","description_kind":"markdown"}},"proxmox_acme_account":{"version":0,"block":{"attributes":{"contact":{"type":"string","description":"The contact email addresses.","description_kind":"plain","required":true},"created_at":{"type":"string","description":"The timestamp of the ACME account creation.","description_kind":"plain","computed":true},"directory":{"type":"string","description":"The URL of the ACME CA directory endpoint.","description_kind":"plain","optional":true},"eab_hmac_key":{"type":"string","description":"The HMAC key for External Account Binding.","description_kind":"plain","optional":true,"sensitive":true},"eab_kid":{"type":"string","description":"The Key Identifier for External Account Binding.","description_kind":"plain","optional":true,"sensitive":true},"location":{"type":"string","description":"The location of the ACME account.","description_kind":"plain","computed":true},"name":{"type":"string","description":"The ACME account config file name.","description_kind":"plain","optional":true,"computed":true},"tos":{"type":"string","description":"The URL of CA TermsOfService - setting this indicates agreement.","description_kind":"plain","optional":true}},"description":"Manages an ACME account in a Proxmox VE cluster.\n\n~\u003e This resource requires `root@pam` authentication.","description_kind":"markdown"}},"proxmox_acme_certificate":{"version":0,"block":{"attributes":{"account":{"type":"string","description":"The ACME account name to use for ordering the certificate.","description_kind":"plain","required":true},"certificate":{"type":"string","description":"The PEM-encoded certificate data.","description_kind":"plain","computed":true},"domains":{"nested_type":{"attributes":{"alias":{"type":"string","description":"An optional alias domain for DNS validation. This allows you to validate the domain using a different domain's DNS records.","description_kind":"plain","optional":true},"domain":{"type":"string","description":"The domain name to include in the certificate.","description_kind":"plain","required":true},"plugin":{"type":"string","description":"The DNS plugin to use for DNS-01 challenge validation. If not specified, the standalone HTTP-01 challenge will be used.","description_kind":"plain","optional":true}},"nesting_mode":"list"},"description":"The list of domains to include in the certificate. At least one domain is required.","description_kind":"plain","required":true},"fingerprint":{"type":"string","description":"The certificate fingerprint.","description_kind":"plain","computed":true},"force":{"type":"bool","description":"Force certificate renewal even if the certificate is not due for renewal yet. Setting this to true will trigger a new certificate order on every apply.","description_kind":"plain","optional":true,"computed":true},"id":{"type":"string","description":"The unique identifier of this resource.","description_kind":"plain","computed":true},"issuer":{"type":"string","description":"The certificate issuer.","description_kind":"plain","computed":true},"node_name":{"type":"string","description":"The name of the Proxmox VE node for which to order/manage the ACME certificate.","description_kind":"plain","required":true},"not_after":{"type":"string","description":"The certificate expiration timestamp.","description_kind":"plain","computed":true},"not_before":{"type":"string","description":"The certificate start timestamp.","description_kind":"plain","computed":true},"subject":{"type":"string","description":"The certificate subject.","description_kind":"plain","computed":true},"subject_alternative_names":{"type":["list","string"],"description":"The certificate subject alternative names (SANs).","description_kind":"plain","computed":true}},"description":"Manages ACME SSL certificates for Proxmox VE nodes.\n\nThis resource orders and renews certificates from an ACME Certificate Authority (like Let's Encrypt) for a specific node. Before using this resource, ensure that:\n- An ACME account is configured (using `proxmox_acme_account`)\n- DNS plugins are configured if using DNS-01 challenge (using `proxmox_acme_dns_plugin`)","description_kind":"markdown"}},"proxmox_acme_dns_plugin":{"version":0,"block":{"attributes":{"api":{"type":"string","description":"API plugin name.","description_kind":"plain","required":true},"data":{"type":["map","string"],"description":"DNS plugin data.","description_kind":"plain","optional":true},"data_wo":{"type":["map","string"],"description":"DNS plugin data, supplied as a [write-only argument](https://developer.hashicorp.com/terraform/language/resources/ephemeral/write-only) so credentials are never stored in Terraform state. Requires Terraform 1.11+. Mutually exclusive with `data`. Pair with `data_wo_version` to push rotated values.","description_kind":"markdown","optional":true,"write_only":true},"data_wo_version":{"type":"number","description":"Version counter for `data_wo`. Because write-only values are not stored in state, Terraform cannot detect when `data_wo` changes; increment this value to signal a rotation and force the new `data_wo` to be sent.","description_kind":"markdown","optional":true},"digest":{"type":"string","description":"SHA1 digest of the current configuration. Prevent changes if current configuration file has a different digest. This can be used to prevent concurrent modifications.","description_kind":"markdown","optional":true,"computed":true},"disable":{"type":"bool","description":"Flag to disable the config.","description_kind":"plain","optional":true},"plugin":{"type":"string","description":"ACME plugin ID name.","description_kind":"plain","required":true},"validation_delay":{"type":"number","description":"Extra delay in seconds to wait before requesting validation. Allows to cope with a long TTL of DNS records (0 - 172800).","description_kind":"markdown","optional":true,"computed":true}},"description":"Manages an ACME plugin in a Proxmox VE cluster.","description_kind":"plain"}},"proxmox_apt_repository":{"version":0,"block":{"attributes":{"comment":{"type":"string","description":"The associated comment.","description_kind":"plain","computed":true},"components":{"type":["list","string"],"description":"The list of components.","description_kind":"plain","computed":true},"enabled":{"type":"bool","description":"Indicates the activation status.","description_kind":"plain","optional":true,"computed":true},"file_path":{"type":"string","description":"The absolute path of the source list file that contains this repository.","description_kind":"plain","required":true},"file_type":{"type":"string","description":"The format of the defining source list file.","description_kind":"plain","computed":true},"id":{"type":"string","description":"The unique identifier of this APT repository resource.","description_kind":"plain","computed":true},"index":{"type":"number","description":"The index within the defining source list file.","description_kind":"plain","required":true},"node":{"type":"string","description":"The name of the target Proxmox VE node.","description_kind":"plain","required":true},"package_types":{"type":["list","string"],"description":"The list of package types.","description_kind":"plain","computed":true},"suites":{"type":["list","string"],"description":"The list of package distributions.","description_kind":"plain","computed":true},"uris":{"type":["list","string"],"description":"The list of repository URIs.","description_kind":"plain","computed":true}},"description":"Manages an APT repository of a Proxmox VE node.","description_kind":"plain"}},"proxmox_apt_standard_repository":{"version":0,"block":{"attributes":{"description":{"type":"string","description":"The description of the APT standard repository.","description_kind":"plain","computed":true},"file_path":{"type":"string","description":"The absolute path of the source list file that contains this standard repository.","description_kind":"plain","computed":true},"handle":{"type":"string","description":"The handle of the APT standard repository. Must be `ceph-squid-enterprise` | `ceph-squid-no-subscription` | `ceph-squid-test` | `enterprise` | `no-subscription` | `test`.","description_kind":"markdown","required":true},"id":{"type":"string","description":"The unique identifier of this APT standard repository resource.","description_kind":"plain","computed":true},"index":{"type":"number","description":"The index within the defining source list file.","description_kind":"plain","computed":true},"name":{"type":"string","description":"The name of the APT standard repository.","description_kind":"plain","computed":true},"node":{"type":"string","description":"The name of the target Proxmox VE node.","description_kind":"plain","required":true},"status":{"type":"number","description":"Indicates the activation status.","description_kind":"plain","computed":true}},"description":"Manages an APT standard repository of a Proxmox VE node.","description_kind":"plain"}},"proxmox_backup_job":{"version":0,"block":{"attributes":{"all":{"type":"bool","description":"Whether to back up all known guests on the node.","description_kind":"plain","optional":true,"computed":true},"bwlimit":{"type":"number","description":"I/O bandwidth limit in KiB/s.","description_kind":"plain","optional":true,"computed":true},"compress":{"type":"string","description":"The compression algorithm (0, 1, gzip, lzo, or zstd).","description_kind":"plain","optional":true,"computed":true},"enabled":{"type":"bool","description":"Whether the backup job is enabled.","description_kind":"plain","optional":true,"computed":true},"exclude":{"type":["list","string"],"description":"A list of guest VM/CT IDs to exclude from the backup.","description_kind":"plain","optional":true},"exclude_path":{"type":["list","string"],"description":"A list of paths to exclude from the backup.","description_kind":"plain","optional":true},"fleecing":{"nested_type":{"attributes":{"enabled":{"type":"bool","description":"Whether fleecing is enabled.","description_kind":"plain","optional":true,"computed":true},"storage":{"type":"string","description":"The storage identifier for fleecing.","description_kind":"plain","optional":true}},"nesting_mode":"single"},"description":"Fleecing configuration for the backup job.","description_kind":"plain","optional":true},"id":{"type":"string","description":"The identifier of the backup job.","description_kind":"plain","required":true},"ionice":{"type":"number","description":"I/O priority (0-8).","description_kind":"plain","optional":true,"computed":true},"lockwait":{"type":"number","description":"Maximum wait time in minutes for the global lock.","description_kind":"plain","optional":true},"mailnotification":{"type":"string","description":"Email notification setting (`always` or `failure`). Deprecated by Proxmox VE in favour of the notification system: it is only honoured when `mailto` is set (notification mode `auto`) or the job uses the `legacy-sendmail` notification mode. Otherwise notifications are routed through the PVE notification system and this setting is ignored.","description_kind":"plain","optional":true,"computed":true},"mailto":{"type":["list","string"],"description":"A list of email addresses to send notifications to.","description_kind":"plain","optional":true},"maxfiles":{"type":"number","description":"Deprecated: use prune_backups instead. Maximum number of backup files per guest.","description_kind":"plain","optional":true},"mode":{"type":"string","description":"The backup mode (snapshot, suspend, or stop).","description_kind":"plain","optional":true,"computed":true},"node":{"type":"string","description":"The cluster node name to limit the backup job to.","description_kind":"plain","optional":true},"notes_template":{"type":"string","description":"Template for notes attached to the backup.","description_kind":"plain","optional":true},"pbs_change_detection_mode":{"type":"string","description":"PBS change detection mode (legacy, data, or metadata).","description_kind":"plain","optional":true},"performance":{"nested_type":{"attributes":{"max_workers":{"type":"number","description":"Maximum number of workers for parallel backup.","description_kind":"plain","optional":true},"pbs_entries_max":{"type":"number","description":"Maximum number of entries for PBS catalog.","description_kind":"plain","optional":true}},"nesting_mode":"single"},"description":"Performance-related settings for the backup job.","description_kind":"plain","optional":true},"pigz":{"type":"number","description":"Number of pigz threads (0 disables, 1 uses single-threaded gzip).","description_kind":"plain","optional":true},"pool":{"type":"string","description":"Limit backup to guests in the specified pool.","description_kind":"plain","optional":true},"protected":{"type":"bool","description":"Whether the backup should be marked as protected.","description_kind":"plain","optional":true,"computed":true},"prune_backups":{"type":["map","string"],"description":"Retention options as a map of keep policies (e.g. keep-last = \"3\", keep-weekly = \"2\").","description_kind":"plain","optional":true,"computed":true},"remove":{"type":"bool","description":"Whether to remove old backups if there are more than maxfiles.","description_kind":"plain","optional":true,"computed":true},"repeat_missed":{"type":"bool","description":"Whether to repeat missed backup jobs as soon as possible.","description_kind":"plain","optional":true,"computed":true},"schedule":{"type":"string","description":"Backup schedule in systemd calendar event format.","description_kind":"plain","required":true},"script":{"type":"string","description":"Path to a script to execute before/after the backup job.","description_kind":"plain","optional":true},"starttime":{"type":"string","description":"The scheduled start time (HH:MM).","description_kind":"plain","optional":true},"stdexcludes":{"type":"bool","description":"Whether to exclude common temporary files from the backup.","description_kind":"plain","optional":true,"computed":true},"stopwait":{"type":"number","description":"Maximum wait time in minutes for a guest to stop.","description_kind":"plain","optional":true},"storage":{"type":"string","description":"The storage identifier for the backup.","description_kind":"plain","required":true},"tmpdir":{"type":"string","description":"Path to the temporary directory for the backup job.","description_kind":"plain","optional":true},"vmid":{"type":["list","string"],"description":"A list of guest VM/CT IDs to include in the backup job.","description_kind":"plain","optional":true},"zstd":{"type":"number","description":"Number of zstd threads (0 uses half of available cores).","description_kind":"plain","optional":true}},"description":"Manages a Proxmox VE cluster backup job.","description_kind":"plain"}},"proxmox_ceph_pool":{"version":0,"block":{"attributes":{"add_storages":{"type":"bool","description":"Configure VM and CT storage entries using the new pool. Applied at create time only; changing this value forces replacement.","description_kind":"plain","optional":true},"application":{"type":"string","description":"The application using the pool. One of `rbd`, `cephfs`, `rgw`. Defaults to `rbd` server-side.","description_kind":"plain","optional":true,"computed":true},"crush_rule":{"type":"string","description":"The CRUSH rule name used for object placement.","description_kind":"plain","optional":true,"computed":true},"erasure_coding":{"type":"string","description":"Create an erasure coded pool. Specified as `k=\u003cint\u003e,m=\u003cint\u003e[,profile=name][,device-class=class][,failure-domain=domain]` (e.g. `k=4,m=2`). Cannot be changed after creation.","description_kind":"markdown","optional":true},"force_destroy":{"type":"bool","description":"If true, destroy the pool even when in use. Passed as `force=1` on delete.","description_kind":"plain","optional":true,"computed":true},"id":{"type":"string","description":"The unique identifier of the Ceph pool, in the form `\u003cnode_name\u003e/\u003cname\u003e`.","description_kind":"plain","computed":true},"min_size":{"type":"number","description":"Minimum number of replicas per object.","description_kind":"plain","optional":true,"computed":true},"name":{"type":"string","description":"The pool name. Must be unique within the Ceph cluster.","description_kind":"plain","required":true},"node_name":{"type":"string","description":"The cluster node used to dispatch the API call. Any node running Ceph is acceptable; the pool itself is cluster-wide.","description_kind":"plain","required":true},"pg_autoscale_mode":{"type":"string","description":"PG autoscaler mode. One of `on`, `off`, `warn`.","description_kind":"plain","optional":true,"computed":true},"pg_num":{"type":"number","description":"Number of placement groups.","description_kind":"plain","optional":true,"computed":true},"pg_num_min":{"type":"number","description":"Minimum number of placement groups (used by the autoscaler).","description_kind":"plain","optional":true,"computed":true},"remove_ecprofile":{"type":"bool","description":"If true, remove the erasure code profile on destroy. Defaults to true. Only relevant for EC pools.","description_kind":"plain","optional":true,"computed":true},"remove_storages":{"type":"bool","description":"If true, remove all pveceph-managed storages configured for this pool on destroy.","description_kind":"plain","optional":true,"computed":true},"size":{"type":"number","description":"Number of replicas per object.","description_kind":"plain","optional":true,"computed":true},"target_size":{"type":"string","description":"Estimated target size for the PG autoscaler (e.g. `100G`). **Write-only:** PVE returns this as a bytes integer (e.g. `1073741824`) while the input accepts a unit-suffixed string, so the configured spec is not round-tripped from the server.","description_kind":"markdown","optional":true},"target_size_ratio":{"type":"number","description":"Estimated target ratio for the PG autoscaler. **Write-only:** kept symmetric with `target_size` (which cannot be round-tripped), so the configured value is not refreshed from the server.","description_kind":"markdown","optional":true}},"description":"Manages a Ceph pool on a Proxmox VE cluster.","description_kind":"plain"}},"proxmox_cloned_vm":{"version":0,"block":{"attributes":{"cdrom":{"nested_type":{"attributes":{"file_id":{"type":"string","description":"The file ID of the CD-ROM, or `cdrom|none`. Defaults to `cdrom` (i.e. empty CD-ROM drive — `cdrom` is PVE's literal \"no media inserted\" storage path). Use `none` to leave the CD-ROM unplugged, or a storage path like `local:iso/debian.iso` to insert an image.","description_kind":"markdown","optional":true}},"nesting_mode":"map"},"description":"The CD-ROM configuration. The key is the interface of the CD-ROM, could be one of `ideN`, `sataN`, `scsiN`, where N is the index of the interface. Note that `q35` machine type only supports `ide0` and `ide2` of IDE interfaces.","description_kind":"markdown","optional":true},"clone":{"nested_type":{"attributes":{"bandwidth_limit":{"type":"number","description":"Clone bandwidth limit in MB/s.","description_kind":"plain","optional":true},"full":{"type":"bool","description":"Perform a full clone (true) or linked clone (false).","description_kind":"plain","optional":true,"computed":true},"pool_id":{"type":"string","description":"Pool to assign the cloned VM to.","description_kind":"plain","optional":true},"retries":{"type":"number","description":"Number of retries for clone operations.","description_kind":"plain","optional":true,"computed":true},"snapshot_name":{"type":"string","description":"Snapshot name to clone from.","description_kind":"plain","optional":true},"source_node_name":{"type":"string","description":"Source node of the VM/template. Defaults to target node if unset.","description_kind":"plain","optional":true},"source_vm_id":{"type":"number","description":"Source VM/template ID to clone from.","description_kind":"plain","required":true},"target_datastore":{"type":"string","description":"Target datastore for cloned disks.","description_kind":"plain","optional":true},"target_format":{"type":"string","description":"Target disk format for clone (e.g., raw, qcow2).","description_kind":"plain","optional":true}},"nesting_mode":"single"},"description":"Clone settings. Changes require recreation.","description_kind":"plain","required":true},"cpu":{"nested_type":{"attributes":{"affinity":{"type":"string","description":"The CPU cores that are used to run the VM’s vCPU. The value is a list of CPU IDs, separated by commas. The CPU IDs are zero-based.  For example, `0,1,2,3` (which also can be shortened to `0-3`) means that the VM’s vCPUs are run on the first four CPU cores. Setting `affinity` is only allowed for `root@pam` authenticated user.","description_kind":"markdown","optional":true},"architecture":{"type":"string","description":"The CPU architecture `\u003caarch64 | x86_64\u003e` (defaults to the host). Setting `architecture` is only allowed for `root@pam` authenticated user.","description_kind":"markdown","optional":true},"cores":{"type":"number","description":"The number of CPU cores per socket (PVE defaults to `1` when unset).","description_kind":"markdown","optional":true},"flags":{"type":["set","string"],"description":"Set of additional CPU flags. Use `+FLAG` to enable, `-FLAG` to disable a flag. Custom CPU models can specify any flag supported by QEMU/KVM, VM-specific flags must be from the following set for security reasons: `pcid`, `spec-ctrl`, `ibpb`, `ssbd`, `virt-ssbd`, `amd-ssbd`, `amd-no-ssb`, `pdpe1gb`, `md-clear`, `hv-tlbflush`, `hv-evmcs`, `aes`.","description_kind":"markdown","optional":true},"limit":{"type":"number","description":"Limit of CPU usage. `0` means no limit (PVE default).","description_kind":"markdown","optional":true},"numa":{"type":"bool","description":"Enable NUMA topology emulation. Matches the PVE Processors → **Enable NUMA** checkbox.","description_kind":"markdown","optional":true},"sockets":{"type":"number","description":"The number of CPU sockets (PVE defaults to `1` when unset).","description_kind":"markdown","optional":true},"type":{"type":"string","description":"Emulated CPU type, it's recommended to use `x86-64-v2-AES` or higher. See [the PVE admin guide](https://pve.proxmox.com/pve-docs/pve-admin-guide.html#qm_virtual_machines_settings) for the full list of supported types.","description_kind":"markdown","optional":true},"units":{"type":"number","description":"CPU weight for a VM. Argument is used in the kernel fair scheduler. The larger the number is, the more CPU time this VM gets. Number is relative to weights of all the other running VMs. On cgroup v2 `0` is a valid value meaning disable CPU share weighting.","description_kind":"markdown","optional":true},"vcpus":{"type":"number","description":"Number of vCPUs started with the VM, bounded by `cores * sockets`. Matches the PVE Processors → **VCPUs** field. Leave unset to start with `cores * sockets` vCPUs. Requires PVE hotplug feature enabled to change at runtime.","description_kind":"markdown","optional":true}},"nesting_mode":"single"},"description":"The CPU configuration.","description_kind":"plain","optional":true},"delete":{"nested_type":{"attributes":{"disk":{"type":["list","string"],"description":"Disk slots to delete (e.g., scsi2).","description_kind":"plain","optional":true},"network":{"type":["list","string"],"description":"Network slots to delete (e.g., net1).","description_kind":"plain","optional":true}},"nesting_mode":"single"},"description":"Explicit deletions to perform after cloning/updating. Entries persist across applies.","description_kind":"plain","optional":true},"delete_unreferenced_disks_on_destroy":{"type":"bool","description":"Delete unreferenced disks on destroy. WARNING: When set to true, any disks not explicitly managed by Terraform will be deleted on destroy, potentially causing data loss. Defaults to false for safety.","description_kind":"plain","optional":true,"computed":true},"description":{"type":"string","description":"Optional VM description applied after cloning.","description_kind":"plain","optional":true},"disk":{"nested_type":{"attributes":{"aio":{"type":"string","description":"AIO mode (io_uring, native, threads).","description_kind":"plain","optional":true},"backup":{"type":"bool","description":"Include disk in backups.","description_kind":"plain","optional":true},"cache":{"type":"string","description":"Cache mode.","description_kind":"plain","optional":true},"datastore_id":{"type":"string","description":"Target datastore for new disks when file is not provided.","description_kind":"plain","optional":true},"discard":{"type":"string","description":"Discard/trim behavior.","description_kind":"plain","optional":true},"file":{"type":"string","description":"Existing volume reference (e.g., local-lvm:vm-100-disk-0).","description_kind":"plain","optional":true},"format":{"type":"string","description":"Disk format (raw, qcow2, vmdk).","description_kind":"plain","optional":true},"import_from":{"type":"string","description":"Import source volume/file id.","description_kind":"plain","optional":true},"iothread":{"type":"bool","description":"Use IO thread.","description_kind":"plain","optional":true},"media":{"type":"string","description":"Disk media (e.g., disk, cdrom).","description_kind":"plain","optional":true},"replicate":{"type":"bool","description":"Consider disk for replication.","description_kind":"plain","optional":true},"serial":{"type":"string","description":"Disk serial number.","description_kind":"plain","optional":true},"size_gb":{"type":"number","description":"Disk size (GiB) when creating new disks. **Note:** Disk shrinking is not supported. Attempting to set `size_gb` to a value smaller than the current disk size will result in an error. Only disk expansion is allowed.","description_kind":"plain","optional":true},"ssd":{"type":"bool","description":"Mark disk as SSD.","description_kind":"plain","optional":true}},"nesting_mode":"map"},"description":"Disks keyed by slot (scsi0, virtio0, sata0, ide0, ...). Only listed keys are managed.","description_kind":"plain","optional":true},"id":{"type":"number","description":"The VM identifier in the Proxmox cluster.","description_kind":"plain","optional":true,"computed":true},"memory":{"nested_type":{"attributes":{"balloon":{"type":"number","description":"Minimum guaranteed memory in MiB via balloon device. This is the floor amount of RAM that is always guaranteed to the VM. Setting to `0` disables the balloon driver entirely. \n\n**How it works:** The host can reclaim memory between `balloon` and `size` when under memory pressure. The VM is guaranteed to always have at least `balloon` MiB available.","description_kind":"markdown","optional":true},"hugepages":{"type":"string","description":"Enable hugepages for VM memory allocation. Hugepages can improve performance for memory-intensive workloads by reducing TLB misses. \n\n**Options:**\n- `2` - Use 2 MiB hugepages\n- `1024` - Use 1 GiB hugepages\n- `any` - Use any available hugepage size","description_kind":"markdown","optional":true},"keep_hugepages":{"type":"bool","description":"Don't release hugepages when the VM shuts down. By default, hugepages are released back to the host when the VM stops. Setting this to `true` keeps them allocated for faster VM startup.","description_kind":"markdown","optional":true},"shares":{"type":"number","description":"CPU scheduler priority for memory ballooning. This is used by the kernel fair scheduler. Higher values mean this VM gets more CPU time during memory ballooning operations. The value is relative to other running VMs.","description_kind":"markdown","optional":true},"size":{"type":"number","description":"Total memory available to the VM in MiB. This is the total RAM the VM can use. When ballooning is enabled (balloon \u003e 0), memory between `balloon` and `size` can be reclaimed by the host. When ballooning is disabled (balloon = 0), this is the fixed amount of RAM allocated to the VM. Defaults to PVE's implicit `512` MiB when unset.","description_kind":"markdown","optional":true}},"nesting_mode":"single"},"description":"Memory configuration for the VM. Uses Proxmox memory ballooning to allow dynamic memory allocation. The `size` sets the total available RAM, while `balloon` sets the guaranteed floor. The host can reclaim memory between these values when needed.","description_kind":"markdown","optional":true},"name":{"type":"string","description":"Optional VM name override applied after cloning.","description_kind":"plain","optional":true},"network":{"nested_type":{"attributes":{"bridge":{"type":"string","description":"Bridge name.","description_kind":"plain","optional":true},"firewall":{"type":"bool","description":"Enable firewall on this interface.","description_kind":"plain","optional":true},"link_down":{"type":"bool","description":"Keep link down.","description_kind":"plain","optional":true},"mac_address":{"type":"string","description":"MAC address (computed if omitted).","description_kind":"plain","optional":true},"model":{"type":"string","description":"NIC model (e.g., virtio, e1000).","description_kind":"plain","optional":true},"mtu":{"type":"number","description":"Interface MTU.","description_kind":"plain","optional":true},"queues":{"type":"number","description":"Number of multiqueue NIC queues.","description_kind":"plain","optional":true},"rate_limit":{"type":"number","description":"Rate limit (MB/s).","description_kind":"plain","optional":true},"tag":{"type":"number","description":"VLAN tag.","description_kind":"plain","optional":true},"trunks":{"type":["set","number"],"description":"Trunk VLAN IDs.","description_kind":"plain","optional":true}},"nesting_mode":"map"},"description":"Network devices keyed by slot (net0, net1, ...). Only listed keys are managed.","description_kind":"plain","optional":true},"node_name":{"type":"string","description":"Target node for the cloned VM.","description_kind":"plain","required":true},"purge_on_destroy":{"type":"bool","description":"Purge backup configuration on destroy.","description_kind":"plain","optional":true,"computed":true},"rng":{"nested_type":{"attributes":{"max_bytes":{"type":"number","description":"Maximum bytes of entropy allowed to get injected into the guest every period.","description_kind":"markdown","optional":true},"period":{"type":"number","description":"Period in milliseconds to limit entropy injection to the guest.","description_kind":"markdown","optional":true},"source":{"type":"string","description":"The file on the host to gather entropy from. In most cases, `/dev/urandom` should be preferred over `/dev/random` to avoid entropy-starvation issues on the host.","description_kind":"markdown","optional":true}},"nesting_mode":"single"},"description":"Configure the RNG (Random Number Generator) device. The RNG device provides entropy to guests to ensure good quality random numbers for guest applications that require them. Can only be set by `root@pam.` See the [Proxmox documentation](https://pve.proxmox.com/pve-docs/pve-admin-guide.html#qm_virtual_machines_settings) for more information.","description_kind":"markdown","optional":true},"started":{"type":"bool","description":"Whether the VM should be started after cloning. Defaults to true.","description_kind":"plain","optional":true,"computed":true},"stop_on_destroy":{"type":"bool","description":"Stop the VM on destroy (instead of shutdown).","description_kind":"plain","optional":true,"computed":true},"tags":{"type":["set","string"],"description":"Tags applied after cloning.","description_kind":"plain","optional":true},"timeouts":{"nested_type":{"attributes":{"create":{"type":"string","description":"A string that can be [parsed as a duration](https://pkg.go.dev/time#ParseDuration) consisting of numbers and unit suffixes, such as \"30s\" or \"2h45m\". Valid time units are \"s\" (seconds), \"m\" (minutes), \"h\" (hours).","description_kind":"plain","optional":true},"delete":{"type":"string","description":"A string that can be [parsed as a duration](https://pkg.go.dev/time#ParseDuration) consisting of numbers and unit suffixes, such as \"30s\" or \"2h45m\". Valid time units are \"s\" (seconds), \"m\" (minutes), \"h\" (hours). Setting a timeout for a Delete operation is only applicable if changes are saved into state before the destroy operation occurs.","description_kind":"plain","optional":true},"read":{"type":"string","description":"A string that can be [parsed as a duration](https://pkg.go.dev/time#ParseDuration) consisting of numbers and unit suffixes, such as \"30s\" or \"2h45m\". Valid time units are \"s\" (seconds), \"m\" (minutes), \"h\" (hours). Read operations occur during any refresh or planning operation when refresh is enabled.","description_kind":"plain","optional":true},"update":{"type":"string","description":"A string that can be [parsed as a duration](https://pkg.go.dev/time#ParseDuration) consisting of numbers and unit suffixes, such as \"30s\" or \"2h45m\". Valid time units are \"s\" (seconds), \"m\" (minutes), \"h\" (hours).","description_kind":"plain","optional":true}},"nesting_mode":"single"},"description_kind":"plain","optional":true},"vga":{"nested_type":{"attributes":{"clipboard":{"type":"string","description":"Enable a specific clipboard. If not set, depending on the display type the SPICE one will be added. Currently only `vnc` is available. Migration with VNC clipboard is not supported by Proxmox.","description_kind":"markdown","optional":true},"memory":{"type":"number","description":"The VGA memory in megabytes (4-512 MB). Has no effect with serial display. ","description_kind":"markdown","optional":true},"type":{"type":"string","description":"The VGA type (defaults to `std`).","description_kind":"markdown","optional":true}},"nesting_mode":"single"},"description":"Configure the VGA Hardware. If you want to use high resolution modes (\u003e= 1280x1024x16) you may need to increase the vga memory option. Since QEMU 2.9 the default VGA display type is `std` for all OS types besides some Windows versions (XP and older) which use `cirrus`. The `qxl` option enables the SPICE display server. For win* OS you can select how many independent displays you want, Linux guests can add displays themself. You can also run without any graphic card, using a serial device as terminal. See the [Proxmox documentation](https://pve.proxmox.com/pve-docs/pve-admin-guide.html#qm_virtual_machines_settings) section 10.2.8 for more information and available configuration parameters.","description_kind":"markdown","optional":true}},"description":"Clone a VM from a source template/VM and manage only explicitly-defined configuration. This resource uses explicit opt-in management: only configuration blocks and devices explicitly listed in your Terraform code are managed. Inherited settings from the template are preserved unless explicitly overridden or deleted. Removing a configuration from Terraform stops managing it but does not delete it from the VM.","description_kind":"plain"}},"proxmox_cluster_options":{"version":0,"block":{"attributes":{"bandwidth_limit_clone":{"type":"number","description":"Clone I/O bandwidth limit in KiB/s.","description_kind":"plain","optional":true},"bandwidth_limit_default":{"type":"number","description":"Default I/O bandwidth limit in KiB/s.","description_kind":"plain","optional":true},"bandwidth_limit_migration":{"type":"number","description":"Migration I/O bandwidth limit in KiB/s.","description_kind":"plain","optional":true},"bandwidth_limit_move":{"type":"number","description":"Move I/O bandwidth limit in KiB/s.","description_kind":"plain","optional":true},"bandwidth_limit_restore":{"type":"number","description":"Restore I/O bandwidth limit in KiB/s.","description_kind":"plain","optional":true},"console":{"type":"string","description":"Select the default Console viewer. Must be `applet` | `vv`| `html5` | `xtermjs`. You can either use the builtin java applet (VNC; deprecated and maps to html5), an external virt-viewer compatible application (SPICE), an HTML5 based vnc viewer (noVNC), or an HTML5 based console client (xtermjs). If the selected viewer is not available (e.g. SPICE not activated for the VM), the fallback is noVNC.","description_kind":"markdown","optional":true},"crs_ha":{"type":"string","description":"Cluster resource scheduling setting for HA. Must be `static` | `basic` | `dynamic` (default is `basic`). `dynamic` requires Proxmox VE 9.2+.","description_kind":"markdown","optional":true,"computed":true},"crs_ha_auto_rebalance":{"type":"bool","description":"Whether to use CRS for balancing HA resources automatically depending on the current node imbalance. Requires Proxmox VE 9.2+.","description_kind":"plain","optional":true},"crs_ha_auto_rebalance_hold_duration":{"type":"number","description":"The number of HA rounds for which the cluster node imbalance threshold must be exceeded before triggering an automatic resource balancing migration (default is `3`). Requires Proxmox VE 9.2+.","description_kind":"plain","optional":true},"crs_ha_auto_rebalance_margin":{"type":"number","description":"The minimum relative improvement in cluster node imbalance, in percent, to commit to a resource balancing migration. Must be between `0` and `100` (default is `10`). Requires Proxmox VE 9.2+.","description_kind":"plain","optional":true},"crs_ha_auto_rebalance_method":{"type":"string","description":"The method to use for the scoring of balancing migrations. Must be `bruteforce` | `topsis` (default is `bruteforce`). Requires Proxmox VE 9.2+.","description_kind":"markdown","optional":true},"crs_ha_auto_rebalance_threshold":{"type":"number","description":"The cluster node imbalance, in percent, which will trigger the automatic resource balancing system if exceeded. Must be between `0` and `100` (default is `30`). Requires Proxmox VE 9.2+.","description_kind":"plain","optional":true},"crs_ha_rebalance_on_start":{"type":"bool","description":"Cluster resource scheduling setting for HA rebalance on start.","description_kind":"plain","optional":true},"description":{"type":"string","description":"Datacenter description. Shown in the web-interface datacenter notes panel. This is saved as comment inside the configuration file.","description_kind":"plain","optional":true},"email_from":{"type":"string","description":"email address to send notification from (default is root@$hostname).","description_kind":"plain","optional":true},"ha_shutdown_policy":{"type":"string","description":"Cluster wide HA shutdown policy. Must be `freeze` | `failover` | `migrate` | `conditional` (default is `conditional`).","description_kind":"markdown","optional":true},"http_proxy":{"type":"string","description":"Specify external http proxy which is used for downloads (example: `http://username:password@host:port/`).","description_kind":"markdown","optional":true},"id":{"type":"string","description":"The unique identifier of this resource.","description_kind":"plain","computed":true},"keyboard":{"type":"string","description":"Default keyboard layout for vnc server. Must be `de` | `de-ch` | `da` | `en-gb` | `en-us` | `es` | `fi` | `fr` | `fr-be` | `fr-ca` | `fr-ch` | `hu` | `is` | `it` | `ja` | `lt` | `mk` | `nl` | `no` | `pl` | `pt` | `pt-br` | `sv` | `sl` | `tr`.","description_kind":"markdown","optional":true},"language":{"type":"string","description":"Default GUI language. Must be `ca` | `da` | `de` | `en` | `es` | `eu` | `fa` | `fr` | `he` | `it` | `ja` | `nb` | `nn` | `pl` | `pt_BR` | `ru` | `sl` | `sv` | `tr` | `zh_CN` | `zh_TW`.","description_kind":"markdown","optional":true},"mac_prefix":{"type":"string","description":"Prefix for autogenerated MAC addresses.","description_kind":"plain","optional":true,"computed":true},"max_workers":{"type":"number","description":"Defines how many workers (per node) are maximal started on actions like 'stopall VMs' or task from the ha-manager.","description_kind":"plain","optional":true},"migration_cidr":{"type":"string","description":"Cluster wide migration network CIDR.","description_kind":"plain","optional":true},"migration_type":{"type":"string","description":"Cluster wide migration type. Must be `secure` | `insecure` (default is `secure`).","description_kind":"markdown","optional":true},"next_id":{"nested_type":{"attributes":{"lower":{"type":"number","description":"The minimum number for the next free VM ID. Must be higher or equal to 100","description_kind":"markdown","optional":true},"upper":{"type":"number","description":"The maximum number for the next free VM ID. Must be less or equal to 999999999","description_kind":"markdown","optional":true}},"nesting_mode":"single"},"description":"The ranges for the next free VM ID auto-selection pool.","description_kind":"plain","optional":true},"notify":{"nested_type":{"attributes":{"ha_fencing_mode":{"type":"string","description":"Cluster-wide notification settings for the HA fencing mode. Must be `always` | `never`.","description_kind":"markdown","optional":true},"ha_fencing_target":{"type":"string","description":"Cluster-wide notification settings for the HA fencing target.","description_kind":"markdown","optional":true},"package_updates":{"type":"string","description":"Cluster-wide notification settings for package updates. Must be `auto` | `always` | `never`. ","description_kind":"markdown","optional":true},"package_updates_target":{"type":"string","description":"Cluster-wide notification settings for the package updates target.","description_kind":"markdown","optional":true},"replication":{"type":"string","description":"Cluster-wide notification settings for replication. Must be `always` | `never`. ","description_kind":"markdown","optional":true},"replication_target":{"type":"string","description":"Cluster-wide notification settings for the replication target.","description_kind":"markdown","optional":true}},"nesting_mode":"single"},"description":"Cluster-wide notification settings.","description_kind":"plain","optional":true}},"description":"Manages Proxmox VE Cluster Datacenter options.","description_kind":"plain"}},"proxmox_download_file":{"version":0,"block":{"attributes":{"checksum":{"type":"string","description":"The expected checksum of the file.","description_kind":"plain","optional":true},"checksum_algorithm":{"type":"string","description":"The algorithm to calculate the checksum of the file. Must be `md5` | `sha1` | `sha224` | `sha256` | `sha384` | `sha512`.","description_kind":"plain","optional":true},"content_type":{"type":"string","description":"The file content type. Must be `iso` or `import` for VM images or `vztmpl` for LXC images.","description_kind":"plain","required":true},"datastore_id":{"type":"string","description":"The identifier for the target datastore.","description_kind":"plain","required":true},"decompression_algorithm":{"type":"string","description":"Decompress the downloaded file using the specified compression algorithm. Must be one of `gz` | `lzo` | `zst` | `bz2`.","description_kind":"plain","optional":true},"file_name":{"type":"string","description":"The file name. If not provided, it is calculated using `url`. PVE will raise 'wrong file extension' error for some popular extensions file `.raw` or `.qcow2` on PVE versions prior to 8.4. Workaround is to use e.g. `.img` instead.","description_kind":"plain","optional":true,"computed":true},"id":{"type":"string","description":"The unique identifier of this resource.","description_kind":"plain","computed":true},"node_name":{"type":"string","description":"The node name.","description_kind":"plain","required":true},"overwrite":{"type":"bool","description":"By default `true`. If `true`, the file will be replaced when either: (1) the file size in the datastore has changed outside of Terraform, or (2) the file size reported by the URL differs from the downloaded file (detecting upstream updates like new cloud image versions). If `false`, no size checks are performed and the file is never automatically replaced.","description_kind":"plain","optional":true,"computed":true},"overwrite_unmanaged":{"type":"bool","description":"If `true` and a file with the same name already exists in the datastore, it will be deleted and the new file will be downloaded. If `false` and the file already exists, an error will be returned.","description_kind":"plain","optional":true,"computed":true},"size":{"type":"number","description":"The file size in PVE.","description_kind":"plain","computed":true},"upload_timeout":{"type":"number","description":"The file download timeout seconds. Default is 600 (10min).","description_kind":"plain","optional":true,"computed":true},"url":{"type":"string","description":"The URL to download the file from. Must match regex: `https?://.*`.","description_kind":"plain","required":true},"verify":{"type":"bool","description":"By default `true`. If `false`, no SSL/TLS certificates will be verified.","description_kind":"plain","optional":true,"computed":true}},"description":"Manages files upload using PVE download-url API. It can be fully compatible and faster replacement for image files created using `proxmox_virtual_environment_file`. Supports images for VMs (ISO and disk images) and LXC (CT Templates).","description_kind":"markdown"}},"proxmox_hagroup":{"version":0,"block":{"attributes":{"comment":{"type":"string","description":"The comment associated with this group","description_kind":"plain","optional":true},"group":{"type":"string","description":"The identifier of the High Availability group to manage.","description_kind":"plain","required":true},"id":{"type":"string","description":"The unique identifier of this resource.","description_kind":"plain","computed":true},"no_failback":{"type":"bool","description":"A flag that indicates that failing back to a higher priority node is disabled for this HA group. Defaults to `false`.","description_kind":"plain","optional":true,"computed":true},"nodes":{"type":["map","number"],"description":"The member nodes for this group. They are provided as a map, where the keys are the node names and the values represent their priority: integers for known priorities or `null` for unset priorities.","description_kind":"plain","required":true},"restricted":{"type":"bool","description":"A flag that indicates that other nodes may not be used to run resources associated to this HA group. Defaults to `false`.","description_kind":"plain","optional":true,"computed":true}},"description":"Manages a High Availability group in a Proxmox VE cluster.","description_kind":"plain"}},"proxmox_hardware_mapping_dir":{"version":0,"block":{"attributes":{"comment":{"type":"string","description":"The comment of this directory mapping.","description_kind":"plain","optional":true},"id":{"type":"string","description":"The unique identifier of this directory mapping resource.","description_kind":"plain","computed":true},"map":{"nested_type":{"attributes":{"node":{"type":"string","description":"The node this mapping applies to.","description_kind":"plain","required":true},"path":{"type":"string","description":"The path of the map. For directory mappings the path is required and refers to the POSIX path of the directory as visible from the node.","description_kind":"plain","required":true}},"nesting_mode":"set"},"description":"The actual map of devices for the hardware mapping.","description_kind":"plain","required":true},"name":{"type":"string","description":"The name of this directory mapping.","description_kind":"plain","required":true}},"description":"Manages a directory mapping in a Proxmox VE cluster.","description_kind":"plain"}},"proxmox_hardware_mapping_pci":{"version":0,"block":{"attributes":{"comment":{"type":"string","description":"The comment of this PCI hardware mapping.","description_kind":"plain","optional":true},"id":{"type":"string","description":"The unique identifier of this PCI hardware mapping resource.","description_kind":"plain","computed":true},"map":{"nested_type":{"attributes":{"comment":{"type":"string","description":"The comment of the mapped PCI device.","description_kind":"plain","optional":true},"id":{"type":"string","description":"The ID of the map.","description_kind":"plain","required":true},"iommu_group":{"type":"number","description":"The IOMMU group of the map. While not mandatory for the Proxmox VE API call, omitting this attribute will result in an incomplete PCI hardware mapping.","description_kind":"plain","optional":true},"node":{"type":"string","description":"The node name of the map.","description_kind":"plain","required":true},"path":{"type":"string","description":"The path of the map.","description_kind":"plain","required":true},"subsystem_id":{"type":"string","description":"The subsystem ID group of the map. While not mandatory for the Proxmox VE API call, omitting this attribute will result in an incomplete PCI hardware mapping.","description_kind":"plain","optional":true}},"nesting_mode":"set"},"description":"The actual map of devices for the PCI hardware mapping.","description_kind":"plain","required":true},"mediated_devices":{"type":"bool","description":"Indicates whether to enable mediated devices.","description_kind":"plain","optional":true,"computed":true},"name":{"type":"string","description":"The name of this PCI hardware mapping.","description_kind":"plain","required":true}},"description":"Manages a PCI hardware mapping in a Proxmox VE cluster.","description_kind":"plain"}},"proxmox_hardware_mapping_usb":{"version":0,"block":{"attributes":{"comment":{"type":"string","description":"The comment of this USB hardware mapping.","description_kind":"plain","optional":true},"id":{"type":"string","description":"The unique identifier of this USB hardware mapping resource.","description_kind":"plain","computed":true},"map":{"nested_type":{"attributes":{"comment":{"type":"string","description":"The comment of the mapped USB device.","description_kind":"plain","optional":true},"id":{"type":"string","description":"The ID of the map.","description_kind":"plain","required":true},"node":{"type":"string","description":"The node name of the map.","description_kind":"plain","required":true},"path":{"type":"string","description":"The path of the map. For USB hardware mappings, this is optional and indicates that the device is mapped via its device ID rather than ports.","description_kind":"plain","optional":true}},"nesting_mode":"set"},"description":"The actual map of devices for the hardware mapping.","description_kind":"plain","required":true},"name":{"type":"string","description":"The name of this hardware mapping.","description_kind":"plain","required":true}},"description":"Manages a USB hardware mapping in a Proxmox VE cluster.","description_kind":"plain"}},"proxmox_haresource":{"version":0,"block":{"attributes":{"comment":{"type":"string","description":"The comment associated with this resource.","description_kind":"plain","optional":true},"failback":{"type":"bool","description":"Automatic failback to the preferred node when it becomes available again (Proxmox VE 9+). Leave unset to use the cluster default.","description_kind":"markdown","optional":true},"group":{"type":"string","description":"The identifier of the High Availability group this resource is a member of.","description_kind":"plain","optional":true},"id":{"type":"string","description":"The unique identifier of this resource.","description_kind":"plain","computed":true},"max_relocate":{"type":"number","description":"The maximal number of relocation attempts.","description_kind":"plain","optional":true},"max_restart":{"type":"number","description":"The maximal number of restart attempts.","description_kind":"plain","optional":true},"resource_id":{"type":"string","description":"The Proxmox HA resource identifier","description_kind":"plain","required":true},"state":{"type":"string","description":"The desired state of the resource.","description_kind":"plain","optional":true,"computed":true},"type":{"type":"string","description":"The type of HA resources to create. If unset, it will be deduced from the `resource_id`.","description_kind":"markdown","optional":true,"computed":true}},"description":"Manages Proxmox HA resources.","description_kind":"plain"}},"proxmox_harule":{"version":0,"block":{"attributes":{"affinity":{"type":"string","description":"The resource affinity type (resource-affinity only). `positive` keeps resources on the same node, `negative` keeps them on separate nodes.","description_kind":"plain","optional":true},"comment":{"type":"string","description":"The comment associated with this rule.","description_kind":"plain","optional":true},"disable":{"type":"bool","description":"Whether the HA rule is disabled. Defaults to `false`.","description_kind":"plain","optional":true,"computed":true},"id":{"type":"string","description":"The unique identifier of this resource.","description_kind":"plain","computed":true},"nodes":{"type":["map","number"],"description":"The member nodes for this rule (node-affinity only). They are provided as a map, where the keys are the node names and the values represent their priority: integers for known priorities or `null` for unset priorities.","description_kind":"plain","optional":true},"resources":{"type":["set","string"],"description":"The set of HA resource IDs that this rule applies to (e.g. `vm:100`, `ct:101`). The resources must already be managed by HA.","description_kind":"plain","required":true},"rule":{"type":"string","description":"The identifier of the High Availability rule to manage.","description_kind":"plain","required":true},"strict":{"type":"bool","description":"Whether the node affinity rule is strict (node-affinity only). When strict, resources cannot run on nodes not listed. Defaults to `false`.","description_kind":"plain","optional":true,"computed":true},"type":{"type":"string","description":"The HA rule type. Must be `node-affinity` or `resource-affinity`.","description_kind":"plain","required":true}},"description":"Manages a High Availability rule in a Proxmox VE cluster (PVE 9+). HA rules replace the legacy HA groups and provide node affinity and resource affinity capabilities.","description_kind":"plain"}},"proxmox_metrics_server":{"version":0,"block":{"attributes":{"disable":{"type":"bool","description":"Set this to `true` to disable this metric server. Defaults to `false`.","description_kind":"plain","optional":true,"computed":true},"graphite_path":{"type":"string","description":"Root graphite path (ex: `proxmox.mycluster.mykey`).","description_kind":"plain","optional":true},"graphite_proto":{"type":"string","description":"Protocol to send graphite data. Choice is between `udp` | `tcp`. If not set, PVE default is `udp`.","description_kind":"plain","optional":true},"id":{"type":"string","description":"The unique identifier of this resource.","description_kind":"plain","computed":true},"influx_api_path_prefix":{"type":"string","description":"An API path prefix inserted between `\u003chost\u003e:\u003cport\u003e/` and `/api2/`. Can be useful if the InfluxDB service runs behind a reverse proxy.","description_kind":"plain","optional":true},"influx_bucket":{"type":"string","description":"The InfluxDB bucket/db. Only necessary when using the http v2 api.","description_kind":"plain","optional":true},"influx_db_proto":{"type":"string","description":"Protocol for InfluxDB. Choice is between `udp` | `http` | `https`. If not set, PVE default is `udp`.","description_kind":"plain","optional":true},"influx_max_body_size":{"type":"number","description":"InfluxDB max-body-size in bytes. Requests are batched up to this size. If not set, PVE default is `25000000`.","description_kind":"plain","optional":true},"influx_organization":{"type":"string","description":"The InfluxDB organization. Only necessary when using the http v2 api. Has no meaning when using v2 compatibility api.","description_kind":"plain","optional":true},"influx_token":{"type":"string","description":"The InfluxDB access token. Only necessary when using the http v2 api. If the v2 compatibility api is used, use `user:password` instead. Cannot be used together with `influx_token_wo`.","description_kind":"plain","optional":true,"sensitive":true},"influx_token_wo":{"type":"string","description":"The InfluxDB access token (write-only). Prefer this over `influx_token` to avoid storing the secret in Terraform state. Cannot be used together with `influx_token`.","description_kind":"plain","optional":true,"sensitive":true,"write_only":true},"influx_token_wo_version":{"type":"number","description":"Increment this counter to rotate `influx_token_wo` without changing other fields.","description_kind":"plain","optional":true},"influx_verify":{"type":"bool","description":"Set to `false` to disable certificate verification for https endpoints. If not set, PVE default is `true`.","description_kind":"plain","optional":true},"mtu":{"type":"number","description":"MTU (maximum transmission unit) for metrics transmission over UDP. If not set, PVE default is `1500` (allowed `512` - `65536`).","description_kind":"plain","optional":true},"name":{"type":"string","description":"Unique name that will be ID of this metric server in PVE.","description_kind":"plain","required":true},"opentelemetry_compression":{"type":"string","description":"OpenTelemetry compression algorithm for requests. Choice is between `none` | `gzip`. If not set, PVE default is `gzip`.","description_kind":"plain","optional":true},"opentelemetry_headers":{"type":"string","description":"OpenTelemetry custom HTTP headers as JSON, base64 encoded.","description_kind":"plain","optional":true,"sensitive":true},"opentelemetry_max_body_size":{"type":"number","description":"OpenTelemetry maximum request body size in bytes. If not set, PVE default is `10000000`.","description_kind":"plain","optional":true},"opentelemetry_path":{"type":"string","description":"OpenTelemetry endpoint path (e.g., `/v1/metrics`).","description_kind":"plain","optional":true},"opentelemetry_proto":{"type":"string","description":"Protocol for OpenTelemetry. Choice is between `http` | `https`. If not set, PVE default is `https`.","description_kind":"plain","optional":true},"opentelemetry_resource_attributes":{"type":"string","description":"OpenTelemetry additional resource attributes as JSON, base64 encoded.","description_kind":"plain","optional":true},"opentelemetry_timeout":{"type":"number","description":"OpenTelemetry HTTP request timeout in seconds. If not set, PVE default is `5`.","description_kind":"plain","optional":true},"opentelemetry_verify_ssl":{"type":"bool","description":"OpenTelemetry verify SSL certificates. If not set, PVE default is `true`.","description_kind":"plain","optional":true},"port":{"type":"number","description":"Server network port.","description_kind":"plain","required":true},"server":{"type":"string","description":"Server dns name or IP address.","description_kind":"plain","required":true},"timeout":{"type":"number","description":"TCP socket timeout in seconds. If not set, PVE default is `1`.","description_kind":"plain","optional":true},"type":{"type":"string","description":"Plugin type. Choice is between `graphite` | `influxdb` | `opentelemetry`.","description_kind":"plain","required":true}},"description":"Manages PVE metrics server.","description_kind":"plain"}},"proxmox_network_linux_bond":{"version":0,"block":{"attributes":{"address":{"type":"string","description":"The interface IPv4/CIDR address.","description_kind":"plain","optional":true},"address6":{"type":"string","description":"The interface IPv6/CIDR address.","description_kind":"plain","optional":true},"autostart":{"type":"bool","description":"Automatically start interface on boot (defaults to `true`).","description_kind":"plain","optional":true,"computed":true},"bond_mode":{"type":"string","description":"The bonding mode. Possible values are `balance-rr`, `active-backup`, `balance-xor`, `broadcast`, `802.3ad`, `balance-tlb`, `balance-alb`.","description_kind":"markdown","optional":true,"computed":true},"bond_primary":{"type":"string","description":"The primary interface for `active-backup` bond mode. Specifies which slave interface should be the active one.","description_kind":"markdown","optional":true},"bond_xmit_hash_policy":{"type":"string","description":"The transmit hash policy for `balance-xor` and `802.3ad` bond modes. Possible values are `layer2`, `layer2+3`, `layer3+4`.","description_kind":"markdown","optional":true},"comment":{"type":"string","description":"Comment for the interface.","description_kind":"plain","optional":true},"gateway":{"type":"string","description":"Default gateway address.","description_kind":"plain","optional":true},"gateway6":{"type":"string","description":"Default IPv6 gateway address.","description_kind":"plain","optional":true},"id":{"type":"string","description":"A unique identifier with format `\u003cnode name\u003e:\u003ciface\u003e`","description_kind":"plain","computed":true},"mtu":{"type":"number","description":"The interface MTU.","description_kind":"plain","optional":true},"name":{"type":"string","description":"The interface name. Must be `bond[N]`, where 0 ≤ N (e.g. bond0, bond1), or any alphanumeric string that starts with a character and is at most 10 characters long.","description_kind":"markdown","required":true},"node_name":{"type":"string","description":"The name of the node.","description_kind":"plain","required":true},"slaves":{"type":["list","string"],"description":"The interface bond slaves (member interfaces).","description_kind":"markdown","required":true},"timeout_reload":{"type":"number","description":"Timeout for network reload operations in seconds (defaults to `100`).","description_kind":"plain","optional":true,"computed":true}},"description":"Manages a Linux Bond network interface in a Proxmox VE node.","description_kind":"markdown"}},"proxmox_network_linux_bridge":{"version":0,"block":{"attributes":{"address":{"type":"string","description":"The interface IPv4/CIDR address.","description_kind":"plain","optional":true},"address6":{"type":"string","description":"The interface IPv6/CIDR address.","description_kind":"plain","optional":true},"autostart":{"type":"bool","description":"Automatically start interface on boot (defaults to `true`).","description_kind":"plain","optional":true,"computed":true},"comment":{"type":"string","description":"Comment for the interface.","description_kind":"plain","optional":true},"gateway":{"type":"string","description":"Default gateway address.","description_kind":"plain","optional":true},"gateway6":{"type":"string","description":"Default IPv6 gateway address.","description_kind":"plain","optional":true},"id":{"type":"string","description":"A unique identifier with format `\u003cnode name\u003e:\u003ciface\u003e`","description_kind":"plain","computed":true},"mtu":{"type":"number","description":"The interface MTU.","description_kind":"plain","optional":true},"name":{"type":"string","description":"The interface name. Commonly vmbr[N], where 0 ≤ N ≤ 4094 (vmbr0 - vmbr4094), but can be any string containing only letters, numbers, and underscores (_), starting with a letter and at most 10 characters long.","description_kind":"markdown","required":true},"node_name":{"type":"string","description":"The name of the node.","description_kind":"plain","required":true},"ports":{"type":["list","string"],"description":"The interface bridge ports.","description_kind":"plain","optional":true},"timeout_reload":{"type":"number","description":"Timeout for network reload operations in seconds (defaults to `100`).","description_kind":"plain","optional":true,"computed":true},"vids":{"type":"string","description":"VLAN IDs allowed on the bridge (Linux Bridge `bridge-vids`). Space-separated list of VLAN IDs and/or hyphenated ranges (e.g. `\"2-4094\"`, `\"1 20 130\"`, or `\"1 10-20 30\"`). Requires `vlan_aware = true`. PVE/ifupdown2 fills in `2-4094` as the implicit default for VLAN-aware bridges when this attribute is omitted; the provider surfaces that default in state.","description_kind":"markdown","optional":true,"computed":true},"vlan_aware":{"type":"bool","description":"Whether the interface bridge is VLAN aware (defaults to `false`).","description_kind":"plain","optional":true,"computed":true}},"description":"Manages a Linux Bridge network interface in a Proxmox VE node.\n\n~\u003e Proxmox VE hides bridges from the interface list (`GET /nodes/{node}/network`) when the API user lacks `SDN.Audit` or `SDN.Use` on `/sdn/zones/localnetwork/\u003ciface\u003e` (a grant on `/` propagates). The provider reads this resource from that list, so a token without these privileges fails with \"interface not found\" after create or on import. Privilege-separated tokens (`privsep=1`, the `pveum` default) need the grant on the token itself, not only on the user.","description_kind":"markdown"}},"proxmox_network_linux_vlan":{"version":0,"block":{"attributes":{"address":{"type":"string","description":"The interface IPv4/CIDR address.","description_kind":"plain","optional":true},"address6":{"type":"string","description":"The interface IPv6/CIDR address.","description_kind":"plain","optional":true},"autostart":{"type":"bool","description":"Automatically start interface on boot (defaults to `true`).","description_kind":"plain","optional":true,"computed":true},"comment":{"type":"string","description":"Comment for the interface.","description_kind":"plain","optional":true},"gateway":{"type":"string","description":"Default gateway address.","description_kind":"plain","optional":true},"gateway6":{"type":"string","description":"Default IPv6 gateway address.","description_kind":"plain","optional":true},"id":{"type":"string","description":"A unique identifier with format `\u003cnode name\u003e:\u003ciface\u003e`.","description_kind":"plain","computed":true},"interface":{"type":"string","description":"The VLAN raw device. See also `name`.","description_kind":"plain","optional":true,"computed":true},"mtu":{"type":"number","description":"The interface MTU.","description_kind":"plain","optional":true},"name":{"type":"string","description":"The interface name. Either add the VLAN tag number to an existing interface name, e.g. `ens18.21` (and do not set `interface` and `vlan`), or use custom name, e.g. `vlan_lab` (`interface` and `vlan` are then required).","description_kind":"markdown","required":true},"node_name":{"type":"string","description":"The name of the node.","description_kind":"plain","required":true},"timeout_reload":{"type":"number","description":"Timeout for network reload operations in seconds (defaults to `100`).","description_kind":"plain","optional":true,"computed":true},"vlan":{"type":"number","description":"The VLAN tag. See also `name`.","description_kind":"plain","optional":true,"computed":true}},"description":"Manages a Linux VLAN network interface in a Proxmox VE node.","description_kind":"plain"}},"proxmox_node_config":{"version":0,"block":{"attributes":{"description":{"type":"string","description":"Description of the node. Shown in the web-interface node notes panel. This is saved as a comment inside the configuration file. Trailing newlines are not supported by PVE; use trimspace() with heredoc values.","description_kind":"plain","optional":true},"id":{"type":"string","description":"The unique identifier of this resource.","description_kind":"plain","computed":true},"node_name":{"type":"string","description":"The name of the node.","description_kind":"plain","required":true}},"description":"Manages Proxmox VE node configuration.","description_kind":"plain"}},"proxmox_node_disk_zfs":{"version":0,"block":{"attributes":{"add_storage":{"type":"bool","description":"Configure a Proxmox storage entry using this zpool after creation. Applied at create time only.","description_kind":"plain","optional":true},"ashift":{"type":"number","description":"Pool sector size exponent (2^ashift bytes). Defaults to `12` (4 KiB sectors) server-side.","description_kind":"plain","optional":true},"cleanup_config":{"type":"bool","description":"On destroy, mark associated Proxmox storage entries as unavailable (or remove them if configured for this node only). Defaults to `false`.","description_kind":"plain","optional":true,"computed":true},"cleanup_disks":{"type":"bool","description":"On destroy, wipe the ZFS member partitions so they can be reused. Defaults to `false`. Note: Proxmox wipes the partition contents but leaves the parent disk's GPT partition table intact. If you plan to reuse the same device immediately, run `wipefs -a \u003cdisk\u003e` and `partprobe \u003cdisk\u003e` on the node after destroy.","description_kind":"plain","optional":true,"computed":true},"compression":{"type":"string","description":"The compression algorithm for the pool. One of `on`, `off`, `gzip`, `lz4`, `lzjb`, `zle`, `zstd`. Defaults to `on` server-side.","description_kind":"plain","optional":true},"devices":{"type":["list","string"],"description":"The block devices to use for the ZFS pool (e.g. `[\"/dev/sdb\", \"/dev/sdc\"]`).","description_kind":"plain","required":true},"draid_config":{"nested_type":{"attributes":{"data":{"type":"number","description":"Number of data devices per redundancy group.","description_kind":"plain","required":true},"spares":{"type":"number","description":"Number of dRAID distributed spare devices.","description_kind":"plain","required":true}},"nesting_mode":"single"},"description":"dRAID configuration. Required when `raidlevel` is `draid`, `draid2`, or `draid3`.","description_kind":"plain","optional":true},"errors":{"type":"string","description":"Error information reported by the ZFS pool.","description_kind":"plain","computed":true},"id":{"type":"string","description":"The unique identifier of this resource, in the format `\u003cnode_name\u003e/\u003cname\u003e`.","description_kind":"plain","computed":true},"name":{"type":"string","description":"The name of the ZFS pool (storage identifier).","description_kind":"plain","required":true},"node_name":{"type":"string","description":"The name of the Proxmox node on which to create the ZFS pool.","description_kind":"plain","required":true},"raidlevel":{"type":"string","description":"The RAID level for the ZFS pool. One of `single`, `mirror`, `raid10`, `raidz`, `raidz2`, `raidz3`, `draid`, `draid2`, `draid3`.","description_kind":"plain","required":true},"state":{"type":"string","description":"The current state of the ZFS pool (e.g. `ONLINE`, `DEGRADED`).","description_kind":"plain","computed":true}},"description":"Manages a ZFS pool (zpool) on a Proxmox VE node.","description_kind":"plain"}},"proxmox_node_firewall":{"version":0,"block":{"attributes":{"enabled":{"type":"bool","description":"Enable host firewall rules (defaults to `true`).","description_kind":"plain","optional":true,"computed":true},"id":{"type":"string","description":"The unique identifier of this resource.","description_kind":"plain","computed":true},"log_level_forward":{"type":"string","description":"Log level for forwarded traffic. Must be one of: `emerg`, `alert`, `crit`, `err`, `warning`, `notice`, `info`, `debug`, `nolog` (defaults to `nolog`).","description_kind":"markdown","optional":true,"computed":true},"log_level_in":{"type":"string","description":"Log level for incoming traffic. Must be one of: `emerg`, `alert`, `crit`, `err`, `warning`, `notice`, `info`, `debug`, `nolog` (defaults to `nolog`).","description_kind":"markdown","optional":true,"computed":true},"log_level_out":{"type":"string","description":"Log level for outgoing traffic. Must be one of: `emerg`, `alert`, `crit`, `err`, `warning`, `notice`, `info`, `debug`, `nolog` (defaults to `nolog`).","description_kind":"markdown","optional":true,"computed":true},"ndp":{"type":"bool","description":"Enable NDP - Neighbor Discovery Protocol (defaults to `true`).","description_kind":"plain","optional":true,"computed":true},"nf_conntrack_max":{"type":"number","description":"Maximum number of tracked connections (defaults to `262144`). Minimum value is `32768`.","description_kind":"plain","optional":true,"computed":true},"nf_conntrack_tcp_timeout_established":{"type":"number","description":"Conntrack established timeout in seconds (defaults to `432000` - 5 days). Minimum value is `7875`.","description_kind":"plain","optional":true,"computed":true},"nftables":{"type":"bool","description":"Enable nftables based firewall (tech preview, defaults to `false`).","description_kind":"plain","optional":true,"computed":true},"node_name":{"type":"string","description":"The cluster node name.","description_kind":"plain","required":true},"nosmurfs":{"type":"bool","description":"Enable SMURFS filter (defaults to `true`).","description_kind":"plain","optional":true,"computed":true},"smurf_log_level":{"type":"string","description":"Log level for SMURFS filter. Must be one of: `emerg`, `alert`, `crit`, `err`, `warning`, `notice`, `info`, `debug`, `nolog` (defaults to `nolog`).","description_kind":"markdown","optional":true,"computed":true},"tcp_flags_log_level":{"type":"string","description":"Log level for illegal tcp flags filter. Must be one of: `emerg`, `alert`, `crit`, `err`, `warning`, `notice`, `info`, `debug`, `nolog` (defaults to `nolog`).","description_kind":"markdown","optional":true,"computed":true}},"description":"Manages Proxmox VE Node Firewall options.\n\n~\u003e This resource in fact updates existing node firewall configuration created by PVE on bootstrap. All optional attributes have explicit defaults for deterministic behavior (PVE may change defaults in the future). See [API documentation](https://pve.proxmox.com/pve-docs/api-viewer/index.html#/nodes/{node}/firewall/options).","description_kind":"markdown"}},"proxmox_oci_image":{"version":0,"block":{"attributes":{"datastore_id":{"type":"string","description":"The identifier for the target datastore.","description_kind":"plain","required":true},"file_name":{"type":"string","description":"The file name for the pulled OCI image. If not provided, it will be generated automatically. The file will be stored as a .tar file.","description_kind":"plain","optional":true,"computed":true},"id":{"type":"string","description":"The unique identifier of this resource.","description_kind":"plain","computed":true},"node_name":{"type":"string","description":"The node name.","description_kind":"plain","required":true},"overwrite":{"type":"bool","description":"By default `true`. If `true` and the OCI image size has changed in the datastore, it will be replaced. If `false`, there will be no check.","description_kind":"plain","optional":true,"computed":true},"overwrite_unmanaged":{"type":"bool","description":"If `true` and an OCI image with the same name already exists in the datastore, it will be deleted and the new image will be pulled. If `false` and the image already exists, an error will be returned.","description_kind":"plain","optional":true,"computed":true},"reference":{"type":"string","description":"The reference to the OCI image.","description_kind":"plain","required":true},"size":{"type":"number","description":"The image size in PVE.","description_kind":"plain","computed":true},"upload_timeout":{"type":"number","description":"The OCI image pull timeout in seconds. Default is 600 (10min).","description_kind":"plain","optional":true,"computed":true}},"description":"Manages OCI images pulled from OCI registries using PVE oci-registry-pull API. Pulls OCI container images and stores them as tar files in Proxmox VE datastores.","description_kind":"markdown"}},"proxmox_pool_membership":{"version":0,"block":{"attributes":{"id":{"type":"string","description":"The unique identifier of this resource.","description_kind":"plain","computed":true},"pool_id":{"type":"string","description":"Resource pool id","description_kind":"plain","required":true},"storage_id":{"type":"string","description":"Storage id","description_kind":"plain","optional":true},"type":{"type":"string","description":"Resource pool membership type (can be `vm` for VMs and CTs or `storage` for storages)","description_kind":"markdown","computed":true},"vm_id":{"type":"number","description":"VM or CT id","description_kind":"plain","optional":true}},"description":"Manages resource pool memberships for containers, virtual machines and storages","description_kind":"plain"}},"proxmox_realm_ldap":{"version":0,"block":{"attributes":{"base_dn":{"type":"string","description":"LDAP base DN for user searches (e.g., 'ou=users,dc=example,dc=com').","description_kind":"plain","required":true},"bind_dn":{"type":"string","description":"LDAP bind DN for authentication (e.g., 'cn=admin,dc=example,dc=com').","description_kind":"plain","optional":true},"bind_password":{"type":"string","description":"Password for the bind DN. Note: stored in Proxmox but not returned by API.","description_kind":"plain","optional":true,"sensitive":true},"ca_path":{"type":"string","description":"Path to CA certificate file for SSL verification.","description_kind":"plain","optional":true},"case_sensitive":{"type":"bool","description":"Enable case-sensitive username matching.","description_kind":"plain","optional":true,"computed":true},"cert_key_path":{"type":"string","description":"Path to client certificate key.","description_kind":"plain","optional":true},"cert_path":{"type":"string","description":"Path to client certificate for SSL authentication.","description_kind":"plain","optional":true},"comment":{"type":"string","description":"Description of the realm.","description_kind":"plain","optional":true},"default":{"type":"bool","description":"Use this realm as the default for login.","description_kind":"plain","optional":true,"computed":true},"filter":{"type":"string","description":"LDAP filter for user searches.","description_kind":"plain","optional":true},"group_classes":{"type":"string","description":"LDAP objectClasses for groups (comma-separated).","description_kind":"plain","optional":true},"group_dn":{"type":"string","description":"LDAP base DN for group searches.","description_kind":"plain","optional":true},"group_filter":{"type":"string","description":"LDAP filter for group searches.","description_kind":"plain","optional":true},"group_name_attr":{"type":"string","description":"LDAP attribute representing the group name.","description_kind":"plain","optional":true},"id":{"type":"string","description":"Realm identifier (same as realm)","description_kind":"plain","computed":true},"mode":{"type":"string","description":"LDAP connection mode (ldap, ldaps, ldap+starttls).","description_kind":"plain","optional":true},"port":{"type":"number","description":"LDAP server port. Default: 389 (LDAP) or 636 (LDAPS).","description_kind":"plain","optional":true},"realm":{"type":"string","description":"Realm identifier (e.g., 'example.com').","description_kind":"plain","required":true},"secure":{"type":"bool","description":"Use LDAPS (LDAP over SSL/TLS) instead of plain LDAP.","description_kind":"plain","deprecated":true,"deprecation_message":"Deprecated by Proxmox: use mode instead.","optional":true,"computed":true},"server1":{"type":"string","description":"Primary LDAP server hostname or IP address.","description_kind":"plain","required":true},"server2":{"type":"string","description":"Fallback LDAP server hostname or IP address.","description_kind":"plain","optional":true},"ssl_version":{"type":"string","description":"SSL/TLS version (tlsv1, tlsv1_1, tlsv1_2, tlsv1_3).","description_kind":"plain","optional":true},"sync_attributes":{"type":"string","description":"Comma-separated list of attributes to sync (e.g., 'email=mail,firstname=givenName').","description_kind":"plain","optional":true},"sync_defaults_options":{"type":"string","description":"Default synchronization options. Format: comma-separated 'key=value' pairs. Valid keys: 'scope' (users/groups/both), 'enable-new' (1/0), 'remove-vanished' (semicolon-separated: entry/acl/properties), 'full' (deprecated), 'purge' (deprecated). Example: 'scope=users,enable-new=1,remove-vanished=entry;acl'.","description_kind":"plain","optional":true},"user_attr":{"type":"string","description":"LDAP attribute representing the username.","description_kind":"plain","optional":true,"computed":true},"user_classes":{"type":"string","description":"LDAP objectClasses for users (comma-separated).","description_kind":"plain","optional":true},"verify":{"type":"bool","description":"Verify LDAP server SSL certificate.","description_kind":"plain","optional":true,"computed":true}},"description":"Manages an LDAP authentication realm in Proxmox VE.\n\nLDAP realms allow Proxmox to authenticate users against an LDAP directory service.","description_kind":"markdown"}},"proxmox_realm_openid":{"version":0,"block":{"attributes":{"acr_values":{"type":"string","description":"Authentication Context Class Reference values for the OpenID provider.","description_kind":"plain","optional":true},"audiences":{"type":"string","description":"Audiences that the OpenID Issuer may include that are accepted for the client (comma-separated).","description_kind":"plain","optional":true},"autocreate":{"type":"bool","description":"Automatically create users on the Proxmox cluster if they do not exist.","description_kind":"plain","optional":true,"computed":true},"client_id":{"type":"string","description":"OpenID Connect Client ID.","description_kind":"plain","required":true},"client_key":{"type":"string","description":"OpenID Connect Client Key (secret). Note: stored in Proxmox but not returned by API.","description_kind":"plain","optional":true,"sensitive":true},"client_key_wo":{"type":"string","description":"OpenID Connect Client Key (secret), supplied as a [write-only argument](https://developer.hashicorp.com/terraform/language/resources/ephemeral/write-only) so it is never stored in Terraform state or plan. Requires Terraform 1.11+. Mutually exclusive with `client_key`. Pair with `client_key_wo_version` to push a rotated secret.","description_kind":"markdown","optional":true,"sensitive":true,"write_only":true},"client_key_wo_version":{"type":"number","description":"Version counter for `client_key_wo`. Because write-only values are not stored in state, Terraform cannot detect when `client_key_wo` changes; increment this value to signal a rotation and force the new secret to be sent.","description_kind":"markdown","optional":true},"comment":{"type":"string","description":"Description of the realm.","description_kind":"plain","optional":true},"default":{"type":"bool","description":"Use this realm as the default for login.","description_kind":"plain","optional":true,"computed":true},"groups_autocreate":{"type":"bool","description":"Automatically create groups from claims rather than using existing Proxmox VE groups.","description_kind":"plain","optional":true,"computed":true},"groups_claim":{"type":"string","description":"OpenID claim used to retrieve user group memberships.","description_kind":"plain","optional":true},"groups_overwrite":{"type":"bool","description":"Replace assigned groups on login instead of appending to existing ones.","description_kind":"plain","optional":true,"computed":true},"id":{"type":"string","description":"Realm identifier (same as realm)","description_kind":"plain","computed":true},"issuer_url":{"type":"string","description":"OpenID Connect issuer URL. Proxmox uses OpenID Connect Discovery to configure the provider.","description_kind":"plain","required":true},"prompt":{"type":"string","description":"Specifies whether the authorization server prompts for reauthentication and/or consent (e.g., 'none', 'login', 'consent', 'select_account').","description_kind":"plain","optional":true},"query_userinfo":{"type":"bool","description":"Query the OpenID userinfo endpoint for claims. Required when the identity provider does not include claims in the ID token.","description_kind":"plain","optional":true,"computed":true},"realm":{"type":"string","description":"Realm identifier (e.g., 'my-oidc').","description_kind":"plain","required":true},"scopes":{"type":"string","description":"Space-separated list of OpenID scopes to request.","description_kind":"plain","optional":true,"computed":true},"username_claim":{"type":"string","description":"OpenID claim used to generate the unique username. Common values are `subject`, `username`, `email`, and `upn`.","description_kind":"plain","optional":true}},"description":"Manages an OpenID Connect authentication realm in Proxmox VE.\n\nOpenID Connect realms allow Proxmox to authenticate users against an external OpenID Connect provider.","description_kind":"markdown"}},"proxmox_realm_sync":{"version":0,"block":{"attributes":{"dry_run":{"type":"bool","description":"Only simulate the sync without applying changes.","description_kind":"plain","optional":true},"enable_new":{"type":"bool","description":"Enable newly synced users.","description_kind":"plain","optional":true},"full":{"type":"bool","description":"Perform a full sync.","description_kind":"plain","deprecated":true,"deprecation_message":"Deprecated by Proxmox: use remove_vanished instead.","optional":true},"id":{"type":"string","description":"Unique sync identifier (same as realm).","description_kind":"plain","computed":true},"purge":{"type":"bool","description":"Purge removed entries.","description_kind":"plain","deprecated":true,"deprecation_message":"Deprecated by Proxmox: use remove_vanished instead.","optional":true},"realm":{"type":"string","description":"Name of the realm to synchronize.","description_kind":"plain","required":true},"remove_vanished":{"type":"string","description":"How to handle vanished entries (e.g. `acl;properties;entry` or `none`).","description_kind":"plain","optional":true},"scope":{"type":"string","description":"Sync scope: users, groups, or both.","description_kind":"plain","optional":true}},"description":"Triggers synchronization of an existing authentication realm using `/access/domains/{realm}/sync`. This resource represents the last requested sync configuration; deleting it does not undo the sync.","description_kind":"markdown"}},"proxmox_replication":{"version":0,"block":{"attributes":{"comment":{"type":"string","description":"Description.","description_kind":"plain","optional":true},"disable":{"type":"bool","description":"Flag to disable/deactivate this replication.","description_kind":"plain","optional":true,"computed":true},"guest":{"type":"number","description":"Guest ID.","description_kind":"plain","computed":true},"id":{"type":"string","description":"Replication Job ID. The ID is composed of a Guest ID and a job number, separated by a hyphen, i.e. '\u003cGUEST\u003e-\u003cJOBNUM\u003e'.","description_kind":"plain","required":true},"jobnum":{"type":"number","description":"Unique, sequential ID assigned to each job.","description_kind":"plain","computed":true},"rate":{"type":"number","description":"Rate limit in mbps (megabytes per second) as floating point number.","description_kind":"plain","optional":true},"schedule":{"type":"string","description":"Storage replication schedule. The format is a subset of `systemd` calendar events. Defaults to */15","description_kind":"plain","optional":true,"computed":true},"source":{"type":"string","description":"For internal use, to detect if the guest was stolen.","description_kind":"plain","computed":true},"target":{"type":"string","description":"Target node.","description_kind":"plain","required":true},"type":{"type":"string","description":"Section type.","description_kind":"plain","required":true}},"description":"Manages Proxmox VE Replication.","description_kind":"plain"}},"proxmox_sdn_applier":{"version":0,"block":{"attributes":{"id":{"type":"string","description":"Opaque identifier set to the Unix timestamp (milliseconds) when the apply was executed.","description_kind":"plain","computed":true},"on_create":{"type":"bool","description":"Whether to apply SDN configuration on resource creation. Defaults to true.","description_kind":"plain","optional":true,"computed":true},"on_destroy":{"type":"bool","description":"Whether to apply SDN configuration on resource destruction. Defaults to true.","description_kind":"plain","optional":true,"computed":true}},"description":"**EXPERIMENTAL** Triggers Proxmox's SDN **Apply** (equivalent to `PUT /cluster/sdn`). Intended to be used with `replace_triggered_by` so it runs after SDN objects change.","description_kind":"markdown"}},"proxmox_sdn_controller_evpn":{"version":0,"block":{"attributes":{"asn":{"type":"number","description":"Autonomous System Number for the EVPN controller.","description_kind":"plain","required":true},"digest":{"type":"string","description":"Digest of the controller section.","description_kind":"plain","computed":true},"fabric":{"type":"string","description":"ID of the fabric this EVPN controller belongs to.","description_kind":"plain","optional":true},"id":{"type":"string","description":"The SDN controller object identifier.","description_kind":"plain","required":true},"peers":{"type":["set","string"],"description":"Set of BGP peer IP addresses for the EVPN controller.","description_kind":"plain","optional":true}},"description":"The EVPN zone requires an external controller to manage the control plane. The EVPN controller plugin configures the Free Range Routing (frr) router.","description_kind":"markdown"}},"proxmox_sdn_fabric_node_openfabric":{"version":0,"block":{"attributes":{"fabric_id":{"type":"string","description":"The unique identifier of the SDN fabric.","description_kind":"plain","required":true},"id":{"type":"string","description":"The ID of the SDN fabric node, in the format \u003cfabric_id\u003e/\u003cnode_id\u003e.","description_kind":"plain","computed":true},"interface_names":{"type":["set","string"],"description":"Set of interfaces associated with the fabric node.","description_kind":"plain","required":true},"ip":{"type":"string","description":"IPv4 address for the fabric node.","description_kind":"plain","optional":true},"ip6":{"type":"string","description":"IPv6 address for the fabric node.","description_kind":"plain","optional":true},"node_id":{"type":"string","description":"The unique identifier of the SDN fabric node.","description_kind":"plain","required":true}},"description":"OpenFabric Fabric Node in Proxmox SDN. Fabrics in Proxmox VE SDN provide automated routing between nodes in a cluster.","description_kind":"markdown"}},"proxmox_sdn_fabric_node_ospf":{"version":0,"block":{"attributes":{"fabric_id":{"type":"string","description":"The unique identifier of the SDN fabric.","description_kind":"plain","required":true},"id":{"type":"string","description":"The ID of the SDN fabric node, in the format \u003cfabric_id\u003e/\u003cnode_id\u003e.","description_kind":"plain","computed":true},"interface_names":{"type":["set","string"],"description":"Set of interfaces associated with the fabric node.","description_kind":"plain","required":true},"ip":{"type":"string","description":"IPv4 address for the fabric node.","description_kind":"plain","required":true},"node_id":{"type":"string","description":"The unique identifier of the SDN fabric node.","description_kind":"plain","required":true}},"description":"OSPF Fabric Node in Proxmox SDN. Fabrics in Proxmox VE SDN provide automated routing between nodes in a cluster.","description_kind":"markdown"}},"proxmox_sdn_fabric_openfabric":{"version":0,"block":{"attributes":{"csnp_interval":{"type":"number","description":"The csnp_interval property for OpenFabric.","description_kind":"plain","optional":true},"hello_interval":{"type":"number","description":"The hello_interval property for OpenFabric.","description_kind":"plain","optional":true},"id":{"type":"string","description":"The unique identifier of the SDN fabric.","description_kind":"plain","required":true},"ip6_prefix":{"type":"string","description":"IPv6 prefix cidr for the fabric.","description_kind":"plain","optional":true},"ip_prefix":{"type":"string","description":"IPv4 prefix cidr for the fabric.","description_kind":"plain","optional":true}},"description":"OpenFabric Fabric in Proxmox SDN. Fabrics in Proxmox VE SDN provide automated routing between nodes in a cluster.","description_kind":"markdown"}},"proxmox_sdn_fabric_ospf":{"version":0,"block":{"attributes":{"area":{"type":"string","description":"OSPF area. Either a IPv4 address or a 32-bit number. Gets validated in rust.","description_kind":"plain","required":true},"id":{"type":"string","description":"The unique identifier of the SDN fabric.","description_kind":"plain","required":true},"ip_prefix":{"type":"string","description":"IPv4 prefix cidr for the fabric.","description_kind":"plain","required":true}},"description":"OSPF Fabric in Proxmox SDN. Fabrics in Proxmox VE SDN provide automated routing between nodes in a cluster.","description_kind":"markdown"}},"proxmox_sdn_subnet":{"version":0,"block":{"attributes":{"cidr":{"type":"string","description":"A CIDR network address, for example 10.0.0.0/8","description_kind":"plain","required":true},"dhcp_dns_server":{"type":"string","description":"The DNS server used for DHCP.","description_kind":"plain","optional":true},"dhcp_range":{"nested_type":{"attributes":{"end_address":{"type":"string","description":"End of the DHCP range.","description_kind":"plain","required":true},"start_address":{"type":"string","description":"Start of the DHCP range.","description_kind":"plain","required":true}},"nesting_mode":"single"},"description":"DHCP range (start and end IPs).","description_kind":"plain","optional":true},"dns_zone_prefix":{"type":"string","description":"Prefix used for DNS zone delegation.","description_kind":"plain","optional":true},"gateway":{"type":"string","description":"The gateway address for the subnet.","description_kind":"plain","optional":true},"id":{"type":"string","description":"The unique identifier of the SDN Subnet. Read only.","description_kind":"plain","computed":true},"snat":{"type":"bool","description":"Whether SNAT is enabled for the subnet.","description_kind":"plain","optional":true},"vnet":{"type":"string","description":"The VNet to which this subnet belongs.","description_kind":"plain","required":true}},"description":"Manages SDN Subnets in Proxmox VE.","description_kind":"plain"}},"proxmox_sdn_vnet":{"version":0,"block":{"attributes":{"alias":{"type":"string","description":"An optional alias for this VNet.","description_kind":"plain","optional":true},"id":{"type":"string","description":"The unique identifier of the SDN VNet.","description_kind":"plain","required":true},"isolate_ports":{"type":"bool","description":"Isolate ports within this VNet.","description_kind":"plain","optional":true},"tag":{"type":"number","description":"Tag value for VLAN/VXLAN (can't be used with other zone types).","description_kind":"plain","optional":true},"vlan_aware":{"type":"bool","description":"Allow VM VLANs to pass through this VNet.","description_kind":"plain","optional":true},"zone":{"type":"string","description":"The zone to which this VNet belongs.","description_kind":"plain","required":true}},"description":"Manages Proxmox VE SDN VNet.","description_kind":"plain"}},"proxmox_sdn_zone_evpn":{"version":0,"block":{"attributes":{"advertise_subnets":{"type":"bool","description":"Enable subnet advertisement for EVPN.","description_kind":"plain","optional":true,"computed":true},"controller":{"type":"string","description":"EVPN controller address.","description_kind":"plain","required":true},"disable_arp_nd_suppression":{"type":"bool","description":"Disable ARP/ND suppression for EVPN.","description_kind":"plain","optional":true,"computed":true},"dns":{"type":"string","description":"DNS API server address.","description_kind":"plain","optional":true},"dns_zone":{"type":"string","description":"DNS domain name. Used to register hostnames, such as `\u003chostname\u003e.\u003cdomain\u003e`. The DNS zone must already exist on the DNS server.","description_kind":"markdown","optional":true},"exit_nodes":{"type":["set","string"],"description":"List of exit nodes for EVPN.","description_kind":"plain","optional":true,"computed":true},"exit_nodes_local_routing":{"type":"bool","description":"Enable local routing for EVPN exit nodes.","description_kind":"plain","optional":true,"computed":true},"id":{"type":"string","description":"The unique identifier of the SDN zone.","description_kind":"plain","required":true},"ipam":{"type":"string","description":"IP Address Management system.","description_kind":"plain","optional":true},"mtu":{"type":"number","description":"MTU value for the zone. There is no support to reset this value back to PVE default once set due to API limitation.","description_kind":"plain","optional":true,"computed":true},"nodes":{"type":["set","string"],"description":"The Proxmox nodes which the zone and associated VNets should be deployed on","description_kind":"plain","optional":true,"computed":true},"pending":{"type":"bool","description":"Indicates if the zone has pending configuration changes that need to be applied.","description_kind":"plain","computed":true},"primary_exit_node":{"type":"string","description":"Primary exit node for EVPN.","description_kind":"plain","optional":true},"reverse_dns":{"type":"string","description":"Reverse DNS API server address.","description_kind":"plain","optional":true},"rt_import":{"type":"string","description":"Route target import for EVPN.","description_kind":"plain","optional":true},"state":{"type":"string","description":"Indicates the current state of the zone.","description_kind":"plain","computed":true},"vrf_vxlan":{"type":"number","description":"VRF VXLAN-ID used for dedicated routing interconnect between VNets. It must be different than the VXLAN-ID of the VNets.","description_kind":"plain","required":true}},"description":"EVPN Zone in Proxmox SDN. The EVPN zone creates a routable Layer 3 network, capable of spanning across multiple clusters.","description_kind":"markdown"}},"proxmox_sdn_zone_qinq":{"version":0,"block":{"attributes":{"bridge":{"type":"string","description":"A local, VLAN-aware bridge that is already configured on each local node","description_kind":"plain","required":true},"dns":{"type":"string","description":"DNS API server address.","description_kind":"plain","optional":true},"dns_zone":{"type":"string","description":"DNS domain name. Used to register hostnames, such as `\u003chostname\u003e.\u003cdomain\u003e`. The DNS zone must already exist on the DNS server.","description_kind":"markdown","optional":true},"id":{"type":"string","description":"The unique identifier of the SDN zone.","description_kind":"plain","required":true},"ipam":{"type":"string","description":"IP Address Management system.","description_kind":"plain","optional":true},"mtu":{"type":"number","description":"MTU value for the zone. There is no support to reset this value back to PVE default once set due to API limitation.","description_kind":"plain","optional":true,"computed":true},"nodes":{"type":["set","string"],"description":"The Proxmox nodes which the zone and associated VNets should be deployed on","description_kind":"plain","optional":true,"computed":true},"pending":{"type":"bool","description":"Indicates if the zone has pending configuration changes that need to be applied.","description_kind":"plain","computed":true},"reverse_dns":{"type":"string","description":"Reverse DNS API server address.","description_kind":"plain","optional":true},"service_vlan":{"type":"number","description":"Service VLAN tag for QinQ. The tag must be between `1` and `4094`.","description_kind":"markdown","required":true},"service_vlan_protocol":{"type":"string","description":"Service VLAN protocol for QinQ. The protocol must be `802.1ad` or `802.1q`.","description_kind":"markdown","optional":true,"computed":true},"state":{"type":"string","description":"Indicates the current state of the zone.","description_kind":"plain","computed":true}},"description":"QinQ Zone in Proxmox SDN. QinQ also known as VLAN stacking, that uses multiple layers of VLAN tags for isolation. The QinQ zone defines the outer VLAN tag (the Service VLAN) whereas the inner VLAN tag is defined by the VNet. Your physical network switches must support stacked VLANs for this configuration. Due to the double stacking of tags, you need 4 more bytes for QinQ VLANs. For example, you must reduce the MTU to 1496 if you physical interface MTU is 1500.","description_kind":"markdown"}},"proxmox_sdn_zone_simple":{"version":0,"block":{"attributes":{"dhcp":{"type":"string","description":"The type of the DHCP backend for this zone. Currently the only supported value is `dnsmasq`.","description_kind":"plain","optional":true},"dns":{"type":"string","description":"DNS API server address.","description_kind":"plain","optional":true},"dns_zone":{"type":"string","description":"DNS domain name. Used to register hostnames, such as `\u003chostname\u003e.\u003cdomain\u003e`. The DNS zone must already exist on the DNS server.","description_kind":"markdown","optional":true},"id":{"type":"string","description":"The unique identifier of the SDN zone.","description_kind":"plain","required":true},"ipam":{"type":"string","description":"IP Address Management system.","description_kind":"plain","optional":true},"mtu":{"type":"number","description":"MTU value for the zone. There is no support to reset this value back to PVE default once set due to API limitation.","description_kind":"plain","optional":true,"computed":true},"nodes":{"type":["set","string"],"description":"The Proxmox nodes which the zone and associated VNets should be deployed on","description_kind":"plain","optional":true,"computed":true},"pending":{"type":"bool","description":"Indicates if the zone has pending configuration changes that need to be applied.","description_kind":"plain","computed":true},"reverse_dns":{"type":"string","description":"Reverse DNS API server address.","description_kind":"plain","optional":true},"state":{"type":"string","description":"Indicates the current state of the zone.","description_kind":"plain","computed":true}},"description":"Simple Zone in Proxmox SDN. It will create an isolated VNet bridge. This bridge is not linked to a physical interface, and VM traffic is only local on each the node. It can be used in NAT or routed setups.","description_kind":"markdown"}},"proxmox_sdn_zone_vlan":{"version":0,"block":{"attributes":{"bridge":{"type":"string","description":"The local bridge or OVS switch, already configured on _each_ node that allows node-to-node connection.","description_kind":"markdown","required":true},"dns":{"type":"string","description":"DNS API server address.","description_kind":"plain","optional":true},"dns_zone":{"type":"string","description":"DNS domain name. Used to register hostnames, such as `\u003chostname\u003e.\u003cdomain\u003e`. The DNS zone must already exist on the DNS server.","description_kind":"markdown","optional":true},"id":{"type":"string","description":"The unique identifier of the SDN zone.","description_kind":"plain","required":true},"ipam":{"type":"string","description":"IP Address Management system.","description_kind":"plain","optional":true},"mtu":{"type":"number","description":"MTU value for the zone. There is no support to reset this value back to PVE default once set due to API limitation.","description_kind":"plain","optional":true,"computed":true},"nodes":{"type":["set","string"],"description":"The Proxmox nodes which the zone and associated VNets should be deployed on","description_kind":"plain","optional":true,"computed":true},"pending":{"type":"bool","description":"Indicates if the zone has pending configuration changes that need to be applied.","description_kind":"plain","computed":true},"reverse_dns":{"type":"string","description":"Reverse DNS API server address.","description_kind":"plain","optional":true},"state":{"type":"string","description":"Indicates the current state of the zone.","description_kind":"plain","computed":true}},"description":"VLAN Zone in Proxmox SDN. It uses an existing local Linux or OVS bridge to connect to the node's physical interface. It uses VLAN tagging defined in the VNet to isolate the network segments. This allows connectivity of VMs between different nodes.","description_kind":"markdown"}},"proxmox_sdn_zone_vxlan":{"version":0,"block":{"attributes":{"dns":{"type":"string","description":"DNS API server address.","description_kind":"plain","optional":true},"dns_zone":{"type":"string","description":"DNS domain name. Used to register hostnames, such as `\u003chostname\u003e.\u003cdomain\u003e`. The DNS zone must already exist on the DNS server.","description_kind":"markdown","optional":true},"id":{"type":"string","description":"The unique identifier of the SDN zone.","description_kind":"plain","required":true},"ipam":{"type":"string","description":"IP Address Management system.","description_kind":"plain","optional":true},"mtu":{"type":"number","description":"MTU value for the zone. There is no support to reset this value back to PVE default once set due to API limitation.","description_kind":"plain","optional":true,"computed":true},"nodes":{"type":["set","string"],"description":"The Proxmox nodes which the zone and associated VNets should be deployed on","description_kind":"plain","optional":true,"computed":true},"peers":{"type":["set","string"],"description":"A list of IP addresses of each node in the VXLAN zone. This can be external nodes reachable at this IP address. All nodes in the cluster need to be mentioned here","description_kind":"markdown","required":true},"pending":{"type":"bool","description":"Indicates if the zone has pending configuration changes that need to be applied.","description_kind":"plain","computed":true},"reverse_dns":{"type":"string","description":"Reverse DNS API server address.","description_kind":"plain","optional":true},"state":{"type":"string","description":"Indicates the current state of the zone.","description_kind":"plain","computed":true}},"description":"VXLAN Zone in Proxmox SDN. It establishes a tunnel (overlay) on top of an existing network (underlay). This encapsulates layer 2 Ethernet frames within layer 4 UDP datagrams using the default destination port 4789. You have to configure the underlay network yourself to enable UDP connectivity between all peers. Because VXLAN encapsulation uses 50 bytes, the MTU needs to be 50 bytes lower than the outgoing physical interface.","description_kind":"markdown"}},"proxmox_storage_cifs":{"version":0,"block":{"attributes":{"content":{"type":["set","string"],"description":"The content types that can be stored on this storage. Valid values: `backup` (VM backups), `images` (VM disk images), `import` (VM disk images for import), `iso` (ISO images), `rootdir` (container root directories), `snippets` (cloud-init, hook scripts, etc.), `vztmpl` (container templates).","description_kind":"markdown","optional":true,"computed":true},"create_base_path":{"type":"bool","description":"Create the base directory if it doesn't exist.","description_kind":"plain","optional":true,"computed":true},"create_subdirs":{"type":"bool","description":"Populate the directory with the default structure.","description_kind":"plain","optional":true,"computed":true},"disable":{"type":"bool","description":"Whether the storage is disabled.","description_kind":"plain","optional":true,"computed":true},"domain":{"type":"string","description":"The SMB/CIFS domain.","description_kind":"plain","optional":true},"id":{"type":"string","description":"The unique identifier of the storage.","description_kind":"plain","required":true},"nodes":{"type":["set","string"],"description":"A list of nodes where this storage is available.","description_kind":"plain","optional":true,"computed":true},"options":{"type":"string","description":"The mount options for the SMB/CIFS share (see 'man mount.cifs').","description_kind":"plain","optional":true},"password":{"type":"string","description":"The password for authenticating with the SMB/CIFS server.","description_kind":"plain","required":true,"sensitive":true},"preallocation":{"type":"string","description":"The preallocation mode for raw and qcow2 images.","description_kind":"plain","optional":true},"server":{"type":"string","description":"The IP address or DNS name of the SMB/CIFS server.","description_kind":"plain","required":true},"share":{"type":"string","description":"The name of the SMB/CIFS share.","description_kind":"plain","required":true},"shared":{"type":"bool","description":"Whether the storage is shared across all nodes.","description_kind":"plain","computed":true},"snapshot_as_volume_chain":{"type":"bool","description":"Enable support for creating snapshots through volume backing-chains.","description_kind":"plain","optional":true},"subdirectory":{"type":"string","description":"A subdirectory to mount within the share.","description_kind":"plain","optional":true},"username":{"type":"string","description":"The username for authenticating with the SMB/CIFS server.","description_kind":"plain","required":true}},"block_types":{"backups":{"nesting_mode":"single","block":{"attributes":{"keep_all":{"type":"bool","description":"Specifies if all backups should be kept, regardless of their age. When set to true, other keep_* attributes must not be set.","description_kind":"plain","optional":true,"computed":true},"keep_daily":{"type":"number","description":"The number of daily backups to keep. Older backups will be removed.","description_kind":"plain","optional":true},"keep_hourly":{"type":"number","description":"The number of hourly backups to keep. Older backups will be removed.","description_kind":"plain","optional":true},"keep_last":{"type":"number","description":"Specifies the number of the most recent backups to keep, regardless of their age.","description_kind":"plain","optional":true},"keep_monthly":{"type":"number","description":"The number of monthly backups to keep. Older backups will be removed.","description_kind":"plain","optional":true},"keep_weekly":{"type":"number","description":"The number of weekly backups to keep. Older backups will be removed.","description_kind":"plain","optional":true},"keep_yearly":{"type":"number","description":"The number of yearly backups to keep. Older backups will be removed.","description_kind":"plain","optional":true},"max_protected_backups":{"type":"number","description":"The maximum number of protected backups per guest. Use '-1' for unlimited.","description_kind":"plain","optional":true}},"description":"Configure backup retention settings for the storage type.","description_kind":"plain"}}},"description":"Manages an SMB/CIFS based storage server in Proxmox VE.","description_kind":"plain"}},"proxmox_storage_directory":{"version":0,"block":{"attributes":{"content":{"type":["set","string"],"description":"The content types that can be stored on this storage. Valid values: `backup` (VM backups), `images` (VM disk images), `import` (VM disk images for import), `iso` (ISO images), `rootdir` (container root directories), `snippets` (cloud-init, hook scripts, etc.), `vztmpl` (container templates).","description_kind":"markdown","optional":true,"computed":true},"create_base_path":{"type":"bool","description":"Create the base directory if it doesn't exist.","description_kind":"plain","optional":true,"computed":true},"create_subdirs":{"type":"bool","description":"Populate the directory with the default structure.","description_kind":"plain","optional":true,"computed":true},"disable":{"type":"bool","description":"Whether the storage is disabled.","description_kind":"plain","optional":true,"computed":true},"id":{"type":"string","description":"The unique identifier of the storage.","description_kind":"plain","required":true},"nodes":{"type":["set","string"],"description":"A list of nodes where this storage is available.","description_kind":"plain","optional":true,"computed":true},"path":{"type":"string","description":"The path to the directory on the Proxmox node.","description_kind":"plain","required":true},"preallocation":{"type":"string","description":"The preallocation mode for raw and qcow2 images.","description_kind":"plain","optional":true},"shared":{"type":"bool","description":"Whether the storage is shared across all nodes.","description_kind":"plain","optional":true,"computed":true}},"block_types":{"backups":{"nesting_mode":"single","block":{"attributes":{"keep_all":{"type":"bool","description":"Specifies if all backups should be kept, regardless of their age. When set to true, other keep_* attributes must not be set.","description_kind":"plain","optional":true,"computed":true},"keep_daily":{"type":"number","description":"The number of daily backups to keep. Older backups will be removed.","description_kind":"plain","optional":true},"keep_hourly":{"type":"number","description":"The number of hourly backups to keep. Older backups will be removed.","description_kind":"plain","optional":true},"keep_last":{"type":"number","description":"Specifies the number of the most recent backups to keep, regardless of their age.","description_kind":"plain","optional":true},"keep_monthly":{"type":"number","description":"The number of monthly backups to keep. Older backups will be removed.","description_kind":"plain","optional":true},"keep_weekly":{"type":"number","description":"The number of weekly backups to keep. Older backups will be removed.","description_kind":"plain","optional":true},"keep_yearly":{"type":"number","description":"The number of yearly backups to keep. Older backups will be removed.","description_kind":"plain","optional":true},"max_protected_backups":{"type":"number","description":"The maximum number of protected backups per guest. Use '-1' for unlimited.","description_kind":"plain","optional":true}},"description":"Configure backup retention settings for the storage type.","description_kind":"plain"}}},"description":"Manages directory-based storage in Proxmox VE.","description_kind":"plain"}},"proxmox_storage_lvm":{"version":0,"block":{"attributes":{"content":{"type":["set","string"],"description":"The content types that can be stored on this storage. Valid values: `backup` (VM backups), `images` (VM disk images), `import` (VM disk images for import), `iso` (ISO images), `rootdir` (container root directories), `snippets` (cloud-init, hook scripts, etc.), `vztmpl` (container templates).","description_kind":"markdown","optional":true,"computed":true},"disable":{"type":"bool","description":"Whether the storage is disabled.","description_kind":"plain","optional":true,"computed":true},"id":{"type":"string","description":"The unique identifier of the storage.","description_kind":"plain","required":true},"nodes":{"type":["set","string"],"description":"A list of nodes where this storage is available.","description_kind":"plain","optional":true,"computed":true},"shared":{"type":"bool","description":"Whether the storage is shared across all nodes.","description_kind":"plain","optional":true,"computed":true},"volume_group":{"type":"string","description":"The name of the volume group to use.","description_kind":"plain","required":true},"wipe_removed_volumes":{"type":"bool","description":"Whether to zero-out data when removing LVMs.","description_kind":"plain","optional":true,"computed":true}},"description":"Manages LVM-based storage in Proxmox VE.","description_kind":"plain"}},"proxmox_storage_lvmthin":{"version":0,"block":{"attributes":{"content":{"type":["set","string"],"description":"The content types that can be stored on this storage. Valid values: `backup` (VM backups), `images` (VM disk images), `import` (VM disk images for import), `iso` (ISO images), `rootdir` (container root directories), `snippets` (cloud-init, hook scripts, etc.), `vztmpl` (container templates).","description_kind":"markdown","optional":true,"computed":true},"disable":{"type":"bool","description":"Whether the storage is disabled.","description_kind":"plain","optional":true,"computed":true},"id":{"type":"string","description":"The unique identifier of the storage.","description_kind":"plain","required":true},"nodes":{"type":["set","string"],"description":"A list of nodes where this storage is available.","description_kind":"plain","optional":true,"computed":true},"shared":{"type":"bool","description":"Whether the storage is shared across all nodes.","description_kind":"plain","computed":true},"thin_pool":{"type":"string","description":"The name of the LVM thin pool to use.","description_kind":"plain","required":true},"volume_group":{"type":"string","description":"The name of the volume group to use.","description_kind":"plain","required":true}},"description":"Manages thin LVM-based storage in Proxmox VE.","description_kind":"plain"}},"proxmox_storage_nfs":{"version":0,"block":{"attributes":{"content":{"type":["set","string"],"description":"The content types that can be stored on this storage. Valid values: `backup` (VM backups), `images` (VM disk images), `import` (VM disk images for import), `iso` (ISO images), `rootdir` (container root directories), `snippets` (cloud-init, hook scripts, etc.), `vztmpl` (container templates).","description_kind":"markdown","optional":true,"computed":true},"create_base_path":{"type":"bool","description":"Create the base directory if it doesn't exist.","description_kind":"plain","optional":true,"computed":true},"create_subdirs":{"type":"bool","description":"Populate the directory with the default structure.","description_kind":"plain","optional":true,"computed":true},"disable":{"type":"bool","description":"Whether the storage is disabled.","description_kind":"plain","optional":true,"computed":true},"export":{"type":"string","description":"The path of the NFS export.","description_kind":"plain","required":true},"id":{"type":"string","description":"The unique identifier of the storage.","description_kind":"plain","required":true},"nodes":{"type":["set","string"],"description":"A list of nodes where this storage is available.","description_kind":"plain","optional":true,"computed":true},"options":{"type":"string","description":"The options to pass to the NFS service.","description_kind":"plain","optional":true},"preallocation":{"type":"string","description":"The preallocation mode for raw and qcow2 images.","description_kind":"plain","optional":true},"server":{"type":"string","description":"The IP address or DNS name of the NFS server.","description_kind":"plain","required":true},"shared":{"type":"bool","description":"Whether the storage is shared across all nodes.","description_kind":"plain","computed":true},"snapshot_as_volume_chain":{"type":"bool","description":"Enable support for creating snapshots through volume backing-chains.","description_kind":"plain","optional":true}},"block_types":{"backups":{"nesting_mode":"single","block":{"attributes":{"keep_all":{"type":"bool","description":"Specifies if all backups should be kept, regardless of their age. When set to true, other keep_* attributes must not be set.","description_kind":"plain","optional":true,"computed":true},"keep_daily":{"type":"number","description":"The number of daily backups to keep. Older backups will be removed.","description_kind":"plain","optional":true},"keep_hourly":{"type":"number","description":"The number of hourly backups to keep. Older backups will be removed.","description_kind":"plain","optional":true},"keep_last":{"type":"number","description":"Specifies the number of the most recent backups to keep, regardless of their age.","description_kind":"plain","optional":true},"keep_monthly":{"type":"number","description":"The number of monthly backups to keep. Older backups will be removed.","description_kind":"plain","optional":true},"keep_weekly":{"type":"number","description":"The number of weekly backups to keep. Older backups will be removed.","description_kind":"plain","optional":true},"keep_yearly":{"type":"number","description":"The number of yearly backups to keep. Older backups will be removed.","description_kind":"plain","optional":true},"max_protected_backups":{"type":"number","description":"The maximum number of protected backups per guest. Use '-1' for unlimited.","description_kind":"plain","optional":true}},"description":"Configure backup retention settings for the storage type.","description_kind":"plain"}}},"description":"Manages an NFS-based storage in Proxmox VE.","description_kind":"plain"}},"proxmox_storage_pbs":{"version":0,"block":{"attributes":{"content":{"type":["set","string"],"description":"The content types that can be stored on this storage. Valid values: `backup` (VM backups), `images` (VM disk images), `import` (VM disk images for import), `iso` (ISO images), `rootdir` (container root directories), `snippets` (cloud-init, hook scripts, etc.), `vztmpl` (container templates).","description_kind":"markdown","optional":true,"computed":true},"datastore":{"type":"string","description":"The name of the datastore on the Proxmox Backup Server.","description_kind":"plain","required":true},"disable":{"type":"bool","description":"Whether the storage is disabled.","description_kind":"plain","optional":true,"computed":true},"encryption_key":{"type":"string","description":"An existing encryption key for the datastore. This is a sensitive value. Conflicts with `generate_encryption_key`.","description_kind":"plain","optional":true,"sensitive":true},"encryption_key_fingerprint":{"type":"string","description":"The SHA256 fingerprint of the encryption key currently in use.","description_kind":"plain","computed":true},"fingerprint":{"type":"string","description":"The SHA256 fingerprint of the Proxmox Backup Server's certificate.","description_kind":"plain","optional":true},"generate_encryption_key":{"type":"bool","description":"If set to true, Proxmox will generate a new encryption key. The key will be stored in the `generated_encryption_key` attribute. Conflicts with `encryption_key`.","description_kind":"plain","optional":true},"generated_encryption_key":{"type":"string","description":"The encryption key returned by Proxmox when `generate_encryption_key` is true.","description_kind":"plain","computed":true,"sensitive":true},"id":{"type":"string","description":"The unique identifier of the storage.","description_kind":"plain","required":true},"namespace":{"type":"string","description":"The namespace to use on the Proxmox Backup Server.","description_kind":"plain","optional":true},"nodes":{"type":["set","string"],"description":"A list of nodes where this storage is available.","description_kind":"plain","optional":true,"computed":true},"password":{"type":"string","description":"The password for authenticating with the Proxmox Backup Server.","description_kind":"plain","required":true,"sensitive":true},"server":{"type":"string","description":"The IP address or DNS name of the Proxmox Backup Server.","description_kind":"plain","required":true},"shared":{"type":"bool","description":"Whether the storage is shared across all nodes.","description_kind":"plain","computed":true},"username":{"type":"string","description":"The username for authenticating with the Proxmox Backup Server.","description_kind":"plain","required":true}},"block_types":{"backups":{"nesting_mode":"single","block":{"attributes":{"keep_all":{"type":"bool","description":"Specifies if all backups should be kept, regardless of their age. When set to true, other keep_* attributes must not be set.","description_kind":"plain","optional":true,"computed":true},"keep_daily":{"type":"number","description":"The number of daily backups to keep. Older backups will be removed.","description_kind":"plain","optional":true},"keep_hourly":{"type":"number","description":"The number of hourly backups to keep. Older backups will be removed.","description_kind":"plain","optional":true},"keep_last":{"type":"number","description":"Specifies the number of the most recent backups to keep, regardless of their age.","description_kind":"plain","optional":true},"keep_monthly":{"type":"number","description":"The number of monthly backups to keep. Older backups will be removed.","description_kind":"plain","optional":true},"keep_weekly":{"type":"number","description":"The number of weekly backups to keep. Older backups will be removed.","description_kind":"plain","optional":true},"keep_yearly":{"type":"number","description":"The number of yearly backups to keep. Older backups will be removed.","description_kind":"plain","optional":true},"max_protected_backups":{"type":"number","description":"The maximum number of protected backups per guest. Use '-1' for unlimited.","description_kind":"plain","optional":true}},"description":"Configure backup retention settings for the storage type.","description_kind":"plain"}}},"description":"Manages a Proxmox Backup Server (PBS) storage in Proxmox VE.","description_kind":"plain"}},"proxmox_storage_zfspool":{"version":0,"block":{"attributes":{"blocksize":{"type":"string","description":"Block size for newly created volumes (e.g. `4k`, `8k`, `16k`). Larger values may improve throughput for large I/O, while smaller values optimize space efficiency.","description_kind":"plain","optional":true},"content":{"type":["set","string"],"description":"The content types that can be stored on this storage. Valid values: `backup` (VM backups), `images` (VM disk images), `import` (VM disk images for import), `iso` (ISO images), `rootdir` (container root directories), `snippets` (cloud-init, hook scripts, etc.), `vztmpl` (container templates).","description_kind":"markdown","optional":true,"computed":true},"disable":{"type":"bool","description":"Whether the storage is disabled.","description_kind":"plain","optional":true,"computed":true},"id":{"type":"string","description":"The unique identifier of the storage.","description_kind":"plain","required":true},"nodes":{"type":["set","string"],"description":"A list of nodes where this storage is available.","description_kind":"plain","optional":true,"computed":true},"shared":{"type":"bool","description":"Whether the storage is shared across all nodes.","description_kind":"plain","computed":true},"thin_provision":{"type":"bool","description":"Whether to enable thin provisioning (`on` or `off`). Thin provisioning allows flexible disk allocation without pre-allocating full space.","description_kind":"plain","optional":true},"zfs_pool":{"type":"string","description":"The name of the ZFS storage pool to use (e.g. `tank`, `rpool/data`).","description_kind":"plain","required":true}},"description":"Manages ZFS-based storage in Proxmox VE.","description_kind":"plain"}},"proxmox_user_token":{"version":0,"block":{"attributes":{"comment":{"type":"string","description":"Comment for the token.","description_kind":"plain","optional":true},"expiration_date":{"type":"string","description":"Expiration date for the token.","description_kind":"plain","optional":true},"id":{"type":"string","description":"Unique token identifier with format `\u003cuser_id\u003e!\u003ctoken_name\u003e`.","description_kind":"plain","computed":true},"privileges_separation":{"type":"bool","description":"Restrict API token privileges with separate ACLs (default), or give full privileges of corresponding user.","description_kind":"markdown","optional":true,"computed":true},"token_name":{"type":"string","description":"User-specific token identifier.","description_kind":"plain","required":true},"user_id":{"type":"string","description":"User identifier.","description_kind":"plain","required":true},"value":{"type":"string","description":"API token value used for authentication. It is populated only when creating a new token, and can't be retrieved at import.","description_kind":"markdown","computed":true,"sensitive":true}},"description":"User API tokens.","description_kind":"plain"}},"proxmox_virtual_environment_acl":{"version":0,"block":{"attributes":{"group_id":{"type":"string","description":"The group the ACL should apply to (mutually exclusive with `token_id` and `user_id`)","description_kind":"plain","optional":true},"id":{"type":"string","description":"The unique identifier of this resource.","description_kind":"plain","computed":true},"path":{"type":"string","description":"Access control path","description_kind":"plain","required":true},"propagate":{"type":"bool","description":"Allow to propagate (inherit) permissions.","description_kind":"plain","optional":true,"computed":true},"role_id":{"type":"string","description":"The role to apply","description_kind":"plain","required":true},"token_id":{"type":"string","description":"The token the ACL should apply to (mutually exclusive with `group_id` and `user_id`)","description_kind":"plain","optional":true},"user_id":{"type":"string","description":"The user the ACL should apply to (mutually exclusive with `group_id` and `token_id`)","description_kind":"plain","optional":true}},"description":"Manages ACLs on the Proxmox cluster.\n\nACLs are used to control access to resources in the Proxmox cluster.\nEach ACL consists of a path, a user, group or token, a role, and a flag to allow propagation of permissions.","description_kind":"markdown","deprecated":true,"deprecation_message":"Use \"proxmox_acl\" instead. This resource / data source will be removed in v1.0."}},"proxmox_virtual_environment_acme_account":{"version":0,"block":{"attributes":{"contact":{"type":"string","description":"The contact email addresses.","description_kind":"plain","required":true},"created_at":{"type":"string","description":"The timestamp of the ACME account creation.","description_kind":"plain","computed":true},"directory":{"type":"string","description":"The URL of the ACME CA directory endpoint.","description_kind":"plain","optional":true},"eab_hmac_key":{"type":"string","description":"The HMAC key for External Account Binding.","description_kind":"plain","optional":true,"sensitive":true},"eab_kid":{"type":"string","description":"The Key Identifier for External Account Binding.","description_kind":"plain","optional":true,"sensitive":true},"location":{"type":"string","description":"The location of the ACME account.","description_kind":"plain","computed":true},"name":{"type":"string","description":"The ACME account config file name.","description_kind":"plain","optional":true,"computed":true},"tos":{"type":"string","description":"The URL of CA TermsOfService - setting this indicates agreement.","description_kind":"plain","optional":true}},"description":"Manages an ACME account in a Proxmox VE cluster.\n\n~\u003e This resource requires `root@pam` authentication.","description_kind":"markdown","deprecated":true,"deprecation_message":"Use \"proxmox_acme_account\" instead. This resource / data source will be removed in v1.0."}},"proxmox_virtual_environment_acme_certificate":{"version":0,"block":{"attributes":{"account":{"type":"string","description":"The ACME account name to use for ordering the certificate.","description_kind":"plain","required":true},"certificate":{"type":"string","description":"The PEM-encoded certificate data.","description_kind":"plain","computed":true},"domains":{"nested_type":{"attributes":{"alias":{"type":"string","description":"An optional alias domain for DNS validation. This allows you to validate the domain using a different domain's DNS records.","description_kind":"plain","optional":true},"domain":{"type":"string","description":"The domain name to include in the certificate.","description_kind":"plain","required":true},"plugin":{"type":"string","description":"The DNS plugin to use for DNS-01 challenge validation. If not specified, the standalone HTTP-01 challenge will be used.","description_kind":"plain","optional":true}},"nesting_mode":"list"},"description":"The list of domains to include in the certificate. At least one domain is required.","description_kind":"plain","required":true},"fingerprint":{"type":"string","description":"The certificate fingerprint.","description_kind":"plain","computed":true},"force":{"type":"bool","description":"Force certificate renewal even if the certificate is not due for renewal yet. Setting this to true will trigger a new certificate order on every apply.","description_kind":"plain","optional":true,"computed":true},"id":{"type":"string","description":"The unique identifier of this resource.","description_kind":"plain","computed":true},"issuer":{"type":"string","description":"The certificate issuer.","description_kind":"plain","computed":true},"node_name":{"type":"string","description":"The name of the Proxmox VE node for which to order/manage the ACME certificate.","description_kind":"plain","required":true},"not_after":{"type":"string","description":"The certificate expiration timestamp.","description_kind":"plain","computed":true},"not_before":{"type":"string","description":"The certificate start timestamp.","description_kind":"plain","computed":true},"subject":{"type":"string","description":"The certificate subject.","description_kind":"plain","computed":true},"subject_alternative_names":{"type":["list","string"],"description":"The certificate subject alternative names (SANs).","description_kind":"plain","computed":true}},"description":"Manages ACME SSL certificates for Proxmox VE nodes.\n\nThis resource orders and renews certificates from an ACME Certificate Authority (like Let's Encrypt) for a specific node. Before using this resource, ensure that:\n- An ACME account is configured (using `proxmox_acme_account`)\n- DNS plugins are configured if using DNS-01 challenge (using `proxmox_acme_dns_plugin`)","description_kind":"markdown","deprecated":true,"deprecation_message":"Use \"proxmox_acme_certificate\" instead. This resource / data source will be removed in v1.0."}},"proxmox_virtual_environment_acme_dns_plugin":{"version":0,"block":{"attributes":{"api":{"type":"string","description":"API plugin name.","description_kind":"plain","required":true},"data":{"type":["map","string"],"description":"DNS plugin data.","description_kind":"plain","optional":true},"data_wo":{"type":["map","string"],"description":"DNS plugin data, supplied as a [write-only argument](https://developer.hashicorp.com/terraform/language/resources/ephemeral/write-only) so credentials are never stored in Terraform state. Requires Terraform 1.11+. Mutually exclusive with `data`. Pair with `data_wo_version` to push rotated values.","description_kind":"markdown","optional":true,"write_only":true},"data_wo_version":{"type":"number","description":"Version counter for `data_wo`. Because write-only values are not stored in state, Terraform cannot detect when `data_wo` changes; increment this value to signal a rotation and force the new `data_wo` to be sent.","description_kind":"markdown","optional":true},"digest":{"type":"string","description":"SHA1 digest of the current configuration. Prevent changes if current configuration file has a different digest. This can be used to prevent concurrent modifications.","description_kind":"markdown","optional":true,"computed":true},"disable":{"type":"bool","description":"Flag to disable the config.","description_kind":"plain","optional":true},"plugin":{"type":"string","description":"ACME plugin ID name.","description_kind":"plain","required":true},"validation_delay":{"type":"number","description":"Extra delay in seconds to wait before requesting validation. Allows to cope with a long TTL of DNS records (0 - 172800).","description_kind":"markdown","optional":true,"computed":true}},"description":"Manages an ACME plugin in a Proxmox VE cluster.","description_kind":"plain","deprecated":true,"deprecation_message":"Use \"proxmox_acme_dns_plugin\" instead. This resource / data source will be removed in v1.0."}},"proxmox_virtual_environment_apt_repository":{"version":0,"block":{"attributes":{"comment":{"type":"string","description":"The associated comment.","description_kind":"plain","computed":true},"components":{"type":["list","string"],"description":"The list of components.","description_kind":"plain","computed":true},"enabled":{"type":"bool","description":"Indicates the activation status.","description_kind":"plain","optional":true,"computed":true},"file_path":{"type":"string","description":"The absolute path of the source list file that contains this repository.","description_kind":"plain","required":true},"file_type":{"type":"string","description":"The format of the defining source list file.","description_kind":"plain","computed":true},"id":{"type":"string","description":"The unique identifier of this APT repository resource.","description_kind":"plain","computed":true},"index":{"type":"number","description":"The index within the defining source list file.","description_kind":"plain","required":true},"node":{"type":"string","description":"The name of the target Proxmox VE node.","description_kind":"plain","required":true},"package_types":{"type":["list","string"],"description":"The list of package types.","description_kind":"plain","computed":true},"suites":{"type":["list","string"],"description":"The list of package distributions.","description_kind":"plain","computed":true},"uris":{"type":["list","string"],"description":"The list of repository URIs.","description_kind":"plain","computed":true}},"description":"Manages an APT repository of a Proxmox VE node.","description_kind":"plain","deprecated":true,"deprecation_message":"Use \"proxmox_apt_repository\" instead. This resource / data source will be removed in v1.0."}},"proxmox_virtual_environment_apt_standard_repository":{"version":0,"block":{"attributes":{"description":{"type":"string","description":"The description of the APT standard repository.","description_kind":"plain","computed":true},"file_path":{"type":"string","description":"The absolute path of the source list file that contains this standard repository.","description_kind":"plain","computed":true},"handle":{"type":"string","description":"The handle of the APT standard repository. Must be `ceph-squid-enterprise` | `ceph-squid-no-subscription` | `ceph-squid-test` | `enterprise` | `no-subscription` | `test`.","description_kind":"markdown","required":true},"id":{"type":"string","description":"The unique identifier of this APT standard repository resource.","description_kind":"plain","computed":true},"index":{"type":"number","description":"The index within the defining source list file.","description_kind":"plain","computed":true},"name":{"type":"string","description":"The name of the APT standard repository.","description_kind":"plain","computed":true},"node":{"type":"string","description":"The name of the target Proxmox VE node.","description_kind":"plain","required":true},"status":{"type":"number","description":"Indicates the activation status.","description_kind":"plain","computed":true}},"description":"Manages an APT standard repository of a Proxmox VE node.","description_kind":"plain","deprecated":true,"deprecation_message":"Use \"proxmox_apt_standard_repository\" instead. This resource / data source will be removed in v1.0."}},"proxmox_virtual_environment_certificate":{"version":0,"block":{"attributes":{"certificate":{"type":"string","description":"The PEM encoded certificate","description_kind":"plain","required":true},"certificate_chain":{"type":"string","description":"The PEM encoded certificate chain","description_kind":"plain","optional":true},"expiration_date":{"type":"string","description":"The expiration date","description_kind":"plain","computed":true},"file_name":{"type":"string","description":"The file name","description_kind":"plain","computed":true},"id":{"type":"string","description_kind":"plain","optional":true,"computed":true},"issuer":{"type":"string","description":"The issuer","description_kind":"plain","computed":true},"node_name":{"type":"string","description":"The node name","description_kind":"plain","required":true},"overwrite":{"type":"bool","description":"Whether to overwrite an existing certificate","description_kind":"plain","optional":true},"private_key":{"type":"string","description":"The PEM encoded private key","description_kind":"plain","required":true,"sensitive":true},"public_key_size":{"type":"number","description":"The public key size","description_kind":"plain","computed":true},"public_key_type":{"type":"string","description":"The public key type","description_kind":"plain","computed":true},"ssl_fingerprint":{"type":"string","description":"The SSL fingerprint","description_kind":"plain","computed":true},"start_date":{"type":"string","description":"The start date","description_kind":"plain","computed":true},"subject":{"type":"string","description":"The subject","description_kind":"plain","computed":true},"subject_alternative_names":{"type":["list","string"],"description":"The subject alternative names","description_kind":"plain","computed":true}},"description_kind":"plain"}},"proxmox_virtual_environment_cloned_vm":{"version":0,"block":{"attributes":{"cdrom":{"nested_type":{"attributes":{"file_id":{"type":"string","description":"The file ID of the CD-ROM, or `cdrom|none`. Defaults to `cdrom` (i.e. empty CD-ROM drive — `cdrom` is PVE's literal \"no media inserted\" storage path). Use `none` to leave the CD-ROM unplugged, or a storage path like `local:iso/debian.iso` to insert an image.","description_kind":"markdown","optional":true}},"nesting_mode":"map"},"description":"The CD-ROM configuration. The key is the interface of the CD-ROM, could be one of `ideN`, `sataN`, `scsiN`, where N is the index of the interface. Note that `q35` machine type only supports `ide0` and `ide2` of IDE interfaces.","description_kind":"markdown","optional":true},"clone":{"nested_type":{"attributes":{"bandwidth_limit":{"type":"number","description":"Clone bandwidth limit in MB/s.","description_kind":"plain","optional":true},"full":{"type":"bool","description":"Perform a full clone (true) or linked clone (false).","description_kind":"plain","optional":true,"computed":true},"pool_id":{"type":"string","description":"Pool to assign the cloned VM to.","description_kind":"plain","optional":true},"retries":{"type":"number","description":"Number of retries for clone operations.","description_kind":"plain","optional":true,"computed":true},"snapshot_name":{"type":"string","description":"Snapshot name to clone from.","description_kind":"plain","optional":true},"source_node_name":{"type":"string","description":"Source node of the VM/template. Defaults to target node if unset.","description_kind":"plain","optional":true},"source_vm_id":{"type":"number","description":"Source VM/template ID to clone from.","description_kind":"plain","required":true},"target_datastore":{"type":"string","description":"Target datastore for cloned disks.","description_kind":"plain","optional":true},"target_format":{"type":"string","description":"Target disk format for clone (e.g., raw, qcow2).","description_kind":"plain","optional":true}},"nesting_mode":"single"},"description":"Clone settings. Changes require recreation.","description_kind":"plain","required":true},"cpu":{"nested_type":{"attributes":{"affinity":{"type":"string","description":"The CPU cores that are used to run the VM’s vCPU. The value is a list of CPU IDs, separated by commas. The CPU IDs are zero-based.  For example, `0,1,2,3` (which also can be shortened to `0-3`) means that the VM’s vCPUs are run on the first four CPU cores. Setting `affinity` is only allowed for `root@pam` authenticated user.","description_kind":"markdown","optional":true},"architecture":{"type":"string","description":"The CPU architecture `\u003caarch64 | x86_64\u003e` (defaults to the host). Setting `architecture` is only allowed for `root@pam` authenticated user.","description_kind":"markdown","optional":true},"cores":{"type":"number","description":"The number of CPU cores per socket (PVE defaults to `1` when unset).","description_kind":"markdown","optional":true},"flags":{"type":["set","string"],"description":"Set of additional CPU flags. Use `+FLAG` to enable, `-FLAG` to disable a flag. Custom CPU models can specify any flag supported by QEMU/KVM, VM-specific flags must be from the following set for security reasons: `pcid`, `spec-ctrl`, `ibpb`, `ssbd`, `virt-ssbd`, `amd-ssbd`, `amd-no-ssb`, `pdpe1gb`, `md-clear`, `hv-tlbflush`, `hv-evmcs`, `aes`.","description_kind":"markdown","optional":true},"limit":{"type":"number","description":"Limit of CPU usage. `0` means no limit (PVE default).","description_kind":"markdown","optional":true},"numa":{"type":"bool","description":"Enable NUMA topology emulation. Matches the PVE Processors → **Enable NUMA** checkbox.","description_kind":"markdown","optional":true},"sockets":{"type":"number","description":"The number of CPU sockets (PVE defaults to `1` when unset).","description_kind":"markdown","optional":true},"type":{"type":"string","description":"Emulated CPU type, it's recommended to use `x86-64-v2-AES` or higher. See [the PVE admin guide](https://pve.proxmox.com/pve-docs/pve-admin-guide.html#qm_virtual_machines_settings) for the full list of supported types.","description_kind":"markdown","optional":true},"units":{"type":"number","description":"CPU weight for a VM. Argument is used in the kernel fair scheduler. The larger the number is, the more CPU time this VM gets. Number is relative to weights of all the other running VMs. On cgroup v2 `0` is a valid value meaning disable CPU share weighting.","description_kind":"markdown","optional":true},"vcpus":{"type":"number","description":"Number of vCPUs started with the VM, bounded by `cores * sockets`. Matches the PVE Processors → **VCPUs** field. Leave unset to start with `cores * sockets` vCPUs. Requires PVE hotplug feature enabled to change at runtime.","description_kind":"markdown","optional":true}},"nesting_mode":"single"},"description":"The CPU configuration.","description_kind":"plain","optional":true},"delete":{"nested_type":{"attributes":{"disk":{"type":["list","string"],"description":"Disk slots to delete (e.g., scsi2).","description_kind":"plain","optional":true},"network":{"type":["list","string"],"description":"Network slots to delete (e.g., net1).","description_kind":"plain","optional":true}},"nesting_mode":"single"},"description":"Explicit deletions to perform after cloning/updating. Entries persist across applies.","description_kind":"plain","optional":true},"delete_unreferenced_disks_on_destroy":{"type":"bool","description":"Delete unreferenced disks on destroy. WARNING: When set to true, any disks not explicitly managed by Terraform will be deleted on destroy, potentially causing data loss. Defaults to false for safety.","description_kind":"plain","optional":true,"computed":true},"description":{"type":"string","description":"Optional VM description applied after cloning.","description_kind":"plain","optional":true},"disk":{"nested_type":{"attributes":{"aio":{"type":"string","description":"AIO mode (io_uring, native, threads).","description_kind":"plain","optional":true},"backup":{"type":"bool","description":"Include disk in backups.","description_kind":"plain","optional":true},"cache":{"type":"string","description":"Cache mode.","description_kind":"plain","optional":true},"datastore_id":{"type":"string","description":"Target datastore for new disks when file is not provided.","description_kind":"plain","optional":true},"discard":{"type":"string","description":"Discard/trim behavior.","description_kind":"plain","optional":true},"file":{"type":"string","description":"Existing volume reference (e.g., local-lvm:vm-100-disk-0).","description_kind":"plain","optional":true},"format":{"type":"string","description":"Disk format (raw, qcow2, vmdk).","description_kind":"plain","optional":true},"import_from":{"type":"string","description":"Import source volume/file id.","description_kind":"plain","optional":true},"iothread":{"type":"bool","description":"Use IO thread.","description_kind":"plain","optional":true},"media":{"type":"string","description":"Disk media (e.g., disk, cdrom).","description_kind":"plain","optional":true},"replicate":{"type":"bool","description":"Consider disk for replication.","description_kind":"plain","optional":true},"serial":{"type":"string","description":"Disk serial number.","description_kind":"plain","optional":true},"size_gb":{"type":"number","description":"Disk size (GiB) when creating new disks. **Note:** Disk shrinking is not supported. Attempting to set `size_gb` to a value smaller than the current disk size will result in an error. Only disk expansion is allowed.","description_kind":"plain","optional":true},"ssd":{"type":"bool","description":"Mark disk as SSD.","description_kind":"plain","optional":true}},"nesting_mode":"map"},"description":"Disks keyed by slot (scsi0, virtio0, sata0, ide0, ...). Only listed keys are managed.","description_kind":"plain","optional":true},"id":{"type":"number","description":"The VM identifier in the Proxmox cluster.","description_kind":"plain","optional":true,"computed":true},"memory":{"nested_type":{"attributes":{"balloon":{"type":"number","description":"Minimum guaranteed memory in MiB via balloon device. This is the floor amount of RAM that is always guaranteed to the VM. Setting to `0` disables the balloon driver entirely. \n\n**How it works:** The host can reclaim memory between `balloon` and `size` when under memory pressure. The VM is guaranteed to always have at least `balloon` MiB available.","description_kind":"markdown","optional":true},"hugepages":{"type":"string","description":"Enable hugepages for VM memory allocation. Hugepages can improve performance for memory-intensive workloads by reducing TLB misses. \n\n**Options:**\n- `2` - Use 2 MiB hugepages\n- `1024` - Use 1 GiB hugepages\n- `any` - Use any available hugepage size","description_kind":"markdown","optional":true},"keep_hugepages":{"type":"bool","description":"Don't release hugepages when the VM shuts down. By default, hugepages are released back to the host when the VM stops. Setting this to `true` keeps them allocated for faster VM startup.","description_kind":"markdown","optional":true},"shares":{"type":"number","description":"CPU scheduler priority for memory ballooning. This is used by the kernel fair scheduler. Higher values mean this VM gets more CPU time during memory ballooning operations. The value is relative to other running VMs.","description_kind":"markdown","optional":true},"size":{"type":"number","description":"Total memory available to the VM in MiB. This is the total RAM the VM can use. When ballooning is enabled (balloon \u003e 0), memory between `balloon` and `size` can be reclaimed by the host. When ballooning is disabled (balloon = 0), this is the fixed amount of RAM allocated to the VM. Defaults to PVE's implicit `512` MiB when unset.","description_kind":"markdown","optional":true}},"nesting_mode":"single"},"description":"Memory configuration for the VM. Uses Proxmox memory ballooning to allow dynamic memory allocation. The `size` sets the total available RAM, while `balloon` sets the guaranteed floor. The host can reclaim memory between these values when needed.","description_kind":"markdown","optional":true},"name":{"type":"string","description":"Optional VM name override applied after cloning.","description_kind":"plain","optional":true},"network":{"nested_type":{"attributes":{"bridge":{"type":"string","description":"Bridge name.","description_kind":"plain","optional":true},"firewall":{"type":"bool","description":"Enable firewall on this interface.","description_kind":"plain","optional":true},"link_down":{"type":"bool","description":"Keep link down.","description_kind":"plain","optional":true},"mac_address":{"type":"string","description":"MAC address (computed if omitted).","description_kind":"plain","optional":true},"model":{"type":"string","description":"NIC model (e.g., virtio, e1000).","description_kind":"plain","optional":true},"mtu":{"type":"number","description":"Interface MTU.","description_kind":"plain","optional":true},"queues":{"type":"number","description":"Number of multiqueue NIC queues.","description_kind":"plain","optional":true},"rate_limit":{"type":"number","description":"Rate limit (MB/s).","description_kind":"plain","optional":true},"tag":{"type":"number","description":"VLAN tag.","description_kind":"plain","optional":true},"trunks":{"type":["set","number"],"description":"Trunk VLAN IDs.","description_kind":"plain","optional":true}},"nesting_mode":"map"},"description":"Network devices keyed by slot (net0, net1, ...). Only listed keys are managed.","description_kind":"plain","optional":true},"node_name":{"type":"string","description":"Target node for the cloned VM.","description_kind":"plain","required":true},"purge_on_destroy":{"type":"bool","description":"Purge backup configuration on destroy.","description_kind":"plain","optional":true,"computed":true},"rng":{"nested_type":{"attributes":{"max_bytes":{"type":"number","description":"Maximum bytes of entropy allowed to get injected into the guest every period.","description_kind":"markdown","optional":true},"period":{"type":"number","description":"Period in milliseconds to limit entropy injection to the guest.","description_kind":"markdown","optional":true},"source":{"type":"string","description":"The file on the host to gather entropy from. In most cases, `/dev/urandom` should be preferred over `/dev/random` to avoid entropy-starvation issues on the host.","description_kind":"markdown","optional":true}},"nesting_mode":"single"},"description":"Configure the RNG (Random Number Generator) device. The RNG device provides entropy to guests to ensure good quality random numbers for guest applications that require them. Can only be set by `root@pam.` See the [Proxmox documentation](https://pve.proxmox.com/pve-docs/pve-admin-guide.html#qm_virtual_machines_settings) for more information.","description_kind":"markdown","optional":true},"started":{"type":"bool","description":"Whether the VM should be started after cloning. Defaults to true.","description_kind":"plain","optional":true,"computed":true},"stop_on_destroy":{"type":"bool","description":"Stop the VM on destroy (instead of shutdown).","description_kind":"plain","optional":true,"computed":true},"tags":{"type":["set","string"],"description":"Tags applied after cloning.","description_kind":"plain","optional":true},"timeouts":{"nested_type":{"attributes":{"create":{"type":"string","description":"A string that can be [parsed as a duration](https://pkg.go.dev/time#ParseDuration) consisting of numbers and unit suffixes, such as \"30s\" or \"2h45m\". Valid time units are \"s\" (seconds), \"m\" (minutes), \"h\" (hours).","description_kind":"plain","optional":true},"delete":{"type":"string","description":"A string that can be [parsed as a duration](https://pkg.go.dev/time#ParseDuration) consisting of numbers and unit suffixes, such as \"30s\" or \"2h45m\". Valid time units are \"s\" (seconds), \"m\" (minutes), \"h\" (hours). Setting a timeout for a Delete operation is only applicable if changes are saved into state before the destroy operation occurs.","description_kind":"plain","optional":true},"read":{"type":"string","description":"A string that can be [parsed as a duration](https://pkg.go.dev/time#ParseDuration) consisting of numbers and unit suffixes, such as \"30s\" or \"2h45m\". Valid time units are \"s\" (seconds), \"m\" (minutes), \"h\" (hours). Read operations occur during any refresh or planning operation when refresh is enabled.","description_kind":"plain","optional":true},"update":{"type":"string","description":"A string that can be [parsed as a duration](https://pkg.go.dev/time#ParseDuration) consisting of numbers and unit suffixes, such as \"30s\" or \"2h45m\". Valid time units are \"s\" (seconds), \"m\" (minutes), \"h\" (hours).","description_kind":"plain","optional":true}},"nesting_mode":"single"},"description_kind":"plain","optional":true},"vga":{"nested_type":{"attributes":{"clipboard":{"type":"string","description":"Enable a specific clipboard. If not set, depending on the display type the SPICE one will be added. Currently only `vnc` is available. Migration with VNC clipboard is not supported by Proxmox.","description_kind":"markdown","optional":true},"memory":{"type":"number","description":"The VGA memory in megabytes (4-512 MB). Has no effect with serial display. ","description_kind":"markdown","optional":true},"type":{"type":"string","description":"The VGA type (defaults to `std`).","description_kind":"markdown","optional":true}},"nesting_mode":"single"},"description":"Configure the VGA Hardware. If you want to use high resolution modes (\u003e= 1280x1024x16) you may need to increase the vga memory option. Since QEMU 2.9 the default VGA display type is `std` for all OS types besides some Windows versions (XP and older) which use `cirrus`. The `qxl` option enables the SPICE display server. For win* OS you can select how many independent displays you want, Linux guests can add displays themself. You can also run without any graphic card, using a serial device as terminal. See the [Proxmox documentation](https://pve.proxmox.com/pve-docs/pve-admin-guide.html#qm_virtual_machines_settings) section 10.2.8 for more information and available configuration parameters.","description_kind":"markdown","optional":true}},"description":"Clone a VM from a source template/VM and manage only explicitly-defined configuration. This resource uses explicit opt-in management: only configuration blocks and devices explicitly listed in your Terraform code are managed. Inherited settings from the template are preserved unless explicitly overridden or deleted. Removing a configuration from Terraform stops managing it but does not delete it from the VM.","description_kind":"plain","deprecated":true,"deprecation_message":"Use \"proxmox_cloned_vm\" instead. This resource / data source will be removed in v1.0."}},"proxmox_virtual_environment_cluster_firewall":{"version":0,"block":{"attributes":{"ebtables":{"type":"bool","description":"Enable ebtables cluster-wide","description_kind":"plain","optional":true},"enabled":{"type":"bool","description":"Enable or disable the firewall cluster-wide","description_kind":"plain","optional":true},"forward_policy":{"type":"string","description":"Default policy for forwarded traffic","description_kind":"plain","optional":true},"id":{"type":"string","description_kind":"plain","optional":true,"computed":true},"input_policy":{"type":"string","description":"Default policy for incoming traffic","description_kind":"plain","optional":true},"output_policy":{"type":"string","description":"Default policy for outgoing traffic","description_kind":"plain","optional":true}},"block_types":{"log_ratelimit":{"nesting_mode":"list","block":{"attributes":{"burst":{"type":"number","description":"Initial burst of packages which will always get logged before the rate is applied","description_kind":"plain","optional":true},"enabled":{"type":"bool","description":"Enable or disable log ratelimiting","description_kind":"plain","optional":true},"rate":{"type":"string","description":"Frequency with which the burst bucket gets refilled","description_kind":"plain","optional":true}},"description":"Log ratelimiting settings","description_kind":"plain"},"max_items":1}},"description_kind":"plain"}},"proxmox_virtual_environment_cluster_firewall_security_group":{"version":0,"block":{"attributes":{"comment":{"type":"string","description":"Security group comment","description_kind":"plain","optional":true},"container_id":{"type":"number","description":"The ID of the container to manage the firewall for.","description_kind":"plain","optional":true},"id":{"type":"string","description_kind":"plain","optional":true,"computed":true},"name":{"type":"string","description":"Security group name","description_kind":"plain","required":true},"node_name":{"type":"string","description":"The name of the node.","description_kind":"plain","optional":true},"vm_id":{"type":"number","description":"The ID of the VM to manage the firewall for.","description_kind":"plain","optional":true}},"block_types":{"rule":{"nesting_mode":"list","block":{"attributes":{"action":{"type":"string","description":"Rules action ('ACCEPT', 'DROP', 'REJECT')","description_kind":"plain","optional":true},"comment":{"type":"string","description":"Rules comment","description_kind":"plain","optional":true},"dest":{"type":"string","description":"Restrict packet destination address. This can refer to a single IP address, an IP set ('+ipsetname') or an IP alias definition. You can also specify an address range like '20.34.101.207-201.3.9.99', or a list of IP addresses and networks (entries are separated by comma). Please do not mix IPv4 and IPv6 addresses inside such lists.","description_kind":"plain","optional":true},"dport":{"type":"string","description":"Restrict TCP/UDP destination port. You can use service names or simple numbers (0-65535), as defined in '/etc/services'. Port ranges can be specified with '\\d+:\\d+', for example '80:85', and you can use comma separated list to match several ports or ranges.","description_kind":"plain","optional":true},"enabled":{"type":"bool","description":"Enable rule","description_kind":"plain","optional":true},"iface":{"type":"string","description":"Network interface name. You have to use network configuration key names for VMs and containers ('net\\d+'). Host related rules can use arbitrary strings.","description_kind":"plain","optional":true},"log":{"type":"string","description":"Log level for this rule ('emerg', 'alert', 'crit', 'err', 'warning', 'notice', 'info', 'debug', 'nolog')","description_kind":"plain","optional":true},"macro":{"type":"string","description":"Use predefined standard macro","description_kind":"plain","optional":true},"pos":{"type":"number","description":"Rules position","description_kind":"plain","computed":true},"proto":{"type":"string","description":"Restrict packet protocol. You can use protocol names or simple numbers (0-255), as defined in '/etc/protocols'.","description_kind":"plain","optional":true},"security_group":{"type":"string","description":"Security group name","description_kind":"plain","optional":true},"source":{"type":"string","description":"Restrict packet source address. This can refer to a single IP address, an IP set ('+ipsetname') or an IP alias definition. You can also specify an address range like '20.34.101.207-201.3.9.99', or a list of IP addresses and networks (entries are separated by comma). Please do not mix IPv4 and IPv6 addresses inside such lists.","description_kind":"plain","optional":true},"sport":{"type":"string","description":"Restrict TCP/UDP source port. You can use service names or simple numbers (0-65535), as defined in '/etc/services'. Port ranges can be specified with '\\d+:\\d+', for example '80:85', and you can use comma separated list to match several ports or ranges.","description_kind":"plain","optional":true},"type":{"type":"string","description":"Rules type ('in', 'out', 'forward')","description_kind":"plain","optional":true}},"description":"List of rules","description_kind":"plain"}}},"description_kind":"plain"}},"proxmox_virtual_environment_cluster_options":{"version":0,"block":{"attributes":{"bandwidth_limit_clone":{"type":"number","description":"Clone I/O bandwidth limit in KiB/s.","description_kind":"plain","optional":true},"bandwidth_limit_default":{"type":"number","description":"Default I/O bandwidth limit in KiB/s.","description_kind":"plain","optional":true},"bandwidth_limit_migration":{"type":"number","description":"Migration I/O bandwidth limit in KiB/s.","description_kind":"plain","optional":true},"bandwidth_limit_move":{"type":"number","description":"Move I/O bandwidth limit in KiB/s.","description_kind":"plain","optional":true},"bandwidth_limit_restore":{"type":"number","description":"Restore I/O bandwidth limit in KiB/s.","description_kind":"plain","optional":true},"console":{"type":"string","description":"Select the default Console viewer. Must be `applet` | `vv`| `html5` | `xtermjs`. You can either use the builtin java applet (VNC; deprecated and maps to html5), an external virt-viewer compatible application (SPICE), an HTML5 based vnc viewer (noVNC), or an HTML5 based console client (xtermjs). If the selected viewer is not available (e.g. SPICE not activated for the VM), the fallback is noVNC.","description_kind":"markdown","optional":true},"crs_ha":{"type":"string","description":"Cluster resource scheduling setting for HA. Must be `static` | `basic` | `dynamic` (default is `basic`). `dynamic` requires Proxmox VE 9.2+.","description_kind":"markdown","optional":true,"computed":true},"crs_ha_auto_rebalance":{"type":"bool","description":"Whether to use CRS for balancing HA resources automatically depending on the current node imbalance. Requires Proxmox VE 9.2+.","description_kind":"plain","optional":true},"crs_ha_auto_rebalance_hold_duration":{"type":"number","description":"The number of HA rounds for which the cluster node imbalance threshold must be exceeded before triggering an automatic resource balancing migration (default is `3`). Requires Proxmox VE 9.2+.","description_kind":"plain","optional":true},"crs_ha_auto_rebalance_margin":{"type":"number","description":"The minimum relative improvement in cluster node imbalance, in percent, to commit to a resource balancing migration. Must be between `0` and `100` (default is `10`). Requires Proxmox VE 9.2+.","description_kind":"plain","optional":true},"crs_ha_auto_rebalance_method":{"type":"string","description":"The method to use for the scoring of balancing migrations. Must be `bruteforce` | `topsis` (default is `bruteforce`). Requires Proxmox VE 9.2+.","description_kind":"markdown","optional":true},"crs_ha_auto_rebalance_threshold":{"type":"number","description":"The cluster node imbalance, in percent, which will trigger the automatic resource balancing system if exceeded. Must be between `0` and `100` (default is `30`). Requires Proxmox VE 9.2+.","description_kind":"plain","optional":true},"crs_ha_rebalance_on_start":{"type":"bool","description":"Cluster resource scheduling setting for HA rebalance on start.","description_kind":"plain","optional":true},"description":{"type":"string","description":"Datacenter description. Shown in the web-interface datacenter notes panel. This is saved as comment inside the configuration file.","description_kind":"plain","optional":true},"email_from":{"type":"string","description":"email address to send notification from (default is root@$hostname).","description_kind":"plain","optional":true},"ha_shutdown_policy":{"type":"string","description":"Cluster wide HA shutdown policy. Must be `freeze` | `failover` | `migrate` | `conditional` (default is `conditional`).","description_kind":"markdown","optional":true},"http_proxy":{"type":"string","description":"Specify external http proxy which is used for downloads (example: `http://username:password@host:port/`).","description_kind":"markdown","optional":true},"id":{"type":"string","description":"The unique identifier of this resource.","description_kind":"plain","computed":true},"keyboard":{"type":"string","description":"Default keyboard layout for vnc server. Must be `de` | `de-ch` | `da` | `en-gb` | `en-us` | `es` | `fi` | `fr` | `fr-be` | `fr-ca` | `fr-ch` | `hu` | `is` | `it` | `ja` | `lt` | `mk` | `nl` | `no` | `pl` | `pt` | `pt-br` | `sv` | `sl` | `tr`.","description_kind":"markdown","optional":true},"language":{"type":"string","description":"Default GUI language. Must be `ca` | `da` | `de` | `en` | `es` | `eu` | `fa` | `fr` | `he` | `it` | `ja` | `nb` | `nn` | `pl` | `pt_BR` | `ru` | `sl` | `sv` | `tr` | `zh_CN` | `zh_TW`.","description_kind":"markdown","optional":true},"mac_prefix":{"type":"string","description":"Prefix for autogenerated MAC addresses.","description_kind":"plain","optional":true,"computed":true},"max_workers":{"type":"number","description":"Defines how many workers (per node) are maximal started on actions like 'stopall VMs' or task from the ha-manager.","description_kind":"plain","optional":true},"migration_cidr":{"type":"string","description":"Cluster wide migration network CIDR.","description_kind":"plain","optional":true},"migration_type":{"type":"string","description":"Cluster wide migration type. Must be `secure` | `insecure` (default is `secure`).","description_kind":"markdown","optional":true},"next_id":{"nested_type":{"attributes":{"lower":{"type":"number","description":"The minimum number for the next free VM ID. Must be higher or equal to 100","description_kind":"markdown","optional":true},"upper":{"type":"number","description":"The maximum number for the next free VM ID. Must be less or equal to 999999999","description_kind":"markdown","optional":true}},"nesting_mode":"single"},"description":"The ranges for the next free VM ID auto-selection pool.","description_kind":"plain","optional":true},"notify":{"nested_type":{"attributes":{"ha_fencing_mode":{"type":"string","description":"Cluster-wide notification settings for the HA fencing mode. Must be `always` | `never`.","description_kind":"markdown","optional":true},"ha_fencing_target":{"type":"string","description":"Cluster-wide notification settings for the HA fencing target.","description_kind":"markdown","optional":true},"package_updates":{"type":"string","description":"Cluster-wide notification settings for package updates. Must be `auto` | `always` | `never`. ","description_kind":"markdown","optional":true},"package_updates_target":{"type":"string","description":"Cluster-wide notification settings for the package updates target.","description_kind":"markdown","optional":true},"replication":{"type":"string","description":"Cluster-wide notification settings for replication. Must be `always` | `never`. ","description_kind":"markdown","optional":true},"replication_target":{"type":"string","description":"Cluster-wide notification settings for the replication target.","description_kind":"markdown","optional":true}},"nesting_mode":"single"},"description":"Cluster-wide notification settings.","description_kind":"plain","optional":true}},"description":"Manages Proxmox VE Cluster Datacenter options.","description_kind":"plain","deprecated":true,"deprecation_message":"Use \"proxmox_cluster_options\" instead. This resource / data source will be removed in v1.0."}},"proxmox_virtual_environment_container":{"version":0,"block":{"attributes":{"delete_unreferenced_disks_on_destroy":{"type":"bool","description":"Whether to also delete disks that carry the container ID but are not referenced in its configuration on destroy","description_kind":"plain","optional":true},"description":{"type":"string","description":"The description","description_kind":"plain","optional":true},"environment_variables":{"type":["map","string"],"description":"The runtime environment variables for the container init process.","description_kind":"plain","optional":true},"hook_script_file_id":{"type":"string","description":"A hook script","description_kind":"plain","optional":true},"id":{"type":"string","description_kind":"plain","optional":true,"computed":true},"ipv4":{"type":["map","string"],"description":"The container's IPv4 addresses per network device","description_kind":"plain","computed":true},"ipv6":{"type":["map","string"],"description":"The container's IPv6 addresses per network device","description_kind":"plain","computed":true},"node_name":{"type":"string","description":"The node name","description_kind":"plain","required":true},"pool_id":{"type":"string","description":"The ID of the pool to assign the container to","description_kind":"plain","optional":true},"protection":{"type":"bool","description":"Whether to set the protection flag of the container. This will prevent the container itself and its disk for remove/update operations.","description_kind":"plain","optional":true},"purge_on_destroy":{"type":"bool","description":"Whether to purge the container from backup, replication and HA configurations on destroy","description_kind":"plain","optional":true},"start_on_boot":{"type":"bool","description":"Automatically start container when the host system boots.","description_kind":"plain","optional":true},"started":{"type":"bool","description":"Whether to start the container","description_kind":"plain","optional":true},"tags":{"type":["list","string"],"description":"Tags of the container. This is only meta information.","description_kind":"plain","optional":true},"template":{"type":"bool","description":"Whether to create a template","description_kind":"plain","optional":true},"timeout_clone":{"type":"number","description":"Clone container timeout","description_kind":"plain","optional":true},"timeout_create":{"type":"number","description":"Create container timeout","description_kind":"plain","optional":true},"timeout_delete":{"type":"number","description":"Delete container timeout","description_kind":"plain","optional":true},"timeout_start":{"type":"number","description":"Start container timeout","description_kind":"plain","deprecated":true,"deprecation_message":"This field is deprecated and will be removed in a future release. An overall operation timeout (`timeout_create` / `timeout_clone`) is used instead.","optional":true},"timeout_update":{"type":"number","description":"Update container timeout","description_kind":"plain","optional":true},"unprivileged":{"type":"bool","description":"Whether the container runs as unprivileged on the host","description_kind":"plain","optional":true},"vm_id":{"type":"number","description":"The VM identifier","description_kind":"plain","optional":true,"computed":true}},"block_types":{"clone":{"nesting_mode":"list","block":{"attributes":{"datastore_id":{"type":"string","description":"The ID of the target datastore","description_kind":"plain","optional":true},"full":{"type":"bool","description":"When cloning, create a full copy of all disks. Set to false to create a linked clone. Linked clones require the source container to be a template on storage that supports copy-on-write (e.g. Ceph RBD). Defaults to true.","description_kind":"plain","optional":true},"node_name":{"type":"string","description":"The name of the source node","description_kind":"plain","optional":true},"vm_id":{"type":"number","description":"The ID of the source container","description_kind":"plain","required":true}},"description":"The cloning configuration","description_kind":"plain"},"max_items":1},"console":{"nesting_mode":"list","block":{"attributes":{"enabled":{"type":"bool","description":"Whether to enable the console device","description_kind":"plain","optional":true},"tty_count":{"type":"number","description":"The number of available TTY","description_kind":"plain","optional":true},"type":{"type":"string","description":"The console mode","description_kind":"plain","optional":true}},"description":"The console configuration","description_kind":"plain"},"max_items":1},"cpu":{"nesting_mode":"list","block":{"attributes":{"architecture":{"type":"string","description":"The CPU architecture","description_kind":"plain","optional":true},"cores":{"type":"number","description":"The number of CPU cores","description_kind":"plain","optional":true},"limit":{"type":"number","description":"Limit of CPU usage. Value 0 indicates no limit (defaults to 0).","description_kind":"plain","optional":true},"units":{"type":"number","description":"The CPU units","description_kind":"plain","optional":true,"computed":true}},"description":"The CPU allocation","description_kind":"plain"},"max_items":1},"device_passthrough":{"nesting_mode":"list","block":{"attributes":{"deny_write":{"type":"bool","description":"Deny the container to write to the device","description_kind":"plain","optional":true},"gid":{"type":"number","description":"Group ID to be assigned to the device node","description_kind":"plain","optional":true},"mode":{"type":"string","description":"Access mode to be set on the device node (e.g. 0666)","description_kind":"plain","optional":true},"path":{"type":"string","description":"Device to pass through to the container","description_kind":"plain","required":true},"uid":{"type":"number","description":"Device UID in the container","description_kind":"plain","optional":true}},"description":"Device to pass through to the container","description_kind":"plain"},"max_items":128},"disk":{"nesting_mode":"list","block":{"attributes":{"acl":{"type":"bool","description":"Explicitly enable or disable ACL support","description_kind":"plain","optional":true},"datastore_id":{"type":"string","description":"The datastore id","description_kind":"plain","optional":true},"mount_options":{"type":["list","string"],"description":"Extra mount options","description_kind":"plain","optional":true},"path_in_datastore":{"type":"string","description":"The in-datastore path to the disk image","description_kind":"plain","computed":true},"quota":{"type":"bool","description":"Enable user quotas for the container rootfs","description_kind":"plain","optional":true},"replicate":{"type":"bool","description":"Will include this volume to a storage replica job","description_kind":"plain","optional":true},"size":{"type":"number","description":"The rootfs size in gigabytes","description_kind":"plain","optional":true}},"description":"The disks","description_kind":"plain"},"max_items":1},"features":{"nesting_mode":"list","block":{"attributes":{"fuse":{"type":"bool","description":"Whether the container supports FUSE mounts","description_kind":"plain","optional":true},"keyctl":{"type":"bool","description":"Whether the container supports `keyctl()` system call","description_kind":"plain","optional":true},"mknod":{"type":"bool","description":"Whether the container supports `mknod()` system call","description_kind":"plain","optional":true},"mount":{"type":["list","string"],"description":"List of allowed mount types","description_kind":"plain","optional":true},"nesting":{"type":"bool","description":"Whether the container runs as nested","description_kind":"plain","optional":true}},"description":"Features","description_kind":"plain"},"max_items":1},"idmap":{"nesting_mode":"list","block":{"attributes":{"container_id":{"type":"number","description":"Starting ID in the container namespace","description_kind":"plain","required":true},"host_id":{"type":"number","description":"Starting ID in the host namespace","description_kind":"plain","required":true},"size":{"type":"number","description":"Number of IDs to map","description_kind":"plain","required":true},"type":{"type":"string","description":"Mapping type (uid or gid)","description_kind":"plain","required":true}},"description":"UID/GID mapping for unprivileged containers","description_kind":"plain"}},"initialization":{"nesting_mode":"list","block":{"attributes":{"entrypoint":{"type":"string","description":"Command to run as init, optionally with arguments. It may start with an absolute path, relative path, or a binary in `$PATH`.","description_kind":"plain","optional":true},"hostname":{"type":"string","description":"The hostname. Must be a valid DNS name.","description_kind":"plain","optional":true}},"block_types":{"dns":{"nesting_mode":"list","block":{"attributes":{"domain":{"type":"string","description":"The DNS search domain","description_kind":"plain","optional":true},"server":{"type":"string","description":"The DNS server","description_kind":"plain","deprecated":true,"deprecation_message":"The `server` attribute is deprecated and will be removed in a future release. Please use the `servers` attribute instead.","optional":true},"servers":{"type":["list","string"],"description":"The list of DNS servers","description_kind":"plain","optional":true}},"description":"The DNS configuration","description_kind":"plain"},"max_items":1},"ip_config":{"nesting_mode":"list","block":{"block_types":{"ipv4":{"nesting_mode":"list","block":{"attributes":{"address":{"type":"string","description":"The IPv4 address","description_kind":"plain","optional":true},"gateway":{"type":"string","description":"The IPv4 gateway","description_kind":"plain","optional":true}},"description":"The IPv4 configuration","description_kind":"plain"},"max_items":1},"ipv6":{"nesting_mode":"list","block":{"attributes":{"address":{"type":"string","description":"The IPv6 address","description_kind":"plain","optional":true},"gateway":{"type":"string","description":"The IPv6 gateway","description_kind":"plain","optional":true}},"description":"The IPv6 configuration","description_kind":"plain"},"max_items":1}},"description":"The IP configuration","description_kind":"plain"},"max_items":10},"user_account":{"nesting_mode":"list","block":{"attributes":{"keys":{"type":["list","string"],"description":"The SSH keys","description_kind":"plain","optional":true},"password":{"type":"string","description":"The SSH password","description_kind":"plain","optional":true,"sensitive":true}},"description":"The user account configuration","description_kind":"plain"},"max_items":1}},"description":"The initialization configuration","description_kind":"plain"},"max_items":1},"memory":{"nesting_mode":"list","block":{"attributes":{"dedicated":{"type":"number","description":"The dedicated memory in megabytes","description_kind":"plain","optional":true},"swap":{"type":"number","description":"The swap size in megabytes","description_kind":"plain","optional":true}},"description":"The memory allocation","description_kind":"plain"},"max_items":1},"mount_point":{"nesting_mode":"list","block":{"attributes":{"acl":{"type":"bool","description":"Explicitly enable or disable ACL support","description_kind":"plain","optional":true},"backup":{"type":"bool","description":"Whether to include the mount point in backups (only used for volume mount points)","description_kind":"plain","optional":true},"mount_options":{"type":["list","string"],"description":"Extra mount options.","description_kind":"plain","optional":true},"path":{"type":"string","description":"Path to the mount point as seen from inside the container","description_kind":"plain","required":true},"path_in_datastore":{"type":"string","description":"The in-datastore path to the mount point volume","description_kind":"plain","computed":true},"quota":{"type":"bool","description":"Enable user quotas inside the container (not supported with volume mounts)","description_kind":"plain","optional":true},"read_only":{"type":"bool","description":"Read-only mount point","description_kind":"plain","optional":true},"replicate":{"type":"bool","description":"Will include this volume to a storage replica job","description_kind":"plain","optional":true},"shared":{"type":"bool","description":"Mark this non-volume mount point as available on all nodes","description_kind":"plain","optional":true},"size":{"type":"string","description":"Volume size (only used for volume mount points)","description_kind":"plain","optional":true},"volume":{"type":"string","description":"Volume, device or directory to mount into the container","description_kind":"plain","required":true}},"description":"A mount point","description_kind":"plain"},"max_items":256},"network_interface":{"nesting_mode":"list","block":{"attributes":{"bridge":{"type":"string","description":"The bridge","description_kind":"plain","optional":true},"enabled":{"type":"bool","description":"Whether to enable the network device","description_kind":"plain","optional":true},"firewall":{"type":"bool","description":"Whether this interface's firewall rules should be used.","description_kind":"plain","optional":true},"host_managed":{"type":"bool","description":"Whether the host runs DHCP on this interface's behalf. Requires Proxmox VE 9.1+.","description_kind":"plain","optional":true},"mac_address":{"type":"string","description":"The MAC address","description_kind":"plain","optional":true,"computed":true},"mtu":{"type":"number","description":"Maximum transmission unit (MTU)","description_kind":"plain","optional":true},"name":{"type":"string","description":"The network interface name","description_kind":"plain","required":true},"rate_limit":{"type":"number","description":"The rate limit in megabytes per second","description_kind":"plain","optional":true},"vlan_id":{"type":"number","description":"The VLAN identifier","description_kind":"plain","optional":true}},"description":"The network interfaces","description_kind":"plain"},"max_items":10},"operating_system":{"nesting_mode":"list","block":{"attributes":{"template_file_id":{"type":"string","description":"The ID of an OS template file","description_kind":"plain","required":true},"type":{"type":"string","description":"The type","description_kind":"plain","optional":true}},"description":"The operating system configuration","description_kind":"plain"},"max_items":1},"startup":{"nesting_mode":"list","block":{"attributes":{"down_delay":{"type":"number","description":"A non-negative number defining the delay in seconds before the next container is shut down","description_kind":"plain","optional":true},"order":{"type":"number","description":"A non-negative number defining the general startup order","description_kind":"plain","optional":true},"up_delay":{"type":"number","description":"A non-negative number defining the delay in seconds before the next container is started","description_kind":"plain","optional":true}},"description":"Defines startup and shutdown behavior of the container","description_kind":"plain"},"max_items":1},"wait_for_ip":{"nesting_mode":"list","block":{"attributes":{"ipv4":{"type":"bool","description":"Wait for at least one IPv4 address (non-loopback, non-link-local)","description_kind":"plain","optional":true},"ipv6":{"type":"bool","description":"Wait for at least one IPv6 address (non-loopback, non-link-local)","description_kind":"plain","optional":true}},"description":"Configuration for waiting for specific IP address types","description_kind":"plain"},"max_items":1}},"description_kind":"plain"}},"proxmox_virtual_environment_dns":{"version":0,"block":{"attributes":{"domain":{"type":"string","description":"The DNS search domain","description_kind":"plain","required":true},"id":{"type":"string","description_kind":"plain","optional":true,"computed":true},"node_name":{"type":"string","description":"The node name","description_kind":"plain","required":true},"servers":{"type":["list","string"],"description":"The DNS servers","description_kind":"plain","optional":true}},"description_kind":"plain"}},"proxmox_virtual_environment_download_file":{"version":0,"block":{"attributes":{"checksum":{"type":"string","description":"The expected checksum of the file.","description_kind":"plain","optional":true},"checksum_algorithm":{"type":"string","description":"The algorithm to calculate the checksum of the file. Must be `md5` | `sha1` | `sha224` | `sha256` | `sha384` | `sha512`.","description_kind":"plain","optional":true},"content_type":{"type":"string","description":"The file content type. Must be `iso` or `import` for VM images or `vztmpl` for LXC images.","description_kind":"plain","required":true},"datastore_id":{"type":"string","description":"The identifier for the target datastore.","description_kind":"plain","required":true},"decompression_algorithm":{"type":"string","description":"Decompress the downloaded file using the specified compression algorithm. Must be one of `gz` | `lzo` | `zst` | `bz2`.","description_kind":"plain","optional":true},"file_name":{"type":"string","description":"The file name. If not provided, it is calculated using `url`. PVE will raise 'wrong file extension' error for some popular extensions file `.raw` or `.qcow2` on PVE versions prior to 8.4. Workaround is to use e.g. `.img` instead.","description_kind":"plain","optional":true,"computed":true},"id":{"type":"string","description":"The unique identifier of this resource.","description_kind":"plain","computed":true},"node_name":{"type":"string","description":"The node name.","description_kind":"plain","required":true},"overwrite":{"type":"bool","description":"By default `true`. If `true`, the file will be replaced when either: (1) the file size in the datastore has changed outside of Terraform, or (2) the file size reported by the URL differs from the downloaded file (detecting upstream updates like new cloud image versions). If `false`, no size checks are performed and the file is never automatically replaced.","description_kind":"plain","optional":true,"computed":true},"overwrite_unmanaged":{"type":"bool","description":"If `true` and a file with the same name already exists in the datastore, it will be deleted and the new file will be downloaded. If `false` and the file already exists, an error will be returned.","description_kind":"plain","optional":true,"computed":true},"size":{"type":"number","description":"The file size in PVE.","description_kind":"plain","computed":true},"upload_timeout":{"type":"number","description":"The file download timeout seconds. Default is 600 (10min).","description_kind":"plain","optional":true,"computed":true},"url":{"type":"string","description":"The URL to download the file from. Must match regex: `https?://.*`.","description_kind":"plain","required":true},"verify":{"type":"bool","description":"By default `true`. If `false`, no SSL/TLS certificates will be verified.","description_kind":"plain","optional":true,"computed":true}},"description":"Manages files upload using PVE download-url API. It can be fully compatible and faster replacement for image files created using `proxmox_virtual_environment_file`. Supports images for VMs (ISO and disk images) and LXC (CT Templates).","description_kind":"markdown","deprecated":true,"deprecation_message":"Use \"proxmox_download_file\" instead. This resource / data source will be removed in v1.0."}},"proxmox_virtual_environment_file":{"version":0,"block":{"attributes":{"content_type":{"type":"string","description":"The content type","description_kind":"plain","optional":true,"computed":true},"datastore_id":{"type":"string","description":"The datastore id","description_kind":"plain","required":true},"file_mode":{"type":"string","description":"The file mode in octal format, e.g. \"0700\" or \"600\".Note that the prefixes \"0o\" and \"0x\" are not supported!Setting this attribute is also only allowed for \"root@pam\" authenticated user.","description_kind":"plain","optional":true},"file_modification_date":{"type":"string","description":"The file modification date","description_kind":"plain","computed":true},"file_name":{"type":"string","description":"The file name","description_kind":"plain","computed":true},"file_size":{"type":"number","description":"The file size in bytes","description_kind":"plain","computed":true},"file_tag":{"type":"string","description":"The file tag","description_kind":"plain","computed":true},"id":{"type":"string","description_kind":"plain","optional":true,"computed":true},"node_name":{"type":"string","description":"The node name","description_kind":"plain","required":true},"overwrite":{"type":"bool","description":"Whether to overwrite the file if it already exists","description_kind":"plain","optional":true},"timeout_upload":{"type":"number","description":"Timeout for uploading ISO/VSTMPL files in seconds","description_kind":"plain","optional":true},"upload_mode":{"type":"string","description":"The SSH upload mode for non-API content types (snippets, backups, etc.). `stream` pipes through an SSH shell session and uses sudo where required; `sftp` uploads via the SFTP subsystem and requires direct write permission to the target directory. Has no effect for `iso`, `vztmpl`, and `import` (those use the HTTP API).","description_kind":"plain","optional":true}},"block_types":{"source_file":{"nesting_mode":"list","block":{"attributes":{"changed":{"type":"bool","description":"Whether the source file has changed since the last run","description_kind":"plain","optional":true},"checksum":{"type":"string","description":"The SHA256 checksum of the source file","description_kind":"plain","optional":true},"file_name":{"type":"string","description":"The file name to use instead of the source file name","description_kind":"plain","optional":true},"insecure":{"type":"bool","description":"Whether to skip the TLS verification step for HTTPS sources","description_kind":"plain","optional":true},"min_tls":{"type":"string","description":"The minimum required TLS version for HTTPS sources.Supported values: `1.0|1.1|1.2|1.3`. Defaults to `1.3`.","description_kind":"plain","optional":true},"path":{"type":"string","description":"A path to a local file or a URL","description_kind":"plain","required":true}},"description":"The source file","description_kind":"plain"},"max_items":1},"source_raw":{"nesting_mode":"list","block":{"attributes":{"data":{"type":"string","description":"The raw data","description_kind":"plain","required":true},"file_name":{"type":"string","description":"The file name","description_kind":"plain","required":true},"resize":{"type":"number","description":"The number of bytes to resize the file to","description_kind":"plain","optional":true}},"description":"The raw source","description_kind":"plain"},"max_items":1}},"description_kind":"plain"}},"proxmox_virtual_environment_firewall_alias":{"version":0,"block":{"attributes":{"cidr":{"type":"string","description":"IP/CIDR block","description_kind":"plain","required":true},"comment":{"type":"string","description":"Alias comment","description_kind":"plain","optional":true},"container_id":{"type":"number","description":"The ID of the container to manage the firewall for.","description_kind":"plain","optional":true},"id":{"type":"string","description_kind":"plain","optional":true,"computed":true},"name":{"type":"string","description":"Alias name","description_kind":"plain","required":true},"node_name":{"type":"string","description":"The name of the node.","description_kind":"plain","optional":true},"vm_id":{"type":"number","description":"The ID of the VM to manage the firewall for.","description_kind":"plain","optional":true}},"description_kind":"plain"}},"proxmox_virtual_environment_firewall_ipset":{"version":0,"block":{"attributes":{"comment":{"type":"string","description":"IPSet comment","description_kind":"plain","optional":true},"container_id":{"type":"number","description":"The ID of the container to manage the firewall for.","description_kind":"plain","optional":true},"id":{"type":"string","description_kind":"plain","optional":true,"computed":true},"name":{"type":"string","description":"IPSet name","description_kind":"plain","required":true},"node_name":{"type":"string","description":"The name of the node.","description_kind":"plain","optional":true},"vm_id":{"type":"number","description":"The ID of the VM to manage the firewall for.","description_kind":"plain","optional":true}},"block_types":{"cidr":{"nesting_mode":"list","block":{"attributes":{"comment":{"type":"string","description":"IP/CIDR comment","description_kind":"plain","optional":true},"name":{"type":"string","description":"Network/IP specification in CIDR format","description_kind":"plain","required":true},"nomatch":{"type":"bool","description":"No match this IP/CIDR","description_kind":"plain","optional":true}},"description":"List of IP or Networks","description_kind":"plain"}}},"description_kind":"plain"}},"proxmox_virtual_environment_firewall_options":{"version":0,"block":{"attributes":{"container_id":{"type":"number","description":"The ID of the container to manage the firewall for.","description_kind":"plain","optional":true},"dhcp":{"type":"bool","description":"Enable DHCP","description_kind":"plain","optional":true},"enabled":{"type":"bool","description":"Enable or disable the firewall","description_kind":"plain","optional":true},"id":{"type":"string","description_kind":"plain","optional":true,"computed":true},"input_policy":{"type":"string","description":"Default policy for incoming traffic","description_kind":"plain","optional":true},"ipfilter":{"type":"bool","description":"Enable default IP filters. This is equivalent to adding an empty ipfilter-net\u003cid\u003e ipset for every interface. Such ipsets implicitly contain sane default restrictions such as restricting IPv6 link local addresses to the one derived from the interface's MAC address. For containers the configured IP addresses will be implicitly added.","description_kind":"plain","optional":true},"log_level_in":{"type":"string","description":"Log level for incoming traffic.","description_kind":"plain","optional":true},"log_level_out":{"type":"string","description":"Log level for outgoing traffic.","description_kind":"plain","optional":true},"macfilter":{"type":"bool","description":"Enable MAC address filtering","description_kind":"plain","optional":true},"ndp":{"type":"bool","description":"Enable NDP (Neighbor Discovery Protocol)","description_kind":"plain","optional":true},"node_name":{"type":"string","description":"The name of the node.","description_kind":"plain","required":true},"output_policy":{"type":"string","description":"Default policy for outgoing traffic","description_kind":"plain","optional":true},"radv":{"type":"bool","description":"Allow sending Router Advertisement","description_kind":"plain","optional":true},"vm_id":{"type":"number","description":"The ID of the VM to manage the firewall for.","description_kind":"plain","optional":true}},"description_kind":"plain"}},"proxmox_virtual_environment_firewall_rules":{"version":0,"block":{"attributes":{"container_id":{"type":"number","description":"The ID of the container to manage the firewall for.","description_kind":"plain","optional":true},"id":{"type":"string","description_kind":"plain","optional":true,"computed":true},"node_name":{"type":"string","description":"The name of the node.","description_kind":"plain","optional":true},"vm_id":{"type":"number","description":"The ID of the VM to manage the firewall for.","description_kind":"plain","optional":true}},"block_types":{"rule":{"nesting_mode":"list","block":{"attributes":{"action":{"type":"string","description":"Rules action ('ACCEPT', 'DROP', 'REJECT')","description_kind":"plain","optional":true},"comment":{"type":"string","description":"Rules comment","description_kind":"plain","optional":true},"dest":{"type":"string","description":"Restrict packet destination address. This can refer to a single IP address, an IP set ('+ipsetname') or an IP alias definition. You can also specify an address range like '20.34.101.207-201.3.9.99', or a list of IP addresses and networks (entries are separated by comma). Please do not mix IPv4 and IPv6 addresses inside such lists.","description_kind":"plain","optional":true},"dport":{"type":"string","description":"Restrict TCP/UDP destination port. You can use service names or simple numbers (0-65535), as defined in '/etc/services'. Port ranges can be specified with '\\d+:\\d+', for example '80:85', and you can use comma separated list to match several ports or ranges.","description_kind":"plain","optional":true},"enabled":{"type":"bool","description":"Enable rule","description_kind":"plain","optional":true},"iface":{"type":"string","description":"Network interface name. You have to use network configuration key names for VMs and containers ('net\\d+'). Host related rules can use arbitrary strings.","description_kind":"plain","optional":true},"log":{"type":"string","description":"Log level for this rule ('emerg', 'alert', 'crit', 'err', 'warning', 'notice', 'info', 'debug', 'nolog')","description_kind":"plain","optional":true},"macro":{"type":"string","description":"Use predefined standard macro","description_kind":"plain","optional":true},"pos":{"type":"number","description":"Rules position","description_kind":"plain","computed":true},"proto":{"type":"string","description":"Restrict packet protocol. You can use protocol names or simple numbers (0-255), as defined in '/etc/protocols'.","description_kind":"plain","optional":true},"security_group":{"type":"string","description":"Security group name","description_kind":"plain","optional":true},"source":{"type":"string","description":"Restrict packet source address. This can refer to a single IP address, an IP set ('+ipsetname') or an IP alias definition. You can also specify an address range like '20.34.101.207-201.3.9.99', or a list of IP addresses and networks (entries are separated by comma). Please do not mix IPv4 and IPv6 addresses inside such lists.","description_kind":"plain","optional":true},"sport":{"type":"string","description":"Restrict TCP/UDP source port. You can use service names or simple numbers (0-65535), as defined in '/etc/services'. Port ranges can be specified with '\\d+:\\d+', for example '80:85', and you can use comma separated list to match several ports or ranges.","description_kind":"plain","optional":true},"type":{"type":"string","description":"Rules type ('in', 'out', 'forward')","description_kind":"plain","optional":true}},"description":"List of rules","description_kind":"plain"}}},"description_kind":"plain"}},"proxmox_virtual_environment_group":{"version":0,"block":{"attributes":{"comment":{"type":"string","description":"The group comment","description_kind":"plain","optional":true},"group_id":{"type":"string","description":"The group id","description_kind":"plain","required":true},"id":{"type":"string","description_kind":"plain","optional":true,"computed":true},"members":{"type":["set","string"],"description":"The group members","description_kind":"plain","computed":true}},"block_types":{"acl":{"nesting_mode":"set","block":{"attributes":{"path":{"type":"string","description":"The path","description_kind":"plain","required":true},"propagate":{"type":"bool","description":"Whether to propagate to child paths","description_kind":"plain","optional":true},"role_id":{"type":"string","description":"The role id","description_kind":"plain","required":true}},"description":"The access control list","description_kind":"plain","deprecated":true,"deprecation_message":"Manage ACLs via the dedicated `proxmox_acl` resource instead. The inline `acl` block is no longer auto-populated from the cluster on refresh or import; existing groups with `acl` blocks continue to work, but new code should use `proxmox_acl`."}}},"description_kind":"plain"}},"proxmox_virtual_environment_hagroup":{"version":0,"block":{"attributes":{"comment":{"type":"string","description":"The comment associated with this group","description_kind":"plain","optional":true},"group":{"type":"string","description":"The identifier of the High Availability group to manage.","description_kind":"plain","required":true},"id":{"type":"string","description":"The unique identifier of this resource.","description_kind":"plain","computed":true},"no_failback":{"type":"bool","description":"A flag that indicates that failing back to a higher priority node is disabled for this HA group. Defaults to `false`.","description_kind":"plain","optional":true,"computed":true},"nodes":{"type":["map","number"],"description":"The member nodes for this group. They are provided as a map, where the keys are the node names and the values represent their priority: integers for known priorities or `null` for unset priorities.","description_kind":"plain","required":true},"restricted":{"type":"bool","description":"A flag that indicates that other nodes may not be used to run resources associated to this HA group. Defaults to `false`.","description_kind":"plain","optional":true,"computed":true}},"description":"Manages a High Availability group in a Proxmox VE cluster.","description_kind":"plain","deprecated":true,"deprecation_message":"Use \"proxmox_hagroup\" instead. This resource / data source will be removed in v1.0."}},"proxmox_virtual_environment_hardware_mapping_dir":{"version":0,"block":{"attributes":{"comment":{"type":"string","description":"The comment of this directory mapping.","description_kind":"plain","optional":true},"id":{"type":"string","description":"The unique identifier of this directory mapping resource.","description_kind":"plain","computed":true},"map":{"nested_type":{"attributes":{"node":{"type":"string","description":"The node this mapping applies to.","description_kind":"plain","required":true},"path":{"type":"string","description":"The path of the map. For directory mappings the path is required and refers to the POSIX path of the directory as visible from the node.","description_kind":"plain","required":true}},"nesting_mode":"set"},"description":"The actual map of devices for the hardware mapping.","description_kind":"plain","required":true},"name":{"type":"string","description":"The name of this directory mapping.","description_kind":"plain","required":true}},"description":"Manages a directory mapping in a Proxmox VE cluster.","description_kind":"plain","deprecated":true,"deprecation_message":"Use \"proxmox_hardware_mapping_dir\" instead. This resource / data source will be removed in v1.0."}},"proxmox_virtual_environment_hardware_mapping_pci":{"version":0,"block":{"attributes":{"comment":{"type":"string","description":"The comment of this PCI hardware mapping.","description_kind":"plain","optional":true},"id":{"type":"string","description":"The unique identifier of this PCI hardware mapping resource.","description_kind":"plain","computed":true},"map":{"nested_type":{"attributes":{"comment":{"type":"string","description":"The comment of the mapped PCI device.","description_kind":"plain","optional":true},"id":{"type":"string","description":"The ID of the map.","description_kind":"plain","required":true},"iommu_group":{"type":"number","description":"The IOMMU group of the map. While not mandatory for the Proxmox VE API call, omitting this attribute will result in an incomplete PCI hardware mapping.","description_kind":"plain","optional":true},"node":{"type":"string","description":"The node name of the map.","description_kind":"plain","required":true},"path":{"type":"string","description":"The path of the map.","description_kind":"plain","required":true},"subsystem_id":{"type":"string","description":"The subsystem ID group of the map. While not mandatory for the Proxmox VE API call, omitting this attribute will result in an incomplete PCI hardware mapping.","description_kind":"plain","optional":true}},"nesting_mode":"set"},"description":"The actual map of devices for the PCI hardware mapping.","description_kind":"plain","required":true},"mediated_devices":{"type":"bool","description":"Indicates whether to enable mediated devices.","description_kind":"plain","optional":true,"computed":true},"name":{"type":"string","description":"The name of this PCI hardware mapping.","description_kind":"plain","required":true}},"description":"Manages a PCI hardware mapping in a Proxmox VE cluster.","description_kind":"plain","deprecated":true,"deprecation_message":"Use \"proxmox_hardware_mapping_pci\" instead. This resource / data source will be removed in v1.0."}},"proxmox_virtual_environment_hardware_mapping_usb":{"version":0,"block":{"attributes":{"comment":{"type":"string","description":"The comment of this USB hardware mapping.","description_kind":"plain","optional":true},"id":{"type":"string","description":"The unique identifier of this USB hardware mapping resource.","description_kind":"plain","computed":true},"map":{"nested_type":{"attributes":{"comment":{"type":"string","description":"The comment of the mapped USB device.","description_kind":"plain","optional":true},"id":{"type":"string","description":"The ID of the map.","description_kind":"plain","required":true},"node":{"type":"string","description":"The node name of the map.","description_kind":"plain","required":true},"path":{"type":"string","description":"The path of the map. For USB hardware mappings, this is optional and indicates that the device is mapped via its device ID rather than ports.","description_kind":"plain","optional":true}},"nesting_mode":"set"},"description":"The actual map of devices for the hardware mapping.","description_kind":"plain","required":true},"name":{"type":"string","description":"The name of this hardware mapping.","description_kind":"plain","required":true}},"description":"Manages a USB hardware mapping in a Proxmox VE cluster.","description_kind":"plain","deprecated":true,"deprecation_message":"Use \"proxmox_hardware_mapping_usb\" instead. This resource / data source will be removed in v1.0."}},"proxmox_virtual_environment_haresource":{"version":0,"block":{"attributes":{"comment":{"type":"string","description":"The comment associated with this resource.","description_kind":"plain","optional":true},"failback":{"type":"bool","description":"Automatic failback to the preferred node when it becomes available again (Proxmox VE 9+). Leave unset to use the cluster default.","description_kind":"markdown","optional":true},"group":{"type":"string","description":"The identifier of the High Availability group this resource is a member of.","description_kind":"plain","optional":true},"id":{"type":"string","description":"The unique identifier of this resource.","description_kind":"plain","computed":true},"max_relocate":{"type":"number","description":"The maximal number of relocation attempts.","description_kind":"plain","optional":true},"max_restart":{"type":"number","description":"The maximal number of restart attempts.","description_kind":"plain","optional":true},"resource_id":{"type":"string","description":"The Proxmox HA resource identifier","description_kind":"plain","required":true},"state":{"type":"string","description":"The desired state of the resource.","description_kind":"plain","optional":true,"computed":true},"type":{"type":"string","description":"The type of HA resources to create. If unset, it will be deduced from the `resource_id`.","description_kind":"markdown","optional":true,"computed":true}},"description":"Manages Proxmox HA resources.","description_kind":"plain","deprecated":true,"deprecation_message":"Use \"proxmox_haresource\" instead. This resource / data source will be removed in v1.0."}},"proxmox_virtual_environment_harule":{"version":0,"block":{"attributes":{"affinity":{"type":"string","description":"The resource affinity type (resource-affinity only). `positive` keeps resources on the same node, `negative` keeps them on separate nodes.","description_kind":"plain","optional":true},"comment":{"type":"string","description":"The comment associated with this rule.","description_kind":"plain","optional":true},"disable":{"type":"bool","description":"Whether the HA rule is disabled. Defaults to `false`.","description_kind":"plain","optional":true,"computed":true},"id":{"type":"string","description":"The unique identifier of this resource.","description_kind":"plain","computed":true},"nodes":{"type":["map","number"],"description":"The member nodes for this rule (node-affinity only). They are provided as a map, where the keys are the node names and the values represent their priority: integers for known priorities or `null` for unset priorities.","description_kind":"plain","optional":true},"resources":{"type":["set","string"],"description":"The set of HA resource IDs that this rule applies to (e.g. `vm:100`, `ct:101`). The resources must already be managed by HA.","description_kind":"plain","required":true},"rule":{"type":"string","description":"The identifier of the High Availability rule to manage.","description_kind":"plain","required":true},"strict":{"type":"bool","description":"Whether the node affinity rule is strict (node-affinity only). When strict, resources cannot run on nodes not listed. Defaults to `false`.","description_kind":"plain","optional":true,"computed":true},"type":{"type":"string","description":"The HA rule type. Must be `node-affinity` or `resource-affinity`.","description_kind":"plain","required":true}},"description":"Manages a High Availability rule in a Proxmox VE cluster (PVE 9+). HA rules replace the legacy HA groups and provide node affinity and resource affinity capabilities.","description_kind":"plain","deprecated":true,"deprecation_message":"Use \"proxmox_harule\" instead. This resource / data source will be removed in v1.0."}},"proxmox_virtual_environment_hosts":{"version":0,"block":{"attributes":{"addresses":{"type":["list","string"],"description":"The addresses","description_kind":"plain","computed":true},"digest":{"type":"string","description":"The SHA1 digest","description_kind":"plain","computed":true},"entries":{"type":["list",["object",{"address":"string","hostnames":["list","string"]}]],"description":"The host entries","description_kind":"plain","computed":true},"hostnames":{"type":["list",["list","string"]],"description":"The hostnames","description_kind":"plain","computed":true},"id":{"type":"string","description_kind":"plain","optional":true,"computed":true},"node_name":{"type":"string","description":"The node name","description_kind":"plain","required":true}},"block_types":{"entry":{"nesting_mode":"list","block":{"attributes":{"address":{"type":"string","description":"The address","description_kind":"plain","required":true},"hostnames":{"type":["list","string"],"description":"The hostnames","description_kind":"plain","required":true}},"description":"The host entries","description_kind":"plain"},"min_items":1}},"description_kind":"plain"}},"proxmox_virtual_environment_metrics_server":{"version":0,"block":{"attributes":{"disable":{"type":"bool","description":"Set this to `true` to disable this metric server. Defaults to `false`.","description_kind":"plain","optional":true,"computed":true},"graphite_path":{"type":"string","description":"Root graphite path (ex: `proxmox.mycluster.mykey`).","description_kind":"plain","optional":true},"graphite_proto":{"type":"string","description":"Protocol to send graphite data. Choice is between `udp` | `tcp`. If not set, PVE default is `udp`.","description_kind":"plain","optional":true},"id":{"type":"string","description":"The unique identifier of this resource.","description_kind":"plain","computed":true},"influx_api_path_prefix":{"type":"string","description":"An API path prefix inserted between `\u003chost\u003e:\u003cport\u003e/` and `/api2/`. Can be useful if the InfluxDB service runs behind a reverse proxy.","description_kind":"plain","optional":true},"influx_bucket":{"type":"string","description":"The InfluxDB bucket/db. Only necessary when using the http v2 api.","description_kind":"plain","optional":true},"influx_db_proto":{"type":"string","description":"Protocol for InfluxDB. Choice is between `udp` | `http` | `https`. If not set, PVE default is `udp`.","description_kind":"plain","optional":true},"influx_max_body_size":{"type":"number","description":"InfluxDB max-body-size in bytes. Requests are batched up to this size. If not set, PVE default is `25000000`.","description_kind":"plain","optional":true},"influx_organization":{"type":"string","description":"The InfluxDB organization. Only necessary when using the http v2 api. Has no meaning when using v2 compatibility api.","description_kind":"plain","optional":true},"influx_token":{"type":"string","description":"The InfluxDB access token. Only necessary when using the http v2 api. If the v2 compatibility api is used, use `user:password` instead. Cannot be used together with `influx_token_wo`.","description_kind":"plain","optional":true,"sensitive":true},"influx_token_wo":{"type":"string","description":"The InfluxDB access token (write-only). Prefer this over `influx_token` to avoid storing the secret in Terraform state. Cannot be used together with `influx_token`.","description_kind":"plain","optional":true,"sensitive":true,"write_only":true},"influx_token_wo_version":{"type":"number","description":"Increment this counter to rotate `influx_token_wo` without changing other fields.","description_kind":"plain","optional":true},"influx_verify":{"type":"bool","description":"Set to `false` to disable certificate verification for https endpoints. If not set, PVE default is `true`.","description_kind":"plain","optional":true},"mtu":{"type":"number","description":"MTU (maximum transmission unit) for metrics transmission over UDP. If not set, PVE default is `1500` (allowed `512` - `65536`).","description_kind":"plain","optional":true},"name":{"type":"string","description":"Unique name that will be ID of this metric server in PVE.","description_kind":"plain","required":true},"opentelemetry_compression":{"type":"string","description":"OpenTelemetry compression algorithm for requests. Choice is between `none` | `gzip`. If not set, PVE default is `gzip`.","description_kind":"plain","optional":true},"opentelemetry_headers":{"type":"string","description":"OpenTelemetry custom HTTP headers as JSON, base64 encoded.","description_kind":"plain","optional":true,"sensitive":true},"opentelemetry_max_body_size":{"type":"number","description":"OpenTelemetry maximum request body size in bytes. If not set, PVE default is `10000000`.","description_kind":"plain","optional":true},"opentelemetry_path":{"type":"string","description":"OpenTelemetry endpoint path (e.g., `/v1/metrics`).","description_kind":"plain","optional":true},"opentelemetry_proto":{"type":"string","description":"Protocol for OpenTelemetry. Choice is between `http` | `https`. If not set, PVE default is `https`.","description_kind":"plain","optional":true},"opentelemetry_resource_attributes":{"type":"string","description":"OpenTelemetry additional resource attributes as JSON, base64 encoded.","description_kind":"plain","optional":true},"opentelemetry_timeout":{"type":"number","description":"OpenTelemetry HTTP request timeout in seconds. If not set, PVE default is `5`.","description_kind":"plain","optional":true},"opentelemetry_verify_ssl":{"type":"bool","description":"OpenTelemetry verify SSL certificates. If not set, PVE default is `true`.","description_kind":"plain","optional":true},"port":{"type":"number","description":"Server network port.","description_kind":"plain","required":true},"server":{"type":"string","description":"Server dns name or IP address.","description_kind":"plain","required":true},"timeout":{"type":"number","description":"TCP socket timeout in seconds. If not set, PVE default is `1`.","description_kind":"plain","optional":true},"type":{"type":"string","description":"Plugin type. Choice is between `graphite` | `influxdb` | `opentelemetry`.","description_kind":"plain","required":true}},"description":"Manages PVE metrics server.","description_kind":"plain","deprecated":true,"deprecation_message":"Use \"proxmox_metrics_server\" instead. This resource / data source will be removed in v1.0."}},"proxmox_virtual_environment_network_linux_bridge":{"version":0,"block":{"attributes":{"address":{"type":"string","description":"The interface IPv4/CIDR address.","description_kind":"plain","optional":true},"address6":{"type":"string","description":"The interface IPv6/CIDR address.","description_kind":"plain","optional":true},"autostart":{"type":"bool","description":"Automatically start interface on boot (defaults to `true`).","description_kind":"plain","optional":true,"computed":true},"comment":{"type":"string","description":"Comment for the interface.","description_kind":"plain","optional":true},"gateway":{"type":"string","description":"Default gateway address.","description_kind":"plain","optional":true},"gateway6":{"type":"string","description":"Default IPv6 gateway address.","description_kind":"plain","optional":true},"id":{"type":"string","description":"A unique identifier with format `\u003cnode name\u003e:\u003ciface\u003e`","description_kind":"plain","computed":true},"mtu":{"type":"number","description":"The interface MTU.","description_kind":"plain","optional":true},"name":{"type":"string","description":"The interface name. Commonly vmbr[N], where 0 ≤ N ≤ 4094 (vmbr0 - vmbr4094), but can be any string containing only letters, numbers, and underscores (_), starting with a letter and at most 10 characters long.","description_kind":"markdown","required":true},"node_name":{"type":"string","description":"The name of the node.","description_kind":"plain","required":true},"ports":{"type":["list","string"],"description":"The interface bridge ports.","description_kind":"plain","optional":true},"timeout_reload":{"type":"number","description":"Timeout for network reload operations in seconds (defaults to `100`).","description_kind":"plain","optional":true,"computed":true},"vids":{"type":"string","description":"VLAN IDs allowed on the bridge (Linux Bridge `bridge-vids`). Space-separated list of VLAN IDs and/or hyphenated ranges (e.g. `\"2-4094\"`, `\"1 20 130\"`, or `\"1 10-20 30\"`). Requires `vlan_aware = true`. PVE/ifupdown2 fills in `2-4094` as the implicit default for VLAN-aware bridges when this attribute is omitted; the provider surfaces that default in state.","description_kind":"markdown","optional":true,"computed":true},"vlan_aware":{"type":"bool","description":"Whether the interface bridge is VLAN aware (defaults to `false`).","description_kind":"plain","optional":true,"computed":true}},"description":"Manages a Linux Bridge network interface in a Proxmox VE node.\n\n~\u003e Proxmox VE hides bridges from the interface list (`GET /nodes/{node}/network`) when the API user lacks `SDN.Audit` or `SDN.Use` on `/sdn/zones/localnetwork/\u003ciface\u003e` (a grant on `/` propagates). The provider reads this resource from that list, so a token without these privileges fails with \"interface not found\" after create or on import. Privilege-separated tokens (`privsep=1`, the `pveum` default) need the grant on the token itself, not only on the user.","description_kind":"markdown","deprecated":true,"deprecation_message":"Use \"proxmox_network_linux_bridge\" instead. This resource / data source will be removed in v1.0."}},"proxmox_virtual_environment_network_linux_vlan":{"version":0,"block":{"attributes":{"address":{"type":"string","description":"The interface IPv4/CIDR address.","description_kind":"plain","optional":true},"address6":{"type":"string","description":"The interface IPv6/CIDR address.","description_kind":"plain","optional":true},"autostart":{"type":"bool","description":"Automatically start interface on boot (defaults to `true`).","description_kind":"plain","optional":true,"computed":true},"comment":{"type":"string","description":"Comment for the interface.","description_kind":"plain","optional":true},"gateway":{"type":"string","description":"Default gateway address.","description_kind":"plain","optional":true},"gateway6":{"type":"string","description":"Default IPv6 gateway address.","description_kind":"plain","optional":true},"id":{"type":"string","description":"A unique identifier with format `\u003cnode name\u003e:\u003ciface\u003e`.","description_kind":"plain","computed":true},"interface":{"type":"string","description":"The VLAN raw device. See also `name`.","description_kind":"plain","optional":true,"computed":true},"mtu":{"type":"number","description":"The interface MTU.","description_kind":"plain","optional":true},"name":{"type":"string","description":"The interface name. Either add the VLAN tag number to an existing interface name, e.g. `ens18.21` (and do not set `interface` and `vlan`), or use custom name, e.g. `vlan_lab` (`interface` and `vlan` are then required).","description_kind":"markdown","required":true},"node_name":{"type":"string","description":"The name of the node.","description_kind":"plain","required":true},"timeout_reload":{"type":"number","description":"Timeout for network reload operations in seconds (defaults to `100`).","description_kind":"plain","optional":true,"computed":true},"vlan":{"type":"number","description":"The VLAN tag. See also `name`.","description_kind":"plain","optional":true,"computed":true}},"description":"Manages a Linux VLAN network interface in a Proxmox VE node.","description_kind":"plain","deprecated":true,"deprecation_message":"Use \"proxmox_network_linux_vlan\" instead. This resource / data source will be removed in v1.0."}},"proxmox_virtual_environment_node_firewall":{"version":0,"block":{"attributes":{"enabled":{"type":"bool","description":"Enable host firewall rules (defaults to `true`).","description_kind":"plain","optional":true,"computed":true},"id":{"type":"string","description":"The unique identifier of this resource.","description_kind":"plain","computed":true},"log_level_forward":{"type":"string","description":"Log level for forwarded traffic. Must be one of: `emerg`, `alert`, `crit`, `err`, `warning`, `notice`, `info`, `debug`, `nolog` (defaults to `nolog`).","description_kind":"markdown","optional":true,"computed":true},"log_level_in":{"type":"string","description":"Log level for incoming traffic. Must be one of: `emerg`, `alert`, `crit`, `err`, `warning`, `notice`, `info`, `debug`, `nolog` (defaults to `nolog`).","description_kind":"markdown","optional":true,"computed":true},"log_level_out":{"type":"string","description":"Log level for outgoing traffic. Must be one of: `emerg`, `alert`, `crit`, `err`, `warning`, `notice`, `info`, `debug`, `nolog` (defaults to `nolog`).","description_kind":"markdown","optional":true,"computed":true},"ndp":{"type":"bool","description":"Enable NDP - Neighbor Discovery Protocol (defaults to `true`).","description_kind":"plain","optional":true,"computed":true},"nf_conntrack_max":{"type":"number","description":"Maximum number of tracked connections (defaults to `262144`). Minimum value is `32768`.","description_kind":"plain","optional":true,"computed":true},"nf_conntrack_tcp_timeout_established":{"type":"number","description":"Conntrack established timeout in seconds (defaults to `432000` - 5 days). Minimum value is `7875`.","description_kind":"plain","optional":true,"computed":true},"nftables":{"type":"bool","description":"Enable nftables based firewall (tech preview, defaults to `false`).","description_kind":"plain","optional":true,"computed":true},"node_name":{"type":"string","description":"The cluster node name.","description_kind":"plain","required":true},"nosmurfs":{"type":"bool","description":"Enable SMURFS filter (defaults to `true`).","description_kind":"plain","optional":true,"computed":true},"smurf_log_level":{"type":"string","description":"Log level for SMURFS filter. Must be one of: `emerg`, `alert`, `crit`, `err`, `warning`, `notice`, `info`, `debug`, `nolog` (defaults to `nolog`).","description_kind":"markdown","optional":true,"computed":true},"tcp_flags_log_level":{"type":"string","description":"Log level for illegal tcp flags filter. Must be one of: `emerg`, `alert`, `crit`, `err`, `warning`, `notice`, `info`, `debug`, `nolog` (defaults to `nolog`).","description_kind":"markdown","optional":true,"computed":true}},"description":"Manages Proxmox VE Node Firewall options.\n\n~\u003e This resource in fact updates existing node firewall configuration created by PVE on bootstrap. All optional attributes have explicit defaults for deterministic behavior (PVE may change defaults in the future). See [API documentation](https://pve.proxmox.com/pve-docs/api-viewer/index.html#/nodes/{node}/firewall/options).","description_kind":"markdown","deprecated":true,"deprecation_message":"Use \"proxmox_node_firewall\" instead. This resource / data source will be removed in v1.0."}},"proxmox_virtual_environment_oci_image":{"version":0,"block":{"attributes":{"datastore_id":{"type":"string","description":"The identifier for the target datastore.","description_kind":"plain","required":true},"file_name":{"type":"string","description":"The file name for the pulled OCI image. If not provided, it will be generated automatically. The file will be stored as a .tar file.","description_kind":"plain","optional":true,"computed":true},"id":{"type":"string","description":"The unique identifier of this resource.","description_kind":"plain","computed":true},"node_name":{"type":"string","description":"The node name.","description_kind":"plain","required":true},"overwrite":{"type":"bool","description":"By default `true`. If `true` and the OCI image size has changed in the datastore, it will be replaced. If `false`, there will be no check.","description_kind":"plain","optional":true,"computed":true},"overwrite_unmanaged":{"type":"bool","description":"If `true` and an OCI image with the same name already exists in the datastore, it will be deleted and the new image will be pulled. If `false` and the image already exists, an error will be returned.","description_kind":"plain","optional":true,"computed":true},"reference":{"type":"string","description":"The reference to the OCI image.","description_kind":"plain","required":true},"size":{"type":"number","description":"The image size in PVE.","description_kind":"plain","computed":true},"upload_timeout":{"type":"number","description":"The OCI image pull timeout in seconds. Default is 600 (10min).","description_kind":"plain","optional":true,"computed":true}},"description":"Manages OCI images pulled from OCI registries using PVE oci-registry-pull API. Pulls OCI container images and stores them as tar files in Proxmox VE datastores.","description_kind":"markdown","deprecated":true,"deprecation_message":"Use \"proxmox_oci_image\" instead. This resource / data source will be removed in v1.0."}},"proxmox_virtual_environment_pool":{"version":0,"block":{"attributes":{"comment":{"type":"string","description":"The pool comment","description_kind":"plain","optional":true},"id":{"type":"string","description_kind":"plain","optional":true,"computed":true},"members":{"type":["list",["object",{"datastore_id":"string","id":"string","node_name":"string","type":"string","vm_id":"number"}]],"description":"The pool members","description_kind":"plain","computed":true},"pool_id":{"type":"string","description":"The pool id","description_kind":"plain","required":true}},"description_kind":"plain"}},"proxmox_virtual_environment_pool_membership":{"version":0,"block":{"attributes":{"id":{"type":"string","description":"The unique identifier of this resource.","description_kind":"plain","computed":true},"pool_id":{"type":"string","description":"Resource pool id","description_kind":"plain","required":true},"storage_id":{"type":"string","description":"Storage id","description_kind":"plain","optional":true},"type":{"type":"string","description":"Resource pool membership type (can be `vm` for VMs and CTs or `storage` for storages)","description_kind":"markdown","computed":true},"vm_id":{"type":"number","description":"VM or CT id","description_kind":"plain","optional":true}},"description":"Manages resource pool memberships for containers, virtual machines and storages","description_kind":"plain","deprecated":true,"deprecation_message":"Use \"proxmox_pool_membership\" instead. This resource / data source will be removed in v1.0."}},"proxmox_virtual_environment_realm_ldap":{"version":0,"block":{"attributes":{"base_dn":{"type":"string","description":"LDAP base DN for user searches (e.g., 'ou=users,dc=example,dc=com').","description_kind":"plain","required":true},"bind_dn":{"type":"string","description":"LDAP bind DN for authentication (e.g., 'cn=admin,dc=example,dc=com').","description_kind":"plain","optional":true},"bind_password":{"type":"string","description":"Password for the bind DN. Note: stored in Proxmox but not returned by API.","description_kind":"plain","optional":true,"sensitive":true},"ca_path":{"type":"string","description":"Path to CA certificate file for SSL verification.","description_kind":"plain","optional":true},"case_sensitive":{"type":"bool","description":"Enable case-sensitive username matching.","description_kind":"plain","optional":true,"computed":true},"cert_key_path":{"type":"string","description":"Path to client certificate key.","description_kind":"plain","optional":true},"cert_path":{"type":"string","description":"Path to client certificate for SSL authentication.","description_kind":"plain","optional":true},"comment":{"type":"string","description":"Description of the realm.","description_kind":"plain","optional":true},"default":{"type":"bool","description":"Use this realm as the default for login.","description_kind":"plain","optional":true,"computed":true},"filter":{"type":"string","description":"LDAP filter for user searches.","description_kind":"plain","optional":true},"group_classes":{"type":"string","description":"LDAP objectClasses for groups (comma-separated).","description_kind":"plain","optional":true},"group_dn":{"type":"string","description":"LDAP base DN for group searches.","description_kind":"plain","optional":true},"group_filter":{"type":"string","description":"LDAP filter for group searches.","description_kind":"plain","optional":true},"group_name_attr":{"type":"string","description":"LDAP attribute representing the group name.","description_kind":"plain","optional":true},"id":{"type":"string","description":"Realm identifier (same as realm)","description_kind":"plain","computed":true},"mode":{"type":"string","description":"LDAP connection mode (ldap, ldaps, ldap+starttls).","description_kind":"plain","optional":true},"port":{"type":"number","description":"LDAP server port. Default: 389 (LDAP) or 636 (LDAPS).","description_kind":"plain","optional":true},"realm":{"type":"string","description":"Realm identifier (e.g., 'example.com').","description_kind":"plain","required":true},"secure":{"type":"bool","description":"Use LDAPS (LDAP over SSL/TLS) instead of plain LDAP.","description_kind":"plain","deprecated":true,"deprecation_message":"Deprecated by Proxmox: use mode instead.","optional":true,"computed":true},"server1":{"type":"string","description":"Primary LDAP server hostname or IP address.","description_kind":"plain","required":true},"server2":{"type":"string","description":"Fallback LDAP server hostname or IP address.","description_kind":"plain","optional":true},"ssl_version":{"type":"string","description":"SSL/TLS version (tlsv1, tlsv1_1, tlsv1_2, tlsv1_3).","description_kind":"plain","optional":true},"sync_attributes":{"type":"string","description":"Comma-separated list of attributes to sync (e.g., 'email=mail,firstname=givenName').","description_kind":"plain","optional":true},"sync_defaults_options":{"type":"string","description":"Default synchronization options. Format: comma-separated 'key=value' pairs. Valid keys: 'scope' (users/groups/both), 'enable-new' (1/0), 'remove-vanished' (semicolon-separated: entry/acl/properties), 'full' (deprecated), 'purge' (deprecated). Example: 'scope=users,enable-new=1,remove-vanished=entry;acl'.","description_kind":"plain","optional":true},"user_attr":{"type":"string","description":"LDAP attribute representing the username.","description_kind":"plain","optional":true,"computed":true},"user_classes":{"type":"string","description":"LDAP objectClasses for users (comma-separated).","description_kind":"plain","optional":true},"verify":{"type":"bool","description":"Verify LDAP server SSL certificate.","description_kind":"plain","optional":true,"computed":true}},"description":"Manages an LDAP authentication realm in Proxmox VE.\n\nLDAP realms allow Proxmox to authenticate users against an LDAP directory service.","description_kind":"markdown","deprecated":true,"deprecation_message":"Use \"proxmox_realm_ldap\" instead. This resource / data source will be removed in v1.0."}},"proxmox_virtual_environment_realm_openid":{"version":0,"block":{"attributes":{"acr_values":{"type":"string","description":"Authentication Context Class Reference values for the OpenID provider.","description_kind":"plain","optional":true},"audiences":{"type":"string","description":"Audiences that the OpenID Issuer may include that are accepted for the client (comma-separated).","description_kind":"plain","optional":true},"autocreate":{"type":"bool","description":"Automatically create users on the Proxmox cluster if they do not exist.","description_kind":"plain","optional":true,"computed":true},"client_id":{"type":"string","description":"OpenID Connect Client ID.","description_kind":"plain","required":true},"client_key":{"type":"string","description":"OpenID Connect Client Key (secret). Note: stored in Proxmox but not returned by API.","description_kind":"plain","optional":true,"sensitive":true},"client_key_wo":{"type":"string","description":"OpenID Connect Client Key (secret), supplied as a [write-only argument](https://developer.hashicorp.com/terraform/language/resources/ephemeral/write-only) so it is never stored in Terraform state or plan. Requires Terraform 1.11+. Mutually exclusive with `client_key`. Pair with `client_key_wo_version` to push a rotated secret.","description_kind":"markdown","optional":true,"sensitive":true,"write_only":true},"client_key_wo_version":{"type":"number","description":"Version counter for `client_key_wo`. Because write-only values are not stored in state, Terraform cannot detect when `client_key_wo` changes; increment this value to signal a rotation and force the new secret to be sent.","description_kind":"markdown","optional":true},"comment":{"type":"string","description":"Description of the realm.","description_kind":"plain","optional":true},"default":{"type":"bool","description":"Use this realm as the default for login.","description_kind":"plain","optional":true,"computed":true},"groups_autocreate":{"type":"bool","description":"Automatically create groups from claims rather than using existing Proxmox VE groups.","description_kind":"plain","optional":true,"computed":true},"groups_claim":{"type":"string","description":"OpenID claim used to retrieve user group memberships.","description_kind":"plain","optional":true},"groups_overwrite":{"type":"bool","description":"Replace assigned groups on login instead of appending to existing ones.","description_kind":"plain","optional":true,"computed":true},"id":{"type":"string","description":"Realm identifier (same as realm)","description_kind":"plain","computed":true},"issuer_url":{"type":"string","description":"OpenID Connect issuer URL. Proxmox uses OpenID Connect Discovery to configure the provider.","description_kind":"plain","required":true},"prompt":{"type":"string","description":"Specifies whether the authorization server prompts for reauthentication and/or consent (e.g., 'none', 'login', 'consent', 'select_account').","description_kind":"plain","optional":true},"query_userinfo":{"type":"bool","description":"Query the OpenID userinfo endpoint for claims. Required when the identity provider does not include claims in the ID token.","description_kind":"plain","optional":true,"computed":true},"realm":{"type":"string","description":"Realm identifier (e.g., 'my-oidc').","description_kind":"plain","required":true},"scopes":{"type":"string","description":"Space-separated list of OpenID scopes to request.","description_kind":"plain","optional":true,"computed":true},"username_claim":{"type":"string","description":"OpenID claim used to generate the unique username. Common values are `subject`, `username`, `email`, and `upn`.","description_kind":"plain","optional":true}},"description":"Manages an OpenID Connect authentication realm in Proxmox VE.\n\nOpenID Connect realms allow Proxmox to authenticate users against an external OpenID Connect provider.","description_kind":"markdown","deprecated":true,"deprecation_message":"Use \"proxmox_realm_openid\" instead. This resource / data source will be removed in v1.0."}},"proxmox_virtual_environment_realm_sync":{"version":0,"block":{"attributes":{"dry_run":{"type":"bool","description":"Only simulate the sync without applying changes.","description_kind":"plain","optional":true},"enable_new":{"type":"bool","description":"Enable newly synced users.","description_kind":"plain","optional":true},"full":{"type":"bool","description":"Perform a full sync.","description_kind":"plain","deprecated":true,"deprecation_message":"Deprecated by Proxmox: use remove_vanished instead.","optional":true},"id":{"type":"string","description":"Unique sync identifier (same as realm).","description_kind":"plain","computed":true},"purge":{"type":"bool","description":"Purge removed entries.","description_kind":"plain","deprecated":true,"deprecation_message":"Deprecated by Proxmox: use remove_vanished instead.","optional":true},"realm":{"type":"string","description":"Name of the realm to synchronize.","description_kind":"plain","required":true},"remove_vanished":{"type":"string","description":"How to handle vanished entries (e.g. `acl;properties;entry` or `none`).","description_kind":"plain","optional":true},"scope":{"type":"string","description":"Sync scope: users, groups, or both.","description_kind":"plain","optional":true}},"description":"Triggers synchronization of an existing authentication realm using `/access/domains/{realm}/sync`. This resource represents the last requested sync configuration; deleting it does not undo the sync.","description_kind":"markdown","deprecated":true,"deprecation_message":"Use \"proxmox_realm_sync\" instead. This resource / data source will be removed in v1.0."}},"proxmox_virtual_environment_replication":{"version":0,"block":{"attributes":{"comment":{"type":"string","description":"Description.","description_kind":"plain","optional":true},"disable":{"type":"bool","description":"Flag to disable/deactivate this replication.","description_kind":"plain","optional":true,"computed":true},"guest":{"type":"number","description":"Guest ID.","description_kind":"plain","computed":true},"id":{"type":"string","description":"Replication Job ID. The ID is composed of a Guest ID and a job number, separated by a hyphen, i.e. '\u003cGUEST\u003e-\u003cJOBNUM\u003e'.","description_kind":"plain","required":true},"jobnum":{"type":"number","description":"Unique, sequential ID assigned to each job.","description_kind":"plain","computed":true},"rate":{"type":"number","description":"Rate limit in mbps (megabytes per second) as floating point number.","description_kind":"plain","optional":true},"schedule":{"type":"string","description":"Storage replication schedule. The format is a subset of `systemd` calendar events. Defaults to */15","description_kind":"plain","optional":true,"computed":true},"source":{"type":"string","description":"For internal use, to detect if the guest was stolen.","description_kind":"plain","computed":true},"target":{"type":"string","description":"Target node.","description_kind":"plain","required":true},"type":{"type":"string","description":"Section type.","description_kind":"plain","required":true}},"description":"Manages Proxmox VE Replication.","description_kind":"plain","deprecated":true,"deprecation_message":"Use \"proxmox_replication\" instead. This resource / data source will be removed in v1.0."}},"proxmox_virtual_environment_role":{"version":0,"block":{"attributes":{"id":{"type":"string","description_kind":"plain","optional":true,"computed":true},"privileges":{"type":["set","string"],"description":"The role privileges","description_kind":"plain","required":true},"role_id":{"type":"string","description":"The role id","description_kind":"plain","required":true}},"description_kind":"plain"}},"proxmox_virtual_environment_sdn_applier":{"version":0,"block":{"attributes":{"id":{"type":"string","description":"Opaque identifier set to the Unix timestamp (milliseconds) when the apply was executed.","description_kind":"plain","computed":true},"on_create":{"type":"bool","description":"Whether to apply SDN configuration on resource creation. Defaults to true.","description_kind":"plain","optional":true,"computed":true},"on_destroy":{"type":"bool","description":"Whether to apply SDN configuration on resource destruction. Defaults to true.","description_kind":"plain","optional":true,"computed":true}},"description":"**EXPERIMENTAL** Triggers Proxmox's SDN **Apply** (equivalent to `PUT /cluster/sdn`). Intended to be used with `replace_triggered_by` so it runs after SDN objects change.","description_kind":"markdown","deprecated":true,"deprecation_message":"Use \"proxmox_sdn_applier\" instead. This resource / data source will be removed in v1.0."}},"proxmox_virtual_environment_sdn_fabric_node_openfabric":{"version":0,"block":{"attributes":{"fabric_id":{"type":"string","description":"The unique identifier of the SDN fabric.","description_kind":"plain","required":true},"id":{"type":"string","description":"The ID of the SDN fabric node, in the format \u003cfabric_id\u003e/\u003cnode_id\u003e.","description_kind":"plain","computed":true},"interface_names":{"type":["set","string"],"description":"Set of interfaces associated with the fabric node.","description_kind":"plain","required":true},"ip":{"type":"string","description":"IPv4 address for the fabric node.","description_kind":"plain","optional":true},"ip6":{"type":"string","description":"IPv6 address for the fabric node.","description_kind":"plain","optional":true},"node_id":{"type":"string","description":"The unique identifier of the SDN fabric node.","description_kind":"plain","required":true}},"description":"OpenFabric Fabric Node in Proxmox SDN. Fabrics in Proxmox VE SDN provide automated routing between nodes in a cluster.","description_kind":"markdown","deprecated":true,"deprecation_message":"Use \"proxmox_sdn_fabric_node_openfabric\" instead. This resource / data source will be removed in v1.0."}},"proxmox_virtual_environment_sdn_fabric_node_ospf":{"version":0,"block":{"attributes":{"fabric_id":{"type":"string","description":"The unique identifier of the SDN fabric.","description_kind":"plain","required":true},"id":{"type":"string","description":"The ID of the SDN fabric node, in the format \u003cfabric_id\u003e/\u003cnode_id\u003e.","description_kind":"plain","computed":true},"interface_names":{"type":["set","string"],"description":"Set of interfaces associated with the fabric node.","description_kind":"plain","required":true},"ip":{"type":"string","description":"IPv4 address for the fabric node.","description_kind":"plain","required":true},"node_id":{"type":"string","description":"The unique identifier of the SDN fabric node.","description_kind":"plain","required":true}},"description":"OSPF Fabric Node in Proxmox SDN. Fabrics in Proxmox VE SDN provide automated routing between nodes in a cluster.","description_kind":"markdown","deprecated":true,"deprecation_message":"Use \"proxmox_sdn_fabric_node_ospf\" instead. This resource / data source will be removed in v1.0."}},"proxmox_virtual_environment_sdn_fabric_openfabric":{"version":0,"block":{"attributes":{"csnp_interval":{"type":"number","description":"The csnp_interval property for OpenFabric.","description_kind":"plain","optional":true},"hello_interval":{"type":"number","description":"The hello_interval property for OpenFabric.","description_kind":"plain","optional":true},"id":{"type":"string","description":"The unique identifier of the SDN fabric.","description_kind":"plain","required":true},"ip6_prefix":{"type":"string","description":"IPv6 prefix cidr for the fabric.","description_kind":"plain","optional":true},"ip_prefix":{"type":"string","description":"IPv4 prefix cidr for the fabric.","description_kind":"plain","optional":true}},"description":"OpenFabric Fabric in Proxmox SDN. Fabrics in Proxmox VE SDN provide automated routing between nodes in a cluster.","description_kind":"markdown","deprecated":true,"deprecation_message":"Use \"proxmox_sdn_fabric_openfabric\" instead. This resource / data source will be removed in v1.0."}},"proxmox_virtual_environment_sdn_fabric_ospf":{"version":0,"block":{"attributes":{"area":{"type":"string","description":"OSPF area. Either a IPv4 address or a 32-bit number. Gets validated in rust.","description_kind":"plain","required":true},"id":{"type":"string","description":"The unique identifier of the SDN fabric.","description_kind":"plain","required":true},"ip_prefix":{"type":"string","description":"IPv4 prefix cidr for the fabric.","description_kind":"plain","required":true}},"description":"OSPF Fabric in Proxmox SDN. Fabrics in Proxmox VE SDN provide automated routing between nodes in a cluster.","description_kind":"markdown","deprecated":true,"deprecation_message":"Use \"proxmox_sdn_fabric_ospf\" instead. This resource / data source will be removed in v1.0."}},"proxmox_virtual_environment_sdn_subnet":{"version":0,"block":{"attributes":{"cidr":{"type":"string","description":"A CIDR network address, for example 10.0.0.0/8","description_kind":"plain","required":true},"dhcp_dns_server":{"type":"string","description":"The DNS server used for DHCP.","description_kind":"plain","optional":true},"dhcp_range":{"nested_type":{"attributes":{"end_address":{"type":"string","description":"End of the DHCP range.","description_kind":"plain","required":true},"start_address":{"type":"string","description":"Start of the DHCP range.","description_kind":"plain","required":true}},"nesting_mode":"single"},"description":"DHCP range (start and end IPs).","description_kind":"plain","optional":true},"dns_zone_prefix":{"type":"string","description":"Prefix used for DNS zone delegation.","description_kind":"plain","optional":true},"gateway":{"type":"string","description":"The gateway address for the subnet.","description_kind":"plain","optional":true},"id":{"type":"string","description":"The unique identifier of the SDN Subnet. Read only.","description_kind":"plain","computed":true},"snat":{"type":"bool","description":"Whether SNAT is enabled for the subnet.","description_kind":"plain","optional":true},"vnet":{"type":"string","description":"The VNet to which this subnet belongs.","description_kind":"plain","required":true}},"description":"Manages SDN Subnets in Proxmox VE.","description_kind":"plain","deprecated":true,"deprecation_message":"Use \"proxmox_sdn_subnet\" instead. This resource / data source will be removed in v1.0."}},"proxmox_virtual_environment_sdn_vnet":{"version":0,"block":{"attributes":{"alias":{"type":"string","description":"An optional alias for this VNet.","description_kind":"plain","optional":true},"id":{"type":"string","description":"The unique identifier of the SDN VNet.","description_kind":"plain","required":true},"isolate_ports":{"type":"bool","description":"Isolate ports within this VNet.","description_kind":"plain","optional":true},"tag":{"type":"number","description":"Tag value for VLAN/VXLAN (can't be used with other zone types).","description_kind":"plain","optional":true},"vlan_aware":{"type":"bool","description":"Allow VM VLANs to pass through this VNet.","description_kind":"plain","optional":true},"zone":{"type":"string","description":"The zone to which this VNet belongs.","description_kind":"plain","required":true}},"description":"Manages Proxmox VE SDN VNet.","description_kind":"plain","deprecated":true,"deprecation_message":"Use \"proxmox_sdn_vnet\" instead. This resource / data source will be removed in v1.0."}},"proxmox_virtual_environment_sdn_zone_evpn":{"version":0,"block":{"attributes":{"advertise_subnets":{"type":"bool","description":"Enable subnet advertisement for EVPN.","description_kind":"plain","optional":true,"computed":true},"controller":{"type":"string","description":"EVPN controller address.","description_kind":"plain","required":true},"disable_arp_nd_suppression":{"type":"bool","description":"Disable ARP/ND suppression for EVPN.","description_kind":"plain","optional":true,"computed":true},"dns":{"type":"string","description":"DNS API server address.","description_kind":"plain","optional":true},"dns_zone":{"type":"string","description":"DNS domain name. Used to register hostnames, such as `\u003chostname\u003e.\u003cdomain\u003e`. The DNS zone must already exist on the DNS server.","description_kind":"markdown","optional":true},"exit_nodes":{"type":["set","string"],"description":"List of exit nodes for EVPN.","description_kind":"plain","optional":true,"computed":true},"exit_nodes_local_routing":{"type":"bool","description":"Enable local routing for EVPN exit nodes.","description_kind":"plain","optional":true,"computed":true},"id":{"type":"string","description":"The unique identifier of the SDN zone.","description_kind":"plain","required":true},"ipam":{"type":"string","description":"IP Address Management system.","description_kind":"plain","optional":true},"mtu":{"type":"number","description":"MTU value for the zone. There is no support to reset this value back to PVE default once set due to API limitation.","description_kind":"plain","optional":true,"computed":true},"nodes":{"type":["set","string"],"description":"The Proxmox nodes which the zone and associated VNets should be deployed on","description_kind":"plain","optional":true,"computed":true},"pending":{"type":"bool","description":"Indicates if the zone has pending configuration changes that need to be applied.","description_kind":"plain","computed":true},"primary_exit_node":{"type":"string","description":"Primary exit node for EVPN.","description_kind":"plain","optional":true},"reverse_dns":{"type":"string","description":"Reverse DNS API server address.","description_kind":"plain","optional":true},"rt_import":{"type":"string","description":"Route target import for EVPN.","description_kind":"plain","optional":true},"state":{"type":"string","description":"Indicates the current state of the zone.","description_kind":"plain","computed":true},"vrf_vxlan":{"type":"number","description":"VRF VXLAN-ID used for dedicated routing interconnect between VNets. It must be different than the VXLAN-ID of the VNets.","description_kind":"plain","required":true}},"description":"EVPN Zone in Proxmox SDN. The EVPN zone creates a routable Layer 3 network, capable of spanning across multiple clusters.","description_kind":"markdown","deprecated":true,"deprecation_message":"Use \"proxmox_sdn_zone_evpn\" instead. This resource / data source will be removed in v1.0."}},"proxmox_virtual_environment_sdn_zone_qinq":{"version":0,"block":{"attributes":{"bridge":{"type":"string","description":"A local, VLAN-aware bridge that is already configured on each local node","description_kind":"plain","required":true},"dns":{"type":"string","description":"DNS API server address.","description_kind":"plain","optional":true},"dns_zone":{"type":"string","description":"DNS domain name. Used to register hostnames, such as `\u003chostname\u003e.\u003cdomain\u003e`. The DNS zone must already exist on the DNS server.","description_kind":"markdown","optional":true},"id":{"type":"string","description":"The unique identifier of the SDN zone.","description_kind":"plain","required":true},"ipam":{"type":"string","description":"IP Address Management system.","description_kind":"plain","optional":true},"mtu":{"type":"number","description":"MTU value for the zone. There is no support to reset this value back to PVE default once set due to API limitation.","description_kind":"plain","optional":true,"computed":true},"nodes":{"type":["set","string"],"description":"The Proxmox nodes which the zone and associated VNets should be deployed on","description_kind":"plain","optional":true,"computed":true},"pending":{"type":"bool","description":"Indicates if the zone has pending configuration changes that need to be applied.","description_kind":"plain","computed":true},"reverse_dns":{"type":"string","description":"Reverse DNS API server address.","description_kind":"plain","optional":true},"service_vlan":{"type":"number","description":"Service VLAN tag for QinQ. The tag must be between `1` and `4094`.","description_kind":"markdown","required":true},"service_vlan_protocol":{"type":"string","description":"Service VLAN protocol for QinQ. The protocol must be `802.1ad` or `802.1q`.","description_kind":"markdown","optional":true,"computed":true},"state":{"type":"string","description":"Indicates the current state of the zone.","description_kind":"plain","computed":true}},"description":"QinQ Zone in Proxmox SDN. QinQ also known as VLAN stacking, that uses multiple layers of VLAN tags for isolation. The QinQ zone defines the outer VLAN tag (the Service VLAN) whereas the inner VLAN tag is defined by the VNet. Your physical network switches must support stacked VLANs for this configuration. Due to the double stacking of tags, you need 4 more bytes for QinQ VLANs. For example, you must reduce the MTU to 1496 if you physical interface MTU is 1500.","description_kind":"markdown","deprecated":true,"deprecation_message":"Use \"proxmox_sdn_zone_qinq\" instead. This resource / data source will be removed in v1.0."}},"proxmox_virtual_environment_sdn_zone_simple":{"version":0,"block":{"attributes":{"dhcp":{"type":"string","description":"The type of the DHCP backend for this zone. Currently the only supported value is `dnsmasq`.","description_kind":"plain","optional":true},"dns":{"type":"string","description":"DNS API server address.","description_kind":"plain","optional":true},"dns_zone":{"type":"string","description":"DNS domain name. Used to register hostnames, such as `\u003chostname\u003e.\u003cdomain\u003e`. The DNS zone must already exist on the DNS server.","description_kind":"markdown","optional":true},"id":{"type":"string","description":"The unique identifier of the SDN zone.","description_kind":"plain","required":true},"ipam":{"type":"string","description":"IP Address Management system.","description_kind":"plain","optional":true},"mtu":{"type":"number","description":"MTU value for the zone. There is no support to reset this value back to PVE default once set due to API limitation.","description_kind":"plain","optional":true,"computed":true},"nodes":{"type":["set","string"],"description":"The Proxmox nodes which the zone and associated VNets should be deployed on","description_kind":"plain","optional":true,"computed":true},"pending":{"type":"bool","description":"Indicates if the zone has pending configuration changes that need to be applied.","description_kind":"plain","computed":true},"reverse_dns":{"type":"string","description":"Reverse DNS API server address.","description_kind":"plain","optional":true},"state":{"type":"string","description":"Indicates the current state of the zone.","description_kind":"plain","computed":true}},"description":"Simple Zone in Proxmox SDN. It will create an isolated VNet bridge. This bridge is not linked to a physical interface, and VM traffic is only local on each the node. It can be used in NAT or routed setups.","description_kind":"markdown","deprecated":true,"deprecation_message":"Use \"proxmox_sdn_zone_simple\" instead. This resource / data source will be removed in v1.0."}},"proxmox_virtual_environment_sdn_zone_vlan":{"version":0,"block":{"attributes":{"bridge":{"type":"string","description":"The local bridge or OVS switch, already configured on _each_ node that allows node-to-node connection.","description_kind":"markdown","required":true},"dns":{"type":"string","description":"DNS API server address.","description_kind":"plain","optional":true},"dns_zone":{"type":"string","description":"DNS domain name. Used to register hostnames, such as `\u003chostname\u003e.\u003cdomain\u003e`. The DNS zone must already exist on the DNS server.","description_kind":"markdown","optional":true},"id":{"type":"string","description":"The unique identifier of the SDN zone.","description_kind":"plain","required":true},"ipam":{"type":"string","description":"IP Address Management system.","description_kind":"plain","optional":true},"mtu":{"type":"number","description":"MTU value for the zone. There is no support to reset this value back to PVE default once set due to API limitation.","description_kind":"plain","optional":true,"computed":true},"nodes":{"type":["set","string"],"description":"The Proxmox nodes which the zone and associated VNets should be deployed on","description_kind":"plain","optional":true,"computed":true},"pending":{"type":"bool","description":"Indicates if the zone has pending configuration changes that need to be applied.","description_kind":"plain","computed":true},"reverse_dns":{"type":"string","description":"Reverse DNS API server address.","description_kind":"plain","optional":true},"state":{"type":"string","description":"Indicates the current state of the zone.","description_kind":"plain","computed":true}},"description":"VLAN Zone in Proxmox SDN. It uses an existing local Linux or OVS bridge to connect to the node's physical interface. It uses VLAN tagging defined in the VNet to isolate the network segments. This allows connectivity of VMs between different nodes.","description_kind":"markdown","deprecated":true,"deprecation_message":"Use \"proxmox_sdn_zone_vlan\" instead. This resource / data source will be removed in v1.0."}},"proxmox_virtual_environment_sdn_zone_vxlan":{"version":0,"block":{"attributes":{"dns":{"type":"string","description":"DNS API server address.","description_kind":"plain","optional":true},"dns_zone":{"type":"string","description":"DNS domain name. Used to register hostnames, such as `\u003chostname\u003e.\u003cdomain\u003e`. The DNS zone must already exist on the DNS server.","description_kind":"markdown","optional":true},"id":{"type":"string","description":"The unique identifier of the SDN zone.","description_kind":"plain","required":true},"ipam":{"type":"string","description":"IP Address Management system.","description_kind":"plain","optional":true},"mtu":{"type":"number","description":"MTU value for the zone. There is no support to reset this value back to PVE default once set due to API limitation.","description_kind":"plain","optional":true,"computed":true},"nodes":{"type":["set","string"],"description":"The Proxmox nodes which the zone and associated VNets should be deployed on","description_kind":"plain","optional":true,"computed":true},"peers":{"type":["set","string"],"description":"A list of IP addresses of each node in the VXLAN zone. This can be external nodes reachable at this IP address. All nodes in the cluster need to be mentioned here","description_kind":"markdown","required":true},"pending":{"type":"bool","description":"Indicates if the zone has pending configuration changes that need to be applied.","description_kind":"plain","computed":true},"reverse_dns":{"type":"string","description":"Reverse DNS API server address.","description_kind":"plain","optional":true},"state":{"type":"string","description":"Indicates the current state of the zone.","description_kind":"plain","computed":true}},"description":"VXLAN Zone in Proxmox SDN. It establishes a tunnel (overlay) on top of an existing network (underlay). This encapsulates layer 2 Ethernet frames within layer 4 UDP datagrams using the default destination port 4789. You have to configure the underlay network yourself to enable UDP connectivity between all peers. Because VXLAN encapsulation uses 50 bytes, the MTU needs to be 50 bytes lower than the outgoing physical interface.","description_kind":"markdown","deprecated":true,"deprecation_message":"Use \"proxmox_sdn_zone_vxlan\" instead. This resource / data source will be removed in v1.0."}},"proxmox_virtual_environment_storage_cifs":{"version":0,"block":{"attributes":{"content":{"type":["set","string"],"description":"The content types that can be stored on this storage. Valid values: `backup` (VM backups), `images` (VM disk images), `import` (VM disk images for import), `iso` (ISO images), `rootdir` (container root directories), `snippets` (cloud-init, hook scripts, etc.), `vztmpl` (container templates).","description_kind":"markdown","optional":true,"computed":true},"create_base_path":{"type":"bool","description":"Create the base directory if it doesn't exist.","description_kind":"plain","optional":true,"computed":true},"create_subdirs":{"type":"bool","description":"Populate the directory with the default structure.","description_kind":"plain","optional":true,"computed":true},"disable":{"type":"bool","description":"Whether the storage is disabled.","description_kind":"plain","optional":true,"computed":true},"domain":{"type":"string","description":"The SMB/CIFS domain.","description_kind":"plain","optional":true},"id":{"type":"string","description":"The unique identifier of the storage.","description_kind":"plain","required":true},"nodes":{"type":["set","string"],"description":"A list of nodes where this storage is available.","description_kind":"plain","optional":true,"computed":true},"options":{"type":"string","description":"The mount options for the SMB/CIFS share (see 'man mount.cifs').","description_kind":"plain","optional":true},"password":{"type":"string","description":"The password for authenticating with the SMB/CIFS server.","description_kind":"plain","required":true,"sensitive":true},"preallocation":{"type":"string","description":"The preallocation mode for raw and qcow2 images.","description_kind":"plain","optional":true},"server":{"type":"string","description":"The IP address or DNS name of the SMB/CIFS server.","description_kind":"plain","required":true},"share":{"type":"string","description":"The name of the SMB/CIFS share.","description_kind":"plain","required":true},"shared":{"type":"bool","description":"Whether the storage is shared across all nodes.","description_kind":"plain","computed":true},"snapshot_as_volume_chain":{"type":"bool","description":"Enable support for creating snapshots through volume backing-chains.","description_kind":"plain","optional":true},"subdirectory":{"type":"string","description":"A subdirectory to mount within the share.","description_kind":"plain","optional":true},"username":{"type":"string","description":"The username for authenticating with the SMB/CIFS server.","description_kind":"plain","required":true}},"block_types":{"backups":{"nesting_mode":"single","block":{"attributes":{"keep_all":{"type":"bool","description":"Specifies if all backups should be kept, regardless of their age. When set to true, other keep_* attributes must not be set.","description_kind":"plain","optional":true,"computed":true},"keep_daily":{"type":"number","description":"The number of daily backups to keep. Older backups will be removed.","description_kind":"plain","optional":true},"keep_hourly":{"type":"number","description":"The number of hourly backups to keep. Older backups will be removed.","description_kind":"plain","optional":true},"keep_last":{"type":"number","description":"Specifies the number of the most recent backups to keep, regardless of their age.","description_kind":"plain","optional":true},"keep_monthly":{"type":"number","description":"The number of monthly backups to keep. Older backups will be removed.","description_kind":"plain","optional":true},"keep_weekly":{"type":"number","description":"The number of weekly backups to keep. Older backups will be removed.","description_kind":"plain","optional":true},"keep_yearly":{"type":"number","description":"The number of yearly backups to keep. Older backups will be removed.","description_kind":"plain","optional":true},"max_protected_backups":{"type":"number","description":"The maximum number of protected backups per guest. Use '-1' for unlimited.","description_kind":"plain","optional":true}},"description":"Configure backup retention settings for the storage type.","description_kind":"plain"}}},"description":"Manages an SMB/CIFS based storage server in Proxmox VE.","description_kind":"plain","deprecated":true,"deprecation_message":"Use \"proxmox_storage_cifs\" instead. This resource / data source will be removed in v1.0."}},"proxmox_virtual_environment_storage_directory":{"version":0,"block":{"attributes":{"content":{"type":["set","string"],"description":"The content types that can be stored on this storage. Valid values: `backup` (VM backups), `images` (VM disk images), `import` (VM disk images for import), `iso` (ISO images), `rootdir` (container root directories), `snippets` (cloud-init, hook scripts, etc.), `vztmpl` (container templates).","description_kind":"markdown","optional":true,"computed":true},"create_base_path":{"type":"bool","description":"Create the base directory if it doesn't exist.","description_kind":"plain","optional":true,"computed":true},"create_subdirs":{"type":"bool","description":"Populate the directory with the default structure.","description_kind":"plain","optional":true,"computed":true},"disable":{"type":"bool","description":"Whether the storage is disabled.","description_kind":"plain","optional":true,"computed":true},"id":{"type":"string","description":"The unique identifier of the storage.","description_kind":"plain","required":true},"nodes":{"type":["set","string"],"description":"A list of nodes where this storage is available.","description_kind":"plain","optional":true,"computed":true},"path":{"type":"string","description":"The path to the directory on the Proxmox node.","description_kind":"plain","required":true},"preallocation":{"type":"string","description":"The preallocation mode for raw and qcow2 images.","description_kind":"plain","optional":true},"shared":{"type":"bool","description":"Whether the storage is shared across all nodes.","description_kind":"plain","optional":true,"computed":true}},"block_types":{"backups":{"nesting_mode":"single","block":{"attributes":{"keep_all":{"type":"bool","description":"Specifies if all backups should be kept, regardless of their age. When set to true, other keep_* attributes must not be set.","description_kind":"plain","optional":true,"computed":true},"keep_daily":{"type":"number","description":"The number of daily backups to keep. Older backups will be removed.","description_kind":"plain","optional":true},"keep_hourly":{"type":"number","description":"The number of hourly backups to keep. Older backups will be removed.","description_kind":"plain","optional":true},"keep_last":{"type":"number","description":"Specifies the number of the most recent backups to keep, regardless of their age.","description_kind":"plain","optional":true},"keep_monthly":{"type":"number","description":"The number of monthly backups to keep. Older backups will be removed.","description_kind":"plain","optional":true},"keep_weekly":{"type":"number","description":"The number of weekly backups to keep. Older backups will be removed.","description_kind":"plain","optional":true},"keep_yearly":{"type":"number","description":"The number of yearly backups to keep. Older backups will be removed.","description_kind":"plain","optional":true},"max_protected_backups":{"type":"number","description":"The maximum number of protected backups per guest. Use '-1' for unlimited.","description_kind":"plain","optional":true}},"description":"Configure backup retention settings for the storage type.","description_kind":"plain"}}},"description":"Manages directory-based storage in Proxmox VE.","description_kind":"plain","deprecated":true,"deprecation_message":"Use \"proxmox_storage_directory\" instead. This resource / data source will be removed in v1.0."}},"proxmox_virtual_environment_storage_lvm":{"version":0,"block":{"attributes":{"content":{"type":["set","string"],"description":"The content types that can be stored on this storage. Valid values: `backup` (VM backups), `images` (VM disk images), `import` (VM disk images for import), `iso` (ISO images), `rootdir` (container root directories), `snippets` (cloud-init, hook scripts, etc.), `vztmpl` (container templates).","description_kind":"markdown","optional":true,"computed":true},"disable":{"type":"bool","description":"Whether the storage is disabled.","description_kind":"plain","optional":true,"computed":true},"id":{"type":"string","description":"The unique identifier of the storage.","description_kind":"plain","required":true},"nodes":{"type":["set","string"],"description":"A list of nodes where this storage is available.","description_kind":"plain","optional":true,"computed":true},"shared":{"type":"bool","description":"Whether the storage is shared across all nodes.","description_kind":"plain","optional":true,"computed":true},"volume_group":{"type":"string","description":"The name of the volume group to use.","description_kind":"plain","required":true},"wipe_removed_volumes":{"type":"bool","description":"Whether to zero-out data when removing LVMs.","description_kind":"plain","optional":true,"computed":true}},"description":"Manages LVM-based storage in Proxmox VE.","description_kind":"plain","deprecated":true,"deprecation_message":"Use \"proxmox_storage_lvm\" instead. This resource / data source will be removed in v1.0."}},"proxmox_virtual_environment_storage_lvmthin":{"version":0,"block":{"attributes":{"content":{"type":["set","string"],"description":"The content types that can be stored on this storage. Valid values: `backup` (VM backups), `images` (VM disk images), `import` (VM disk images for import), `iso` (ISO images), `rootdir` (container root directories), `snippets` (cloud-init, hook scripts, etc.), `vztmpl` (container templates).","description_kind":"markdown","optional":true,"computed":true},"disable":{"type":"bool","description":"Whether the storage is disabled.","description_kind":"plain","optional":true,"computed":true},"id":{"type":"string","description":"The unique identifier of the storage.","description_kind":"plain","required":true},"nodes":{"type":["set","string"],"description":"A list of nodes where this storage is available.","description_kind":"plain","optional":true,"computed":true},"shared":{"type":"bool","description":"Whether the storage is shared across all nodes.","description_kind":"plain","computed":true},"thin_pool":{"type":"string","description":"The name of the LVM thin pool to use.","description_kind":"plain","required":true},"volume_group":{"type":"string","description":"The name of the volume group to use.","description_kind":"plain","required":true}},"description":"Manages thin LVM-based storage in Proxmox VE.","description_kind":"plain","deprecated":true,"deprecation_message":"Use \"proxmox_storage_lvmthin\" instead. This resource / data source will be removed in v1.0."}},"proxmox_virtual_environment_storage_nfs":{"version":0,"block":{"attributes":{"content":{"type":["set","string"],"description":"The content types that can be stored on this storage. Valid values: `backup` (VM backups), `images` (VM disk images), `import` (VM disk images for import), `iso` (ISO images), `rootdir` (container root directories), `snippets` (cloud-init, hook scripts, etc.), `vztmpl` (container templates).","description_kind":"markdown","optional":true,"computed":true},"create_base_path":{"type":"bool","description":"Create the base directory if it doesn't exist.","description_kind":"plain","optional":true,"computed":true},"create_subdirs":{"type":"bool","description":"Populate the directory with the default structure.","description_kind":"plain","optional":true,"computed":true},"disable":{"type":"bool","description":"Whether the storage is disabled.","description_kind":"plain","optional":true,"computed":true},"export":{"type":"string","description":"The path of the NFS export.","description_kind":"plain","required":true},"id":{"type":"string","description":"The unique identifier of the storage.","description_kind":"plain","required":true},"nodes":{"type":["set","string"],"description":"A list of nodes where this storage is available.","description_kind":"plain","optional":true,"computed":true},"options":{"type":"string","description":"The options to pass to the NFS service.","description_kind":"plain","optional":true},"preallocation":{"type":"string","description":"The preallocation mode for raw and qcow2 images.","description_kind":"plain","optional":true},"server":{"type":"string","description":"The IP address or DNS name of the NFS server.","description_kind":"plain","required":true},"shared":{"type":"bool","description":"Whether the storage is shared across all nodes.","description_kind":"plain","computed":true},"snapshot_as_volume_chain":{"type":"bool","description":"Enable support for creating snapshots through volume backing-chains.","description_kind":"plain","optional":true}},"block_types":{"backups":{"nesting_mode":"single","block":{"attributes":{"keep_all":{"type":"bool","description":"Specifies if all backups should be kept, regardless of their age. When set to true, other keep_* attributes must not be set.","description_kind":"plain","optional":true,"computed":true},"keep_daily":{"type":"number","description":"The number of daily backups to keep. Older backups will be removed.","description_kind":"plain","optional":true},"keep_hourly":{"type":"number","description":"The number of hourly backups to keep. Older backups will be removed.","description_kind":"plain","optional":true},"keep_last":{"type":"number","description":"Specifies the number of the most recent backups to keep, regardless of their age.","description_kind":"plain","optional":true},"keep_monthly":{"type":"number","description":"The number of monthly backups to keep. Older backups will be removed.","description_kind":"plain","optional":true},"keep_weekly":{"type":"number","description":"The number of weekly backups to keep. Older backups will be removed.","description_kind":"plain","optional":true},"keep_yearly":{"type":"number","description":"The number of yearly backups to keep. Older backups will be removed.","description_kind":"plain","optional":true},"max_protected_backups":{"type":"number","description":"The maximum number of protected backups per guest. Use '-1' for unlimited.","description_kind":"plain","optional":true}},"description":"Configure backup retention settings for the storage type.","description_kind":"plain"}}},"description":"Manages an NFS-based storage in Proxmox VE.","description_kind":"plain","deprecated":true,"deprecation_message":"Use \"proxmox_storage_nfs\" instead. This resource / data source will be removed in v1.0."}},"proxmox_virtual_environment_storage_pbs":{"version":0,"block":{"attributes":{"content":{"type":["set","string"],"description":"The content types that can be stored on this storage. Valid values: `backup` (VM backups), `images` (VM disk images), `import` (VM disk images for import), `iso` (ISO images), `rootdir` (container root directories), `snippets` (cloud-init, hook scripts, etc.), `vztmpl` (container templates).","description_kind":"markdown","optional":true,"computed":true},"datastore":{"type":"string","description":"The name of the datastore on the Proxmox Backup Server.","description_kind":"plain","required":true},"disable":{"type":"bool","description":"Whether the storage is disabled.","description_kind":"plain","optional":true,"computed":true},"encryption_key":{"type":"string","description":"An existing encryption key for the datastore. This is a sensitive value. Conflicts with `generate_encryption_key`.","description_kind":"plain","optional":true,"sensitive":true},"encryption_key_fingerprint":{"type":"string","description":"The SHA256 fingerprint of the encryption key currently in use.","description_kind":"plain","computed":true},"fingerprint":{"type":"string","description":"The SHA256 fingerprint of the Proxmox Backup Server's certificate.","description_kind":"plain","optional":true},"generate_encryption_key":{"type":"bool","description":"If set to true, Proxmox will generate a new encryption key. The key will be stored in the `generated_encryption_key` attribute. Conflicts with `encryption_key`.","description_kind":"plain","optional":true},"generated_encryption_key":{"type":"string","description":"The encryption key returned by Proxmox when `generate_encryption_key` is true.","description_kind":"plain","computed":true,"sensitive":true},"id":{"type":"string","description":"The unique identifier of the storage.","description_kind":"plain","required":true},"namespace":{"type":"string","description":"The namespace to use on the Proxmox Backup Server.","description_kind":"plain","optional":true},"nodes":{"type":["set","string"],"description":"A list of nodes where this storage is available.","description_kind":"plain","optional":true,"computed":true},"password":{"type":"string","description":"The password for authenticating with the Proxmox Backup Server.","description_kind":"plain","required":true,"sensitive":true},"server":{"type":"string","description":"The IP address or DNS name of the Proxmox Backup Server.","description_kind":"plain","required":true},"shared":{"type":"bool","description":"Whether the storage is shared across all nodes.","description_kind":"plain","computed":true},"username":{"type":"string","description":"The username for authenticating with the Proxmox Backup Server.","description_kind":"plain","required":true}},"block_types":{"backups":{"nesting_mode":"single","block":{"attributes":{"keep_all":{"type":"bool","description":"Specifies if all backups should be kept, regardless of their age. When set to true, other keep_* attributes must not be set.","description_kind":"plain","optional":true,"computed":true},"keep_daily":{"type":"number","description":"The number of daily backups to keep. Older backups will be removed.","description_kind":"plain","optional":true},"keep_hourly":{"type":"number","description":"The number of hourly backups to keep. Older backups will be removed.","description_kind":"plain","optional":true},"keep_last":{"type":"number","description":"Specifies the number of the most recent backups to keep, regardless of their age.","description_kind":"plain","optional":true},"keep_monthly":{"type":"number","description":"The number of monthly backups to keep. Older backups will be removed.","description_kind":"plain","optional":true},"keep_weekly":{"type":"number","description":"The number of weekly backups to keep. Older backups will be removed.","description_kind":"plain","optional":true},"keep_yearly":{"type":"number","description":"The number of yearly backups to keep. Older backups will be removed.","description_kind":"plain","optional":true},"max_protected_backups":{"type":"number","description":"The maximum number of protected backups per guest. Use '-1' for unlimited.","description_kind":"plain","optional":true}},"description":"Configure backup retention settings for the storage type.","description_kind":"plain"}}},"description":"Manages a Proxmox Backup Server (PBS) storage in Proxmox VE.","description_kind":"plain","deprecated":true,"deprecation_message":"Use \"proxmox_storage_pbs\" instead. This resource / data source will be removed in v1.0."}},"proxmox_virtual_environment_storage_zfspool":{"version":0,"block":{"attributes":{"blocksize":{"type":"string","description":"Block size for newly created volumes (e.g. `4k`, `8k`, `16k`). Larger values may improve throughput for large I/O, while smaller values optimize space efficiency.","description_kind":"plain","optional":true},"content":{"type":["set","string"],"description":"The content types that can be stored on this storage. Valid values: `backup` (VM backups), `images` (VM disk images), `import` (VM disk images for import), `iso` (ISO images), `rootdir` (container root directories), `snippets` (cloud-init, hook scripts, etc.), `vztmpl` (container templates).","description_kind":"markdown","optional":true,"computed":true},"disable":{"type":"bool","description":"Whether the storage is disabled.","description_kind":"plain","optional":true,"computed":true},"id":{"type":"string","description":"The unique identifier of the storage.","description_kind":"plain","required":true},"nodes":{"type":["set","string"],"description":"A list of nodes where this storage is available.","description_kind":"plain","optional":true,"computed":true},"shared":{"type":"bool","description":"Whether the storage is shared across all nodes.","description_kind":"plain","computed":true},"thin_provision":{"type":"bool","description":"Whether to enable thin provisioning (`on` or `off`). Thin provisioning allows flexible disk allocation without pre-allocating full space.","description_kind":"plain","optional":true},"zfs_pool":{"type":"string","description":"The name of the ZFS storage pool to use (e.g. `tank`, `rpool/data`).","description_kind":"plain","required":true}},"description":"Manages ZFS-based storage in Proxmox VE.","description_kind":"plain","deprecated":true,"deprecation_message":"Use \"proxmox_storage_zfspool\" instead. This resource / data source will be removed in v1.0."}},"proxmox_virtual_environment_time":{"version":0,"block":{"attributes":{"id":{"type":"string","description_kind":"plain","optional":true,"computed":true},"local_time":{"type":"string","description":"The local timestamp","description_kind":"plain","computed":true},"node_name":{"type":"string","description":"The node name","description_kind":"plain","required":true},"time_zone":{"type":"string","description":"The time zone","description_kind":"plain","required":true},"utc_time":{"type":"string","description":"The UTC timestamp","description_kind":"plain","computed":true}},"description_kind":"plain"}},"proxmox_virtual_environment_user":{"version":0,"block":{"attributes":{"comment":{"type":"string","description":"The user comment","description_kind":"plain","optional":true},"email":{"type":"string","description":"The user's email address","description_kind":"plain","optional":true},"enabled":{"type":"bool","description":"Whether the user account is enabled","description_kind":"plain","optional":true},"expiration_date":{"type":"string","description":"The user account's expiration date","description_kind":"plain","optional":true},"first_name":{"type":"string","description":"The user's first name","description_kind":"plain","optional":true},"groups":{"type":["set","string"],"description":"The user's groups","description_kind":"plain","optional":true},"id":{"type":"string","description_kind":"plain","optional":true,"computed":true},"keys":{"type":"string","description":"The user's keys","description_kind":"plain","optional":true},"last_name":{"type":"string","description":"The user's last name","description_kind":"plain","optional":true},"password":{"type":"string","description":"The user's password","description_kind":"plain","optional":true,"sensitive":true},"user_id":{"type":"string","description":"The user id","description_kind":"plain","required":true}},"block_types":{"acl":{"nesting_mode":"set","block":{"attributes":{"path":{"type":"string","description":"The path","description_kind":"plain","required":true},"propagate":{"type":"bool","description":"Whether to propagate to child paths","description_kind":"plain","optional":true},"role_id":{"type":"string","description":"The role id","description_kind":"plain","required":true}},"description":"The access control list","description_kind":"plain","deprecated":true,"deprecation_message":"Manage ACLs via the dedicated `proxmox_acl` resource instead. The inline `acl` block is no longer auto-populated from the cluster on refresh or import; existing users with `acl` blocks continue to work, but new code should use `proxmox_acl`."}}},"description_kind":"plain"}},"proxmox_virtual_environment_user_token":{"version":0,"block":{"attributes":{"comment":{"type":"string","description":"Comment for the token.","description_kind":"plain","optional":true},"expiration_date":{"type":"string","description":"Expiration date for the token.","description_kind":"plain","optional":true},"id":{"type":"string","description":"Unique token identifier with format `\u003cuser_id\u003e!\u003ctoken_name\u003e`.","description_kind":"plain","computed":true},"privileges_separation":{"type":"bool","description":"Restrict API token privileges with separate ACLs (default), or give full privileges of corresponding user.","description_kind":"markdown","optional":true,"computed":true},"token_name":{"type":"string","description":"User-specific token identifier.","description_kind":"plain","required":true},"user_id":{"type":"string","description":"User identifier.","description_kind":"plain","required":true},"value":{"type":"string","description":"API token value used for authentication. It is populated only when creating a new token, and can't be retrieved at import.","description_kind":"markdown","computed":true,"sensitive":true}},"description":"User API tokens.","description_kind":"plain","deprecated":true,"deprecation_message":"Use \"proxmox_user_token\" instead. This resource / data source will be removed in v1.0."}},"proxmox_virtual_environment_vm":{"version":0,"block":{"attributes":{"acpi":{"type":"bool","description":"Whether to enable ACPI","description_kind":"plain","optional":true},"bios":{"type":"string","description":"The BIOS implementation","description_kind":"plain","optional":true},"boot_order":{"type":["list","string"],"description":"The guest will attempt to boot from devices in the order they appear here","description_kind":"plain","optional":true,"computed":true},"delete_unreferenced_disks_on_destroy":{"type":"bool","description":"Whether to delete unreferenced disks on destroy","description_kind":"plain","optional":true},"description":{"type":"string","description":"The description","description_kind":"plain","optional":true},"hook_script_file_id":{"type":"string","description":"A hook script","description_kind":"plain","optional":true},"hotplug":{"type":"string","description":"Selectively enable hotplug features. Use `0` to disable, `1` to enable all. Valid features: `disk`, `network`, `usb`, `memory`, `cpu`. Memory hotplug requires NUMA to be enabled.","description_kind":"plain","optional":true,"computed":true},"id":{"type":"string","description_kind":"plain","optional":true,"computed":true},"ipv4_addresses":{"type":["list",["list","string"]],"description":"The IPv4 addresses published by the QEMU agent","description_kind":"plain","computed":true},"ipv6_addresses":{"type":["list",["list","string"]],"description":"The IPv6 addresses published by the QEMU agent","description_kind":"plain","computed":true},"keyboard_layout":{"type":"string","description":"The keyboard layout","description_kind":"plain","optional":true},"kvm_arguments":{"type":"string","description":"The args implementation","description_kind":"plain","optional":true},"mac_addresses":{"type":["list","string"],"description":"The MAC addresses for the network interfaces","description_kind":"plain","optional":true,"computed":true},"machine":{"type":"string","description":"The VM machine type, either default `pc` or `q35`","description_kind":"plain","optional":true},"migrate":{"type":"bool","description":"Whether to migrate the VM on node change instead of re-creating it","description_kind":"plain","optional":true},"name":{"type":"string","description":"The name of the VM. Must be a valid DNS name.","description_kind":"plain","optional":true},"network_device":{"type":["list",["object",{"bridge":"string","disconnected":"bool","enabled":"bool","firewall":"bool","mac_address":"string","model":"string","mtu":"number","queues":"number","rate_limit":"number","trunks":"string","vlan_id":"number"}]],"description":"The network devices","description_kind":"plain","optional":true,"computed":true},"network_interface_names":{"type":["list","string"],"description":"The network interface names published by the QEMU agent","description_kind":"plain","computed":true},"node_name":{"type":"string","description":"The node name","description_kind":"plain","required":true},"on_boot":{"type":"bool","description":"Start VM on Node boot","description_kind":"plain","optional":true},"pool_id":{"type":"string","description":"The ID of the pool to assign the virtual machine to","description_kind":"plain","optional":true},"protection":{"type":"bool","description":"Sets the protection flag of the VM. This will disable the remove VM and remove disk operations","description_kind":"plain","optional":true},"purge_on_destroy":{"type":"bool","description":"Whether to purge the VM from backup configurations on destroy","description_kind":"plain","optional":true},"reboot":{"type":"bool","description":"Whether to reboot VM after creation","description_kind":"plain","optional":true},"reboot_after_update":{"type":"bool","description":"Whether the provider may automatically reboot or power off the VM during update operations when required to apply changes. If false, updates that require taking the VM offline fail instead of being applied automatically. Changes that are applied successfully but still need a later manual reboot emit a warning instead.","description_kind":"plain","optional":true},"scsi_hardware":{"type":"string","description":"The SCSI hardware type","description_kind":"plain","optional":true},"started":{"type":"bool","description":"Whether to start the virtual machine","description_kind":"plain","optional":true},"stop_on_destroy":{"type":"bool","description":"Whether to stop rather than shutdown on VM destroy","description_kind":"plain","optional":true},"tablet_device":{"type":"bool","description":"Whether to enable the USB tablet device","description_kind":"plain","optional":true},"tags":{"type":["list","string"],"description":"Tags of the virtual machine. This is only meta information.","description_kind":"plain","optional":true},"template":{"type":"bool","description":"Whether the VM should be a template. Setting this from false to true converts an existing VM to a template in place. Converting a template back to a regular VM is not supported.","description_kind":"plain","optional":true},"timeout_clone":{"type":"number","description":"Clone VM timeout","description_kind":"plain","optional":true},"timeout_create":{"type":"number","description":"Create VM timeout","description_kind":"plain","optional":true},"timeout_migrate":{"type":"number","description":"Migrate VM timeout","description_kind":"plain","optional":true},"timeout_move_disk":{"type":"number","description":"Disk move timeout","description_kind":"plain","deprecated":true,"deprecation_message":"This field is deprecated and will be removed in a future release. An overall operation timeout (timeout_create / timeout_clone / timeout_migrate) is used instead.","optional":true},"timeout_reboot":{"type":"number","description":"Reboot timeout","description_kind":"plain","optional":true},"timeout_shutdown_vm":{"type":"number","description":"Shutdown timeout","description_kind":"plain","optional":true},"timeout_start_vm":{"type":"number","description":"Start VM timeout","description_kind":"plain","optional":true},"timeout_stop_vm":{"type":"number","description":"Stop VM timeout","description_kind":"plain","optional":true},"vm_id":{"type":"number","description":"The VM identifier","description_kind":"plain","optional":true,"computed":true}},"block_types":{"agent":{"nesting_mode":"list","block":{"attributes":{"enabled":{"type":"bool","description":"Whether to enable the QEMU agent","description_kind":"plain","optional":true},"timeout":{"type":"string","description":"The maximum amount of time to wait for data from the QEMU agent to become available","description_kind":"plain","optional":true},"trim":{"type":"bool","description":"Whether to enable the FSTRIM feature in the QEMU agent","description_kind":"plain","optional":true},"type":{"type":"string","description":"The QEMU agent interface type","description_kind":"plain","optional":true}},"block_types":{"wait_for_ip":{"nesting_mode":"list","block":{"attributes":{"disabled":{"type":"bool","description":"Disable waiting for the agent to report an IP address; set to true to skip the lookup entirely","description_kind":"plain","optional":true},"ipv4":{"type":"bool","description":"Wait for at least one IPv4 address (non-loopback, non-link-local)","description_kind":"plain","optional":true},"ipv6":{"type":"bool","description":"Wait for at least one IPv6 address (non-loopback, non-link-local)","description_kind":"plain","optional":true}},"description":"Configuration for waiting for specific IP address types","description_kind":"plain"},"max_items":1}},"description":"The QEMU agent configuration","description_kind":"plain"},"max_items":1},"amd_sev":{"nesting_mode":"list","block":{"attributes":{"allow_smt":{"type":"bool","description":"Sets policy bit to allow Simultaneous Multi Threading (SMT) (Ignored unless for SEV-SNP)","description_kind":"plain","optional":true},"kernel_hashes":{"type":"bool","description":"Add kernel hashes to guest firmware for measured linux kernel launch","description_kind":"plain","optional":true},"no_debug":{"type":"bool","description":"Sets policy bit to disallow debugging of guest","description_kind":"plain","optional":true},"no_key_sharing":{"type":"bool","description":"Sets policy bit to disallow key sharing with other guests (Ignored for SEV-SNP)","description_kind":"plain","optional":true},"type":{"type":"string","description":"Enable standard SEV with type=std or enable experimental SEV-ES with the es optionor enable experimental SEV-SNP with the snp option.","description_kind":"plain","optional":true}},"description":"Secure Encrypted Virtualization (SEV) features by AMD CPUs","description_kind":"plain"},"max_items":1},"audio_device":{"nesting_mode":"list","block":{"attributes":{"device":{"type":"string","description":"The device","description_kind":"plain","optional":true},"driver":{"type":"string","description":"The driver","description_kind":"plain","optional":true},"enabled":{"type":"bool","description":"Whether to enable the audio device","description_kind":"plain","optional":true}},"description":"The audio devices","description_kind":"plain"},"max_items":1},"cdrom":{"nesting_mode":"list","block":{"attributes":{"enabled":{"type":"bool","description":"Whether to enable the CDROM drive","description_kind":"plain","deprecated":true,"deprecation_message":"Remove this attribute's configuration as it is no longer used and the attribute will be removed in the next version of the provider. Set `file_id` to `none` to leave the CDROM drive empty.","optional":true},"file_id":{"type":"string","description":"The file id","description_kind":"plain","optional":true},"interface":{"type":"string","description":"The CDROM interface","description_kind":"plain","optional":true}},"description":"The CDROM drive","description_kind":"plain"},"max_items":1},"clone":{"nesting_mode":"list","block":{"attributes":{"datastore_id":{"type":"string","description":"The ID of the target datastore","description_kind":"plain","optional":true},"full":{"type":"bool","description":"The Clone Type, create a Full Clone (true) or a linked Clone (false)","description_kind":"plain","optional":true},"node_name":{"type":"string","description":"The name of the source node","description_kind":"plain","optional":true},"retries":{"type":"number","description":"The number of Retries to create a clone","description_kind":"plain","optional":true},"vm_id":{"type":"number","description":"The ID of the source VM","description_kind":"plain","required":true}},"description":"The cloning configuration","description_kind":"plain"},"max_items":1},"cpu":{"nesting_mode":"list","block":{"attributes":{"affinity":{"type":"string","description":"The CPU affinity","description_kind":"plain","optional":true},"architecture":{"type":"string","description":"The CPU architecture","description_kind":"plain","optional":true},"cores":{"type":"number","description":"The number of CPU cores","description_kind":"plain","optional":true},"flags":{"type":["list","string"],"description":"The CPU flags","description_kind":"plain","optional":true},"hotplugged":{"type":"number","description":"The number of hotplugged vCPUs","description_kind":"plain","optional":true},"limit":{"type":"number","description":"Limit of CPU usage","description_kind":"plain","optional":true},"numa":{"type":"bool","description":"Enable/disable NUMA.","description_kind":"plain","optional":true},"sockets":{"type":"number","description":"The number of CPU sockets","description_kind":"plain","optional":true},"type":{"type":"string","description":"The emulated CPU type","description_kind":"plain","optional":true},"units":{"type":"number","description":"The CPU units","description_kind":"plain","optional":true,"computed":true}},"description":"The CPU allocation","description_kind":"plain"},"max_items":1},"disk":{"nesting_mode":"list","block":{"attributes":{"aio":{"type":"string","description":"The disk AIO mode","description_kind":"plain","optional":true},"backup":{"type":"bool","description":"Whether the drive should be included when making backups","description_kind":"plain","optional":true},"cache":{"type":"string","description":"The drive’s cache mode","description_kind":"plain","optional":true},"datastore_id":{"type":"string","description":"The datastore id","description_kind":"plain","optional":true},"discard":{"type":"string","description":"Whether to pass discard/trim requests to the underlying storage.","description_kind":"plain","optional":true},"file_format":{"type":"string","description":"The file format","description_kind":"plain","optional":true,"computed":true},"file_id":{"type":"string","description":"The file id for a disk image","description_kind":"plain","optional":true},"import_from":{"type":"string","description":"The file id of a disk image to import from storage. Only used during initial creation; changes after creation are ignored.","description_kind":"plain","optional":true},"interface":{"type":"string","description":"The disk interface","description_kind":"plain","required":true},"iothread":{"type":"bool","description":"Whether to use iothreads for this disk drive","description_kind":"plain","optional":true},"path_in_datastore":{"type":"string","description":"The in-datastore path to disk image","description_kind":"plain","optional":true,"computed":true},"queues":{"type":"number","description":"Number of I/O queues for this disk, requires SCSI interface and `virtio-scsi-single` SCSI controller","description_kind":"plain","optional":true},"replicate":{"type":"bool","description":"Whether the drive should be considered for replication jobs","description_kind":"plain","optional":true},"serial":{"type":"string","description":"The drive’s reported serial number","description_kind":"plain","optional":true},"size":{"type":"number","description":"The disk size in gigabytes","description_kind":"plain","optional":true,"computed":true},"ssd":{"type":"bool","description":"Whether to use ssd for this disk drive","description_kind":"plain","optional":true}},"block_types":{"speed":{"nesting_mode":"list","block":{"attributes":{"iops_read":{"type":"number","description":"The maximum read I/O in operations per second","description_kind":"plain","optional":true},"iops_read_burstable":{"type":"number","description":"The maximum unthrottled read I/O pool in operations per second","description_kind":"plain","optional":true},"iops_write":{"type":"number","description":"The maximum write I/O in operations per second","description_kind":"plain","optional":true},"iops_write_burstable":{"type":"number","description":"The maximum unthrottled write I/O pool in operations per second","description_kind":"plain","optional":true},"read":{"type":"number","description":"The maximum read speed in megabytes per second","description_kind":"plain","optional":true},"read_burstable":{"type":"number","description":"The maximum burstable read speed in megabytes per second","description_kind":"plain","optional":true},"write":{"type":"number","description":"The maximum write speed in megabytes per second","description_kind":"plain","optional":true},"write_burstable":{"type":"number","description":"The maximum burstable write speed in megabytes per second","description_kind":"plain","optional":true}},"description":"The speed limits","description_kind":"plain"},"max_items":1}},"description":"The disk devices","description_kind":"plain"},"max_items":31},"efi_disk":{"nesting_mode":"list","block":{"attributes":{"datastore_id":{"type":"string","description":"The datastore id","description_kind":"plain","optional":true},"file_format":{"type":"string","description":"The file format","description_kind":"plain","optional":true,"computed":true},"pre_enrolled_keys":{"type":"bool","description":"Use an EFI vars template with distribution-specific and Microsoft Standard keys enrolled, if used with efi type=`4m`.","description_kind":"plain","optional":true},"type":{"type":"string","description":"Size and type of the OVMF EFI disk","description_kind":"plain","optional":true}},"description":"The efidisk device","description_kind":"plain"},"max_items":1},"hostpci":{"nesting_mode":"list","block":{"attributes":{"device":{"type":"string","description":"The PCI device name for Proxmox, in form of 'hostpciX' where X is a sequential number from 0 to 3","description_kind":"plain","required":true},"id":{"type":"string","description":"The PCI ID of the device, for example 0000:00:1f.0 (or 0000:00:1f.0;0000:00:1f.1 for multiple device functions, or 0000:00:1f for all functions). Use either this or mapping.","description_kind":"plain","optional":true},"mapping":{"type":"string","description":"The resource mapping name of the device, for example gpu. Use either this or id.","description_kind":"plain","optional":true},"mdev":{"type":"string","description":"The the mediated device to use","description_kind":"plain","optional":true},"pcie":{"type":"bool","description":"Tells Proxmox VE to use a PCIe or PCI port. Some guests/device combination require PCIe rather than PCI. PCIe is only available for q35 machine types.","description_kind":"plain","optional":true},"rom_file":{"type":"string","description":"A path to a ROM file for the device to use. This is a relative path under /usr/share/kvm/","description_kind":"plain","optional":true},"rombar":{"type":"bool","description":"Makes the firmware ROM visible for the guest. Default is true","description_kind":"plain","optional":true},"xvga":{"type":"bool","description":"Marks the PCI(e) device as the primary GPU of the VM. With this enabled, the vga configuration argument will be ignored.","description_kind":"plain","optional":true}},"description":"The Host PCI devices mapped to the VM","description_kind":"plain"},"max_items":16},"initialization":{"nesting_mode":"list","block":{"attributes":{"datastore_id":{"type":"string","description":"The datastore id","description_kind":"plain","optional":true},"file_format":{"type":"string","description":"The file format","description_kind":"plain","optional":true,"computed":true},"interface":{"type":"string","description":"The IDE interface on which the CloudInit drive will be added","description_kind":"plain","optional":true},"meta_data_file_id":{"type":"string","description":"The ID of a file containing meta data config","description_kind":"plain","optional":true,"computed":true},"network_data_file_id":{"type":"string","description":"The ID of a file containing network config","description_kind":"plain","optional":true,"computed":true},"type":{"type":"string","description":"The cloud-init configuration format","description_kind":"plain","optional":true,"computed":true},"upgrade":{"type":"bool","description":"Whether to do an automatic package upgrade after the first boot (defaults to `true` in Proxmox). Setting this is only allowed for `root@pam` authenticated user.","description_kind":"plain","optional":true,"computed":true},"user_data_file_id":{"type":"string","description":"The ID of a file containing custom user data","description_kind":"plain","optional":true,"computed":true},"vendor_data_file_id":{"type":"string","description":"The ID of a file containing vendor data","description_kind":"plain","optional":true,"computed":true}},"block_types":{"dns":{"nesting_mode":"list","block":{"attributes":{"domain":{"type":"string","description":"The DNS search domain","description_kind":"plain","optional":true},"servers":{"type":["list","string"],"description":"The list of DNS servers","description_kind":"plain","optional":true}},"description":"The DNS configuration","description_kind":"plain"},"max_items":1},"ip_config":{"nesting_mode":"list","block":{"block_types":{"ipv4":{"nesting_mode":"list","block":{"attributes":{"address":{"type":"string","description":"The IPv4 address","description_kind":"plain","optional":true},"gateway":{"type":"string","description":"The IPv4 gateway","description_kind":"plain","optional":true}},"description":"The IPv4 configuration","description_kind":"plain"},"max_items":1},"ipv6":{"nesting_mode":"list","block":{"attributes":{"address":{"type":"string","description":"The IPv6 address","description_kind":"plain","optional":true},"gateway":{"type":"string","description":"The IPv6 gateway","description_kind":"plain","optional":true}},"description":"The IPv6 configuration","description_kind":"plain"},"max_items":1}},"description":"The IP configuration","description_kind":"plain"},"max_items":32},"user_account":{"nesting_mode":"list","block":{"attributes":{"keys":{"type":["list","string"],"description":"The SSH keys","description_kind":"plain","optional":true},"password":{"type":"string","description":"The SSH password","description_kind":"plain","optional":true,"sensitive":true},"username":{"type":"string","description":"The SSH username","description_kind":"plain","optional":true}},"description":"The user account configuration","description_kind":"plain"},"max_items":1}},"description":"The cloud-init configuration","description_kind":"plain"},"max_items":1},"memory":{"nesting_mode":"list","block":{"attributes":{"dedicated":{"type":"number","description":"The dedicated memory in megabytes","description_kind":"plain","optional":true},"floating":{"type":"number","description":"The floating memory in megabytes (balloon)","description_kind":"plain","optional":true},"hugepages":{"type":"string","description":"Enable/disable hugepages memory","description_kind":"plain","optional":true},"keep_hugepages":{"type":"bool","description":"Hugepages will not be deleted after VM shutdown and can be used for subsequent starts","description_kind":"plain","optional":true},"shared":{"type":"number","description":"The shared memory in megabytes","description_kind":"plain","optional":true}},"description":"The memory allocation","description_kind":"plain"},"max_items":1},"numa":{"nesting_mode":"list","block":{"attributes":{"cpus":{"type":"string","description":"CPUs accessing this NUMA node","description_kind":"plain","required":true},"device":{"type":"string","description":"Numa node device ID","description_kind":"plain","required":true},"hostnodes":{"type":"string","description":"Host NUMA nodes to use","description_kind":"plain","optional":true},"memory":{"type":"number","description":"Amount of memory this NUMA node provides","description_kind":"plain","required":true},"policy":{"type":"string","description":"NUMA policy","description_kind":"plain","optional":true}},"description":"The NUMA topology","description_kind":"plain"}},"operating_system":{"nesting_mode":"list","block":{"attributes":{"type":{"type":"string","description":"The type","description_kind":"plain","optional":true}},"description":"The operating system configuration","description_kind":"plain"},"max_items":1},"rng":{"nesting_mode":"list","block":{"attributes":{"max_bytes":{"type":"number","description":"Maximum bytes of entropy allowed to get injected into the guest every `period` milliseconds. Prefer a lower value when using `/dev/random` as source.","description_kind":"plain","optional":true,"computed":true},"period":{"type":"number","description":"Every `period` milliseconds the entropy-injection quota is reset, allowing the guest to retrieve another `max_bytes` of entropy.","description_kind":"plain","optional":true,"computed":true},"source":{"type":"string","description":"The file on the host to gather entropy from. In most cases, `/dev/urandom` should be preferred over `/dev/random` to avoid entropy-starvation issues on the host.","description_kind":"plain","required":true}},"description":"The RNG configuration","description_kind":"plain"}},"serial_device":{"nesting_mode":"list","block":{"attributes":{"device":{"type":"string","description":"The device","description_kind":"plain","optional":true}},"description":"The serial devices","description_kind":"plain"},"max_items":4},"smbios":{"nesting_mode":"list","block":{"attributes":{"family":{"type":"string","description":"Sets SMBIOS family string","description_kind":"plain","optional":true},"manufacturer":{"type":"string","description":"Sets SMBIOS manufacturer","description_kind":"plain","optional":true},"product":{"type":"string","description":"Sets SMBIOS product ID","description_kind":"plain","optional":true},"serial":{"type":"string","description":"Sets SMBIOS serial number","description_kind":"plain","optional":true},"sku":{"type":"string","description":"Sets SMBIOS SKU","description_kind":"plain","optional":true},"uuid":{"type":"string","description":"Sets SMBIOS UUID","description_kind":"plain","optional":true,"computed":true},"version":{"type":"string","description":"Sets SMBIOS version","description_kind":"plain","optional":true}},"description":"Specifies SMBIOS (type1) settings for the VM","description_kind":"plain"},"max_items":1},"startup":{"nesting_mode":"list","block":{"attributes":{"down_delay":{"type":"number","description":"A non-negative number defining the delay in seconds before the next VM is shut down","description_kind":"plain","optional":true},"order":{"type":"number","description":"A non-negative number defining the general startup order","description_kind":"plain","optional":true},"up_delay":{"type":"number","description":"A non-negative number defining the delay in seconds before the next VM is started","description_kind":"plain","optional":true}},"description":"Defines startup and shutdown behavior of the VM","description_kind":"plain"},"max_items":1},"tpm_state":{"nesting_mode":"list","block":{"attributes":{"datastore_id":{"type":"string","description":"Datastore ID","description_kind":"plain","optional":true},"version":{"type":"string","description":"TPM version","description_kind":"plain","optional":true}},"description":"The tpmstate device","description_kind":"plain"},"max_items":1},"usb":{"nesting_mode":"list","block":{"attributes":{"host":{"type":"string","description":"The USB device ID for Proxmox, in form of '\u003cMANUFACTURER\u003e:\u003cID\u003e'","description_kind":"plain","optional":true},"mapping":{"type":"string","description":"The resource mapping name of the device, for example usbdisk. Use either this or id.","description_kind":"plain","optional":true},"usb3":{"type":"bool","description":"Makes the USB device a USB3 device for the machine. Default is false","description_kind":"plain","optional":true}},"description":"The Host USB devices mapped to the VM","description_kind":"plain"}},"vga":{"nesting_mode":"list","block":{"attributes":{"clipboard":{"type":"string","description":"Enable clipboard support. Set to `vnc` to enable clipboard support for VNC.","description_kind":"plain","optional":true},"memory":{"type":"number","description":"The VGA memory in megabytes (4-512 MB)","description_kind":"plain","optional":true},"type":{"type":"string","description":"The VGA type","description_kind":"plain","optional":true}},"description":"The VGA configuration","description_kind":"plain"},"max_items":1},"virtiofs":{"nesting_mode":"list","block":{"attributes":{"cache":{"type":"string","description":"The caching mode","description_kind":"plain","optional":true},"direct_io":{"type":"bool","description":"Whether to allow direct io","description_kind":"plain","optional":true},"expose_acl":{"type":"bool","description":"Enable POSIX ACLs, implies xattr support","description_kind":"plain","optional":true},"expose_xattr":{"type":"bool","description":"Enable support for extended attributes","description_kind":"plain","optional":true},"mapping":{"type":"string","description":"Directory mapping identifier","description_kind":"plain","required":true}},"description":"Virtiofs share configuration","description_kind":"plain"},"max_items":8},"watchdog":{"nesting_mode":"list","block":{"attributes":{"action":{"type":"string","description":"The watchdog action","description_kind":"plain","optional":true},"enabled":{"type":"bool","description":"Whether the watchdog is enabled","description_kind":"plain","optional":true},"model":{"type":"string","description":"The watchdog model","description_kind":"plain","optional":true}},"description":"The watchdog configuration","description_kind":"plain"},"max_items":1}},"description_kind":"plain"}},"proxmox_virtual_environment_vm2":{"version":0,"block":{"attributes":{"cdrom":{"nested_type":{"attributes":{"file_id":{"type":"string","description":"The file ID of the CD-ROM, or `cdrom|none`. Defaults to `cdrom` (i.e. empty CD-ROM drive — `cdrom` is PVE's literal \"no media inserted\" storage path). Use `none` to leave the CD-ROM unplugged, or a storage path like `local:iso/debian.iso` to insert an image.","description_kind":"markdown","optional":true,"computed":true}},"nesting_mode":"map"},"description":"The CD-ROM configuration. The key is the interface of the CD-ROM, could be one of `ideN`, `sataN`, `scsiN`, where N is the index of the interface. Note that `q35` machine type only supports `ide0` and `ide2` of IDE interfaces.","description_kind":"markdown","optional":true},"cpu":{"nested_type":{"attributes":{"affinity":{"type":"string","description":"The CPU cores that are used to run the VM’s vCPU. The value is a list of CPU IDs, separated by commas. The CPU IDs are zero-based.  For example, `0,1,2,3` (which also can be shortened to `0-3`) means that the VM’s vCPUs are run on the first four CPU cores. Setting `affinity` is only allowed for `root@pam` authenticated user.","description_kind":"markdown","optional":true},"architecture":{"type":"string","description":"The CPU architecture `\u003caarch64 | x86_64\u003e` (defaults to the host). Setting `architecture` is only allowed for `root@pam` authenticated user.","description_kind":"markdown","optional":true},"cores":{"type":"number","description":"The number of CPU cores per socket (PVE defaults to `1` when unset).","description_kind":"markdown","optional":true},"flags":{"type":["set","string"],"description":"Set of additional CPU flags. Use `+FLAG` to enable, `-FLAG` to disable a flag. Custom CPU models can specify any flag supported by QEMU/KVM, VM-specific flags must be from the following set for security reasons: `pcid`, `spec-ctrl`, `ibpb`, `ssbd`, `virt-ssbd`, `amd-ssbd`, `amd-no-ssb`, `pdpe1gb`, `md-clear`, `hv-tlbflush`, `hv-evmcs`, `aes`.","description_kind":"markdown","optional":true},"limit":{"type":"number","description":"Limit of CPU usage. `0` means no limit (PVE default).","description_kind":"markdown","optional":true},"numa":{"type":"bool","description":"Enable NUMA topology emulation. Matches the PVE Processors → **Enable NUMA** checkbox.","description_kind":"markdown","optional":true},"sockets":{"type":"number","description":"The number of CPU sockets (PVE defaults to `1` when unset).","description_kind":"markdown","optional":true},"type":{"type":"string","description":"Emulated CPU type, it's recommended to use `x86-64-v2-AES` or higher. See [the PVE admin guide](https://pve.proxmox.com/pve-docs/pve-admin-guide.html#qm_virtual_machines_settings) for the full list of supported types.","description_kind":"markdown","optional":true},"units":{"type":"number","description":"CPU weight for a VM. Argument is used in the kernel fair scheduler. The larger the number is, the more CPU time this VM gets. Number is relative to weights of all the other running VMs. On cgroup v2 `0` is a valid value meaning disable CPU share weighting.","description_kind":"markdown","optional":true},"vcpus":{"type":"number","description":"Number of vCPUs started with the VM, bounded by `cores * sockets`. Matches the PVE Processors → **VCPUs** field. Leave unset to start with `cores * sockets` vCPUs. Requires PVE hotplug feature enabled to change at runtime.","description_kind":"markdown","optional":true}},"nesting_mode":"single"},"description":"The CPU configuration.","description_kind":"plain","optional":true},"delete_unreferenced_disks_on_destroy":{"type":"bool","description":"Set to true to delete unreferenced disks on destroy (defaults to `true`).","description_kind":"markdown","optional":true,"computed":true},"description":{"type":"string","description":"The description of the VM.","description_kind":"plain","optional":true},"id":{"type":"number","description":"The unique identifier of the VM in the Proxmox cluster.","description_kind":"plain","optional":true,"computed":true},"name":{"type":"string","description":"The name of the VM. Doesn't have to be unique.","description_kind":"markdown","optional":true},"node_name":{"type":"string","description":"The name of the node where the VM is provisioned.","description_kind":"plain","required":true},"purge_on_destroy":{"type":"bool","description":"Set to true to purge the VM from backup configurations on destroy (defaults to `true`).","description_kind":"markdown","optional":true,"computed":true},"rng":{"nested_type":{"attributes":{"max_bytes":{"type":"number","description":"Maximum bytes of entropy allowed to get injected into the guest every period.","description_kind":"markdown","optional":true},"period":{"type":"number","description":"Period in milliseconds to limit entropy injection to the guest.","description_kind":"markdown","optional":true},"source":{"type":"string","description":"The file on the host to gather entropy from. In most cases, `/dev/urandom` should be preferred over `/dev/random` to avoid entropy-starvation issues on the host.","description_kind":"markdown","optional":true}},"nesting_mode":"single"},"description":"Configure the RNG (Random Number Generator) device. The RNG device provides entropy to guests to ensure good quality random numbers for guest applications that require them. Can only be set by `root@pam.` See the [Proxmox documentation](https://pve.proxmox.com/pve-docs/pve-admin-guide.html#qm_virtual_machines_settings) for more information.","description_kind":"markdown","optional":true},"stop_on_destroy":{"type":"bool","description":"Set to true to stop (rather than shutdown) the VM on destroy (defaults to `false`).","description_kind":"markdown","optional":true,"computed":true},"tags":{"type":["set","string"],"description":"The tags assigned to the VM.","description_kind":"plain","optional":true,"computed":true},"template":{"type":"bool","description":"Set to true to create a VM template.","description_kind":"plain","optional":true},"timeouts":{"nested_type":{"attributes":{"create":{"type":"string","description":"A string that can be [parsed as a duration](https://pkg.go.dev/time#ParseDuration) consisting of numbers and unit suffixes, such as \"30s\" or \"2h45m\". Valid time units are \"s\" (seconds), \"m\" (minutes), \"h\" (hours).","description_kind":"plain","optional":true},"delete":{"type":"string","description":"A string that can be [parsed as a duration](https://pkg.go.dev/time#ParseDuration) consisting of numbers and unit suffixes, such as \"30s\" or \"2h45m\". Valid time units are \"s\" (seconds), \"m\" (minutes), \"h\" (hours). Setting a timeout for a Delete operation is only applicable if changes are saved into state before the destroy operation occurs.","description_kind":"plain","optional":true},"read":{"type":"string","description":"A string that can be [parsed as a duration](https://pkg.go.dev/time#ParseDuration) consisting of numbers and unit suffixes, such as \"30s\" or \"2h45m\". Valid time units are \"s\" (seconds), \"m\" (minutes), \"h\" (hours). Read operations occur during any refresh or planning operation when refresh is enabled.","description_kind":"plain","optional":true},"update":{"type":"string","description":"A string that can be [parsed as a duration](https://pkg.go.dev/time#ParseDuration) consisting of numbers and unit suffixes, such as \"30s\" or \"2h45m\". Valid time units are \"s\" (seconds), \"m\" (minutes), \"h\" (hours).","description_kind":"plain","optional":true}},"nesting_mode":"single"},"description_kind":"plain","optional":true},"vga":{"nested_type":{"attributes":{"clipboard":{"type":"string","description":"Enable a specific clipboard. If not set, depending on the display type the SPICE one will be added. Currently only `vnc` is available. Migration with VNC clipboard is not supported by Proxmox.","description_kind":"markdown","optional":true},"memory":{"type":"number","description":"The VGA memory in megabytes (4-512 MB). Has no effect with serial display. ","description_kind":"markdown","optional":true},"type":{"type":"string","description":"The VGA type (defaults to `std`).","description_kind":"markdown","optional":true}},"nesting_mode":"single"},"description":"Configure the VGA Hardware. If you want to use high resolution modes (\u003e= 1280x1024x16) you may need to increase the vga memory option. Since QEMU 2.9 the default VGA display type is `std` for all OS types besides some Windows versions (XP and older) which use `cirrus`. The `qxl` option enables the SPICE display server. For win* OS you can select how many independent displays you want, Linux guests can add displays themself. You can also run without any graphic card, using a serial device as terminal. See the [Proxmox documentation](https://pve.proxmox.com/pve-docs/pve-admin-guide.html#qm_virtual_machines_settings) section 10.2.8 for more information and available configuration parameters.","description_kind":"markdown","optional":true}},"description":"This is an experimental implementation of a Proxmox VM resource using Plugin Framework.\u003cbr\u003e\u003cbr\u003eIt is a Proof of Concept, highly experimental and **will** change in future. It does not support all features of the Proxmox API for VMs and **MUST NOT** be used in production.","description_kind":"markdown","deprecated":true,"deprecation_message":"Use \"proxmox_vm\" instead. This resource / data source will be removed in v1.0."}},"proxmox_vm":{"version":0,"block":{"attributes":{"cdrom":{"nested_type":{"attributes":{"file_id":{"type":"string","description":"The file ID of the CD-ROM, or `cdrom|none`. Defaults to `cdrom` (i.e. empty CD-ROM drive — `cdrom` is PVE's literal \"no media inserted\" storage path). Use `none` to leave the CD-ROM unplugged, or a storage path like `local:iso/debian.iso` to insert an image.","description_kind":"markdown","optional":true,"computed":true}},"nesting_mode":"map"},"description":"The CD-ROM configuration. The key is the interface of the CD-ROM, could be one of `ideN`, `sataN`, `scsiN`, where N is the index of the interface. Note that `q35` machine type only supports `ide0` and `ide2` of IDE interfaces.","description_kind":"markdown","optional":true},"cpu":{"nested_type":{"attributes":{"affinity":{"type":"string","description":"The CPU cores that are used to run the VM’s vCPU. The value is a list of CPU IDs, separated by commas. The CPU IDs are zero-based.  For example, `0,1,2,3` (which also can be shortened to `0-3`) means that the VM’s vCPUs are run on the first four CPU cores. Setting `affinity` is only allowed for `root@pam` authenticated user.","description_kind":"markdown","optional":true},"architecture":{"type":"string","description":"The CPU architecture `\u003caarch64 | x86_64\u003e` (defaults to the host). Setting `architecture` is only allowed for `root@pam` authenticated user.","description_kind":"markdown","optional":true},"cores":{"type":"number","description":"The number of CPU cores per socket (PVE defaults to `1` when unset).","description_kind":"markdown","optional":true},"flags":{"type":["set","string"],"description":"Set of additional CPU flags. Use `+FLAG` to enable, `-FLAG` to disable a flag. Custom CPU models can specify any flag supported by QEMU/KVM, VM-specific flags must be from the following set for security reasons: `pcid`, `spec-ctrl`, `ibpb`, `ssbd`, `virt-ssbd`, `amd-ssbd`, `amd-no-ssb`, `pdpe1gb`, `md-clear`, `hv-tlbflush`, `hv-evmcs`, `aes`.","description_kind":"markdown","optional":true},"limit":{"type":"number","description":"Limit of CPU usage. `0` means no limit (PVE default).","description_kind":"markdown","optional":true},"numa":{"type":"bool","description":"Enable NUMA topology emulation. Matches the PVE Processors → **Enable NUMA** checkbox.","description_kind":"markdown","optional":true},"sockets":{"type":"number","description":"The number of CPU sockets (PVE defaults to `1` when unset).","description_kind":"markdown","optional":true},"type":{"type":"string","description":"Emulated CPU type, it's recommended to use `x86-64-v2-AES` or higher. See [the PVE admin guide](https://pve.proxmox.com/pve-docs/pve-admin-guide.html#qm_virtual_machines_settings) for the full list of supported types.","description_kind":"markdown","optional":true},"units":{"type":"number","description":"CPU weight for a VM. Argument is used in the kernel fair scheduler. The larger the number is, the more CPU time this VM gets. Number is relative to weights of all the other running VMs. On cgroup v2 `0` is a valid value meaning disable CPU share weighting.","description_kind":"markdown","optional":true},"vcpus":{"type":"number","description":"Number of vCPUs started with the VM, bounded by `cores * sockets`. Matches the PVE Processors → **VCPUs** field. Leave unset to start with `cores * sockets` vCPUs. Requires PVE hotplug feature enabled to change at runtime.","description_kind":"markdown","optional":true}},"nesting_mode":"single"},"description":"The CPU configuration.","description_kind":"plain","optional":true},"delete_unreferenced_disks_on_destroy":{"type":"bool","description":"Set to true to delete unreferenced disks on destroy (defaults to `true`).","description_kind":"markdown","optional":true,"computed":true},"description":{"type":"string","description":"The description of the VM.","description_kind":"plain","optional":true},"id":{"type":"number","description":"The unique identifier of the VM in the Proxmox cluster.","description_kind":"plain","optional":true,"computed":true},"name":{"type":"string","description":"The name of the VM. Doesn't have to be unique.","description_kind":"markdown","optional":true},"node_name":{"type":"string","description":"The name of the node where the VM is provisioned.","description_kind":"plain","required":true},"purge_on_destroy":{"type":"bool","description":"Set to true to purge the VM from backup configurations on destroy (defaults to `true`).","description_kind":"markdown","optional":true,"computed":true},"rng":{"nested_type":{"attributes":{"max_bytes":{"type":"number","description":"Maximum bytes of entropy allowed to get injected into the guest every period.","description_kind":"markdown","optional":true},"period":{"type":"number","description":"Period in milliseconds to limit entropy injection to the guest.","description_kind":"markdown","optional":true},"source":{"type":"string","description":"The file on the host to gather entropy from. In most cases, `/dev/urandom` should be preferred over `/dev/random` to avoid entropy-starvation issues on the host.","description_kind":"markdown","optional":true}},"nesting_mode":"single"},"description":"Configure the RNG (Random Number Generator) device. The RNG device provides entropy to guests to ensure good quality random numbers for guest applications that require them. Can only be set by `root@pam.` See the [Proxmox documentation](https://pve.proxmox.com/pve-docs/pve-admin-guide.html#qm_virtual_machines_settings) for more information.","description_kind":"markdown","optional":true},"stop_on_destroy":{"type":"bool","description":"Set to true to stop (rather than shutdown) the VM on destroy (defaults to `false`).","description_kind":"markdown","optional":true,"computed":true},"tags":{"type":["set","string"],"description":"The tags assigned to the VM.","description_kind":"plain","optional":true,"computed":true},"template":{"type":"bool","description":"Set to true to create a VM template.","description_kind":"plain","optional":true},"timeouts":{"nested_type":{"attributes":{"create":{"type":"string","description":"A string that can be [parsed as a duration](https://pkg.go.dev/time#ParseDuration) consisting of numbers and unit suffixes, such as \"30s\" or \"2h45m\". Valid time units are \"s\" (seconds), \"m\" (minutes), \"h\" (hours).","description_kind":"plain","optional":true},"delete":{"type":"string","description":"A string that can be [parsed as a duration](https://pkg.go.dev/time#ParseDuration) consisting of numbers and unit suffixes, such as \"30s\" or \"2h45m\". Valid time units are \"s\" (seconds), \"m\" (minutes), \"h\" (hours). Setting a timeout for a Delete operation is only applicable if changes are saved into state before the destroy operation occurs.","description_kind":"plain","optional":true},"read":{"type":"string","description":"A string that can be [parsed as a duration](https://pkg.go.dev/time#ParseDuration) consisting of numbers and unit suffixes, such as \"30s\" or \"2h45m\". Valid time units are \"s\" (seconds), \"m\" (minutes), \"h\" (hours). Read operations occur during any refresh or planning operation when refresh is enabled.","description_kind":"plain","optional":true},"update":{"type":"string","description":"A string that can be [parsed as a duration](https://pkg.go.dev/time#ParseDuration) consisting of numbers and unit suffixes, such as \"30s\" or \"2h45m\". Valid time units are \"s\" (seconds), \"m\" (minutes), \"h\" (hours).","description_kind":"plain","optional":true}},"nesting_mode":"single"},"description_kind":"plain","optional":true},"vga":{"nested_type":{"attributes":{"clipboard":{"type":"string","description":"Enable a specific clipboard. If not set, depending on the display type the SPICE one will be added. Currently only `vnc` is available. Migration with VNC clipboard is not supported by Proxmox.","description_kind":"markdown","optional":true},"memory":{"type":"number","description":"The VGA memory in megabytes (4-512 MB). Has no effect with serial display. ","description_kind":"markdown","optional":true},"type":{"type":"string","description":"The VGA type (defaults to `std`).","description_kind":"markdown","optional":true}},"nesting_mode":"single"},"description":"Configure the VGA Hardware. If you want to use high resolution modes (\u003e= 1280x1024x16) you may need to increase the vga memory option. Since QEMU 2.9 the default VGA display type is `std` for all OS types besides some Windows versions (XP and older) which use `cirrus`. The `qxl` option enables the SPICE display server. For win* OS you can select how many independent displays you want, Linux guests can add displays themself. You can also run without any graphic card, using a serial device as terminal. See the [Proxmox documentation](https://pve.proxmox.com/pve-docs/pve-admin-guide.html#qm_virtual_machines_settings) section 10.2.8 for more information and available configuration parameters.","description_kind":"markdown","optional":true}},"description":"This is an experimental implementation of a Proxmox VM resource using Plugin Framework.\u003cbr\u003e\u003cbr\u003eIt is a Proof of Concept, highly experimental and **will** change in future. It does not support all features of the Proxmox API for VMs and **MUST NOT** be used in production.","description_kind":"markdown"}}},"data_source_schemas":{"proxmox_acme_account":{"version":0,"block":{"attributes":{"account":{"nested_type":{"attributes":{"contact":{"type":["list","string"],"description":"An array of contact email addresses.","description_kind":"plain","computed":true},"created_at":{"type":"string","description":"The timestamp of the account creation.","description_kind":"plain","computed":true},"status":{"type":"string","description":"The status of the account. Can be one of `valid`, `deactivated` or `revoked`.","description_kind":"markdown","computed":true}},"nesting_mode":"single"},"description":"The ACME account information.","description_kind":"plain","computed":true},"directory":{"type":"string","description":"The directory URL of the ACME account.","description_kind":"plain","computed":true},"location":{"type":"string","description":"The location URL of the ACME account.","description_kind":"plain","computed":true},"name":{"type":"string","description":"The identifier of the ACME account to read.","description_kind":"plain","optional":true},"tos":{"type":"string","description":"The URL of the terms of service of the ACME account.","description_kind":"plain","computed":true}},"description":"Retrieves information about a specific ACME account.","description_kind":"plain"}},"proxmox_acme_accounts":{"version":0,"block":{"attributes":{"accounts":{"type":["set","string"],"description":"The identifiers of the ACME accounts.","description_kind":"plain","computed":true}},"description":"Retrieves the list of ACME accounts.","description_kind":"plain"}},"proxmox_acme_plugin":{"version":0,"block":{"attributes":{"api":{"type":"string","description":"API plugin name.","description_kind":"plain","computed":true},"data":{"type":["map","string"],"description":"DNS plugin data.","description_kind":"plain","computed":true},"digest":{"type":"string","description":"Prevent changes if current configuration file has a different digest. This can be used to prevent concurrent modifications.","description_kind":"plain","computed":true},"plugin":{"type":"string","description":"ACME Plugin ID name.","description_kind":"plain","required":true},"type":{"type":"string","description":"ACME challenge type (dns, standalone).","description_kind":"plain","computed":true},"validation_delay":{"type":"number","description":"Extra delay in seconds to wait before requesting validation. Allows to cope with a long TTL of DNS records (0 - 172800).","description_kind":"plain","computed":true}},"description":"Retrieves a single ACME plugin by plugin ID name.","description_kind":"plain"}},"proxmox_acme_plugins":{"version":0,"block":{"attributes":{"plugins":{"nested_type":{"attributes":{"api":{"type":"string","description":"API plugin name.","description_kind":"plain","computed":true},"data":{"type":["map","string"],"description":"DNS plugin data.","description_kind":"plain","computed":true},"digest":{"type":"string","description":"Prevent changes if current configuration file has a different digest. This can be used to prevent concurrent modifications.","description_kind":"plain","computed":true},"plugin":{"type":"string","description":"ACME Plugin ID name.","description_kind":"plain","computed":true},"type":{"type":"string","description":"ACME challenge type (dns, standalone).","description_kind":"plain","computed":true},"validation_delay":{"type":"number","description":"Extra delay in seconds to wait before requesting validation. Allows to cope with a long TTL of DNS records (0 - 172800).","description_kind":"plain","computed":true}},"nesting_mode":"list"},"description":"List of ACME plugins","description_kind":"plain","computed":true}},"description":"Retrieves the list of ACME plugins.","description_kind":"plain"}},"proxmox_apt_repository":{"version":0,"block":{"attributes":{"comment":{"type":"string","description":"The associated comment.","description_kind":"plain","computed":true},"components":{"type":["list","string"],"description":"The list of components.","description_kind":"plain","computed":true},"enabled":{"type":"bool","description":"Indicates the activation status.","description_kind":"plain","computed":true},"file_path":{"type":"string","description":"The absolute path of the source list file that contains this repository.","description_kind":"plain","required":true},"file_type":{"type":"string","description":"The format of the defining source list file.","description_kind":"plain","computed":true},"id":{"type":"string","description":"The unique identifier of this APT repository data source.","description_kind":"plain","computed":true},"index":{"type":"number","description":"The index within the defining source list file.","description_kind":"plain","required":true},"node":{"type":"string","description":"The name of the target Proxmox VE node.","description_kind":"plain","required":true},"package_types":{"type":["list","string"],"description":"The list of package types.","description_kind":"plain","computed":true},"suites":{"type":["list","string"],"description":"The list of package distributions.","description_kind":"plain","computed":true},"uris":{"type":["list","string"],"description":"The list of repository URIs.","description_kind":"plain","computed":true}},"description":"Retrieves an APT repository from a Proxmox VE cluster.","description_kind":"plain"}},"proxmox_apt_standard_repository":{"version":0,"block":{"attributes":{"description":{"type":"string","description":"The description of the APT standard repository.","description_kind":"plain","computed":true},"file_path":{"type":"string","description":"The absolute path of the source list file that contains this standard repository.","description_kind":"plain","computed":true},"handle":{"type":"string","description":"The handle of the APT standard repository.","description_kind":"plain","required":true},"id":{"type":"string","description":"The unique identifier of this APT standard repository data source.","description_kind":"plain","computed":true},"index":{"type":"number","description":"The index within the defining source list file.","description_kind":"plain","computed":true},"name":{"type":"string","description":"The name of the APT standard repository.","description_kind":"plain","computed":true},"node":{"type":"string","description":"The name of the target Proxmox VE node.","description_kind":"plain","required":true},"status":{"type":"number","description":"Indicates the activation status.","description_kind":"plain","computed":true}},"description":"Retrieves an APT standard repository from a Proxmox VE cluster.","description_kind":"plain"}},"proxmox_backup_jobs":{"version":0,"block":{"attributes":{"id":{"type":"string","description":"Unique identifier for this data source.","description_kind":"plain","computed":true},"jobs":{"nested_type":{"attributes":{"all":{"type":"bool","description":"Indicates whether all VMs and CTs are backed up.","description_kind":"plain","computed":true},"compress":{"type":"string","description":"Compression algorithm used for the backup.","description_kind":"plain","computed":true},"enabled":{"type":"bool","description":"Indicates whether the backup job is enabled.","description_kind":"plain","computed":true},"exclude":{"type":["list","string"],"description":"List of guest VM/CT IDs excluded from the backup.","description_kind":"plain","computed":true},"id":{"type":"string","description":"Unique identifier of the backup job.","description_kind":"plain","computed":true},"mailnotification":{"type":"string","description":"When to send email notifications (`always` or `failure`). Ignored by Proxmox VE unless `mailto` is set or the job uses the `legacy-sendmail` notification mode.","description_kind":"plain","computed":true},"mailto":{"type":["list","string"],"description":"List of email addresses for notifications.","description_kind":"plain","computed":true},"mode":{"type":"string","description":"Backup mode (e.g. snapshot, suspend, stop).","description_kind":"plain","computed":true},"node":{"type":"string","description":"Node on which the backup job runs.","description_kind":"plain","computed":true},"notes_template":{"type":"string","description":"Template for backup notes.","description_kind":"plain","computed":true},"pool":{"type":"string","description":"Pool whose members are backed up.","description_kind":"plain","computed":true},"protected":{"type":"bool","description":"Indicates whether backups created by this job are protected from pruning.","description_kind":"plain","computed":true},"prune_backups":{"type":["map","string"],"description":"Retention options as a map of keep policies (e.g. keep-last = \"3\", keep-weekly = \"2\").","description_kind":"plain","computed":true},"schedule":{"type":"string","description":"Backup schedule in systemd calendar format.","description_kind":"plain","computed":true},"storage":{"type":"string","description":"Target storage for the backup.","description_kind":"plain","computed":true},"vmid":{"type":["list","string"],"description":"List of VM/CT IDs included in the backup job.","description_kind":"plain","computed":true}},"nesting_mode":"list"},"description":"List of backup jobs.","description_kind":"plain","computed":true}},"description":"Retrieves the list of cluster-wide backup jobs.","description_kind":"plain"}},"proxmox_ceph_status":{"version":0,"block":{"attributes":{"fsid":{"type":"string","description":"Ceph cluster UUID.","description_kind":"plain","computed":true},"health_status":{"type":"string","description":"Overall cluster health: `HEALTH_OK`, `HEALTH_WARN`, or `HEALTH_ERR`.","description_kind":"plain","computed":true},"id":{"type":"string","description":"The Ceph cluster `fsid`.","description_kind":"plain","computed":true},"node_name":{"type":"string","description":"Optional node name. When set, the data source queries the per-node endpoint; when omitted, it queries the cluster-wide endpoint.","description_kind":"plain","optional":true},"quorum_names":{"type":["list","string"],"description":"Monitor names currently participating in the quorum.","description_kind":"plain","computed":true}},"description":"Retrieves Ceph status from Proxmox. Queries the per-node endpoint when `node_name` is set, otherwise the cluster-wide endpoint.","description_kind":"plain"}},"proxmox_datastores":{"version":0,"block":{"attributes":{"datastores":{"nested_type":{"attributes":{"active":{"type":"bool","description":"Whether the store is active.","description_kind":"plain","optional":true},"content_types":{"type":["set","string"],"description":"Allowed store content types.","description_kind":"plain","computed":true},"enabled":{"type":"bool","description":"Whether the store is enabled.","description_kind":"plain","optional":true},"id":{"type":"string","description":"The ID of the store.","description_kind":"plain","required":true},"node_name":{"type":"string","description":"The name of the node the store is on.","description_kind":"plain","required":true},"shared":{"type":"bool","description":"Shared flag from store configuration.","description_kind":"plain","optional":true},"space_available":{"type":"number","description":"Available store space in bytes.","description_kind":"plain","optional":true},"space_total":{"type":"number","description":"Total store space in bytes.","description_kind":"plain","optional":true},"space_used":{"type":"number","description":"Used store space in bytes.","description_kind":"plain","optional":true},"space_used_fraction":{"type":"number","description":"Used fraction (used/total).","description_kind":"plain","optional":true},"type":{"type":"string","description":"Store type.","description_kind":"plain","required":true}},"nesting_mode":"list"},"description":"The list of datastores.","description_kind":"plain","optional":true},"filters":{"nested_type":{"attributes":{"content_types":{"type":["set","string"],"description":"Only list stores with the given content types.","description_kind":"plain","optional":true},"id":{"type":"string","description":"Only list stores with the given ID.","description_kind":"plain","optional":true},"target":{"type":"string","description":"If `target` is different to `node_name`, then only lists shared stores which content is accessible on this node and the specified `target` node.","description_kind":"plain","optional":true}},"nesting_mode":"single"},"description":"The filters to apply to the stores.","description_kind":"plain","optional":true},"node_name":{"type":"string","description":"The name of the node to retrieve the stores from.","description_kind":"plain","required":true}},"description":"Retrieves information about all the datastores available to a specific node.","description_kind":"plain"}},"proxmox_file":{"version":0,"block":{"attributes":{"content_type":{"type":"string","description":"The content type of the file.","description_kind":"plain","required":true},"datastore_id":{"type":"string","description":"The identifier of the datastore.","description_kind":"plain","required":true},"file_format":{"type":"string","description":"The format of the file.","description_kind":"plain","computed":true},"file_name":{"type":"string","description":"The name of the file.","description_kind":"plain","required":true},"file_size":{"type":"number","description":"The size of the file in bytes.","description_kind":"plain","computed":true},"id":{"type":"string","description":"The unique identifier of the file (volume ID).","description_kind":"plain","computed":true},"node_name":{"type":"string","description":"The name of the node.","description_kind":"plain","required":true},"vmid":{"type":"number","description":"The VM ID associated with the file (if applicable).","description_kind":"plain","computed":true}},"description":"Retrieves information about an existing file in a Proxmox Virtual Environment node.","description_kind":"plain"}},"proxmox_files":{"version":0,"block":{"attributes":{"content_type":{"type":"string","description":"The content type to filter by. When set, only files of this type are returned. Valid values are `backup`, `images`, `import`, `iso`, `rootdir`, `snippets`, `vztmpl`.","description_kind":"plain","optional":true},"datastore_id":{"type":"string","description":"The identifier of the datastore.","description_kind":"plain","required":true},"file_name_regex":{"type":"string","description":"A regular expression to filter files by name. When set, only files whose name matches the expression are returned.","description_kind":"plain","optional":true},"files":{"nested_type":{"attributes":{"content_type":{"type":"string","description":"The content type of the file.","description_kind":"plain","computed":true},"file_format":{"type":"string","description":"The format of the file.","description_kind":"plain","computed":true},"file_name":{"type":"string","description":"The name of the file.","description_kind":"plain","computed":true},"file_size":{"type":"number","description":"The size of the file in bytes.","description_kind":"plain","computed":true},"id":{"type":"string","description":"The unique identifier of the file (volume ID), e.g. `local:iso/ubuntu.iso`.","description_kind":"plain","computed":true},"vmid":{"type":"number","description":"The VM ID associated with the file, if applicable.","description_kind":"plain","computed":true}},"nesting_mode":"list"},"description":"The list of files in the datastore.","description_kind":"plain","computed":true},"node_name":{"type":"string","description":"The name of the node.","description_kind":"plain","required":true}},"description":"Retrieves a list of files available in a datastore on a specific Proxmox VE node.","description_kind":"plain"}},"proxmox_hagroup":{"version":0,"block":{"attributes":{"comment":{"type":"string","description":"The comment associated with this group","description_kind":"plain","computed":true},"group":{"type":"string","description":"The identifier of the High Availability group to read.","description_kind":"plain","required":true},"id":{"type":"string","description":"The unique identifier of this resource.","description_kind":"plain","computed":true},"no_failback":{"type":"bool","description":"A flag that indicates that failing back to a higher priority node is disabled for this HA group.","description_kind":"plain","computed":true},"nodes":{"type":["map","number"],"description":"The member nodes for this group. They are provided as a map, where the keys are the node names and the values represent their priority: integers for known priorities or `null` for unset priorities.","description_kind":"plain","computed":true},"restricted":{"type":"bool","description":"A flag that indicates that other nodes may not be used to run resources associated to this HA group.","description_kind":"plain","computed":true}},"description":"Retrieves information about a specific High Availability group.","description_kind":"plain"}},"proxmox_hagroups":{"version":0,"block":{"attributes":{"group_ids":{"type":["set","string"],"description":"The identifiers of the High Availability groups.","description_kind":"plain","computed":true},"id":{"type":"string","description":"The unique identifier of this resource.","description_kind":"plain","computed":true}},"description":"Retrieves the list of High Availability groups.","description_kind":"plain"}},"proxmox_hardware_mapping_dir":{"version":0,"block":{"attributes":{"comment":{"type":"string","description":"The comment of this directory mapping.","description_kind":"plain","computed":true},"id":{"type":"string","description":"The unique identifier of this directory mapping data source.","description_kind":"plain","computed":true},"map":{"nested_type":{"attributes":{"node":{"type":"string","description":"The node name attribute of the map.","description_kind":"plain","computed":true},"path":{"type":"string","description":"The path attribute of the map.","description_kind":"plain","computed":true}},"nesting_mode":"set"},"description":"The actual map of devices for the directory mapping.","description_kind":"plain","computed":true},"name":{"type":"string","description":"The name of this directory mapping.","description_kind":"plain","required":true}},"description":"Retrieves a directory mapping from a Proxmox VE cluster.","description_kind":"plain"}},"proxmox_hardware_mapping_pci":{"version":0,"block":{"attributes":{"comment":{"type":"string","description":"The comment of this PCI hardware mapping.","description_kind":"plain","computed":true},"id":{"type":"string","description":"The unique identifier of this PCI hardware mapping data source.","description_kind":"plain","computed":true},"map":{"nested_type":{"attributes":{"comment":{"type":"string","description":"The comment of the mapped PCI device.","description_kind":"plain","computed":true},"id":{"type":"string","description":"The ID attribute of the map.","description_kind":"plain","computed":true},"iommu_group":{"type":"number","description":"The IOMMU group attribute of the map.","description_kind":"plain","computed":true},"node":{"type":"string","description":"The node name attribute of the map.","description_kind":"plain","computed":true},"path":{"type":"string","description":"The path attribute of the map.","description_kind":"plain","computed":true},"subsystem_id":{"type":"string","description":"The subsystem ID attribute of the map. While not mandatory for the Proxmox VE API call, omitting this attribute will result in an incomplete PCI hardware mapping.","description_kind":"plain","computed":true}},"nesting_mode":"set"},"description":"The actual map of devices for the hardware mapping.","description_kind":"plain","computed":true},"mediated_devices":{"type":"bool","description":"Indicates whether to use with mediated devices.","description_kind":"plain","computed":true},"name":{"type":"string","description":"The name of this PCI hardware mapping.","description_kind":"plain","required":true}},"description":"Retrieves a PCI hardware mapping from a Proxmox VE cluster.","description_kind":"plain"}},"proxmox_hardware_mapping_usb":{"version":0,"block":{"attributes":{"comment":{"type":"string","description":"The comment of this USB hardware mapping.","description_kind":"plain","computed":true},"id":{"type":"string","description":"The unique identifier of this USB hardware mapping data source.","description_kind":"plain","computed":true},"map":{"nested_type":{"attributes":{"comment":{"type":"string","description":"The comment of the mapped USB device.","description_kind":"plain","computed":true},"id":{"type":"string","description":"The ID attribute of the map.","description_kind":"plain","computed":true},"node":{"type":"string","description":"The node name attribute of the map.","description_kind":"plain","computed":true},"path":{"type":"string","description":"The path attribute of the map.","description_kind":"plain","computed":true}},"nesting_mode":"set"},"description":"The actual map of devices for the hardware mapping.","description_kind":"plain","computed":true},"name":{"type":"string","description":"The name of this USB hardware mapping.","description_kind":"plain","required":true}},"description":"Retrieves a USB hardware mapping from a Proxmox VE cluster.","description_kind":"plain"}},"proxmox_hardware_mappings":{"version":0,"block":{"attributes":{"check_node":{"type":"string","description":"The name of the node whose configurations should be checked for correctness.","description_kind":"plain","optional":true},"checks":{"nested_type":{"attributes":{"mapping_id":{"type":"string","description":"The corresponding hardware mapping ID of the node check diagnostic entry.","description_kind":"plain","computed":true},"message":{"type":"string","description":"The message of the node check diagnostic entry.","description_kind":"plain","computed":true},"severity":{"type":"string","description":"The severity of the node check diagnostic entry.","description_kind":"plain","computed":true}},"nesting_mode":"list"},"description":"Might contain relevant diagnostics about incorrect configurations.","description_kind":"plain","computed":true},"id":{"type":"string","description":"The unique identifier of this hardware mappings data source.","description_kind":"plain","computed":true},"ids":{"type":["set","string"],"description":"The identifiers of the hardware mappings.","description_kind":"plain","computed":true},"type":{"type":"string","description":"The type of the hardware mappings.","description_kind":"plain","required":true}},"description":"Retrieves a list of hardware mapping resources.","description_kind":"plain"}},"proxmox_hardware_pci":{"version":0,"block":{"attributes":{"devices":{"nested_type":{"attributes":{"class":{"type":"string","description":"The PCI class code (hex, e.g. `0x030000`).","description_kind":"plain","computed":true},"device":{"type":"string","description":"The PCI device ID (hex, e.g. `0x5916`).","description_kind":"plain","computed":true},"device_name":{"type":"string","description":"The human-readable device name.","description_kind":"plain","computed":true},"id":{"type":"string","description":"The PCI address in `domain:bus:device.function` format (e.g. `0000:00:02.0`).","description_kind":"plain","computed":true},"iommu_group":{"type":"number","description":"The IOMMU group number. `-1` indicates that the device is not in an IOMMU group.","description_kind":"plain","computed":true},"mdev":{"type":"bool","description":"Whether the device supports mediated devices (vGPU).","description_kind":"plain","computed":true},"subsystem_device":{"type":"string","description":"The PCI subsystem device ID (hex).","description_kind":"plain","computed":true},"subsystem_device_name":{"type":"string","description":"The human-readable subsystem device name.","description_kind":"plain","computed":true},"subsystem_vendor":{"type":"string","description":"The PCI subsystem vendor ID (hex).","description_kind":"plain","computed":true},"subsystem_vendor_name":{"type":"string","description":"The human-readable subsystem vendor name.","description_kind":"plain","computed":true},"vendor":{"type":"string","description":"The PCI vendor ID (hex, e.g. `0x8086`).","description_kind":"plain","computed":true},"vendor_name":{"type":"string","description":"The human-readable vendor name (e.g. `Intel Corporation`).","description_kind":"plain","computed":true}},"nesting_mode":"list"},"description":"The list of PCI devices.","description_kind":"plain","computed":true},"filters":{"nested_type":{"attributes":{"class":{"type":"string","description":"Filter by PCI class code prefix (e.g. `03` to match all display controllers). The `0x` prefix in class codes is stripped before matching.","description_kind":"plain","optional":true},"device_id":{"type":"string","description":"Filter by device ID prefix. The `0x` prefix in device IDs is stripped before matching.","description_kind":"plain","optional":true},"id":{"type":"string","description":"Filter by PCI address prefix (e.g. `0000:01` to match all devices on bus 01).","description_kind":"plain","optional":true},"vendor_id":{"type":"string","description":"Filter by vendor ID prefix (e.g. `8086` for Intel devices). The `0x` prefix in vendor IDs is stripped before matching.","description_kind":"plain","optional":true}},"nesting_mode":"single"},"description":"Client-side filters for narrowing down results. All filters use prefix matching.","description_kind":"plain","optional":true},"node_name":{"type":"string","description":"The name of the node to list PCI devices from.","description_kind":"plain","required":true},"pci_class_blacklist":{"type":["list","string"],"description":"A list of PCI class IDs (hex prefixes) to exclude from the results. If not set, the Proxmox default blacklist is used which filters out memory controllers (05), bridges (06), and processors (0b). Set to an empty list to return all devices.","description_kind":"plain","optional":true}},"description":"Retrieves the list of PCI devices present on a specific Proxmox VE node. This is useful for discovering PCI devices available for passthrough or for configuring [hardware mappings](https://registry.terraform.io/providers/bpg/proxmox/latest/docs/resources/hardware_mapping_pci).","description_kind":"markdown"}},"proxmox_haresource":{"version":0,"block":{"attributes":{"comment":{"type":"string","description":"The comment associated with this resource.","description_kind":"plain","computed":true},"failback":{"type":"bool","description":"Automatic failback to the preferred node when it becomes available again (PVE 9+).","description_kind":"plain","computed":true},"group":{"type":"string","description":"The identifier of the High Availability group this resource is a member of.","description_kind":"plain","computed":true},"id":{"type":"string","description":"The unique identifier of this resource.","description_kind":"plain","computed":true},"max_relocate":{"type":"number","description":"The maximal number of relocation attempts.","description_kind":"plain","computed":true},"max_restart":{"type":"number","description":"The maximal number of restart attempts.","description_kind":"plain","computed":true},"resource_id":{"type":"string","description":"The identifier of the Proxmox HA resource to read.","description_kind":"plain","required":true},"state":{"type":"string","description":"The desired state of the resource.","description_kind":"plain","computed":true},"type":{"type":"string","description":"The type of High Availability resource (`vm` or `ct`).","description_kind":"plain","computed":true}},"description":"Retrieves information about a specific High Availability resource.","description_kind":"plain"}},"proxmox_haresources":{"version":0,"block":{"attributes":{"id":{"type":"string","description":"The unique identifier of this resource.","description_kind":"plain","computed":true},"resource_ids":{"type":["set","string"],"description":"The identifiers of the High Availability resources.","description_kind":"plain","computed":true},"type":{"type":"string","description":"The type of High Availability resources to fetch (`vm` or `ct`). All resources will be fetched if this option is unset.","description_kind":"plain","optional":true}},"description":"Retrieves the list of High Availability resources.","description_kind":"plain"}},"proxmox_metrics_server":{"version":0,"block":{"attributes":{"disable":{"type":"bool","description":"Indicates if the metric server is disabled.","description_kind":"plain","computed":true},"id":{"type":"string","description":"The unique identifier of this resource.","description_kind":"plain","computed":true},"name":{"type":"string","description":"Unique name that will be ID of this metric server in PVE.","description_kind":"plain","required":true},"opentelemetry_compression":{"type":"string","description":"OpenTelemetry compression algorithm for requests.","description_kind":"plain","computed":true},"opentelemetry_headers":{"type":"string","description":"OpenTelemetry custom HTTP headers as JSON, base64 encoded.","description_kind":"plain","computed":true,"sensitive":true},"opentelemetry_max_body_size":{"type":"number","description":"OpenTelemetry maximum request body size in bytes.","description_kind":"plain","computed":true},"opentelemetry_path":{"type":"string","description":"OpenTelemetry endpoint path (e.g., `/v1/metrics`).","description_kind":"plain","computed":true},"opentelemetry_proto":{"type":"string","description":"Protocol for OpenTelemetry. Choice is between `http` | `https`.","description_kind":"plain","computed":true},"opentelemetry_resource_attributes":{"type":"string","description":"OpenTelemetry additional resource attributes as JSON, base64 encoded.","description_kind":"plain","computed":true},"opentelemetry_timeout":{"type":"number","description":"OpenTelemetry HTTP request timeout in seconds.","description_kind":"plain","computed":true},"opentelemetry_verify_ssl":{"type":"bool","description":"OpenTelemetry verify SSL certificates.","description_kind":"plain","computed":true},"port":{"type":"number","description":"Server network port.","description_kind":"plain","computed":true},"server":{"type":"string","description":"Server dns name or IP address.","description_kind":"plain","computed":true},"type":{"type":"string","description":"Plugin type. Either `graphite`, `influxdb`, or `opentelemetry`.","description_kind":"plain","computed":true}},"description":"Retrieves information about a specific PVE metric server.","description_kind":"plain"}},"proxmox_node_config":{"version":0,"block":{"attributes":{"description":{"type":"string","description":"Description of the node. Shown in the web-interface node notes panel.","description_kind":"plain","computed":true},"id":{"type":"string","description":"The ID of this resource.","description_kind":"plain","computed":true},"node_name":{"type":"string","description":"The name of the node.","description_kind":"plain","required":true}},"description":"Retrieves configuration of a Proxmox VE node.","description_kind":"plain"}},"proxmox_replication":{"version":0,"block":{"attributes":{"comment":{"type":"string","description":"Description.","description_kind":"plain","computed":true},"disable":{"type":"bool","description":"Flag to disable/deactivate this replication.","description_kind":"plain","computed":true},"guest":{"type":"number","description":"Guest ID.","description_kind":"plain","computed":true},"id":{"type":"string","description":"Replication Job ID. The ID is composed of a Guest ID and a job number, separated by a hyphen, i.e. '\u003cGUEST\u003e-\u003cJOBNUM\u003e'.","description_kind":"plain","required":true},"jobnum":{"type":"number","description":"Unique, sequential ID assigned to each job.","description_kind":"plain","computed":true},"rate":{"type":"number","description":"Rate limit in mbps (megabytes per second) as floating point number.","description_kind":"plain","computed":true},"schedule":{"type":"string","description":"Storage replication schedule. The format is a subset of `systemd` calendar events. Defaults to */15","description_kind":"plain","computed":true},"source":{"type":"string","description":"For internal use, to detect if the guest was stolen.","description_kind":"plain","computed":true},"target":{"type":"string","description":"Target node.","description_kind":"plain","computed":true},"type":{"type":"string","description":"Section type.","description_kind":"plain","computed":true}},"description":"Retrieves information about an existing Replication.","description_kind":"plain"}},"proxmox_replications":{"version":0,"block":{"attributes":{"replications":{"type":["list",["object",{"comment":"string","disable":"bool","guest":"number","id":"string","jobnum":"number","rate":"number","remove_job":"string","schedule":"string","source":"string","target":"string","type":"string"}]],"description":"List of Replications.","description_kind":"plain","computed":true}},"description":"Retrieves information about all Replications in Proxmox.","description_kind":"markdown"}},"proxmox_sdn_controller_evpn":{"version":0,"block":{"attributes":{"asn":{"type":"number","description":"Autonomous System Number for the EVPN controller.","description_kind":"plain","computed":true},"digest":{"type":"string","description":"Digest of the controller section.","description_kind":"plain","computed":true},"fabric":{"type":"string","description":"ID of the fabric this EVPN controller belongs to.","description_kind":"plain","computed":true},"id":{"type":"string","description":"The unique identifier of the SDN controller","description_kind":"plain","required":true},"peers":{"type":["set","string"],"description":"Set of BGP peer IP addresses for the EVPN controller.","description_kind":"plain","computed":true}},"description":"The EVPN zone requires an external controller to manage the control plane. The EVPN controller plugin configures the Free Range Routing (frr) router.","description_kind":"markdown"}},"proxmox_sdn_fabric_node_openfabric":{"version":0,"block":{"attributes":{"fabric_id":{"type":"string","description":"The unique identifier of the SDN fabric.","description_kind":"plain","required":true},"id":{"type":"string","description":"The unique identifier of the SDN fabric node, in the format \u003cfabric_id\u003e/\u003cnode_id\u003e.","description_kind":"plain","computed":true},"interface_names":{"type":["set","string"],"description":"Set of interface names associated with the fabric node.","description_kind":"plain","computed":true},"ip":{"type":"string","description":"IPv4 address for the fabric node.","description_kind":"plain","computed":true},"ip6":{"type":"string","description":"IPv6 address for the fabric node.","description_kind":"plain","computed":true},"node_id":{"type":"string","description":"The unique identifier of the SDN fabric node.","description_kind":"plain","required":true}},"description":"OpenFabric Fabric Node in Proxmox SDN. Fabrics in Proxmox VE SDN provide automated routing between nodes in a cluster.","description_kind":"markdown"}},"proxmox_sdn_fabric_node_ospf":{"version":0,"block":{"attributes":{"fabric_id":{"type":"string","description":"The unique identifier of the SDN fabric.","description_kind":"plain","required":true},"id":{"type":"string","description":"The unique identifier of the SDN fabric node, in the format \u003cfabric_id\u003e/\u003cnode_id\u003e.","description_kind":"plain","computed":true},"interface_names":{"type":["set","string"],"description":"Set of interface names associated with the fabric node.","description_kind":"plain","computed":true},"ip":{"type":"string","description":"IPv4 address for the fabric node.","description_kind":"plain","computed":true},"node_id":{"type":"string","description":"The unique identifier of the SDN fabric node.","description_kind":"plain","required":true}},"description":"OSPF Fabric Node in Proxmox SDN. Fabrics in Proxmox VE SDN provide automated routing between nodes in a cluster.","description_kind":"markdown"}},"proxmox_sdn_fabric_openfabric":{"version":0,"block":{"attributes":{"csnp_interval":{"type":"number","description":"The csnp_interval property for OpenFabric.","description_kind":"plain","computed":true},"hello_interval":{"type":"number","description":"The hello_interval property for OpenFabric.","description_kind":"plain","computed":true},"id":{"type":"string","description":"The unique identifier of the SDN fabric.","description_kind":"plain","required":true},"ip6_prefix":{"type":"string","description":"IPv6 prefix cidr for the fabric.","description_kind":"plain","computed":true},"ip_prefix":{"type":"string","description":"IPv4 prefix cidr for the fabric.","description_kind":"plain","computed":true}},"description":"OpenFabric Fabric in Proxmox SDN. Fabrics in Proxmox VE SDN provide automated routing between nodes in a cluster.","description_kind":"markdown"}},"proxmox_sdn_fabric_ospf":{"version":0,"block":{"attributes":{"area":{"type":"string","description":"OSPF area. Either a IPv4 address or a 32-bit number. Gets validated in rust.","description_kind":"plain","computed":true},"id":{"type":"string","description":"The unique identifier of the SDN fabric.","description_kind":"plain","required":true},"ip_prefix":{"type":"string","description":"IPv4 prefix cidr for the fabric.","description_kind":"plain","computed":true}},"description":"OSPF Fabric in Proxmox SDN. Fabrics in Proxmox VE SDN provide automated routing between nodes in a cluster.","description_kind":"markdown"}},"proxmox_sdn_subnet":{"version":0,"block":{"attributes":{"cidr":{"type":"string","description":"A CIDR network address, for example 10.0.0.0/8","description_kind":"plain","required":true},"dhcp_dns_server":{"type":"string","description":"The DNS server used for DHCP.","description_kind":"plain","computed":true},"dhcp_range":{"nested_type":{"attributes":{"end_address":{"type":"string","description":"End of the DHCP range.","description_kind":"plain","computed":true},"start_address":{"type":"string","description":"Start of the DHCP range.","description_kind":"plain","computed":true}},"nesting_mode":"single"},"description":"DHCP range (start and end IPs).","description_kind":"plain","optional":true,"computed":true},"dns_zone_prefix":{"type":"string","description":"Prefix used for DNS zone delegation.","description_kind":"plain","computed":true},"gateway":{"type":"string","description":"The gateway address for the subnet.","description_kind":"plain","computed":true},"id":{"type":"string","description":"The full ID in the format 'vnet-id/subnet-id'.","description_kind":"plain","computed":true},"snat":{"type":"bool","description":"Whether SNAT is enabled for the subnet.","description_kind":"plain","computed":true},"vnet":{"type":"string","description":"The VNet this subnet belongs to.","description_kind":"plain","required":true}},"description":"Retrieve details about a specific SDN Subnet in Proxmox VE.","description_kind":"plain"}},"proxmox_sdn_vnet":{"version":0,"block":{"attributes":{"alias":{"type":"string","description":"An optional alias for this VNet.","description_kind":"plain","computed":true},"id":{"type":"string","description":"The unique identifier of the SDN VNet.","description_kind":"plain","required":true},"isolate_ports":{"type":"bool","description":"Isolate ports within this VNet.","description_kind":"plain","computed":true},"tag":{"type":"number","description":"Tag value for VLAN/VXLAN (can't be used with other zone types).","description_kind":"plain","computed":true},"vlan_aware":{"type":"bool","description":"Allow VM VLANs to pass through this VNet.","description_kind":"plain","computed":true},"zone":{"type":"string","description":"The zone to which this VNet belongs.","description_kind":"plain","computed":true}},"description":"Retrieves information about an existing SDN VNet.","description_kind":"plain"}},"proxmox_sdn_vnets":{"version":0,"block":{"attributes":{"vnets":{"type":["list",["object",{"alias":"string","id":"string","isolate_ports":"bool","tag":"number","vlan_aware":"bool","zone":"string"}]],"description":"List of SDN VNets.","description_kind":"plain","computed":true}},"description":"Retrieves information about all SDN VNets in Proxmox. This data source lists all virtual networks configured in the Software-Defined Networking setup.","description_kind":"markdown"}},"proxmox_sdn_zone_evpn":{"version":0,"block":{"attributes":{"advertise_subnets":{"type":"bool","description":"Enable subnet advertisement for EVPN.","description_kind":"plain","computed":true},"controller":{"type":"string","description":"EVPN controller address.","description_kind":"plain","computed":true},"disable_arp_nd_suppression":{"type":"bool","description":"Disable ARP/ND suppression for EVPN.","description_kind":"plain","computed":true},"dns":{"type":"string","description":"DNS API server address.","description_kind":"plain","computed":true},"dns_zone":{"type":"string","description":"DNS domain name. Used to register hostnames, such as `\u003chostname\u003e.\u003cdomain\u003e`. The DNS zone must already exist on the DNS server.","description_kind":"markdown","computed":true},"exit_nodes":{"type":["set","string"],"description":"List of exit nodes for EVPN.","description_kind":"plain","computed":true},"exit_nodes_local_routing":{"type":"bool","description":"Enable local routing for EVPN exit nodes.","description_kind":"plain","computed":true},"id":{"type":"string","description":"The unique identifier of the SDN zone.","description_kind":"plain","required":true},"ipam":{"type":"string","description":"IP Address Management system.","description_kind":"plain","computed":true},"mtu":{"type":"number","description":"MTU value for the zone.","description_kind":"plain","computed":true},"nodes":{"type":["set","string"],"description":"The Proxmox nodes which the zone and associated VNets are deployed on","description_kind":"plain","computed":true},"pending":{"type":"bool","description":"Indicates if the zone has pending configuration changes that need to be applied.","description_kind":"plain","computed":true},"primary_exit_node":{"type":"string","description":"Primary exit node for EVPN.","description_kind":"plain","computed":true},"reverse_dns":{"type":"string","description":"Reverse DNS API server address.","description_kind":"plain","computed":true},"rt_import":{"type":"string","description":"Route target import for EVPN. Must be in the format '\u003cASN\u003e:\u003cnumber\u003e' (e.g., '65000:65000').","description_kind":"markdown","computed":true},"state":{"type":"string","description":"Indicates the current state of the zone.","description_kind":"plain","computed":true},"vrf_vxlan":{"type":"number","description":"VRF VXLAN-ID used for dedicated routing interconnect between VNets. It must be different than the VXLAN-ID of the VNets.","description_kind":"plain","computed":true}},"description":"Retrieves information about an EVPN Zone in Proxmox SDN. The EVPN zone creates a routable Layer 3 network, capable of spanning across multiple clusters.","description_kind":"markdown"}},"proxmox_sdn_zone_qinq":{"version":0,"block":{"attributes":{"bridge":{"type":"string","description":"A local, VLAN-aware bridge that is already configured on each local node","description_kind":"plain","computed":true},"dns":{"type":"string","description":"DNS API server address.","description_kind":"plain","computed":true},"dns_zone":{"type":"string","description":"DNS domain name. Used to register hostnames, such as `\u003chostname\u003e.\u003cdomain\u003e`. The DNS zone must already exist on the DNS server.","description_kind":"markdown","computed":true},"id":{"type":"string","description":"The unique identifier of the SDN zone.","description_kind":"plain","required":true},"ipam":{"type":"string","description":"IP Address Management system.","description_kind":"plain","computed":true},"mtu":{"type":"number","description":"MTU value for the zone.","description_kind":"plain","computed":true},"nodes":{"type":["set","string"],"description":"The Proxmox nodes which the zone and associated VNets are deployed on","description_kind":"plain","computed":true},"pending":{"type":"bool","description":"Indicates if the zone has pending configuration changes that need to be applied.","description_kind":"plain","computed":true},"reverse_dns":{"type":"string","description":"Reverse DNS API server address.","description_kind":"plain","computed":true},"service_vlan":{"type":"number","description":"Service VLAN tag for QinQ. The tag must be between `1` and `4094`.","description_kind":"markdown","computed":true},"service_vlan_protocol":{"type":"string","description":"Service VLAN protocol for QinQ. The protocol must be `802.1ad` or `802.1q`.","description_kind":"markdown","computed":true},"state":{"type":"string","description":"Indicates the current state of the zone.","description_kind":"plain","computed":true}},"description":"Retrieves information about a QinQ Zone in Proxmox SDN. QinQ also known as VLAN stacking, that uses multiple layers of VLAN tags for isolation. The QinQ zone defines the outer VLAN tag (the Service VLAN) whereas the inner VLAN tag is defined by the VNet. Your physical network switches must support stacked VLANs for this configuration. Due to the double stacking of tags, you need 4 more bytes for QinQ VLANs. For example, you must reduce the MTU to 1496 if you physical interface MTU is 1500.","description_kind":"markdown"}},"proxmox_sdn_zone_simple":{"version":0,"block":{"attributes":{"dhcp":{"type":"string","description":"The type of the DHCP backend for this zone.","description_kind":"plain","computed":true},"dns":{"type":"string","description":"DNS API server address.","description_kind":"plain","computed":true},"dns_zone":{"type":"string","description":"DNS domain name. Used to register hostnames, such as `\u003chostname\u003e.\u003cdomain\u003e`. The DNS zone must already exist on the DNS server.","description_kind":"markdown","computed":true},"id":{"type":"string","description":"The unique identifier of the SDN zone.","description_kind":"plain","required":true},"ipam":{"type":"string","description":"IP Address Management system.","description_kind":"plain","computed":true},"mtu":{"type":"number","description":"MTU value for the zone.","description_kind":"plain","computed":true},"nodes":{"type":["set","string"],"description":"The Proxmox nodes which the zone and associated VNets are deployed on","description_kind":"plain","computed":true},"pending":{"type":"bool","description":"Indicates if the zone has pending configuration changes that need to be applied.","description_kind":"plain","computed":true},"reverse_dns":{"type":"string","description":"Reverse DNS API server address.","description_kind":"plain","computed":true},"state":{"type":"string","description":"Indicates the current state of the zone.","description_kind":"plain","computed":true}},"description":"Retrieves information about a Simple Zone in Proxmox SDN. It will create an isolated VNet bridge. This bridge is not linked to a physical interface, and VM traffic is only local on each the node. It can be used in NAT or routed setups.","description_kind":"markdown"}},"proxmox_sdn_zone_vlan":{"version":0,"block":{"attributes":{"bridge":{"type":"string","description":"The local bridge or OVS switch, already configured on _each_ node that allows node-to-node connection.","description_kind":"markdown","computed":true},"dns":{"type":"string","description":"DNS API server address.","description_kind":"plain","computed":true},"dns_zone":{"type":"string","description":"DNS domain name. Used to register hostnames, such as `\u003chostname\u003e.\u003cdomain\u003e`. The DNS zone must already exist on the DNS server.","description_kind":"markdown","computed":true},"id":{"type":"string","description":"The unique identifier of the SDN zone.","description_kind":"plain","required":true},"ipam":{"type":"string","description":"IP Address Management system.","description_kind":"plain","computed":true},"mtu":{"type":"number","description":"MTU value for the zone.","description_kind":"plain","computed":true},"nodes":{"type":["set","string"],"description":"The Proxmox nodes which the zone and associated VNets are deployed on","description_kind":"plain","computed":true},"pending":{"type":"bool","description":"Indicates if the zone has pending configuration changes that need to be applied.","description_kind":"plain","computed":true},"reverse_dns":{"type":"string","description":"Reverse DNS API server address.","description_kind":"plain","computed":true},"state":{"type":"string","description":"Indicates the current state of the zone.","description_kind":"plain","computed":true}},"description":"Retrieves information about a VLAN Zone in Proxmox SDN. It uses an existing local Linux or OVS bridge to connect to the node's physical interface. It uses VLAN tagging defined in the VNet to isolate the network segments. This allows connectivity of VMs between different nodes.","description_kind":"markdown"}},"proxmox_sdn_zone_vxlan":{"version":0,"block":{"attributes":{"dns":{"type":"string","description":"DNS API server address.","description_kind":"plain","computed":true},"dns_zone":{"type":"string","description":"DNS domain name. Used to register hostnames, such as `\u003chostname\u003e.\u003cdomain\u003e`. The DNS zone must already exist on the DNS server.","description_kind":"markdown","computed":true},"id":{"type":"string","description":"The unique identifier of the SDN zone.","description_kind":"plain","required":true},"ipam":{"type":"string","description":"IP Address Management system.","description_kind":"plain","computed":true},"mtu":{"type":"number","description":"MTU value for the zone.","description_kind":"plain","computed":true},"nodes":{"type":["set","string"],"description":"The Proxmox nodes which the zone and associated VNets are deployed on","description_kind":"plain","computed":true},"peers":{"type":["set","string"],"description":"A list of IP addresses of each node in the VXLAN zone. This can be external nodes reachable at this IP address. All nodes in the cluster need to be mentioned here","description_kind":"markdown","computed":true},"pending":{"type":"bool","description":"Indicates if the zone has pending configuration changes that need to be applied.","description_kind":"plain","computed":true},"reverse_dns":{"type":"string","description":"Reverse DNS API server address.","description_kind":"plain","computed":true},"state":{"type":"string","description":"Indicates the current state of the zone.","description_kind":"plain","computed":true}},"description":"Retrieves information about a VXLAN Zone in Proxmox SDN. It establishes a tunnel (overlay) on top of an existing network (underlay). This encapsulates layer 2 Ethernet frames within layer 4 UDP datagrams using the default destination port 4789. You have to configure the underlay network yourself to enable UDP connectivity between all peers. Because VXLAN encapsulation uses 50 bytes, the MTU needs to be 50 bytes lower than the outgoing physical interface.","description_kind":"markdown"}},"proxmox_sdn_zones":{"version":0,"block":{"attributes":{"type":{"type":"string","description":"Filter zones by type (simple, vlan, qinq, vxlan, evpn).","description_kind":"plain","optional":true},"zones":{"type":["list",["object",{"advertise_subnets":"bool","bridge":"string","controller":"string","dhcp":"string","disable_arp_nd_suppression":"bool","dns":"string","dns_zone":"string","exit_nodes":["set","string"],"exit_nodes_local_routing":"bool","id":"string","ipam":"string","mtu":"number","nodes":["set","string"],"peers":["set","string"],"pending":"bool","primary_exit_node":"string","reverse_dns":"string","rt_import":"string","service_vlan":"number","service_vlan_protocol":"string","state":"string","type":"string","vrf_vxlan":"number"}]],"description":"List of SDN zones.","description_kind":"plain","computed":true}},"description":"Retrieves information about all SDN Zones in Proxmox. This data source can optionally filter zones by type.","description_kind":"markdown"}},"proxmox_version":{"version":0,"block":{"attributes":{"id":{"type":"string","description":"Placeholder identifier attribute.","description_kind":"plain","computed":true},"release":{"type":"string","description":"The current Proxmox VE point release in `x.y` format.","description_kind":"plain","computed":true},"repository_id":{"type":"string","description":"The short git revision from which this version was build.","description_kind":"plain","computed":true},"version":{"type":"string","description":"The full pve-manager package version of this node.","description_kind":"plain","computed":true}},"description":"Retrieves API version details.","description_kind":"plain"}},"proxmox_virtual_environment_acme_account":{"version":0,"block":{"attributes":{"account":{"nested_type":{"attributes":{"contact":{"type":["list","string"],"description":"An array of contact email addresses.","description_kind":"plain","computed":true},"created_at":{"type":"string","description":"The timestamp of the account creation.","description_kind":"plain","computed":true},"status":{"type":"string","description":"The status of the account. Can be one of `valid`, `deactivated` or `revoked`.","description_kind":"markdown","computed":true}},"nesting_mode":"single"},"description":"The ACME account information.","description_kind":"plain","computed":true},"directory":{"type":"string","description":"The directory URL of the ACME account.","description_kind":"plain","computed":true},"location":{"type":"string","description":"The location URL of the ACME account.","description_kind":"plain","computed":true},"name":{"type":"string","description":"The identifier of the ACME account to read.","description_kind":"plain","optional":true},"tos":{"type":"string","description":"The URL of the terms of service of the ACME account.","description_kind":"plain","computed":true}},"description":"Retrieves information about a specific ACME account.","description_kind":"plain","deprecated":true,"deprecation_message":"Use \"proxmox_acme_account\" instead. This resource / data source will be removed in v1.0."}},"proxmox_virtual_environment_acme_accounts":{"version":0,"block":{"attributes":{"accounts":{"type":["set","string"],"description":"The identifiers of the ACME accounts.","description_kind":"plain","computed":true}},"description":"Retrieves the list of ACME accounts.","description_kind":"plain","deprecated":true,"deprecation_message":"Use \"proxmox_acme_accounts\" instead. This resource / data source will be removed in v1.0."}},"proxmox_virtual_environment_acme_plugin":{"version":0,"block":{"attributes":{"api":{"type":"string","description":"API plugin name.","description_kind":"plain","computed":true},"data":{"type":["map","string"],"description":"DNS plugin data.","description_kind":"plain","computed":true},"digest":{"type":"string","description":"Prevent changes if current configuration file has a different digest. This can be used to prevent concurrent modifications.","description_kind":"plain","computed":true},"plugin":{"type":"string","description":"ACME Plugin ID name.","description_kind":"plain","required":true},"type":{"type":"string","description":"ACME challenge type (dns, standalone).","description_kind":"plain","computed":true},"validation_delay":{"type":"number","description":"Extra delay in seconds to wait before requesting validation. Allows to cope with a long TTL of DNS records (0 - 172800).","description_kind":"plain","computed":true}},"description":"Retrieves a single ACME plugin by plugin ID name.","description_kind":"plain","deprecated":true,"deprecation_message":"Use \"proxmox_acme_plugin\" instead. This resource / data source will be removed in v1.0."}},"proxmox_virtual_environment_acme_plugins":{"version":0,"block":{"attributes":{"plugins":{"nested_type":{"attributes":{"api":{"type":"string","description":"API plugin name.","description_kind":"plain","computed":true},"data":{"type":["map","string"],"description":"DNS plugin data.","description_kind":"plain","computed":true},"digest":{"type":"string","description":"Prevent changes if current configuration file has a different digest. This can be used to prevent concurrent modifications.","description_kind":"plain","computed":true},"plugin":{"type":"string","description":"ACME Plugin ID name.","description_kind":"plain","computed":true},"type":{"type":"string","description":"ACME challenge type (dns, standalone).","description_kind":"plain","computed":true},"validation_delay":{"type":"number","description":"Extra delay in seconds to wait before requesting validation. Allows to cope with a long TTL of DNS records (0 - 172800).","description_kind":"plain","computed":true}},"nesting_mode":"list"},"description":"List of ACME plugins","description_kind":"plain","computed":true}},"description":"Retrieves the list of ACME plugins.","description_kind":"plain","deprecated":true,"deprecation_message":"Use \"proxmox_acme_plugins\" instead. This resource / data source will be removed in v1.0."}},"proxmox_virtual_environment_apt_repository":{"version":0,"block":{"attributes":{"comment":{"type":"string","description":"The associated comment.","description_kind":"plain","computed":true},"components":{"type":["list","string"],"description":"The list of components.","description_kind":"plain","computed":true},"enabled":{"type":"bool","description":"Indicates the activation status.","description_kind":"plain","computed":true},"file_path":{"type":"string","description":"The absolute path of the source list file that contains this repository.","description_kind":"plain","required":true},"file_type":{"type":"string","description":"The format of the defining source list file.","description_kind":"plain","computed":true},"id":{"type":"string","description":"The unique identifier of this APT repository data source.","description_kind":"plain","computed":true},"index":{"type":"number","description":"The index within the defining source list file.","description_kind":"plain","required":true},"node":{"type":"string","description":"The name of the target Proxmox VE node.","description_kind":"plain","required":true},"package_types":{"type":["list","string"],"description":"The list of package types.","description_kind":"plain","computed":true},"suites":{"type":["list","string"],"description":"The list of package distributions.","description_kind":"plain","computed":true},"uris":{"type":["list","string"],"description":"The list of repository URIs.","description_kind":"plain","computed":true}},"description":"Retrieves an APT repository from a Proxmox VE cluster.","description_kind":"plain","deprecated":true,"deprecation_message":"Use \"proxmox_apt_repository\" instead. This resource / data source will be removed in v1.0."}},"proxmox_virtual_environment_apt_standard_repository":{"version":0,"block":{"attributes":{"description":{"type":"string","description":"The description of the APT standard repository.","description_kind":"plain","computed":true},"file_path":{"type":"string","description":"The absolute path of the source list file that contains this standard repository.","description_kind":"plain","computed":true},"handle":{"type":"string","description":"The handle of the APT standard repository.","description_kind":"plain","required":true},"id":{"type":"string","description":"The unique identifier of this APT standard repository data source.","description_kind":"plain","computed":true},"index":{"type":"number","description":"The index within the defining source list file.","description_kind":"plain","computed":true},"name":{"type":"string","description":"The name of the APT standard repository.","description_kind":"plain","computed":true},"node":{"type":"string","description":"The name of the target Proxmox VE node.","description_kind":"plain","required":true},"status":{"type":"number","description":"Indicates the activation status.","description_kind":"plain","computed":true}},"description":"Retrieves an APT standard repository from a Proxmox VE cluster.","description_kind":"plain","deprecated":true,"deprecation_message":"Use \"proxmox_apt_standard_repository\" instead. This resource / data source will be removed in v1.0."}},"proxmox_virtual_environment_container":{"version":0,"block":{"attributes":{"id":{"type":"string","description_kind":"plain","optional":true,"computed":true},"name":{"type":"string","description":"The Container name","description_kind":"plain","computed":true},"node_name":{"type":"string","description":"The node name","description_kind":"plain","required":true},"status":{"type":"string","description":"Status of the Container","description_kind":"plain","optional":true},"tags":{"type":["list","string"],"description":"Tags of the Container","description_kind":"plain","computed":true},"template":{"type":"bool","description":"Is Container a template (true) or a regular Container (false)","description_kind":"plain","optional":true},"vm_id":{"type":"number","description":"The Container identifier","description_kind":"plain","required":true}},"description_kind":"plain"}},"proxmox_virtual_environment_containers":{"version":0,"block":{"attributes":{"containers":{"type":["list",["object",{"name":"string","node_name":"string","status":"string","tags":["list","string"],"template":"bool","vm_id":"number"}]],"description":"Containers","description_kind":"plain","computed":true},"id":{"type":"string","description_kind":"plain","optional":true,"computed":true},"node_name":{"type":"string","description":"The node name. All cluster nodes will be queried in case this is omitted","description_kind":"plain","optional":true},"tags":{"type":["list","string"],"description":"Tags of the Container to match","description_kind":"plain","optional":true}},"block_types":{"filter":{"nesting_mode":"list","block":{"attributes":{"name":{"type":"string","description":"Attribute to filter on. One of [name, template, status, node_name]","description_kind":"plain","required":true},"regex":{"type":"bool","description":"Treat values as regex patterns","description_kind":"plain","optional":true},"values":{"type":["list","string"],"description":"List of values to pass the filter (OR logic)","description_kind":"plain","required":true}},"description":"Filter blocks","description_kind":"plain"}}},"description_kind":"plain"}},"proxmox_virtual_environment_datastores":{"version":0,"block":{"attributes":{"datastores":{"nested_type":{"attributes":{"active":{"type":"bool","description":"Whether the store is active.","description_kind":"plain","optional":true},"content_types":{"type":["set","string"],"description":"Allowed store content types.","description_kind":"plain","computed":true},"enabled":{"type":"bool","description":"Whether the store is enabled.","description_kind":"plain","optional":true},"id":{"type":"string","description":"The ID of the store.","description_kind":"plain","required":true},"node_name":{"type":"string","description":"The name of the node the store is on.","description_kind":"plain","required":true},"shared":{"type":"bool","description":"Shared flag from store configuration.","description_kind":"plain","optional":true},"space_available":{"type":"number","description":"Available store space in bytes.","description_kind":"plain","optional":true},"space_total":{"type":"number","description":"Total store space in bytes.","description_kind":"plain","optional":true},"space_used":{"type":"number","description":"Used store space in bytes.","description_kind":"plain","optional":true},"space_used_fraction":{"type":"number","description":"Used fraction (used/total).","description_kind":"plain","optional":true},"type":{"type":"string","description":"Store type.","description_kind":"plain","required":true}},"nesting_mode":"list"},"description":"The list of datastores.","description_kind":"plain","optional":true},"filters":{"nested_type":{"attributes":{"content_types":{"type":["set","string"],"description":"Only list stores with the given content types.","description_kind":"plain","optional":true},"id":{"type":"string","description":"Only list stores with the given ID.","description_kind":"plain","optional":true},"target":{"type":"string","description":"If `target` is different to `node_name`, then only lists shared stores which content is accessible on this node and the specified `target` node.","description_kind":"plain","optional":true}},"nesting_mode":"single"},"description":"The filters to apply to the stores.","description_kind":"plain","optional":true},"node_name":{"type":"string","description":"The name of the node to retrieve the stores from.","description_kind":"plain","required":true}},"description":"Retrieves information about all the datastores available to a specific node.","description_kind":"plain","deprecated":true,"deprecation_message":"Use \"proxmox_datastores\" instead. This resource / data source will be removed in v1.0."}},"proxmox_virtual_environment_dns":{"version":0,"block":{"attributes":{"domain":{"type":"string","description":"The DNS search domain","description_kind":"plain","computed":true},"id":{"type":"string","description_kind":"plain","optional":true,"computed":true},"node_name":{"type":"string","description":"The node name","description_kind":"plain","required":true},"servers":{"type":["list","string"],"description":"The DNS servers","description_kind":"plain","computed":true}},"description_kind":"plain"}},"proxmox_virtual_environment_file":{"version":0,"block":{"attributes":{"content_type":{"type":"string","description":"The content type of the file.","description_kind":"plain","required":true},"datastore_id":{"type":"string","description":"The identifier of the datastore.","description_kind":"plain","required":true},"file_format":{"type":"string","description":"The format of the file.","description_kind":"plain","computed":true},"file_name":{"type":"string","description":"The name of the file.","description_kind":"plain","required":true},"file_size":{"type":"number","description":"The size of the file in bytes.","description_kind":"plain","computed":true},"id":{"type":"string","description":"The unique identifier of the file (volume ID).","description_kind":"plain","computed":true},"node_name":{"type":"string","description":"The name of the node.","description_kind":"plain","required":true},"vmid":{"type":"number","description":"The VM ID associated with the file (if applicable).","description_kind":"plain","computed":true}},"description":"Retrieves information about an existing file in a Proxmox Virtual Environment node.","description_kind":"plain","deprecated":true,"deprecation_message":"Use \"proxmox_file\" instead. This resource / data source will be removed in v1.0."}},"proxmox_virtual_environment_group":{"version":0,"block":{"attributes":{"acl":{"type":["set",["object",{"path":"string","propagate":"bool","role_id":"string"}]],"description":"The access control list","description_kind":"plain","computed":true},"comment":{"type":"string","description":"The group comment","description_kind":"plain","computed":true},"group_id":{"type":"string","description":"The group id","description_kind":"plain","required":true},"id":{"type":"string","description_kind":"plain","optional":true,"computed":true},"members":{"type":["set","string"],"description":"The group members","description_kind":"plain","computed":true}},"description_kind":"plain"}},"proxmox_virtual_environment_groups":{"version":0,"block":{"attributes":{"comments":{"type":["list","string"],"description":"The group comments","description_kind":"plain","computed":true},"group_ids":{"type":["list","string"],"description":"The group ids","description_kind":"plain","computed":true},"id":{"type":"string","description_kind":"plain","optional":true,"computed":true}},"description_kind":"plain"}},"proxmox_virtual_environment_hagroup":{"version":0,"block":{"attributes":{"comment":{"type":"string","description":"The comment associated with this group","description_kind":"plain","computed":true},"group":{"type":"string","description":"The identifier of the High Availability group to read.","description_kind":"plain","required":true},"id":{"type":"string","description":"The unique identifier of this resource.","description_kind":"plain","computed":true},"no_failback":{"type":"bool","description":"A flag that indicates that failing back to a higher priority node is disabled for this HA group.","description_kind":"plain","computed":true},"nodes":{"type":["map","number"],"description":"The member nodes for this group. They are provided as a map, where the keys are the node names and the values represent their priority: integers for known priorities or `null` for unset priorities.","description_kind":"plain","computed":true},"restricted":{"type":"bool","description":"A flag that indicates that other nodes may not be used to run resources associated to this HA group.","description_kind":"plain","computed":true}},"description":"Retrieves information about a specific High Availability group.","description_kind":"plain","deprecated":true,"deprecation_message":"Use \"proxmox_hagroup\" instead. This resource / data source will be removed in v1.0."}},"proxmox_virtual_environment_hagroups":{"version":0,"block":{"attributes":{"group_ids":{"type":["set","string"],"description":"The identifiers of the High Availability groups.","description_kind":"plain","computed":true},"id":{"type":"string","description":"The unique identifier of this resource.","description_kind":"plain","computed":true}},"description":"Retrieves the list of High Availability groups.","description_kind":"plain","deprecated":true,"deprecation_message":"Use \"proxmox_hagroups\" instead. This resource / data source will be removed in v1.0."}},"proxmox_virtual_environment_hardware_mapping_dir":{"version":0,"block":{"attributes":{"comment":{"type":"string","description":"The comment of this directory mapping.","description_kind":"plain","computed":true},"id":{"type":"string","description":"The unique identifier of this directory mapping data source.","description_kind":"plain","computed":true},"map":{"nested_type":{"attributes":{"node":{"type":"string","description":"The node name attribute of the map.","description_kind":"plain","computed":true},"path":{"type":"string","description":"The path attribute of the map.","description_kind":"plain","computed":true}},"nesting_mode":"set"},"description":"The actual map of devices for the directory mapping.","description_kind":"plain","computed":true},"name":{"type":"string","description":"The name of this directory mapping.","description_kind":"plain","required":true}},"description":"Retrieves a directory mapping from a Proxmox VE cluster.","description_kind":"plain","deprecated":true,"deprecation_message":"Use \"proxmox_hardware_mapping_dir\" instead. This resource / data source will be removed in v1.0."}},"proxmox_virtual_environment_hardware_mapping_pci":{"version":0,"block":{"attributes":{"comment":{"type":"string","description":"The comment of this PCI hardware mapping.","description_kind":"plain","computed":true},"id":{"type":"string","description":"The unique identifier of this PCI hardware mapping data source.","description_kind":"plain","computed":true},"map":{"nested_type":{"attributes":{"comment":{"type":"string","description":"The comment of the mapped PCI device.","description_kind":"plain","computed":true},"id":{"type":"string","description":"The ID attribute of the map.","description_kind":"plain","computed":true},"iommu_group":{"type":"number","description":"The IOMMU group attribute of the map.","description_kind":"plain","computed":true},"node":{"type":"string","description":"The node name attribute of the map.","description_kind":"plain","computed":true},"path":{"type":"string","description":"The path attribute of the map.","description_kind":"plain","computed":true},"subsystem_id":{"type":"string","description":"The subsystem ID attribute of the map. While not mandatory for the Proxmox VE API call, omitting this attribute will result in an incomplete PCI hardware mapping.","description_kind":"plain","computed":true}},"nesting_mode":"set"},"description":"The actual map of devices for the hardware mapping.","description_kind":"plain","computed":true},"mediated_devices":{"type":"bool","description":"Indicates whether to use with mediated devices.","description_kind":"plain","computed":true},"name":{"type":"string","description":"The name of this PCI hardware mapping.","description_kind":"plain","required":true}},"description":"Retrieves a PCI hardware mapping from a Proxmox VE cluster.","description_kind":"plain","deprecated":true,"deprecation_message":"Use \"proxmox_hardware_mapping_pci\" instead. This resource / data source will be removed in v1.0."}},"proxmox_virtual_environment_hardware_mapping_usb":{"version":0,"block":{"attributes":{"comment":{"type":"string","description":"The comment of this USB hardware mapping.","description_kind":"plain","computed":true},"id":{"type":"string","description":"The unique identifier of this USB hardware mapping data source.","description_kind":"plain","computed":true},"map":{"nested_type":{"attributes":{"comment":{"type":"string","description":"The comment of the mapped USB device.","description_kind":"plain","computed":true},"id":{"type":"string","description":"The ID attribute of the map.","description_kind":"plain","computed":true},"node":{"type":"string","description":"The node name attribute of the map.","description_kind":"plain","computed":true},"path":{"type":"string","description":"The path attribute of the map.","description_kind":"plain","computed":true}},"nesting_mode":"set"},"description":"The actual map of devices for the hardware mapping.","description_kind":"plain","computed":true},"name":{"type":"string","description":"The name of this USB hardware mapping.","description_kind":"plain","required":true}},"description":"Retrieves a USB hardware mapping from a Proxmox VE cluster.","description_kind":"plain","deprecated":true,"deprecation_message":"Use \"proxmox_hardware_mapping_usb\" instead. This resource / data source will be removed in v1.0."}},"proxmox_virtual_environment_hardware_mappings":{"version":0,"block":{"attributes":{"check_node":{"type":"string","description":"The name of the node whose configurations should be checked for correctness.","description_kind":"plain","optional":true},"checks":{"nested_type":{"attributes":{"mapping_id":{"type":"string","description":"The corresponding hardware mapping ID of the node check diagnostic entry.","description_kind":"plain","computed":true},"message":{"type":"string","description":"The message of the node check diagnostic entry.","description_kind":"plain","computed":true},"severity":{"type":"string","description":"The severity of the node check diagnostic entry.","description_kind":"plain","computed":true}},"nesting_mode":"list"},"description":"Might contain relevant diagnostics about incorrect configurations.","description_kind":"plain","computed":true},"id":{"type":"string","description":"The unique identifier of this hardware mappings data source.","description_kind":"plain","computed":true},"ids":{"type":["set","string"],"description":"The identifiers of the hardware mappings.","description_kind":"plain","computed":true},"type":{"type":"string","description":"The type of the hardware mappings.","description_kind":"plain","required":true}},"description":"Retrieves a list of hardware mapping resources.","description_kind":"plain","deprecated":true,"deprecation_message":"Use \"proxmox_hardware_mappings\" instead. This resource / data source will be removed in v1.0."}},"proxmox_virtual_environment_haresource":{"version":0,"block":{"attributes":{"comment":{"type":"string","description":"The comment associated with this resource.","description_kind":"plain","computed":true},"failback":{"type":"bool","description":"Automatic failback to the preferred node when it becomes available again (PVE 9+).","description_kind":"plain","computed":true},"group":{"type":"string","description":"The identifier of the High Availability group this resource is a member of.","description_kind":"plain","computed":true},"id":{"type":"string","description":"The unique identifier of this resource.","description_kind":"plain","computed":true},"max_relocate":{"type":"number","description":"The maximal number of relocation attempts.","description_kind":"plain","computed":true},"max_restart":{"type":"number","description":"The maximal number of restart attempts.","description_kind":"plain","computed":true},"resource_id":{"type":"string","description":"The identifier of the Proxmox HA resource to read.","description_kind":"plain","required":true},"state":{"type":"string","description":"The desired state of the resource.","description_kind":"plain","computed":true},"type":{"type":"string","description":"The type of High Availability resource (`vm` or `ct`).","description_kind":"plain","computed":true}},"description":"Retrieves information about a specific High Availability resource.","description_kind":"plain","deprecated":true,"deprecation_message":"Use \"proxmox_haresource\" instead. This resource / data source will be removed in v1.0."}},"proxmox_virtual_environment_haresources":{"version":0,"block":{"attributes":{"id":{"type":"string","description":"The unique identifier of this resource.","description_kind":"plain","computed":true},"resource_ids":{"type":["set","string"],"description":"The identifiers of the High Availability resources.","description_kind":"plain","computed":true},"type":{"type":"string","description":"The type of High Availability resources to fetch (`vm` or `ct`). All resources will be fetched if this option is unset.","description_kind":"plain","optional":true}},"description":"Retrieves the list of High Availability resources.","description_kind":"plain","deprecated":true,"deprecation_message":"Use \"proxmox_haresources\" instead. This resource / data source will be removed in v1.0."}},"proxmox_virtual_environment_hosts":{"version":0,"block":{"attributes":{"addresses":{"type":["list","string"],"description":"The addresses","description_kind":"plain","computed":true},"digest":{"type":"string","description":"The SHA1 digest","description_kind":"plain","computed":true},"entries":{"type":["list",["object",{"address":"string","hostnames":["list","string"]}]],"description":"The host entries","description_kind":"plain","computed":true},"hostnames":{"type":["list",["list","string"]],"description":"The hostnames","description_kind":"plain","computed":true},"id":{"type":"string","description_kind":"plain","optional":true,"computed":true},"node_name":{"type":"string","description":"The node name","description_kind":"plain","required":true}},"description_kind":"plain"}},"proxmox_virtual_environment_metrics_server":{"version":0,"block":{"attributes":{"disable":{"type":"bool","description":"Indicates if the metric server is disabled.","description_kind":"plain","computed":true},"id":{"type":"string","description":"The unique identifier of this resource.","description_kind":"plain","computed":true},"name":{"type":"string","description":"Unique name that will be ID of this metric server in PVE.","description_kind":"plain","required":true},"opentelemetry_compression":{"type":"string","description":"OpenTelemetry compression algorithm for requests.","description_kind":"plain","computed":true},"opentelemetry_headers":{"type":"string","description":"OpenTelemetry custom HTTP headers as JSON, base64 encoded.","description_kind":"plain","computed":true,"sensitive":true},"opentelemetry_max_body_size":{"type":"number","description":"OpenTelemetry maximum request body size in bytes.","description_kind":"plain","computed":true},"opentelemetry_path":{"type":"string","description":"OpenTelemetry endpoint path (e.g., `/v1/metrics`).","description_kind":"plain","computed":true},"opentelemetry_proto":{"type":"string","description":"Protocol for OpenTelemetry. Choice is between `http` | `https`.","description_kind":"plain","computed":true},"opentelemetry_resource_attributes":{"type":"string","description":"OpenTelemetry additional resource attributes as JSON, base64 encoded.","description_kind":"plain","computed":true},"opentelemetry_timeout":{"type":"number","description":"OpenTelemetry HTTP request timeout in seconds.","description_kind":"plain","computed":true},"opentelemetry_verify_ssl":{"type":"bool","description":"OpenTelemetry verify SSL certificates.","description_kind":"plain","computed":true},"port":{"type":"number","description":"Server network port.","description_kind":"plain","computed":true},"server":{"type":"string","description":"Server dns name or IP address.","description_kind":"plain","computed":true},"type":{"type":"string","description":"Plugin type. Either `graphite`, `influxdb`, or `opentelemetry`.","description_kind":"plain","computed":true}},"description":"Retrieves information about a specific PVE metric server.","description_kind":"plain","deprecated":true,"deprecation_message":"Use \"proxmox_metrics_server\" instead. This resource / data source will be removed in v1.0."}},"proxmox_virtual_environment_node":{"version":0,"block":{"attributes":{"cpu_cores":{"type":"number","description":"The total number of physical CPU cores on the node","description_kind":"plain","computed":true},"cpu_count":{"type":"number","description":"The total number of logical CPUs on the node (sockets * cores * threads)","description_kind":"plain","computed":true},"cpu_model":{"type":"string","description":"The CPU model on the node","description_kind":"plain","computed":true},"cpu_sockets":{"type":"number","description":"The number of CPU sockets on the node","description_kind":"plain","computed":true},"cpu_utilization":{"type":"number","description":"The CPU utilization on the node (a value between `0.0` and `1.0`)","description_kind":"plain","computed":true},"id":{"type":"string","description_kind":"plain","optional":true,"computed":true},"memory_available":{"type":"number","description":"The available memory in bytes on the node","description_kind":"plain","computed":true},"memory_total":{"type":"number","description":"The total memory in bytes on the node","description_kind":"plain","computed":true},"memory_used":{"type":"number","description":"The used memory in bytes on the node","description_kind":"plain","computed":true},"node_name":{"type":"string","description":"The node name","description_kind":"plain","required":true},"uptime":{"type":"number","description":"The uptime in seconds on the node","description_kind":"plain","computed":true}},"description":"Retrieves information about a specific Proxmox VE node.","description_kind":"plain"}},"proxmox_virtual_environment_nodes":{"version":0,"block":{"attributes":{"cpu_count":{"type":["list","number"],"description":"The total number of logical CPUs on each node","description_kind":"plain","computed":true},"cpu_utilization":{"type":["list","number"],"description":"The CPU utilization on each node (values between `0.0` and `1.0`)","description_kind":"plain","computed":true},"id":{"type":"string","description_kind":"plain","optional":true,"computed":true},"memory_available":{"type":["list","number"],"description":"The available memory in bytes on each node","description_kind":"plain","computed":true},"memory_used":{"type":["list","number"],"description":"The used memory in bytes on each node","description_kind":"plain","computed":true},"names":{"type":["list","string"],"description":"The node names","description_kind":"plain","computed":true},"online":{"type":["list","bool"],"description":"Whether a node is online","description_kind":"plain","computed":true},"ssl_fingerprints":{"type":["list","string"],"description":"The SSL fingerprint for each node","description_kind":"plain","computed":true},"support_levels":{"type":["list","string"],"description":"The support level for each node","description_kind":"plain","computed":true},"uptime":{"type":["list","number"],"description":"The uptime in seconds for each node","description_kind":"plain","computed":true}},"description":"Retrieves information about all available Proxmox VE nodes.","description_kind":"plain"}},"proxmox_virtual_environment_pool":{"version":0,"block":{"attributes":{"comment":{"type":"string","description":"The pool comment","description_kind":"plain","computed":true},"id":{"type":"string","description_kind":"plain","optional":true,"computed":true},"members":{"type":["list",["object",{"datastore_id":"string","id":"string","node_name":"string","type":"string","vm_id":"number"}]],"description":"The pool members","description_kind":"plain","computed":true},"pool_id":{"type":"string","description":"The pool id","description_kind":"plain","required":true}},"description_kind":"plain"}},"proxmox_virtual_environment_pools":{"version":0,"block":{"attributes":{"id":{"type":"string","description_kind":"plain","optional":true,"computed":true},"pool_ids":{"type":["list","string"],"description":"The pool ids","description_kind":"plain","computed":true}},"description_kind":"plain"}},"proxmox_virtual_environment_replication":{"version":0,"block":{"attributes":{"comment":{"type":"string","description":"Description.","description_kind":"plain","computed":true},"disable":{"type":"bool","description":"Flag to disable/deactivate this replication.","description_kind":"plain","computed":true},"guest":{"type":"number","description":"Guest ID.","description_kind":"plain","computed":true},"id":{"type":"string","description":"Replication Job ID. The ID is composed of a Guest ID and a job number, separated by a hyphen, i.e. '\u003cGUEST\u003e-\u003cJOBNUM\u003e'.","description_kind":"plain","required":true},"jobnum":{"type":"number","description":"Unique, sequential ID assigned to each job.","description_kind":"plain","computed":true},"rate":{"type":"number","description":"Rate limit in mbps (megabytes per second) as floating point number.","description_kind":"plain","computed":true},"schedule":{"type":"string","description":"Storage replication schedule. The format is a subset of `systemd` calendar events. Defaults to */15","description_kind":"plain","computed":true},"source":{"type":"string","description":"For internal use, to detect if the guest was stolen.","description_kind":"plain","computed":true},"target":{"type":"string","description":"Target node.","description_kind":"plain","computed":true},"type":{"type":"string","description":"Section type.","description_kind":"plain","computed":true}},"description":"Retrieves information about an existing Replication.","description_kind":"plain","deprecated":true,"deprecation_message":"Use \"proxmox_replication\" instead. This resource / data source will be removed in v1.0."}},"proxmox_virtual_environment_replications":{"version":0,"block":{"attributes":{"replications":{"type":["list",["object",{"comment":"string","disable":"bool","guest":"number","id":"string","jobnum":"number","rate":"number","remove_job":"string","schedule":"string","source":"string","target":"string","type":"string"}]],"description":"List of Replications.","description_kind":"plain","computed":true}},"description":"Retrieves information about all Replications in Proxmox.","description_kind":"markdown","deprecated":true,"deprecation_message":"Use \"proxmox_replications\" instead. This resource / data source will be removed in v1.0."}},"proxmox_virtual_environment_role":{"version":0,"block":{"attributes":{"id":{"type":"string","description_kind":"plain","optional":true,"computed":true},"privileges":{"type":["set","string"],"description":"The role privileges","description_kind":"plain","computed":true},"role_id":{"type":"string","description":"The role id","description_kind":"plain","required":true}},"description_kind":"plain"}},"proxmox_virtual_environment_roles":{"version":0,"block":{"attributes":{"id":{"type":"string","description_kind":"plain","optional":true,"computed":true},"privileges":{"type":["list",["set","string"]],"description":"The role privileges","description_kind":"plain","computed":true},"role_ids":{"type":["list","string"],"description":"The role ids","description_kind":"plain","computed":true},"special":{"type":["list","bool"],"description":"Whether the role is special (built-in)","description_kind":"plain","computed":true}},"description_kind":"plain"}},"proxmox_virtual_environment_sdn_fabric_node_openfabric":{"version":0,"block":{"attributes":{"fabric_id":{"type":"string","description":"The unique identifier of the SDN fabric.","description_kind":"plain","required":true},"id":{"type":"string","description":"The unique identifier of the SDN fabric node, in the format \u003cfabric_id\u003e/\u003cnode_id\u003e.","description_kind":"plain","computed":true},"interface_names":{"type":["set","string"],"description":"Set of interface names associated with the fabric node.","description_kind":"plain","computed":true},"ip":{"type":"string","description":"IPv4 address for the fabric node.","description_kind":"plain","computed":true},"ip6":{"type":"string","description":"IPv6 address for the fabric node.","description_kind":"plain","computed":true},"node_id":{"type":"string","description":"The unique identifier of the SDN fabric node.","description_kind":"plain","required":true}},"description":"OpenFabric Fabric Node in Proxmox SDN. Fabrics in Proxmox VE SDN provide automated routing between nodes in a cluster.","description_kind":"markdown","deprecated":true,"deprecation_message":"Use \"proxmox_sdn_fabric_node_openfabric\" instead. This resource / data source will be removed in v1.0."}},"proxmox_virtual_environment_sdn_fabric_node_ospf":{"version":0,"block":{"attributes":{"fabric_id":{"type":"string","description":"The unique identifier of the SDN fabric.","description_kind":"plain","required":true},"id":{"type":"string","description":"The unique identifier of the SDN fabric node, in the format \u003cfabric_id\u003e/\u003cnode_id\u003e.","description_kind":"plain","computed":true},"interface_names":{"type":["set","string"],"description":"Set of interface names associated with the fabric node.","description_kind":"plain","computed":true},"ip":{"type":"string","description":"IPv4 address for the fabric node.","description_kind":"plain","computed":true},"node_id":{"type":"string","description":"The unique identifier of the SDN fabric node.","description_kind":"plain","required":true}},"description":"OSPF Fabric Node in Proxmox SDN. Fabrics in Proxmox VE SDN provide automated routing between nodes in a cluster.","description_kind":"markdown","deprecated":true,"deprecation_message":"Use \"proxmox_sdn_fabric_node_ospf\" instead. This resource / data source will be removed in v1.0."}},"proxmox_virtual_environment_sdn_fabric_openfabric":{"version":0,"block":{"attributes":{"csnp_interval":{"type":"number","description":"The csnp_interval property for OpenFabric.","description_kind":"plain","computed":true},"hello_interval":{"type":"number","description":"The hello_interval property for OpenFabric.","description_kind":"plain","computed":true},"id":{"type":"string","description":"The unique identifier of the SDN fabric.","description_kind":"plain","required":true},"ip6_prefix":{"type":"string","description":"IPv6 prefix cidr for the fabric.","description_kind":"plain","computed":true},"ip_prefix":{"type":"string","description":"IPv4 prefix cidr for the fabric.","description_kind":"plain","computed":true}},"description":"OpenFabric Fabric in Proxmox SDN. Fabrics in Proxmox VE SDN provide automated routing between nodes in a cluster.","description_kind":"markdown","deprecated":true,"deprecation_message":"Use \"proxmox_sdn_fabric_openfabric\" instead. This resource / data source will be removed in v1.0."}},"proxmox_virtual_environment_sdn_fabric_ospf":{"version":0,"block":{"attributes":{"area":{"type":"string","description":"OSPF area. Either a IPv4 address or a 32-bit number. Gets validated in rust.","description_kind":"plain","computed":true},"id":{"type":"string","description":"The unique identifier of the SDN fabric.","description_kind":"plain","required":true},"ip_prefix":{"type":"string","description":"IPv4 prefix cidr for the fabric.","description_kind":"plain","computed":true}},"description":"OSPF Fabric in Proxmox SDN. Fabrics in Proxmox VE SDN provide automated routing between nodes in a cluster.","description_kind":"markdown","deprecated":true,"deprecation_message":"Use \"proxmox_sdn_fabric_ospf\" instead. This resource / data source will be removed in v1.0."}},"proxmox_virtual_environment_sdn_subnet":{"version":0,"block":{"attributes":{"cidr":{"type":"string","description":"A CIDR network address, for example 10.0.0.0/8","description_kind":"plain","required":true},"dhcp_dns_server":{"type":"string","description":"The DNS server used for DHCP.","description_kind":"plain","computed":true},"dhcp_range":{"nested_type":{"attributes":{"end_address":{"type":"string","description":"End of the DHCP range.","description_kind":"plain","computed":true},"start_address":{"type":"string","description":"Start of the DHCP range.","description_kind":"plain","computed":true}},"nesting_mode":"single"},"description":"DHCP range (start and end IPs).","description_kind":"plain","optional":true,"computed":true},"dns_zone_prefix":{"type":"string","description":"Prefix used for DNS zone delegation.","description_kind":"plain","computed":true},"gateway":{"type":"string","description":"The gateway address for the subnet.","description_kind":"plain","computed":true},"id":{"type":"string","description":"The full ID in the format 'vnet-id/subnet-id'.","description_kind":"plain","computed":true},"snat":{"type":"bool","description":"Whether SNAT is enabled for the subnet.","description_kind":"plain","computed":true},"vnet":{"type":"string","description":"The VNet this subnet belongs to.","description_kind":"plain","required":true}},"description":"Retrieve details about a specific SDN Subnet in Proxmox VE.","description_kind":"plain","deprecated":true,"deprecation_message":"Use \"proxmox_sdn_subnet\" instead. This resource / data source will be removed in v1.0."}},"proxmox_virtual_environment_sdn_vnet":{"version":0,"block":{"attributes":{"alias":{"type":"string","description":"An optional alias for this VNet.","description_kind":"plain","computed":true},"id":{"type":"string","description":"The unique identifier of the SDN VNet.","description_kind":"plain","required":true},"isolate_ports":{"type":"bool","description":"Isolate ports within this VNet.","description_kind":"plain","computed":true},"tag":{"type":"number","description":"Tag value for VLAN/VXLAN (can't be used with other zone types).","description_kind":"plain","computed":true},"vlan_aware":{"type":"bool","description":"Allow VM VLANs to pass through this VNet.","description_kind":"plain","computed":true},"zone":{"type":"string","description":"The zone to which this VNet belongs.","description_kind":"plain","computed":true}},"description":"Retrieves information about an existing SDN VNet.","description_kind":"plain","deprecated":true,"deprecation_message":"Use \"proxmox_sdn_vnet\" instead. This resource / data source will be removed in v1.0."}},"proxmox_virtual_environment_sdn_vnets":{"version":0,"block":{"attributes":{"vnets":{"type":["list",["object",{"alias":"string","id":"string","isolate_ports":"bool","tag":"number","vlan_aware":"bool","zone":"string"}]],"description":"List of SDN VNets.","description_kind":"plain","computed":true}},"description":"Retrieves information about all SDN VNets in Proxmox. This data source lists all virtual networks configured in the Software-Defined Networking setup.","description_kind":"markdown","deprecated":true,"deprecation_message":"Use \"proxmox_sdn_vnets\" instead. This resource / data source will be removed in v1.0."}},"proxmox_virtual_environment_sdn_zone_evpn":{"version":0,"block":{"attributes":{"advertise_subnets":{"type":"bool","description":"Enable subnet advertisement for EVPN.","description_kind":"plain","computed":true},"controller":{"type":"string","description":"EVPN controller address.","description_kind":"plain","computed":true},"disable_arp_nd_suppression":{"type":"bool","description":"Disable ARP/ND suppression for EVPN.","description_kind":"plain","computed":true},"dns":{"type":"string","description":"DNS API server address.","description_kind":"plain","computed":true},"dns_zone":{"type":"string","description":"DNS domain name. Used to register hostnames, such as `\u003chostname\u003e.\u003cdomain\u003e`. The DNS zone must already exist on the DNS server.","description_kind":"markdown","computed":true},"exit_nodes":{"type":["set","string"],"description":"List of exit nodes for EVPN.","description_kind":"plain","computed":true},"exit_nodes_local_routing":{"type":"bool","description":"Enable local routing for EVPN exit nodes.","description_kind":"plain","computed":true},"id":{"type":"string","description":"The unique identifier of the SDN zone.","description_kind":"plain","required":true},"ipam":{"type":"string","description":"IP Address Management system.","description_kind":"plain","computed":true},"mtu":{"type":"number","description":"MTU value for the zone.","description_kind":"plain","computed":true},"nodes":{"type":["set","string"],"description":"The Proxmox nodes which the zone and associated VNets are deployed on","description_kind":"plain","computed":true},"pending":{"type":"bool","description":"Indicates if the zone has pending configuration changes that need to be applied.","description_kind":"plain","computed":true},"primary_exit_node":{"type":"string","description":"Primary exit node for EVPN.","description_kind":"plain","computed":true},"reverse_dns":{"type":"string","description":"Reverse DNS API server address.","description_kind":"plain","computed":true},"rt_import":{"type":"string","description":"Route target import for EVPN. Must be in the format '\u003cASN\u003e:\u003cnumber\u003e' (e.g., '65000:65000').","description_kind":"markdown","computed":true},"state":{"type":"string","description":"Indicates the current state of the zone.","description_kind":"plain","computed":true},"vrf_vxlan":{"type":"number","description":"VRF VXLAN-ID used for dedicated routing interconnect between VNets. It must be different than the VXLAN-ID of the VNets.","description_kind":"plain","computed":true}},"description":"Retrieves information about an EVPN Zone in Proxmox SDN. The EVPN zone creates a routable Layer 3 network, capable of spanning across multiple clusters.","description_kind":"markdown","deprecated":true,"deprecation_message":"Use \"proxmox_sdn_zone_evpn\" instead. This resource / data source will be removed in v1.0."}},"proxmox_virtual_environment_sdn_zone_qinq":{"version":0,"block":{"attributes":{"bridge":{"type":"string","description":"A local, VLAN-aware bridge that is already configured on each local node","description_kind":"plain","computed":true},"dns":{"type":"string","description":"DNS API server address.","description_kind":"plain","computed":true},"dns_zone":{"type":"string","description":"DNS domain name. Used to register hostnames, such as `\u003chostname\u003e.\u003cdomain\u003e`. The DNS zone must already exist on the DNS server.","description_kind":"markdown","computed":true},"id":{"type":"string","description":"The unique identifier of the SDN zone.","description_kind":"plain","required":true},"ipam":{"type":"string","description":"IP Address Management system.","description_kind":"plain","computed":true},"mtu":{"type":"number","description":"MTU value for the zone.","description_kind":"plain","computed":true},"nodes":{"type":["set","string"],"description":"The Proxmox nodes which the zone and associated VNets are deployed on","description_kind":"plain","computed":true},"pending":{"type":"bool","description":"Indicates if the zone has pending configuration changes that need to be applied.","description_kind":"plain","computed":true},"reverse_dns":{"type":"string","description":"Reverse DNS API server address.","description_kind":"plain","computed":true},"service_vlan":{"type":"number","description":"Service VLAN tag for QinQ. The tag must be between `1` and `4094`.","description_kind":"markdown","computed":true},"service_vlan_protocol":{"type":"string","description":"Service VLAN protocol for QinQ. The protocol must be `802.1ad` or `802.1q`.","description_kind":"markdown","computed":true},"state":{"type":"string","description":"Indicates the current state of the zone.","description_kind":"plain","computed":true}},"description":"Retrieves information about a QinQ Zone in Proxmox SDN. QinQ also known as VLAN stacking, that uses multiple layers of VLAN tags for isolation. The QinQ zone defines the outer VLAN tag (the Service VLAN) whereas the inner VLAN tag is defined by the VNet. Your physical network switches must support stacked VLANs for this configuration. Due to the double stacking of tags, you need 4 more bytes for QinQ VLANs. For example, you must reduce the MTU to 1496 if you physical interface MTU is 1500.","description_kind":"markdown","deprecated":true,"deprecation_message":"Use \"proxmox_sdn_zone_qinq\" instead. This resource / data source will be removed in v1.0."}},"proxmox_virtual_environment_sdn_zone_simple":{"version":0,"block":{"attributes":{"dhcp":{"type":"string","description":"The type of the DHCP backend for this zone.","description_kind":"plain","computed":true},"dns":{"type":"string","description":"DNS API server address.","description_kind":"plain","computed":true},"dns_zone":{"type":"string","description":"DNS domain name. Used to register hostnames, such as `\u003chostname\u003e.\u003cdomain\u003e`. The DNS zone must already exist on the DNS server.","description_kind":"markdown","computed":true},"id":{"type":"string","description":"The unique identifier of the SDN zone.","description_kind":"plain","required":true},"ipam":{"type":"string","description":"IP Address Management system.","description_kind":"plain","computed":true},"mtu":{"type":"number","description":"MTU value for the zone.","description_kind":"plain","computed":true},"nodes":{"type":["set","string"],"description":"The Proxmox nodes which the zone and associated VNets are deployed on","description_kind":"plain","computed":true},"pending":{"type":"bool","description":"Indicates if the zone has pending configuration changes that need to be applied.","description_kind":"plain","computed":true},"reverse_dns":{"type":"string","description":"Reverse DNS API server address.","description_kind":"plain","computed":true},"state":{"type":"string","description":"Indicates the current state of the zone.","description_kind":"plain","computed":true}},"description":"Retrieves information about a Simple Zone in Proxmox SDN. It will create an isolated VNet bridge. This bridge is not linked to a physical interface, and VM traffic is only local on each the node. It can be used in NAT or routed setups.","description_kind":"markdown","deprecated":true,"deprecation_message":"Use \"proxmox_sdn_zone_simple\" instead. This resource / data source will be removed in v1.0."}},"proxmox_virtual_environment_sdn_zone_vlan":{"version":0,"block":{"attributes":{"bridge":{"type":"string","description":"The local bridge or OVS switch, already configured on _each_ node that allows node-to-node connection.","description_kind":"markdown","computed":true},"dns":{"type":"string","description":"DNS API server address.","description_kind":"plain","computed":true},"dns_zone":{"type":"string","description":"DNS domain name. Used to register hostnames, such as `\u003chostname\u003e.\u003cdomain\u003e`. The DNS zone must already exist on the DNS server.","description_kind":"markdown","computed":true},"id":{"type":"string","description":"The unique identifier of the SDN zone.","description_kind":"plain","required":true},"ipam":{"type":"string","description":"IP Address Management system.","description_kind":"plain","computed":true},"mtu":{"type":"number","description":"MTU value for the zone.","description_kind":"plain","computed":true},"nodes":{"type":["set","string"],"description":"The Proxmox nodes which the zone and associated VNets are deployed on","description_kind":"plain","computed":true},"pending":{"type":"bool","description":"Indicates if the zone has pending configuration changes that need to be applied.","description_kind":"plain","computed":true},"reverse_dns":{"type":"string","description":"Reverse DNS API server address.","description_kind":"plain","computed":true},"state":{"type":"string","description":"Indicates the current state of the zone.","description_kind":"plain","computed":true}},"description":"Retrieves information about a VLAN Zone in Proxmox SDN. It uses an existing local Linux or OVS bridge to connect to the node's physical interface. It uses VLAN tagging defined in the VNet to isolate the network segments. This allows connectivity of VMs between different nodes.","description_kind":"markdown","deprecated":true,"deprecation_message":"Use \"proxmox_sdn_zone_vlan\" instead. This resource / data source will be removed in v1.0."}},"proxmox_virtual_environment_sdn_zone_vxlan":{"version":0,"block":{"attributes":{"dns":{"type":"string","description":"DNS API server address.","description_kind":"plain","computed":true},"dns_zone":{"type":"string","description":"DNS domain name. Used to register hostnames, such as `\u003chostname\u003e.\u003cdomain\u003e`. The DNS zone must already exist on the DNS server.","description_kind":"markdown","computed":true},"id":{"type":"string","description":"The unique identifier of the SDN zone.","description_kind":"plain","required":true},"ipam":{"type":"string","description":"IP Address Management system.","description_kind":"plain","computed":true},"mtu":{"type":"number","description":"MTU value for the zone.","description_kind":"plain","computed":true},"nodes":{"type":["set","string"],"description":"The Proxmox nodes which the zone and associated VNets are deployed on","description_kind":"plain","computed":true},"peers":{"type":["set","string"],"description":"A list of IP addresses of each node in the VXLAN zone. This can be external nodes reachable at this IP address. All nodes in the cluster need to be mentioned here","description_kind":"markdown","computed":true},"pending":{"type":"bool","description":"Indicates if the zone has pending configuration changes that need to be applied.","description_kind":"plain","computed":true},"reverse_dns":{"type":"string","description":"Reverse DNS API server address.","description_kind":"plain","computed":true},"state":{"type":"string","description":"Indicates the current state of the zone.","description_kind":"plain","computed":true}},"description":"Retrieves information about a VXLAN Zone in Proxmox SDN. It establishes a tunnel (overlay) on top of an existing network (underlay). This encapsulates layer 2 Ethernet frames within layer 4 UDP datagrams using the default destination port 4789. You have to configure the underlay network yourself to enable UDP connectivity between all peers. Because VXLAN encapsulation uses 50 bytes, the MTU needs to be 50 bytes lower than the outgoing physical interface.","description_kind":"markdown","deprecated":true,"deprecation_message":"Use \"proxmox_sdn_zone_vxlan\" instead. This resource / data source will be removed in v1.0."}},"proxmox_virtual_environment_sdn_zones":{"version":0,"block":{"attributes":{"type":{"type":"string","description":"Filter zones by type (simple, vlan, qinq, vxlan, evpn).","description_kind":"plain","optional":true},"zones":{"type":["list",["object",{"advertise_subnets":"bool","bridge":"string","controller":"string","dhcp":"string","disable_arp_nd_suppression":"bool","dns":"string","dns_zone":"string","exit_nodes":["set","string"],"exit_nodes_local_routing":"bool","id":"string","ipam":"string","mtu":"number","nodes":["set","string"],"peers":["set","string"],"pending":"bool","primary_exit_node":"string","reverse_dns":"string","rt_import":"string","service_vlan":"number","service_vlan_protocol":"string","state":"string","type":"string","vrf_vxlan":"number"}]],"description":"List of SDN zones.","description_kind":"plain","computed":true}},"description":"Retrieves information about all SDN Zones in Proxmox. This data source can optionally filter zones by type.","description_kind":"markdown","deprecated":true,"deprecation_message":"Use \"proxmox_sdn_zones\" instead. This resource / data source will be removed in v1.0."}},"proxmox_virtual_environment_time":{"version":0,"block":{"attributes":{"id":{"type":"string","description_kind":"plain","optional":true,"computed":true},"local_time":{"type":"string","description":"The local timestamp","description_kind":"plain","computed":true},"node_name":{"type":"string","description":"The node name","description_kind":"plain","required":true},"time_zone":{"type":"string","description":"The time zone","description_kind":"plain","computed":true},"utc_time":{"type":"string","description":"The UTC timestamp","description_kind":"plain","computed":true}},"description_kind":"plain"}},"proxmox_virtual_environment_user":{"version":0,"block":{"attributes":{"acl":{"type":["set",["object",{"path":"string","propagate":"bool","role_id":"string"}]],"description":"The access control list","description_kind":"plain","computed":true},"comment":{"type":"string","description":"The user comment","description_kind":"plain","computed":true},"email":{"type":"string","description":"The user's email address","description_kind":"plain","computed":true},"enabled":{"type":"bool","description":"Whether the user account is enabled","description_kind":"plain","computed":true},"expiration_date":{"type":"string","description":"The user account's expiration date","description_kind":"plain","computed":true},"first_name":{"type":"string","description":"The user's first name","description_kind":"plain","computed":true},"groups":{"type":["list","string"],"description":"The user's groups","description_kind":"plain","computed":true},"id":{"type":"string","description_kind":"plain","optional":true,"computed":true},"keys":{"type":"string","description":"The user's keys","description_kind":"plain","computed":true},"last_name":{"type":"string","description":"The user's last name","description_kind":"plain","computed":true},"user_id":{"type":"string","description":"The user id","description_kind":"plain","required":true}},"description_kind":"plain"}},"proxmox_virtual_environment_users":{"version":0,"block":{"attributes":{"comments":{"type":["list","string"],"description":"The user comments","description_kind":"plain","computed":true},"emails":{"type":["list","string"],"description":"The users' email addresses","description_kind":"plain","computed":true},"enabled":{"type":["list","bool"],"description":"Whether a user account is enabled","description_kind":"plain","computed":true},"expiration_dates":{"type":["list","string"],"description":"The user accounts' expiration dates","description_kind":"plain","computed":true},"first_names":{"type":["list","string"],"description":"The users' first names","description_kind":"plain","computed":true},"groups":{"type":["list",["list","string"]],"description":"The users' groups","description_kind":"plain","computed":true},"id":{"type":"string","description_kind":"plain","optional":true,"computed":true},"keys":{"type":["list","string"],"description":"The users' keys","description_kind":"plain","computed":true},"last_names":{"type":["list","string"],"description":"The users' last names","description_kind":"plain","computed":true},"user_ids":{"type":["list","string"],"description":"The user ids","description_kind":"plain","computed":true}},"description_kind":"plain"}},"proxmox_virtual_environment_version":{"version":0,"block":{"attributes":{"id":{"type":"string","description":"Placeholder identifier attribute.","description_kind":"plain","computed":true},"release":{"type":"string","description":"The current Proxmox VE point release in `x.y` format.","description_kind":"plain","computed":true},"repository_id":{"type":"string","description":"The short git revision from which this version was build.","description_kind":"plain","computed":true},"version":{"type":"string","description":"The full pve-manager package version of this node.","description_kind":"plain","computed":true}},"description":"Retrieves API version details.","description_kind":"plain","deprecated":true,"deprecation_message":"Use \"proxmox_version\" instead. This resource / data source will be removed in v1.0."}},"proxmox_virtual_environment_vm":{"version":0,"block":{"attributes":{"id":{"type":"string","description_kind":"plain","optional":true,"computed":true},"name":{"type":"string","description":"The VM name","description_kind":"plain","computed":true},"node_name":{"type":"string","description":"The node name","description_kind":"plain","required":true},"status":{"type":"string","description":"Status of the VM","description_kind":"plain","optional":true},"tags":{"type":["list","string"],"description":"Tags of the VM","description_kind":"plain","computed":true},"template":{"type":"bool","description":"Is VM a template (true) or a regular VM (false)","description_kind":"plain","optional":true},"vm_id":{"type":"number","description":"The VM identifier","description_kind":"plain","required":true}},"description_kind":"plain","deprecated":true,"deprecation_message":"Use \"proxmox_vm\" instead. This resource / data source will be removed in v1.0."}},"proxmox_virtual_environment_vm2":{"version":0,"block":{"attributes":{"cdrom":{"nested_type":{"attributes":{"file_id":{"type":"string","description":"The file ID of the CD-ROM.","description_kind":"plain","computed":true}},"nesting_mode":"map"},"description":"The CD-ROM configuration.","description_kind":"plain","computed":true},"cpu":{"nested_type":{"attributes":{"affinity":{"type":"string","description":"List of host cores used to execute guest processes, for example: '0,5,8-11'","description_kind":"plain","computed":true},"architecture":{"type":"string","description":"The CPU architecture.","description_kind":"plain","computed":true},"cores":{"type":"number","description":"The number of CPU cores per socket.","description_kind":"plain","computed":true},"flags":{"type":["set","string"],"description":"Set of additional CPU flags.","description_kind":"plain","computed":true},"limit":{"type":"number","description":"Limit of CPU usage.","description_kind":"plain","computed":true},"numa":{"type":"bool","description":"Whether NUMA emulation is enabled.","description_kind":"plain","computed":true},"sockets":{"type":"number","description":"The number of CPU sockets.","description_kind":"plain","computed":true},"type":{"type":"string","description":"Emulated CPU type.","description_kind":"plain","computed":true},"units":{"type":"number","description":"CPU weight for a VM","description_kind":"plain","computed":true},"vcpus":{"type":"number","description":"Number of active vCPUs.","description_kind":"plain","computed":true}},"nesting_mode":"single"},"description":"The CPU configuration.","description_kind":"plain","computed":true},"description":{"type":"string","description":"The description of the VM.","description_kind":"plain","computed":true},"id":{"type":"number","description":"The unique identifier of the VM in the Proxmox cluster.","description_kind":"plain","required":true},"name":{"type":"string","description":"The name of the VM.","description_kind":"plain","computed":true},"node_name":{"type":"string","description":"The name of the node where the VM is provisioned.","description_kind":"plain","required":true},"rng":{"nested_type":{"attributes":{"max_bytes":{"type":"number","description":"Maximum bytes of entropy allowed to get injected into the guest every period.","description_kind":"plain","computed":true},"period":{"type":"number","description":"Period in milliseconds to limit entropy injection to the guest.","description_kind":"plain","computed":true},"source":{"type":"string","description":"The entropy source for the RNG device.","description_kind":"plain","computed":true}},"nesting_mode":"single"},"description":"The RNG (Random Number Generator) configuration.","description_kind":"plain","computed":true},"status":{"type":"string","description":"The status of the VM (e.g., `running`, `stopped`).","description_kind":"plain","computed":true},"tags":{"type":["set","string"],"description":"The tags assigned to the VM.","description_kind":"plain","computed":true},"template":{"type":"bool","description":"Whether the VM is a template.","description_kind":"plain","computed":true},"timeouts":{"nested_type":{"attributes":{"read":{"type":"string","description":"A string that can be [parsed as a duration](https://pkg.go.dev/time#ParseDuration) consisting of numbers and unit suffixes, such as \"30s\" or \"2h45m\". Valid time units are \"s\" (seconds), \"m\" (minutes), \"h\" (hours). Read operations occur during any refresh or planning operation when refresh is enabled.","description_kind":"plain","optional":true}},"nesting_mode":"single"},"description_kind":"plain","optional":true},"vga":{"nested_type":{"attributes":{"clipboard":{"type":"string","description":"Enable a specific clipboard.","description_kind":"plain","computed":true},"memory":{"type":"number","description":"The VGA memory in megabytes (4-512 MB). Has no effect with serial display. ","description_kind":"markdown","computed":true},"type":{"type":"string","description":"The VGA type.","description_kind":"plain","computed":true}},"nesting_mode":"single"},"description":"The VGA configuration.","description_kind":"plain","computed":true}},"description":"Retrieves information about a specific VM.","description_kind":"plain","deprecated":true,"deprecation_message":"Use \"proxmox_vm\" instead. This resource / data source will be removed in v1.0."}},"proxmox_virtual_environment_vms":{"version":0,"block":{"attributes":{"id":{"type":"string","description_kind":"plain","optional":true,"computed":true},"node_name":{"type":"string","description":"The node name. All cluster nodes will be queried in case this is omitted","description_kind":"plain","optional":true},"tags":{"type":["list","string"],"description":"Tags of the VM to match","description_kind":"plain","optional":true},"vms":{"type":["list",["object",{"name":"string","node_name":"string","status":"string","tags":["list","string"],"template":"bool","vm_id":"number"}]],"description":"VMs","description_kind":"plain","computed":true}},"block_types":{"filter":{"nesting_mode":"list","block":{"attributes":{"name":{"type":"string","description":"Attribute to filter on. One of [name, template, status, node_name]","description_kind":"plain","required":true},"regex":{"type":"bool","description":"Treat values as regex patterns","description_kind":"plain","optional":true},"values":{"type":["list","string"],"description":"List of values to pass the filter (OR logic)","description_kind":"plain","required":true}},"description":"Filter blocks","description_kind":"plain"}}},"description_kind":"plain"}},"proxmox_vm":{"version":0,"block":{"attributes":{"cdrom":{"nested_type":{"attributes":{"file_id":{"type":"string","description":"The file ID of the CD-ROM.","description_kind":"plain","computed":true}},"nesting_mode":"map"},"description":"The CD-ROM configuration.","description_kind":"plain","computed":true},"cpu":{"nested_type":{"attributes":{"affinity":{"type":"string","description":"List of host cores used to execute guest processes, for example: '0,5,8-11'","description_kind":"plain","computed":true},"architecture":{"type":"string","description":"The CPU architecture.","description_kind":"plain","computed":true},"cores":{"type":"number","description":"The number of CPU cores per socket.","description_kind":"plain","computed":true},"flags":{"type":["set","string"],"description":"Set of additional CPU flags.","description_kind":"plain","computed":true},"limit":{"type":"number","description":"Limit of CPU usage.","description_kind":"plain","computed":true},"numa":{"type":"bool","description":"Whether NUMA emulation is enabled.","description_kind":"plain","computed":true},"sockets":{"type":"number","description":"The number of CPU sockets.","description_kind":"plain","computed":true},"type":{"type":"string","description":"Emulated CPU type.","description_kind":"plain","computed":true},"units":{"type":"number","description":"CPU weight for a VM","description_kind":"plain","computed":true},"vcpus":{"type":"number","description":"Number of active vCPUs.","description_kind":"plain","computed":true}},"nesting_mode":"single"},"description":"The CPU configuration.","description_kind":"plain","computed":true},"description":{"type":"string","description":"The description of the VM.","description_kind":"plain","computed":true},"id":{"type":"number","description":"The unique identifier of the VM in the Proxmox cluster.","description_kind":"plain","required":true},"name":{"type":"string","description":"The name of the VM.","description_kind":"plain","computed":true},"node_name":{"type":"string","description":"The name of the node where the VM is provisioned.","description_kind":"plain","required":true},"rng":{"nested_type":{"attributes":{"max_bytes":{"type":"number","description":"Maximum bytes of entropy allowed to get injected into the guest every period.","description_kind":"plain","computed":true},"period":{"type":"number","description":"Period in milliseconds to limit entropy injection to the guest.","description_kind":"plain","computed":true},"source":{"type":"string","description":"The entropy source for the RNG device.","description_kind":"plain","computed":true}},"nesting_mode":"single"},"description":"The RNG (Random Number Generator) configuration.","description_kind":"plain","computed":true},"status":{"type":"string","description":"The status of the VM (e.g., `running`, `stopped`).","description_kind":"plain","computed":true},"tags":{"type":["set","string"],"description":"The tags assigned to the VM.","description_kind":"plain","computed":true},"template":{"type":"bool","description":"Whether the VM is a template.","description_kind":"plain","computed":true},"timeouts":{"nested_type":{"attributes":{"read":{"type":"string","description":"A string that can be [parsed as a duration](https://pkg.go.dev/time#ParseDuration) consisting of numbers and unit suffixes, such as \"30s\" or \"2h45m\". Valid time units are \"s\" (seconds), \"m\" (minutes), \"h\" (hours). Read operations occur during any refresh or planning operation when refresh is enabled.","description_kind":"plain","optional":true}},"nesting_mode":"single"},"description_kind":"plain","optional":true},"vga":{"nested_type":{"attributes":{"clipboard":{"type":"string","description":"Enable a specific clipboard.","description_kind":"plain","computed":true},"memory":{"type":"number","description":"The VGA memory in megabytes (4-512 MB). Has no effect with serial display. ","description_kind":"markdown","computed":true},"type":{"type":"string","description":"The VGA type.","description_kind":"plain","computed":true}},"nesting_mode":"single"},"description":"The VGA configuration.","description_kind":"plain","computed":true}},"description":"Retrieves information about a specific VM.","description_kind":"plain"}}}},"registry.terraform.io/siderolabs/talos":{"provider":{"version":0,"block":{"attributes":{"image_factory_url":{"type":"string","description":"The URL of Image Factory to generate schematics. If not set defaults to https://factory.talos.dev.","description_kind":"plain","optional":true}},"description_kind":"plain"}},"resource_schemas":{"talos_cluster_kubeconfig":{"version":1,"block":{"attributes":{"certificate_renewal_duration":{"type":"string","description":"The duration in hours before the certificate is renewed, defaults to 720h. Must be a valid duration string","description_kind":"plain","optional":true,"computed":true},"client_configuration":{"nested_type":{"attributes":{"ca_certificate":{"type":"string","description":"The client CA certificate","description_kind":"plain","required":true},"client_certificate":{"type":"string","description":"The client certificate","description_kind":"plain","required":true},"client_key":{"type":"string","description":"The client key","description_kind":"plain","required":true,"sensitive":true}},"nesting_mode":"single"},"description":"The client configuration data","description_kind":"plain","required":true},"endpoint":{"type":"string","description":"endpoint to use for the talosclient. If not set, the node value will be used","description_kind":"plain","optional":true,"computed":true},"id":{"type":"string","description_kind":"plain","computed":true},"kubeconfig_raw":{"type":"string","description":"The raw kubeconfig","description_kind":"plain","computed":true,"sensitive":true},"kubernetes_client_configuration":{"nested_type":{"attributes":{"ca_certificate":{"type":"string","description":"The kubernetes CA certificate","description_kind":"plain","computed":true},"client_certificate":{"type":"string","description":"The kubernetes client certificate","description_kind":"plain","computed":true},"client_key":{"type":"string","description":"The kubernetes client key","description_kind":"plain","computed":true,"sensitive":true},"host":{"type":"string","description":"The kubernetes host","description_kind":"plain","computed":true}},"nesting_mode":"single"},"description":"The kubernetes client configuration","description_kind":"plain","computed":true},"node":{"type":"string","description":"controlplane node to retrieve the kubeconfig from","description_kind":"plain","required":true},"timeouts":{"nested_type":{"attributes":{"create":{"type":"string","description":"A string that can be [parsed as a duration](https://pkg.go.dev/time#ParseDuration) consisting of numbers and unit suffixes, such as \"30s\" or \"2h45m\". Valid time units are \"s\" (seconds), \"m\" (minutes), \"h\" (hours).","description_kind":"plain","optional":true},"update":{"type":"string","description":"A string that can be [parsed as a duration](https://pkg.go.dev/time#ParseDuration) consisting of numbers and unit suffixes, such as \"30s\" or \"2h45m\". Valid time units are \"s\" (seconds), \"m\" (minutes), \"h\" (hours).","description_kind":"plain","optional":true}},"nesting_mode":"single"},"description_kind":"plain","optional":true}},"description":"Retrieves the kubeconfig for a Talos cluster","description_kind":"plain"}},"talos_image_factory_schematic":{"version":0,"block":{"attributes":{"id":{"type":"string","description":"The unique ID of the schematic, returned from Image Factory.","description_kind":"plain","computed":true},"schematic":{"type":"string","description":"\nThe schematic yaml respresentation to generate the image.\n\nIf not set, a vanilla Talos image schematic will be generated.\n\n\u003e Refer to [image-factory](https://github.com/siderolabs/image-factory?tab=readme-ov-file#post-schematics) for the schema.\n","description_kind":"markdown","optional":true}},"description":"The image factory schematic resource allows you to create a schematic for a Talos image.","description_kind":"plain"}},"talos_machine_bootstrap":{"version":1,"block":{"attributes":{"client_configuration":{"nested_type":{"attributes":{"ca_certificate":{"type":"string","description":"The client CA certificate","description_kind":"plain","required":true},"client_certificate":{"type":"string","description":"The client certificate","description_kind":"plain","required":true},"client_key":{"type":"string","description":"The client key","description_kind":"plain","required":true,"sensitive":true}},"nesting_mode":"single"},"description":"The client configuration data","description_kind":"plain","optional":true},"client_configuration_wo":{"nested_type":{"attributes":{"ca_certificate":{"type":"string","description":"The client CA certificate","description_kind":"plain","required":true,"write_only":true},"client_certificate":{"type":"string","description":"The client certificate","description_kind":"plain","required":true,"write_only":true},"client_key":{"type":"string","description":"The client key","description_kind":"plain","required":true,"sensitive":true,"write_only":true}},"nesting_mode":"single"},"description":"The client configuration data (write-only). Use this instead of client_configuration when using ephemeral resources. Requires Terraform 1.11+","description_kind":"plain","optional":true,"write_only":true},"endpoint":{"type":"string","description":"The endpoint of the machine to bootstrap","description_kind":"plain","optional":true,"computed":true},"id":{"type":"string","description":"This is a unique identifier for the machine ","description_kind":"plain","computed":true},"node":{"type":"string","description":"The name of the node to bootstrap","description_kind":"plain","required":true},"timeouts":{"nested_type":{"attributes":{"create":{"type":"string","description":"A string that can be [parsed as a duration](https://pkg.go.dev/time#ParseDuration) consisting of numbers and unit suffixes, such as \"30s\" or \"2h45m\". Valid time units are \"s\" (seconds), \"m\" (minutes), \"h\" (hours).","description_kind":"plain","optional":true}},"nesting_mode":"single"},"description_kind":"plain","optional":true}},"description":"The machine bootstrap resource allows you to bootstrap a Talos node.","description_kind":"plain"}},"talos_machine_configuration_apply":{"version":1,"block":{"attributes":{"apply_mode":{"type":"string","description":"The mode of the apply operation. Use 'staged_if_needing_reboot' for automatic reboot prevention: performs a dry-run and uses 'staged' mode if reboot is needed, 'auto' otherwise","description_kind":"plain","optional":true,"computed":true},"client_configuration":{"nested_type":{"attributes":{"ca_certificate":{"type":"string","description":"The client CA certificate","description_kind":"plain","required":true},"client_certificate":{"type":"string","description":"The client certificate","description_kind":"plain","required":true},"client_key":{"type":"string","description":"The client key","description_kind":"plain","required":true,"sensitive":true}},"nesting_mode":"single"},"description":"The client configuration data","description_kind":"plain","optional":true},"client_configuration_wo":{"nested_type":{"attributes":{"ca_certificate":{"type":"string","description":"The client CA certificate","description_kind":"plain","required":true,"write_only":true},"client_certificate":{"type":"string","description":"The client certificate","description_kind":"plain","required":true,"write_only":true},"client_key":{"type":"string","description":"The client key","description_kind":"plain","required":true,"sensitive":true,"write_only":true}},"nesting_mode":"single"},"description":"The client configuration data (write-only). Use this instead of client_configuration when using ephemeral resources. Requires Terraform 1.11+","description_kind":"plain","optional":true,"write_only":true},"config_patches":{"type":["list","string"],"description":"The list of config patches to apply","description_kind":"plain","optional":true},"endpoint":{"type":"string","description":"The endpoint of the machine to bootstrap","description_kind":"plain","optional":true,"computed":true},"id":{"type":"string","description":"This is a unique identifier for the machine ","description_kind":"plain","computed":true},"machine_configuration":{"type":"string","description":"The generated machine configuration after applying patches","description_kind":"plain","computed":true,"sensitive":true},"machine_configuration_hash":{"type":"string","description":"SHA256 hex digest of the rendered machine configuration (input plus patches). Persisted in state so that changes to machine_configuration_input_wo — which is write-only and itself invisible to state — still surface as plan diffs.","description_kind":"plain","computed":true},"machine_configuration_input":{"type":"string","description":"The machine configuration to apply","description_kind":"plain","optional":true,"sensitive":true},"machine_configuration_input_wo":{"type":"string","description":"The machine configuration to apply (write-only). Use this instead of machine_configuration_input when using ephemeral resources. Requires Terraform 1.11+","description_kind":"plain","optional":true,"write_only":true},"node":{"type":"string","description":"The name of the node to bootstrap","description_kind":"plain","required":true},"on_destroy":{"nested_type":{"attributes":{"graceful":{"type":"bool","description":"Graceful indicates whether node should leave etcd before the upgrade, it also enforces etcd checks before leaving. Default true","description_kind":"plain","optional":true,"computed":true},"reboot":{"type":"bool","description":"Reboot indicates whether node should reboot or halt after resetting. Default false","description_kind":"plain","optional":true,"computed":true},"reset":{"type":"bool","description":"Reset the machine to the initial state (STATE and EPHEMERAL will be wiped). Default false","description_kind":"plain","optional":true,"computed":true}},"nesting_mode":"single"},"description":"Actions to be taken on destroy, if *reset* is not set this is a no-op.\n\n\u003e Note: Any changes to *on_destroy* block has to be applied first by running *terraform apply* first,\nthen a subsequent *terraform destroy* for the changes to take effect due to limitations in Terraform provider framework.\n","description_kind":"markdown","optional":true},"resolved_apply_mode":{"type":"string","description":"The actual apply mode used. When apply_mode is 'staged_if_needing_reboot', shows the resolved mode ('auto' or 'staged') based on dry-run analysis. Equals apply_mode for other modes.","description_kind":"plain","computed":true},"timeouts":{"nested_type":{"attributes":{"create":{"type":"string","description":"A string that can be [parsed as a duration](https://pkg.go.dev/time#ParseDuration) consisting of numbers and unit suffixes, such as \"30s\" or \"2h45m\". Valid time units are \"s\" (seconds), \"m\" (minutes), \"h\" (hours).","description_kind":"plain","optional":true},"delete":{"type":"string","description":"A string that can be [parsed as a duration](https://pkg.go.dev/time#ParseDuration) consisting of numbers and unit suffixes, such as \"30s\" or \"2h45m\". Valid time units are \"s\" (seconds), \"m\" (minutes), \"h\" (hours). Setting a timeout for a Delete operation is only applicable if changes are saved into state before the destroy operation occurs.","description_kind":"plain","optional":true},"update":{"type":"string","description":"A string that can be [parsed as a duration](https://pkg.go.dev/time#ParseDuration) consisting of numbers and unit suffixes, such as \"30s\" or \"2h45m\". Valid time units are \"s\" (seconds), \"m\" (minutes), \"h\" (hours).","description_kind":"plain","optional":true}},"nesting_mode":"single"},"description_kind":"plain","optional":true}},"description":"The machine configuration apply resource allows to apply machine configuration to a node","description_kind":"plain"}},"talos_machine_secrets":{"version":1,"block":{"attributes":{"client_configuration":{"nested_type":{"attributes":{"ca_certificate":{"type":"string","description":"The client CA certificate","description_kind":"plain","computed":true},"client_certificate":{"type":"string","description":"The client certificate","description_kind":"plain","computed":true},"client_key":{"type":"string","description":"The client key","description_kind":"plain","computed":true,"sensitive":true}},"nesting_mode":"single"},"description":"The generated client configuration data","description_kind":"plain","computed":true},"id":{"type":"string","description":"The computed ID of the Talos cluster","description_kind":"plain","computed":true},"machine_secrets":{"nested_type":{"attributes":{"certs":{"nested_type":{"attributes":{"etcd":{"nested_type":{"attributes":{"cert":{"type":"string","description":"certificate data","description_kind":"plain","computed":true},"key":{"type":"string","description":"key data","description_kind":"plain","computed":true,"sensitive":true}},"nesting_mode":"single"},"description":"The certificate and key pair","description_kind":"plain","computed":true},"k8s":{"nested_type":{"attributes":{"cert":{"type":"string","description":"certificate data","description_kind":"plain","computed":true},"key":{"type":"string","description":"key data","description_kind":"plain","computed":true,"sensitive":true}},"nesting_mode":"single"},"description":"The certificate and key pair","description_kind":"plain","computed":true},"k8s_aggregator":{"nested_type":{"attributes":{"cert":{"type":"string","description":"certificate data","description_kind":"plain","computed":true},"key":{"type":"string","description":"key data","description_kind":"plain","computed":true,"sensitive":true}},"nesting_mode":"single"},"description":"The certificate and key pair","description_kind":"plain","computed":true},"k8s_serviceaccount":{"nested_type":{"attributes":{"key":{"type":"string","description":"The service account key","description_kind":"plain","computed":true,"sensitive":true}},"nesting_mode":"single"},"description":"The service account secrets","description_kind":"plain","computed":true},"os":{"nested_type":{"attributes":{"cert":{"type":"string","description":"certificate data","description_kind":"plain","computed":true},"key":{"type":"string","description":"key data","description_kind":"plain","computed":true,"sensitive":true}},"nesting_mode":"single"},"description":"The certificate and key pair","description_kind":"plain","computed":true}},"nesting_mode":"single"},"description_kind":"plain","computed":true},"cluster":{"nested_type":{"attributes":{"id":{"type":"string","description":"The cluster ID","description_kind":"plain","computed":true},"secret":{"type":"string","description":"The cluster secret","description_kind":"plain","computed":true,"sensitive":true}},"nesting_mode":"single"},"description":"The cluster secrets","description_kind":"plain","computed":true},"secrets":{"nested_type":{"attributes":{"aescbc_encryption_secret":{"type":"string","description":"The AES-CBC encryption secret","description_kind":"plain","computed":true,"sensitive":true},"bootstrap_token":{"type":"string","description":"The bootstrap token","description_kind":"plain","computed":true,"sensitive":true},"secretbox_encryption_secret":{"type":"string","description":"The secretbox encryption secret","description_kind":"plain","computed":true,"sensitive":true}},"nesting_mode":"single"},"description":"kubernetes cluster secrets","description_kind":"plain","computed":true},"trustdinfo":{"nested_type":{"attributes":{"token":{"type":"string","description":"The trustd token","description_kind":"plain","computed":true,"sensitive":true}},"nesting_mode":"single"},"description":"trustd secrets","description_kind":"plain","computed":true}},"nesting_mode":"single"},"description":"The secrets for the talos cluster","description_kind":"plain","computed":true},"talos_version":{"type":"string","description":"The Talos version contract used to generate the secrets. Example values: `v1.12`, `v1.12.1`, `1.12`, `1.12.1`","description_kind":"plain","optional":true,"computed":true}},"description":"Generate machine secrets for Talos cluster.","description_kind":"plain"}}},"data_source_schemas":{"talos_client_configuration":{"version":0,"block":{"attributes":{"client_configuration":{"nested_type":{"attributes":{"ca_certificate":{"type":"string","description":"The client CA certificate","description_kind":"plain","required":true},"client_certificate":{"type":"string","description":"The client certificate","description_kind":"plain","required":true},"client_key":{"type":"string","description":"The client key","description_kind":"plain","required":true,"sensitive":true}},"nesting_mode":"single"},"description":"The client configuration data","description_kind":"plain","required":true},"cluster_name":{"type":"string","description":"The name of the cluster in the generated config","description_kind":"plain","required":true},"endpoints":{"type":["list","string"],"description":"endpoints to set in the generated config","description_kind":"plain","optional":true},"id":{"type":"string","description":"The ID of this resource","description_kind":"plain","computed":true},"nodes":{"type":["list","string"],"description":"nodes to set in the generated config","description_kind":"plain","optional":true},"talos_config":{"type":"string","description":"The generated client configuration","description_kind":"plain","computed":true,"sensitive":true}},"description":"Generate client configuration for a Talos cluster","description_kind":"plain"}},"talos_cluster_health":{"version":0,"block":{"attributes":{"client_configuration":{"nested_type":{"attributes":{"ca_certificate":{"type":"string","description":"The client CA certificate","description_kind":"plain","required":true},"client_certificate":{"type":"string","description":"The client certificate","description_kind":"plain","required":true},"client_key":{"type":"string","description":"The client key","description_kind":"plain","required":true,"sensitive":true}},"nesting_mode":"single"},"description":"The client configuration data","description_kind":"plain","required":true},"control_plane_nodes":{"type":["list","string"],"description":"List of control plane nodes to check for health.","description_kind":"plain","required":true},"endpoints":{"type":["list","string"],"description":"endpoints to use for the health check client. Use at least one control plane endpoint.","description_kind":"plain","required":true},"id":{"type":"string","description_kind":"plain","computed":true},"skip_kubernetes_checks":{"type":"bool","description":"Skip Kubernetes component checks, this is useful to check if the nodes has finished booting up and kubelet is running. Default is false.","description_kind":"plain","optional":true},"timeouts":{"nested_type":{"attributes":{"read":{"type":"string","description":"A string that can be [parsed as a duration](https://pkg.go.dev/time#ParseDuration) consisting of numbers and unit suffixes, such as \"30s\" or \"2h45m\". Valid time units are \"s\" (seconds), \"m\" (minutes), \"h\" (hours). Read operations occur during any refresh or planning operation when refresh is enabled.","description_kind":"plain","optional":true}},"nesting_mode":"single"},"description_kind":"plain","optional":true},"worker_nodes":{"type":["list","string"],"description":"List of worker nodes to check for health.","description_kind":"plain","optional":true}},"description":"Waits for the Talos cluster to be healthy. Can be used as a dependency before running other operations on the cluster.","description_kind":"markdown"}},"talos_cluster_kubeconfig":{"version":0,"block":{"attributes":{"client_configuration":{"nested_type":{"attributes":{"ca_certificate":{"type":"string","description":"The client CA certificate","description_kind":"plain","required":true},"client_certificate":{"type":"string","description":"The client certificate","description_kind":"plain","required":true},"client_key":{"type":"string","description":"The client key","description_kind":"plain","required":true,"sensitive":true}},"nesting_mode":"single"},"description":"The client configuration data","description_kind":"plain","required":true},"endpoint":{"type":"string","description":"endpoint to use for the talosclient. If not set, the node value will be used","description_kind":"plain","optional":true,"computed":true},"id":{"type":"string","description_kind":"plain","computed":true},"kubeconfig_raw":{"type":"string","description":"The raw kubeconfig","description_kind":"plain","computed":true,"sensitive":true},"kubernetes_client_configuration":{"nested_type":{"attributes":{"ca_certificate":{"type":"string","description":"The kubernetes CA certificate","description_kind":"plain","computed":true},"client_certificate":{"type":"string","description":"The kubernetes client certificate","description_kind":"plain","computed":true},"client_key":{"type":"string","description":"The kubernetes client key","description_kind":"plain","computed":true,"sensitive":true},"host":{"type":"string","description":"The kubernetes host","description_kind":"plain","computed":true}},"nesting_mode":"single"},"description":"The kubernetes client configuration","description_kind":"plain","computed":true},"node":{"type":"string","description":"controlplane node to retrieve the kubeconfig from","description_kind":"plain","required":true},"timeouts":{"nested_type":{"attributes":{"read":{"type":"string","description":"A string that can be [parsed as a duration](https://pkg.go.dev/time#ParseDuration) consisting of numbers and unit suffixes, such as \"30s\" or \"2h45m\". Valid time units are \"s\" (seconds), \"m\" (minutes), \"h\" (hours). Read operations occur during any refresh or planning operation when refresh is enabled.","description_kind":"plain","optional":true}},"nesting_mode":"single"},"description_kind":"plain","optional":true},"wait":{"type":"bool","description":"Wait for the kubernetes api to be available","description_kind":"plain","deprecated":true,"deprecation_message":"This attribute is deprecated and no-op. Will be removed in a future version. Use talos_cluster_health instead.","optional":true}},"description":"Retrieves the kubeconfig for a Talos cluster","description_kind":"plain","deprecated":true,"deprecation_message":"Use `talos_cluster_kubeconfig` resource instead. This data source will be removed in the next minor version of the provider."}},"talos_image_factory_extensions_versions":{"version":0,"block":{"attributes":{"exact_filters":{"nested_type":{"attributes":{"names":{"type":["list","string"],"description":"The exact name match of the extension to filter by.","description_kind":"plain","optional":true}},"nesting_mode":"single"},"description":"The filter to apply to the extensions list.","description_kind":"plain","optional":true},"extensions_info":{"type":["list",["object",{"author":"string","description":"string","digest":"string","name":"string","ref":"string"}]],"description":"The list of available extensions for the specified talos version.","description_kind":"plain","computed":true},"filters":{"nested_type":{"attributes":{"names":{"type":["list","string"],"description":"The name of the extension to filter by.","description_kind":"plain","optional":true}},"nesting_mode":"single"},"description":"The filter to apply to the extensions list.","description_kind":"plain","optional":true},"id":{"type":"string","description_kind":"plain","computed":true},"talos_version":{"type":"string","description":"The talos version to get extensions for.","description_kind":"plain","required":true}},"description":"The image factory extensions versions data source provides a list of available extensions for a specific talos version from the image factory.","description_kind":"plain"}},"talos_image_factory_overlays_versions":{"version":0,"block":{"attributes":{"filters":{"nested_type":{"attributes":{"name":{"type":"string","description":"The name of the overlay to filter by.","description_kind":"plain","optional":true}},"nesting_mode":"single"},"description":"The filter to apply to the overlays list.","description_kind":"plain","optional":true},"id":{"type":"string","description_kind":"plain","computed":true},"overlays_info":{"type":["list",["object",{"digest":"string","image":"string","name":"string","ref":"string"}]],"description":"The list of available extensions for the specified talos version.","description_kind":"plain","computed":true},"talos_version":{"type":"string","description":"The talos version to get overlays for.","description_kind":"plain","required":true}},"description":"The image factory overlays versions data source provides a list of available overlays for a specific talos version from the image factory.","description_kind":"plain"}},"talos_image_factory_urls":{"version":0,"block":{"attributes":{"architecture":{"type":"string","description":"The platform architecture for which the URLs are generated. Defaults to amd64.","description_kind":"plain","optional":true,"computed":true},"id":{"type":"string","description_kind":"plain","computed":true},"platform":{"type":"string","description":"\nThe platform for which the URLs are generated.\n\n\t#### Metal\n\n\t\t- metal\n\n    #### Cloud Platforms\n        - aws\n        - gcp\n        - equinixMetal\n        - azure\n        - digital-ocean\n        - nocloud\n        - openstack\n        - vmware\n        - akamai\n        - cloudstack\n        - hcloud\n        - oracle\n        - upcloud\n        - vultr\n        - exoscale\n        - opennebula\n        - scaleway\n","description_kind":"markdown","optional":true},"sbc":{"type":"string","description":"\nThe SBC's (Single Board Copmuters) for which the url are generated.\n\n    #### Single Board Computers\n        - rpi_5\n        - rpi_generic\n        - revpi_generic\n        - bananapi_m64\n        - nanopi_r4s\n        - nanopi_r5s\n        - jetson_nano\n        - libretech_all_h3_cc_h5\n        - orangepi_r1_plus_lts\n        - pine64\n        - rock64\n        - rock4cplus\n        - rock4se\n        - rock5a\n        - rock5b\n        - rockpi_4\n        - rockpi_4c\n        - helios64\n        - turingrk1\n        - orangepi-5\n        - orangepi-5-plus\n        - rockpro64\n        - odroid-m1\n        - radxa-zero-3e\n        - rock3b\n        - orangepi-5-max\n        - rock5t\n        - friendlyelec-cm3588-nas\n        - rock5b-plus\n","description_kind":"markdown","optional":true},"schematic_id":{"type":"string","description":"The schematic ID for which the URLs are generated.","description_kind":"plain","required":true},"talos_version":{"type":"string","description":"The Talos version for which the URLs are generated.","description_kind":"plain","required":true},"urls":{"nested_type":{"attributes":{"disk_image":{"type":"string","description":"The URL for the disk image.","description_kind":"plain","computed":true},"disk_image_secureboot":{"type":"string","description":"The URL for the disk image with secure boot.","description_kind":"plain","computed":true},"initramfs":{"type":"string","description":"The URL for the initramfs image.","description_kind":"plain","computed":true},"installer":{"type":"string","description":"The URL for the installer image.","description_kind":"plain","computed":true},"installer_secureboot":{"type":"string","description":"The URL for the installer image with secure boot.","description_kind":"plain","computed":true},"iso":{"type":"string","description":"The URL for the ISO image.","description_kind":"plain","computed":true},"iso_secureboot":{"type":"string","description":"The URL for the ISO image with secure boot.","description_kind":"plain","computed":true},"kernel":{"type":"string","description":"The URL for the kernel image.","description_kind":"plain","computed":true},"kernel_command_line":{"type":"string","description":"The URL for the kernel command line.","description_kind":"plain","computed":true},"pxe":{"type":"string","description":"The URL for the PXE image.","description_kind":"plain","computed":true},"uki":{"type":"string","description":"The URL for the UKI image.","description_kind":"plain","computed":true}},"nesting_mode":"single"},"description":"The URLs for different assets supported by the Talos image factory. If the URL is not available for a specific asset, it will be an empty string.","description_kind":"plain","computed":true}},"description":"Generates URLs for different assets supported by the Talos image factory.","description_kind":"plain"}},"talos_image_factory_versions":{"version":0,"block":{"attributes":{"filters":{"nested_type":{"attributes":{"stable_versions_only":{"type":"bool","description":"If set to true, only stable versions will be returned. If set to false, all versions will be returned.","description_kind":"plain","optional":true}},"nesting_mode":"single"},"description":"The filter to apply to the overlays list.","description_kind":"plain","optional":true},"id":{"type":"string","description_kind":"plain","computed":true},"talos_versions":{"type":["list","string"],"description":"The list of available talos versions.","description_kind":"plain","computed":true}},"description":"The image factory versions data source provides a list of available talos versions from the image factory.","description_kind":"plain"}},"talos_machine_configuration":{"version":0,"block":{"attributes":{"cluster_endpoint":{"type":"string","description":"The endpoint of the talos kubernetes cluster","description_kind":"plain","required":true},"cluster_name":{"type":"string","description":"The name of the talos kubernetes cluster","description_kind":"plain","required":true},"config_patches":{"type":["list","string"],"description":"The list of config patches to apply to the generated configuration","description_kind":"plain","optional":true},"docs":{"type":"bool","description":"Whether to generate documentation for the generated configuration. Defaults to false","description_kind":"plain","optional":true},"examples":{"type":"bool","description":"Whether to generate examples for the generated configuration. Defaults to false","description_kind":"plain","optional":true},"id":{"type":"string","description_kind":"plain","computed":true},"kubernetes_version":{"type":"string","description":"The version of kubernetes to use","description_kind":"plain","optional":true},"machine_configuration":{"type":"string","description":"The generated machine configuration","description_kind":"plain","computed":true,"sensitive":true},"machine_secrets":{"nested_type":{"attributes":{"certs":{"nested_type":{"attributes":{"etcd":{"nested_type":{"attributes":{"cert":{"type":"string","description":"certificate data","description_kind":"plain","required":true},"key":{"type":"string","description":"key data","description_kind":"plain","required":true,"sensitive":true}},"nesting_mode":"single"},"description":"The certificate and key pair","description_kind":"plain","required":true},"k8s":{"nested_type":{"attributes":{"cert":{"type":"string","description":"certificate data","description_kind":"plain","required":true},"key":{"type":"string","description":"key data","description_kind":"plain","required":true,"sensitive":true}},"nesting_mode":"single"},"description":"The certificate and key pair","description_kind":"plain","required":true},"k8s_aggregator":{"nested_type":{"attributes":{"cert":{"type":"string","description":"certificate data","description_kind":"plain","required":true},"key":{"type":"string","description":"key data","description_kind":"plain","required":true,"sensitive":true}},"nesting_mode":"single"},"description":"The certificate and key pair","description_kind":"plain","required":true},"k8s_serviceaccount":{"nested_type":{"attributes":{"key":{"type":"string","description":"The key for the k8s service account","description_kind":"plain","required":true,"sensitive":true}},"nesting_mode":"single"},"description_kind":"plain","required":true},"os":{"nested_type":{"attributes":{"cert":{"type":"string","description":"certificate data","description_kind":"plain","required":true},"key":{"type":"string","description":"key data","description_kind":"plain","required":true,"sensitive":true}},"nesting_mode":"single"},"description":"The certificate and key pair","description_kind":"plain","required":true}},"nesting_mode":"single"},"description":"The certs for the talos kubernetes cluster","description_kind":"plain","required":true},"cluster":{"nested_type":{"attributes":{"id":{"type":"string","description":"The cluster id","description_kind":"plain","required":true},"secret":{"type":"string","description":"The cluster secret","description_kind":"plain","required":true,"sensitive":true}},"nesting_mode":"single"},"description":"The cluster secrets","description_kind":"plain","required":true},"secrets":{"nested_type":{"attributes":{"aescbc_encryption_secret":{"type":"string","description":"The aescbc encryption secret for the talos kubernetes cluster","description_kind":"plain","optional":true,"sensitive":true},"bootstrap_token":{"type":"string","description":"The bootstrap token for the talos kubernetes cluster","description_kind":"plain","required":true,"sensitive":true},"secretbox_encryption_secret":{"type":"string","description":"The secretbox encryption secret for the talos kubernetes cluster","description_kind":"plain","required":true,"sensitive":true}},"nesting_mode":"single"},"description":"The secrets for the talos kubernetes cluster","description_kind":"plain","required":true},"trustdinfo":{"nested_type":{"attributes":{"token":{"type":"string","description":"The trustd token for the talos kubernetes cluster","description_kind":"plain","required":true,"sensitive":true}},"nesting_mode":"single"},"description":"The trustd info for the talos kubernetes cluster","description_kind":"plain","required":true}},"nesting_mode":"single"},"description":"The secrets for the talos cluster","description_kind":"plain","required":true},"machine_type":{"type":"string","description":"The type of machine to generate the configuration for","description_kind":"plain","required":true},"talos_version":{"type":"string","description":"The Talos version contract used to generate the machine configuration. This does not control the installed Talos version. Use `config_patches` to set `machine.install.image` to the desired value. Example values: `v1.12`, `v1.12.1`, `1.12`, `1.12.1`","description_kind":"plain","optional":true}},"description":"Generate a machine configuration for a node type","description_kind":"plain"}},"talos_machine_disks":{"version":0,"block":{"attributes":{"client_configuration":{"nested_type":{"attributes":{"ca_certificate":{"type":"string","description":"The client CA certificate","description_kind":"plain","required":true},"client_certificate":{"type":"string","description":"The client certificate","description_kind":"plain","required":true},"client_key":{"type":"string","description":"The client key","description_kind":"plain","required":true,"sensitive":true}},"nesting_mode":"single"},"description":"The client configuration data","description_kind":"plain","required":true},"disks":{"nested_type":{"attributes":{"bus_path":{"type":"string","description_kind":"plain","computed":true},"cdrom":{"type":"bool","description_kind":"plain","computed":true},"dev_path":{"type":"string","description_kind":"plain","computed":true},"io_size":{"type":"number","description_kind":"plain","computed":true},"modalias":{"type":"string","description_kind":"plain","computed":true},"model":{"type":"string","description_kind":"plain","computed":true},"pretty_size":{"type":"string","description_kind":"plain","computed":true},"readonly":{"type":"bool","description_kind":"plain","computed":true},"rotational":{"type":"bool","description_kind":"plain","computed":true},"secondary_disks":{"type":["list","string"],"description_kind":"plain","computed":true},"sector_size":{"type":"number","description_kind":"plain","computed":true},"serial":{"type":"string","description_kind":"plain","computed":true},"size":{"type":"number","description_kind":"plain","computed":true},"sub_system":{"type":"string","description_kind":"plain","computed":true},"symlinks":{"type":["list","string"],"description_kind":"plain","computed":true},"transport":{"type":"string","description_kind":"plain","computed":true},"uuid":{"type":"string","description_kind":"plain","computed":true},"wwid":{"type":"string","description_kind":"plain","computed":true}},"nesting_mode":"list"},"description":"The disks that match the filters","description_kind":"plain","computed":true},"endpoint":{"type":"string","description":"endpoint to use for the talosclient. If not set, the node value will be used","description_kind":"plain","optional":true,"computed":true},"id":{"type":"string","description":"The generated ID of this resource","description_kind":"plain","computed":true},"node":{"type":"string","description":"controlplane node to retrieve the kubeconfig from","description_kind":"plain","required":true},"selector":{"type":"string","description":"The CEL expression to filter the disks.\nIf not set, all disks will be returned.\nSee [CEL documentation](https://www.talos.dev/latest/talos-guides/configuration/disk-management/#disk-selector).","description_kind":"markdown","optional":true},"timeouts":{"nested_type":{"attributes":{"read":{"type":"string","description":"A string that can be [parsed as a duration](https://pkg.go.dev/time#ParseDuration) consisting of numbers and unit suffixes, such as \"30s\" or \"2h45m\". Valid time units are \"s\" (seconds), \"m\" (minutes), \"h\" (hours). Read operations occur during any refresh or planning operation when refresh is enabled.","description_kind":"plain","optional":true}},"nesting_mode":"single"},"description_kind":"plain","optional":true}},"description":"Generate a machine configuration for a node type","description_kind":"plain"}}},"ephemeral_resource_schemas":{"talos_client_configuration":{"version":0,"block":{"attributes":{"client_configuration":{"nested_type":{"attributes":{"ca_certificate":{"type":"string","description":"The client CA certificate","description_kind":"plain","computed":true},"client_certificate":{"type":"string","description":"The client certificate","description_kind":"plain","computed":true},"client_key":{"type":"string","description":"The client key","description_kind":"plain","computed":true,"sensitive":true}},"nesting_mode":"single"},"description":"The generated client configuration data","description_kind":"plain","computed":true,"sensitive":true},"cluster_name":{"type":"string","description":"The name of the cluster in the generated config","description_kind":"plain","required":true},"crt_ttl":{"type":"string","description":"The lifetime of the generated admin client certificate as a Go duration string (e.g. \"8760h\" for 1 year, \"87600h\" for 10 years). Defaults to \"87600h\" (10 years). Only used when not_before is set; when not_before is omitted the cert uses the OS CA's NotAfter directly.","description_kind":"plain","optional":true},"endpoints":{"type":["list","string"],"description":"endpoints to set in the generated config","description_kind":"plain","optional":true},"machine_secrets":{"nested_type":{"attributes":{"certs":{"nested_type":{"attributes":{"etcd":{"nested_type":{"attributes":{"cert":{"type":"string","description":"certificate data","description_kind":"plain","required":true},"key":{"type":"string","description":"key data","description_kind":"plain","required":true,"sensitive":true}},"nesting_mode":"single"},"description":"The certificate and key pair","description_kind":"plain","required":true},"k8s":{"nested_type":{"attributes":{"cert":{"type":"string","description":"certificate data","description_kind":"plain","required":true},"key":{"type":"string","description":"key data","description_kind":"plain","required":true,"sensitive":true}},"nesting_mode":"single"},"description":"The certificate and key pair","description_kind":"plain","required":true},"k8s_aggregator":{"nested_type":{"attributes":{"cert":{"type":"string","description":"certificate data","description_kind":"plain","required":true},"key":{"type":"string","description":"key data","description_kind":"plain","required":true,"sensitive":true}},"nesting_mode":"single"},"description":"The certificate and key pair","description_kind":"plain","required":true},"k8s_serviceaccount":{"nested_type":{"attributes":{"key":{"type":"string","description":"The key for the k8s service account","description_kind":"plain","required":true,"sensitive":true}},"nesting_mode":"single"},"description_kind":"plain","required":true},"os":{"nested_type":{"attributes":{"cert":{"type":"string","description":"certificate data","description_kind":"plain","required":true},"key":{"type":"string","description":"key data","description_kind":"plain","required":true,"sensitive":true}},"nesting_mode":"single"},"description":"The certificate and key pair","description_kind":"plain","required":true}},"nesting_mode":"single"},"description":"The certs for the talos kubernetes cluster","description_kind":"plain","required":true},"cluster":{"nested_type":{"attributes":{"id":{"type":"string","description":"The cluster id","description_kind":"plain","required":true},"secret":{"type":"string","description":"The cluster secret","description_kind":"plain","required":true,"sensitive":true}},"nesting_mode":"single"},"description":"The cluster secrets","description_kind":"plain","required":true},"secrets":{"nested_type":{"attributes":{"aescbc_encryption_secret":{"type":"string","description":"The aescbc encryption secret for the talos kubernetes cluster","description_kind":"plain","optional":true,"sensitive":true},"bootstrap_token":{"type":"string","description":"The bootstrap token for the talos kubernetes cluster","description_kind":"plain","required":true,"sensitive":true},"secretbox_encryption_secret":{"type":"string","description":"The secretbox encryption secret for the talos kubernetes cluster","description_kind":"plain","required":true,"sensitive":true}},"nesting_mode":"single"},"description":"The secrets for the talos kubernetes cluster","description_kind":"plain","required":true},"trustdinfo":{"nested_type":{"attributes":{"token":{"type":"string","description":"The trustd token for the talos kubernetes cluster","description_kind":"plain","required":true,"sensitive":true}},"nesting_mode":"single"},"description":"The trustd info for the talos kubernetes cluster","description_kind":"plain","required":true}},"nesting_mode":"single"},"description":"The secrets for the talos cluster","description_kind":"plain","required":true},"nodes":{"type":["list","string"],"description":"nodes to set in the generated config","description_kind":"plain","optional":true},"not_before":{"type":"string","description":"RFC3339 timestamp to use as the NotBefore field of the generated admin client certificate. When set, the certificate validity starts at this time and ends at not_before + crt_ttl. Persist this value in a terraform_data resource so it is stable across plans and the generated talos_config is byte-identical on every open. When omitted, the certificate uses the OS CA's own NotBefore/NotAfter timestamps.","description_kind":"plain","optional":true},"talos_config":{"type":"string","description":"The generated client configuration","description_kind":"plain","computed":true,"sensitive":true}},"description":"Generate client configuration for a Talos cluster from machine secrets. This is an ephemeral resource that does not persist secrets in Terraform state. The admin client certificate is generated with pinned timestamps so talos_config is byte-identical on every open as long as machine_secrets and not_before are unchanged.","description_kind":"plain"}},"talos_cluster_health":{"version":0,"block":{"attributes":{"client_configuration":{"nested_type":{"attributes":{"ca_certificate":{"type":"string","description":"The client CA certificate","description_kind":"plain","required":true},"client_certificate":{"type":"string","description":"The client certificate","description_kind":"plain","required":true},"client_key":{"type":"string","description":"The client key","description_kind":"plain","required":true,"sensitive":true}},"nesting_mode":"single"},"description":"The client configuration data","description_kind":"plain","required":true},"control_plane_nodes":{"type":["list","string"],"description":"List of control plane nodes to check for health.","description_kind":"plain","required":true},"endpoints":{"type":["list","string"],"description":"endpoints to use for the health check client. Use at least one control plane endpoint.","description_kind":"plain","required":true},"skip_kubernetes_checks":{"type":"bool","description":"Skip Kubernetes component checks, this is useful to check if the nodes has finished booting up and kubelet is running. Default is false.","description_kind":"plain","optional":true},"timeout":{"type":"string","description":"Timeout for the health check. Defaults to 10m. Valid time units are 'ns', 'us' (or 'µs'), 'ms', 's', 'm', 'h'.","description_kind":"plain","optional":true},"worker_nodes":{"type":["list","string"],"description":"List of worker nodes to check for health.","description_kind":"plain","optional":true}},"description":"Checks the health of a Talos cluster. This is an ephemeral resource that does not persist secrets in Terraform state.","description_kind":"plain"}},"talos_cluster_kubeconfig":{"version":0,"block":{"attributes":{"cluster_name":{"type":"string","description":"The name of the cluster; embedded in the kubeconfig context and cluster names","description_kind":"plain","required":true},"crt_ttl":{"type":"string","description":"The lifetime of the generated admin client certificate as a Go duration string (e.g. \"8760h\" for 1 year, \"87600h\" for 10 years). Defaults to \"87600h\" (10 years). Only used when not_before is set; when not_before is omitted the cert uses the K8s CA's NotAfter directly.","description_kind":"plain","optional":true},"endpoint":{"type":"string","description":"The Kubernetes API server URL to embed in the kubeconfig (e.g. https://1.2.3.4:6443)","description_kind":"plain","required":true},"kubeconfig_raw":{"type":"string","description":"The raw kubeconfig","description_kind":"plain","computed":true,"sensitive":true},"kubernetes_client_configuration":{"nested_type":{"attributes":{"ca_certificate":{"type":"string","description":"The kubernetes CA certificate","description_kind":"plain","computed":true},"client_certificate":{"type":"string","description":"The kubernetes client certificate","description_kind":"plain","computed":true},"client_key":{"type":"string","description":"The kubernetes client key","description_kind":"plain","computed":true,"sensitive":true},"host":{"type":"string","description":"The kubernetes host","description_kind":"plain","computed":true}},"nesting_mode":"single"},"description":"The kubernetes client configuration","description_kind":"plain","computed":true},"machine_secrets":{"nested_type":{"attributes":{"certs":{"nested_type":{"attributes":{"etcd":{"nested_type":{"attributes":{"cert":{"type":"string","description":"certificate data","description_kind":"plain","required":true},"key":{"type":"string","description":"key data","description_kind":"plain","required":true,"sensitive":true}},"nesting_mode":"single"},"description":"The certificate and key pair","description_kind":"plain","required":true},"k8s":{"nested_type":{"attributes":{"cert":{"type":"string","description":"certificate data","description_kind":"plain","required":true},"key":{"type":"string","description":"key data","description_kind":"plain","required":true,"sensitive":true}},"nesting_mode":"single"},"description":"The certificate and key pair","description_kind":"plain","required":true},"k8s_aggregator":{"nested_type":{"attributes":{"cert":{"type":"string","description":"certificate data","description_kind":"plain","required":true},"key":{"type":"string","description":"key data","description_kind":"plain","required":true,"sensitive":true}},"nesting_mode":"single"},"description":"The certificate and key pair","description_kind":"plain","required":true},"k8s_serviceaccount":{"nested_type":{"attributes":{"key":{"type":"string","description":"The key for the k8s service account","description_kind":"plain","required":true,"sensitive":true}},"nesting_mode":"single"},"description_kind":"plain","required":true},"os":{"nested_type":{"attributes":{"cert":{"type":"string","description":"certificate data","description_kind":"plain","required":true},"key":{"type":"string","description":"key data","description_kind":"plain","required":true,"sensitive":true}},"nesting_mode":"single"},"description":"The certificate and key pair","description_kind":"plain","required":true}},"nesting_mode":"single"},"description":"The certs for the talos kubernetes cluster","description_kind":"plain","required":true},"cluster":{"nested_type":{"attributes":{"id":{"type":"string","description":"The cluster id","description_kind":"plain","required":true},"secret":{"type":"string","description":"The cluster secret","description_kind":"plain","required":true,"sensitive":true}},"nesting_mode":"single"},"description":"The cluster secrets","description_kind":"plain","required":true},"secrets":{"nested_type":{"attributes":{"aescbc_encryption_secret":{"type":"string","description":"The aescbc encryption secret for the talos kubernetes cluster","description_kind":"plain","optional":true,"sensitive":true},"bootstrap_token":{"type":"string","description":"The bootstrap token for the talos kubernetes cluster","description_kind":"plain","required":true,"sensitive":true},"secretbox_encryption_secret":{"type":"string","description":"The secretbox encryption secret for the talos kubernetes cluster","description_kind":"plain","required":true,"sensitive":true}},"nesting_mode":"single"},"description":"The secrets for the talos kubernetes cluster","description_kind":"plain","required":true},"trustdinfo":{"nested_type":{"attributes":{"token":{"type":"string","description":"The trustd token for the talos kubernetes cluster","description_kind":"plain","required":true,"sensitive":true}},"nesting_mode":"single"},"description":"The trustd info for the talos kubernetes cluster","description_kind":"plain","required":true}},"nesting_mode":"single"},"description":"The secrets for the talos cluster","description_kind":"plain","required":true},"not_before":{"type":"string","description":"RFC3339 timestamp to use as the NotBefore field of the generated admin client certificate. When set, the certificate validity starts at this time and ends at not_before + crt_ttl. Persist this value in a terraform_data resource so it is stable across plans and the generated kubeconfig_raw is byte-identical on every open. When omitted, the certificate uses the K8s CA's own NotBefore/NotAfter timestamps.","description_kind":"plain","optional":true}},"description":"Generate a kubeconfig for a Talos cluster from machine secrets. This is an ephemeral resource that does not persist secrets in Terraform state. The admin client certificate is generated with pinned timestamps so kubeconfig_raw is byte-identical on every open as long as machine_secrets and not_before are unchanged.","description_kind":"plain"}},"talos_machine_configuration":{"version":0,"block":{"attributes":{"cluster_endpoint":{"type":"string","description":"The endpoint of the talos kubernetes cluster","description_kind":"plain","required":true},"cluster_name":{"type":"string","description":"The name of the talos kubernetes cluster","description_kind":"plain","required":true},"config_patches":{"type":["list","string"],"description":"The list of config patches to apply to the generated configuration","description_kind":"plain","optional":true},"docs":{"type":"bool","description":"Whether to generate documentation for the generated configuration. Defaults to false","description_kind":"plain","optional":true},"examples":{"type":"bool","description":"Whether to generate examples for the generated configuration. Defaults to false","description_kind":"plain","optional":true},"kubernetes_version":{"type":"string","description":"The version of kubernetes to use","description_kind":"plain","optional":true,"computed":true},"machine_configuration":{"type":"string","description":"The generated machine configuration","description_kind":"plain","computed":true,"sensitive":true},"machine_secrets":{"nested_type":{"attributes":{"certs":{"nested_type":{"attributes":{"etcd":{"nested_type":{"attributes":{"cert":{"type":"string","description":"certificate data","description_kind":"plain","required":true},"key":{"type":"string","description":"key data","description_kind":"plain","required":true,"sensitive":true}},"nesting_mode":"single"},"description":"The certificate and key pair","description_kind":"plain","required":true},"k8s":{"nested_type":{"attributes":{"cert":{"type":"string","description":"certificate data","description_kind":"plain","required":true},"key":{"type":"string","description":"key data","description_kind":"plain","required":true,"sensitive":true}},"nesting_mode":"single"},"description":"The certificate and key pair","description_kind":"plain","required":true},"k8s_aggregator":{"nested_type":{"attributes":{"cert":{"type":"string","description":"certificate data","description_kind":"plain","required":true},"key":{"type":"string","description":"key data","description_kind":"plain","required":true,"sensitive":true}},"nesting_mode":"single"},"description":"The certificate and key pair","description_kind":"plain","required":true},"k8s_serviceaccount":{"nested_type":{"attributes":{"key":{"type":"string","description":"The key for the k8s service account","description_kind":"plain","required":true,"sensitive":true}},"nesting_mode":"single"},"description_kind":"plain","required":true},"os":{"nested_type":{"attributes":{"cert":{"type":"string","description":"certificate data","description_kind":"plain","required":true},"key":{"type":"string","description":"key data","description_kind":"plain","required":true,"sensitive":true}},"nesting_mode":"single"},"description":"The certificate and key pair","description_kind":"plain","required":true}},"nesting_mode":"single"},"description":"The certs for the talos kubernetes cluster","description_kind":"plain","required":true},"cluster":{"nested_type":{"attributes":{"id":{"type":"string","description":"The cluster id","description_kind":"plain","required":true},"secret":{"type":"string","description":"The cluster secret","description_kind":"plain","required":true,"sensitive":true}},"nesting_mode":"single"},"description":"The cluster secrets","description_kind":"plain","required":true},"secrets":{"nested_type":{"attributes":{"aescbc_encryption_secret":{"type":"string","description":"The aescbc encryption secret for the talos kubernetes cluster","description_kind":"plain","optional":true,"sensitive":true},"bootstrap_token":{"type":"string","description":"The bootstrap token for the talos kubernetes cluster","description_kind":"plain","required":true,"sensitive":true},"secretbox_encryption_secret":{"type":"string","description":"The secretbox encryption secret for the talos kubernetes cluster","description_kind":"plain","required":true,"sensitive":true}},"nesting_mode":"single"},"description":"The secrets for the talos kubernetes cluster","description_kind":"plain","required":true},"trustdinfo":{"nested_type":{"attributes":{"token":{"type":"string","description":"The trustd token for the talos kubernetes cluster","description_kind":"plain","required":true,"sensitive":true}},"nesting_mode":"single"},"description":"The trustd info for the talos kubernetes cluster","description_kind":"plain","required":true}},"nesting_mode":"single"},"description":"The secrets for the talos cluster","description_kind":"plain","required":true},"machine_type":{"type":"string","description":"The type of machine to generate the configuration for","description_kind":"plain","required":true},"talos_version":{"type":"string","description":"The Talos version contract used to generate the machine configuration. This does not control the installed Talos version. Use `config_patches` to set `machine.install.image` to the desired value. Example values: `v1.12`, `v1.12.1`, `1.12`, `1.12.1`","description_kind":"plain","optional":true,"computed":true}},"description":"Generate a machine configuration for a node type. This is an ephemeral resource that does not persist secrets in Terraform state.","description_kind":"plain"}},"talos_machine_secrets":{"version":0,"block":{"attributes":{"client_configuration":{"nested_type":{"attributes":{"ca_certificate":{"type":"string","description":"The client CA certificate","description_kind":"plain","computed":true},"client_certificate":{"type":"string","description":"The client certificate","description_kind":"plain","computed":true},"client_key":{"type":"string","description":"The client key","description_kind":"plain","computed":true,"sensitive":true}},"nesting_mode":"single"},"description":"The generated client configuration data","description_kind":"plain","computed":true},"machine_secrets":{"nested_type":{"attributes":{"certs":{"nested_type":{"attributes":{"etcd":{"nested_type":{"attributes":{"cert":{"type":"string","description":"certificate data","description_kind":"plain","computed":true},"key":{"type":"string","description":"key data","description_kind":"plain","computed":true,"sensitive":true}},"nesting_mode":"single"},"description":"The certificate and key pair","description_kind":"plain","computed":true},"k8s":{"nested_type":{"attributes":{"cert":{"type":"string","description":"certificate data","description_kind":"plain","computed":true},"key":{"type":"string","description":"key data","description_kind":"plain","computed":true,"sensitive":true}},"nesting_mode":"single"},"description":"The certificate and key pair","description_kind":"plain","computed":true},"k8s_aggregator":{"nested_type":{"attributes":{"cert":{"type":"string","description":"certificate data","description_kind":"plain","computed":true},"key":{"type":"string","description":"key data","description_kind":"plain","computed":true,"sensitive":true}},"nesting_mode":"single"},"description":"The certificate and key pair","description_kind":"plain","computed":true},"k8s_serviceaccount":{"nested_type":{"attributes":{"key":{"type":"string","description":"The service account key","description_kind":"plain","computed":true,"sensitive":true}},"nesting_mode":"single"},"description":"The service account secrets","description_kind":"plain","computed":true},"os":{"nested_type":{"attributes":{"cert":{"type":"string","description":"certificate data","description_kind":"plain","computed":true},"key":{"type":"string","description":"key data","description_kind":"plain","computed":true,"sensitive":true}},"nesting_mode":"single"},"description":"The certificate and key pair","description_kind":"plain","computed":true}},"nesting_mode":"single"},"description_kind":"plain","computed":true},"cluster":{"nested_type":{"attributes":{"id":{"type":"string","description":"The cluster ID","description_kind":"plain","computed":true},"secret":{"type":"string","description":"The cluster secret","description_kind":"plain","computed":true,"sensitive":true}},"nesting_mode":"single"},"description":"The cluster secrets","description_kind":"plain","computed":true},"secrets":{"nested_type":{"attributes":{"aescbc_encryption_secret":{"type":"string","description":"The AES-CBC encryption secret","description_kind":"plain","computed":true,"sensitive":true},"bootstrap_token":{"type":"string","description":"The bootstrap token","description_kind":"plain","computed":true,"sensitive":true},"secretbox_encryption_secret":{"type":"string","description":"The secretbox encryption secret","description_kind":"plain","computed":true,"sensitive":true}},"nesting_mode":"single"},"description":"kubernetes cluster secrets","description_kind":"plain","computed":true},"trustdinfo":{"nested_type":{"attributes":{"token":{"type":"string","description":"The trustd token","description_kind":"plain","computed":true,"sensitive":true}},"nesting_mode":"single"},"description":"trustd secrets","description_kind":"plain","computed":true}},"nesting_mode":"single"},"description":"The secrets for the talos cluster","description_kind":"plain","computed":true},"talos_version":{"type":"string","description":"The Talos version contract used to generate the secrets. Example values: `v1.12`, `v1.12.1`, `1.12`, `1.12.1`","description_kind":"plain","optional":true,"computed":true}},"description":"Generate machine secrets for Talos cluster. This is an ephemeral resource that does not persist secrets in Terraform state.","description_kind":"plain"}}}}}}
